{
    "version": 3,
    "terraform_version": "0.11.13",
    "serial": 2,
    "lineage": "d127b983-98ed-ec65-00e6-48e19fefc59b",
    "modules": [
        {
            "path": [
                "root"
            ],
            "outputs": {},
            "resources": {
                "data.template_file.user_add": {
                    "type": "template_file",
                    "depends_on": [],
                    "primary": {
                        "id": "e5b707c581ef53e67ac47261b4575385bede1b41f1d3730dbe81ac988302976b",
                        "attributes": {
                            "id": "e5b707c581ef53e67ac47261b4575385bede1b41f1d3730dbe81ac988302976b",
                            "rendered": "echo baygun001c\necho \"ssh-rsa AAAAB3NzaC1yc2EAAAADAQABAAABAQDkd5xSQU932uIlise6ttp58v8Qf/StGNFuN59zDlvDRn6vlg2C2wx+7rC/wS0IpKFrEBp7n8T57e8lccuBWFWM2mltPPZcnUflV001CZSH1Xiq2KzM0ZJmrjwVddSkfqs12tIPPJUjL3Y50oO41b0MJdr1JExhpgZMYOGwJh0313PWZ76fnEU9FArbV039u4xfSgtK3w32aC9dfnuhyCdpUYrMQN1i9Nf/C38DG26mxinD6WwXpKpUvlMlj932UflZD3ZR+QzOyjZKilk39IfWUX2LI5ikutgAF+5vqBaUy6xzAYlS/j5Sh5lwZmejgzKlXKm2fE5HxE7NnPEaVpCZ baygun001c@megadocker-ch2-d26p.sys.comcast.net\"\n",
                            "template": "echo ${user_id}\necho ${ssh_key}\n",
                            "vars.%": "2",
                            "vars.ssh_key": "\"ssh-rsa AAAAB3NzaC1yc2EAAAADAQABAAABAQDkd5xSQU932uIlise6ttp58v8Qf/StGNFuN59zDlvDRn6vlg2C2wx+7rC/wS0IpKFrEBp7n8T57e8lccuBWFWM2mltPPZcnUflV001CZSH1Xiq2KzM0ZJmrjwVddSkfqs12tIPPJUjL3Y50oO41b0MJdr1JExhpgZMYOGwJh0313PWZ76fnEU9FArbV039u4xfSgtK3w32aC9dfnuhyCdpUYrMQN1i9Nf/C38DG26mxinD6WwXpKpUvlMlj932UflZD3ZR+QzOyjZKilk39IfWUX2LI5ikutgAF+5vqBaUy6xzAYlS/j5Sh5lwZmejgzKlXKm2fE5HxE7NnPEaVpCZ baygun001c@megadocker-ch2-d26p.sys.comcast.net\"",
                            "vars.user_id": "baygun001c"
                        },
                        "meta": {},
                        "tainted": false
                    },
                    "deposed": [],
                    "provider": "provider.template"
                },
                "openstack_compute_instance_v2.pr-test-po-a-001": {
                    "type": "openstack_compute_instance_v2",
                    "depends_on": [
                        "data.template_file.user_add.*",
                        "openstack_networking_port_v2.pr-test-po-a-001_port.*"
                    ],
                    "primary": {
                        "id": "864a29a9-1947-4bfb-be91-1bdede45b7ef",
                        "attributes": {
                            "access_ip_v4": "96.116.169.83",
                            "access_ip_v6": "[2001:558:fc1c:1:f816:3eff:feb4:dc6]",
                            "all_metadata.%": "1",
                            "all_metadata.this": "that",
                            "availability_zone": "nova",
                            "flavor_id": "3102",
                            "flavor_name": "ng.c.2u",
                            "force_delete": "false",
                            "id": "864a29a9-1947-4bfb-be91-1bdede45b7ef",
                            "image_id": "9da95274-3b23-49b0-a341-fd72b5afd3a7",
                            "image_name": "ComcastCloud-CentOS-7-20190603",
                            "key_pair": "pcmm-production",
                            "metadata.%": "1",
                            "metadata.this": "that",
                            "name": "pr-test-po-a-001",
                            "network.#": "1",
                            "network.0.access_network": "true",
                            "network.0.fixed_ip_v4": "96.116.169.83",
                            "network.0.fixed_ip_v6": "[2001:558:fc1c:1:f816:3eff:feb4:dc6]",
                            "network.0.floating_ip": "",
                            "network.0.mac": "fa:16:3e:b4:0d:c6",
                            "network.0.name": "Public_AGILE",
                            "network.0.port": "3a978308-7e48-4c30-b0e9-e606e60b0516",
                            "network.0.uuid": "5762b250-6836-4412-9221-ab2f0fb0dce5",
                            "power_state": "active",
                            "region": "PO-A",
                            "security_groups.#": "1",
                            "security_groups.3814588639": "default",
                            "stop_before_destroy": "false",
                            "user_data": "aa640be88987a536d3be6305632079b67e6a20b0"
                        },
                        "meta": {
                            "e2bfb730-ecaa-11e6-8f88-34363bc7c4c0": {
                                "create": 1800000000000,
                                "delete": 1800000000000,
                                "update": 1800000000000
                            }
                        },
                        "tainted": false
                    },
                    "deposed": [],
                    "provider": "provider.openstack"
                },
                "openstack_networking_port_v2.pr-test-po-a-001_port": {
                    "type": "openstack_networking_port_v2",
                    "depends_on": [],
                    "primary": {
                        "id": "3a978308-7e48-4c30-b0e9-e606e60b0516",
                        "attributes": {
                            "admin_state_up": "true",
                            "all_fixed_ips.#": "2",
                            "all_fixed_ips.0": "2001:558:fc1c:1:f816:3eff:feb4:dc6",
                            "all_fixed_ips.1": "96.116.169.83",
                            "all_security_group_ids.#": "1",
                            "all_security_group_ids.3358142173": "38c6a7ce-7577-48a9-9be5-8bd6a556fdeb",
                            "all_tags.#": "0",
                            "allowed_address_pairs.#": "0",
                            "description": "",
                            "device_id": "",
                            "device_owner": "",
                            "extra_dhcp_option.#": "0",
                            "id": "3a978308-7e48-4c30-b0e9-e606e60b0516",
                            "mac_address": "fa:16:3e:b4:0d:c6",
                            "name": "pr-test-po-a-001",
                            "network_id": "5762b250-6836-4412-9221-ab2f0fb0dce5",
                            "region": "",
                            "tags.#": "0",
                            "tenant_id": "4f48234704814516b00f34712c55c4a2"
                        },
                        "meta": {
                            "e2bfb730-ecaa-11e6-8f88-34363bc7c4c0": {
                                "create": 600000000000,
                                "delete": 600000000000
                            }
                        },
                        "tainted": false
                    },
                    "deposed": [],
                    "provider": "provider.openstack"
                }
            },
            "depends_on": []
        }
    ]
}
