{
    "version": 3,
    "terraform_version": "0.11.13",
    "serial": 8,
    "lineage": "842653a1-0c49-d182-589d-20e8b3f25ae6",
    "modules": [
        {
            "path": [
                "root"
            ],
            "outputs": {},
            "resources": {
                "data.template_file.user_add": {
                    "type": "template_file",
                    "depends_on": [],
                    "primary": {
                        "id": "e5b707c581ef53e67ac47261b4575385bede1b41f1d3730dbe81ac988302976b",
                        "attributes": {
                            "id": "e5b707c581ef53e67ac47261b4575385bede1b41f1d3730dbe81ac988302976b",
                            "rendered": "echo baygun001c\necho \"ssh-rsa AAAAB3NzaC1yc2EAAAADAQABAAABAQDkd5xSQU932uIlise6ttp58v8Qf/StGNFuN59zDlvDRn6vlg2C2wx+7rC/wS0IpKFrEBp7n8T57e8lccuBWFWM2mltPPZcnUflV001CZSH1Xiq2KzM0ZJmrjwVddSkfqs12tIPPJUjL3Y50oO41b0MJdr1JExhpgZMYOGwJh0313PWZ76fnEU9FArbV039u4xfSgtK3w32aC9dfnuhyCdpUYrMQN1i9Nf/C38DG26mxinD6WwXpKpUvlMlj932UflZD3ZR+QzOyjZKilk39IfWUX2LI5ikutgAF+5vqBaUy6xzAYlS/j5Sh5lwZmejgzKlXKm2fE5HxE7NnPEaVpCZ baygun001c@megadocker-ch2-d26p.sys.comcast.net\"\n",
                            "template": "echo ${user_id}\necho ${ssh_key}\n",
                            "vars.%": "2",
                            "vars.ssh_key": "\"ssh-rsa AAAAB3NzaC1yc2EAAAADAQABAAABAQDkd5xSQU932uIlise6ttp58v8Qf/StGNFuN59zDlvDRn6vlg2C2wx+7rC/wS0IpKFrEBp7n8T57e8lccuBWFWM2mltPPZcnUflV001CZSH1Xiq2KzM0ZJmrjwVddSkfqs12tIPPJUjL3Y50oO41b0MJdr1JExhpgZMYOGwJh0313PWZ76fnEU9FArbV039u4xfSgtK3w32aC9dfnuhyCdpUYrMQN1i9Nf/C38DG26mxinD6WwXpKpUvlMlj932UflZD3ZR+QzOyjZKilk39IfWUX2LI5ikutgAF+5vqBaUy6xzAYlS/j5Sh5lwZmejgzKlXKm2fE5HxE7NnPEaVpCZ baygun001c@megadocker-ch2-d26p.sys.comcast.net\"",
                            "vars.user_id": "baygun001c"
                        },
                        "meta": {},
                        "tainted": false
                    },
                    "deposed": [],
                    "provider": "provider.template"
                },
                "openstack_compute_instance_v2.qa-test-po-a-001": {
                    "type": "openstack_compute_instance_v2",
                    "depends_on": [
                        "data.template_file.user_add.*",
                        "openstack_networking_port_v2.qa-test-po-a-001_port.*"
                    ],
                    "primary": {
                        "id": "c1b6b4b7-f63f-4d68-93fa-5c530ab4394b",
                        "attributes": {
                            "access_ip_v4": "96.116.160.57",
                            "access_ip_v6": "[2001:558:fc1c:1:f816:3eff:fe7d:5dc5]",
                            "all_metadata.%": "1",
                            "all_metadata.this": "that",
                            "availability_zone": "nova",
                            "flavor_id": "3108",
                            "flavor_name": "ng.c.8u",
                            "force_delete": "false",
                            "id": "c1b6b4b7-f63f-4d68-93fa-5c530ab4394b",
                            "image_id": "9da95274-3b23-49b0-a341-fd72b5afd3a7",
                            "image_name": "ComcastCloud-CentOS-7-20190603",
                            "key_pair": "pcmm-production",
                            "metadata.%": "1",
                            "metadata.this": "that",
                            "name": "qa-test-po-a-001",
                            "network.#": "1",
                            "network.0.access_network": "true",
                            "network.0.fixed_ip_v4": "96.116.160.57",
                            "network.0.fixed_ip_v6": "[2001:558:fc1c:1:f816:3eff:fe7d:5dc5]",
                            "network.0.floating_ip": "",
                            "network.0.mac": "fa:16:3e:7d:5d:c5",
                            "network.0.name": "Public_AGILE",
                            "network.0.port": "13cf102a-e03b-4f1f-a1e9-63a098a72cb2",
                            "network.0.uuid": "5762b250-6836-4412-9221-ab2f0fb0dce5",
                            "power_state": "active",
                            "region": "PO-A",
                            "security_groups.#": "1",
                            "security_groups.3814588639": "default",
                            "stop_before_destroy": "false",
                            "user_data": "aa640be88987a536d3be6305632079b67e6a20b0"
                        },
                        "meta": {
                            "e2bfb730-ecaa-11e6-8f88-34363bc7c4c0": {
                                "create": 1800000000000,
                                "delete": 1800000000000,
                                "update": 1800000000000
                            }
                        },
                        "tainted": false
                    },
                    "deposed": [],
                    "provider": "provider.openstack"
                },
                "openstack_networking_port_v2.qa-test-po-a-001_port": {
                    "type": "openstack_networking_port_v2",
                    "depends_on": [],
                    "primary": {
                        "id": "13cf102a-e03b-4f1f-a1e9-63a098a72cb2",
                        "attributes": {
                            "admin_state_up": "true",
                            "all_fixed_ips.#": "2",
                            "all_fixed_ips.0": "2001:558:fc1c:1:f816:3eff:fe7d:5dc5",
                            "all_fixed_ips.1": "96.116.160.57",
                            "all_security_group_ids.#": "1",
                            "all_security_group_ids.3358142173": "38c6a7ce-7577-48a9-9be5-8bd6a556fdeb",
                            "all_tags.#": "0",
                            "allowed_address_pairs.#": "0",
                            "description": "",
                            "device_id": "",
                            "device_owner": "",
                            "extra_dhcp_option.#": "0",
                            "id": "13cf102a-e03b-4f1f-a1e9-63a098a72cb2",
                            "mac_address": "fa:16:3e:7d:5d:c5",
                            "name": "qa-test-po-a-001",
                            "network_id": "5762b250-6836-4412-9221-ab2f0fb0dce5",
                            "region": "",
                            "tags.#": "0",
                            "tenant_id": "4f48234704814516b00f34712c55c4a2"
                        },
                        "meta": {
                            "e2bfb730-ecaa-11e6-8f88-34363bc7c4c0": {
                                "create": 600000000000,
                                "delete": 600000000000
                            }
                        },
                        "tainted": false
                    },
                    "deposed": [],
                    "provider": "provider.openstack"
                },
                "vinyldns_record_set.qa-test-po-a-001_record_set_v4": {
                    "type": "vinyldns_record_set",
                    "depends_on": [
                        "openstack_compute_instance_v2.qa-test-po-a-001.*"
                    ],
                    "primary": {
                        "id": "ac802482-cfef-4e72-8179-c9c2e7950069",
                        "attributes": {
                            "id": "ac802482-cfef-4e72-8179-c9c2e7950069",
                            "name": "qa-test-po-a-001",
                            "record_addresses.#": "1",
                            "record_addresses.4212055552": "96.116.160.57",
                            "ttl": "300",
                            "type": "A",
                            "zone_id": "1bbdd4b5-1034-4578-8c19-8ed70ffe083c"
                        },
                        "meta": {},
                        "tainted": false
                    },
                    "deposed": [],
                    "provider": "provider.vinyldns"
                },
                "vinyldns_record_set.qa-test-po-a-001_record_set_v6": {
                    "type": "vinyldns_record_set",
                    "depends_on": [
                        "openstack_compute_instance_v2.qa-test-po-a-001.*"
                    ],
                    "primary": {
                        "id": "6313afcb-c994-4c9d-8d6e-2fd732f30717",
                        "attributes": {
                            "id": "6313afcb-c994-4c9d-8d6e-2fd732f30717",
                            "name": "qa-test-po-a-001",
                            "record_addresses.#": "1",
                            "record_addresses.1213903957": "[2001:558:fc1c:1:f816:3eff:fe7d:5dc5]",
                            "ttl": "300",
                            "type": "AAAA",
                            "zone_id": "1bbdd4b5-1034-4578-8c19-8ed70ffe083c"
                        },
                        "meta": {},
                        "tainted": false
                    },
                    "deposed": [],
                    "provider": "provider.vinyldns"
                }
            },
            "depends_on": []
        }
    ]
}
