{
    "version": 3,
    "terraform_version": "0.11.13",
    "serial": 18,
    "lineage": "842653a1-0c49-d182-589d-20e8b3f25ae6",
    "modules": [
        {
            "path": [
                "root"
            ],
            "outputs": {},
            "resources": {
                "data.template_file.user_add": {
                    "type": "template_file",
                    "depends_on": [],
                    "primary": {
                        "id": "e5b707c581ef53e67ac47261b4575385bede1b41f1d3730dbe81ac988302976b",
                        "attributes": {
                            "id": "e5b707c581ef53e67ac47261b4575385bede1b41f1d3730dbe81ac988302976b",
                            "rendered": "echo baygun001c\necho \"ssh-rsa AAAAB3NzaC1yc2EAAAADAQABAAABAQDkd5xSQU932uIlise6ttp58v8Qf/StGNFuN59zDlvDRn6vlg2C2wx+7rC/wS0IpKFrEBp7n8T57e8lccuBWFWM2mltPPZcnUflV001CZSH1Xiq2KzM0ZJmrjwVddSkfqs12tIPPJUjL3Y50oO41b0MJdr1JExhpgZMYOGwJh0313PWZ76fnEU9FArbV039u4xfSgtK3w32aC9dfnuhyCdpUYrMQN1i9Nf/C38DG26mxinD6WwXpKpUvlMlj932UflZD3ZR+QzOyjZKilk39IfWUX2LI5ikutgAF+5vqBaUy6xzAYlS/j5Sh5lwZmejgzKlXKm2fE5HxE7NnPEaVpCZ baygun001c@megadocker-ch2-d26p.sys.comcast.net\"\n",
                            "template": "echo ${user_id}\necho ${ssh_key}\n",
                            "vars.%": "2",
                            "vars.ssh_key": "\"ssh-rsa AAAAB3NzaC1yc2EAAAADAQABAAABAQDkd5xSQU932uIlise6ttp58v8Qf/StGNFuN59zDlvDRn6vlg2C2wx+7rC/wS0IpKFrEBp7n8T57e8lccuBWFWM2mltPPZcnUflV001CZSH1Xiq2KzM0ZJmrjwVddSkfqs12tIPPJUjL3Y50oO41b0MJdr1JExhpgZMYOGwJh0313PWZ76fnEU9FArbV039u4xfSgtK3w32aC9dfnuhyCdpUYrMQN1i9Nf/C38DG26mxinD6WwXpKpUvlMlj932UflZD3ZR+QzOyjZKilk39IfWUX2LI5ikutgAF+5vqBaUy6xzAYlS/j5Sh5lwZmejgzKlXKm2fE5HxE7NnPEaVpCZ baygun001c@megadocker-ch2-d26p.sys.comcast.net\"",
                            "vars.user_id": "baygun001c"
                        },
                        "meta": {},
                        "tainted": false
                    },
                    "deposed": [],
                    "provider": "provider.template"
                },
                "openstack_compute_instance_v2.qa-ibn-po-a-001": {
                    "type": "openstack_compute_instance_v2",
                    "depends_on": [
                        "data.template_file.user_add.*",
                        "openstack_networking_port_v2.qa-ibn-po-a-001_port.*"
                    ],
                    "primary": {
                        "id": "a6b33eda-1279-4f18-828a-fd5baf0ca8a1",
                        "attributes": {
                            "access_ip_v4": "96.116.167.106",
                            "access_ip_v6": "[2001:558:fc1c:1:f816:3eff:fe4f:8bbb]",
                            "all_metadata.%": "1",
                            "all_metadata.this": "that",
                            "availability_zone": "nova",
                            "flavor_id": "3116",
                            "flavor_name": "ng.c.16u",
                            "force_delete": "false",
                            "id": "a6b33eda-1279-4f18-828a-fd5baf0ca8a1",
                            "image_id": "9da95274-3b23-49b0-a341-fd72b5afd3a7",
                            "image_name": "ComcastCloud-CentOS-7-20190603",
                            "key_pair": "pcmm-production",
                            "metadata.%": "1",
                            "metadata.this": "that",
                            "name": "qa-ibn-po-a-001",
                            "network.#": "1",
                            "network.0.access_network": "true",
                            "network.0.fixed_ip_v4": "96.116.167.106",
                            "network.0.fixed_ip_v6": "[2001:558:fc1c:1:f816:3eff:fe4f:8bbb]",
                            "network.0.floating_ip": "",
                            "network.0.mac": "fa:16:3e:4f:8b:bb",
                            "network.0.name": "Public_AGILE",
                            "network.0.port": "31dbd8f1-2079-4076-8515-0c324a1f9749",
                            "network.0.uuid": "5762b250-6836-4412-9221-ab2f0fb0dce5",
                            "power_state": "active",
                            "region": "PO-A",
                            "security_groups.#": "5",
                            "security_groups.2407987581": "mw_access",
                            "security_groups.2463477863": "mongo_access",
                            "security_groups.2511514758": "inter_instance_comm",
                            "security_groups.3814588639": "default",
                            "security_groups.3914474095": "dashboard_access",
                            "stop_before_destroy": "false",
                            "user_data": "aa640be88987a536d3be6305632079b67e6a20b0"
                        },
                        "meta": {
                            "e2bfb730-ecaa-11e6-8f88-34363bc7c4c0": {
                                "create": 1800000000000,
                                "delete": 1800000000000,
                                "update": 1800000000000
                            }
                        },
                        "tainted": false
                    },
                    "deposed": [],
                    "provider": "provider.openstack"
                },
                "openstack_compute_instance_v2.qa-ibnctrl-po-a-001": {
                    "type": "openstack_compute_instance_v2",
                    "depends_on": [
                        "data.template_file.user_add.*",
                        "openstack_networking_port_v2.qa-ibnctrl-po-a-001_port.*"
                    ],
                    "primary": {
                        "id": "c3db6237-f25c-49a1-b469-f7f2412b2746",
                        "attributes": {
                            "access_ip_v4": "96.116.167.74",
                            "access_ip_v6": "[2001:558:fc1c:1:f816:3eff:fe37:d279]",
                            "all_metadata.%": "1",
                            "all_metadata.this": "that",
                            "availability_zone": "nova",
                            "flavor_id": "3116",
                            "flavor_name": "ng.c.16u",
                            "force_delete": "false",
                            "id": "c3db6237-f25c-49a1-b469-f7f2412b2746",
                            "image_id": "9da95274-3b23-49b0-a341-fd72b5afd3a7",
                            "image_name": "ComcastCloud-CentOS-7-20190603",
                            "key_pair": "pcmm-production",
                            "metadata.%": "1",
                            "metadata.this": "that",
                            "name": "qa-ibnctrl-po-a-001",
                            "network.#": "1",
                            "network.0.access_network": "true",
                            "network.0.fixed_ip_v4": "96.116.167.74",
                            "network.0.fixed_ip_v6": "[2001:558:fc1c:1:f816:3eff:fe37:d279]",
                            "network.0.floating_ip": "",
                            "network.0.mac": "fa:16:3e:37:d2:79",
                            "network.0.name": "Public_AGILE",
                            "network.0.port": "8c29c2cf-664f-4af0-9ae6-f4c281929800",
                            "network.0.uuid": "5762b250-6836-4412-9221-ab2f0fb0dce5",
                            "power_state": "active",
                            "region": "PO-A",
                            "security_groups.#": "5",
                            "security_groups.2407987581": "mw_access",
                            "security_groups.2463477863": "mongo_access",
                            "security_groups.2511514758": "inter_instance_comm",
                            "security_groups.3814588639": "default",
                            "security_groups.3914474095": "dashboard_access",
                            "stop_before_destroy": "false",
                            "user_data": "aa640be88987a536d3be6305632079b67e6a20b0"
                        },
                        "meta": {
                            "e2bfb730-ecaa-11e6-8f88-34363bc7c4c0": {
                                "create": 1800000000000,
                                "delete": 1800000000000,
                                "update": 1800000000000
                            }
                        },
                        "tainted": false
                    },
                    "deposed": [],
                    "provider": "provider.openstack"
                },
                "openstack_compute_instance_v2.qa-rx-po-a-001": {
                    "type": "openstack_compute_instance_v2",
                    "depends_on": [
                        "data.template_file.user_add.*",
                        "openstack_networking_port_v2.qa-rx-po-a-001_port.*"
                    ],
                    "primary": {
                        "id": "a721bf0e-1aaa-4c35-be6a-28981ed934be",
                        "attributes": {
                            "access_ip_v4": "96.116.167.97",
                            "access_ip_v6": "[2001:558:fc1c:1:f816:3eff:fef1:2a3c]",
                            "all_metadata.%": "1",
                            "all_metadata.this": "that",
                            "availability_zone": "nova",
                            "flavor_id": "3116",
                            "flavor_name": "ng.c.16u",
                            "force_delete": "false",
                            "id": "a721bf0e-1aaa-4c35-be6a-28981ed934be",
                            "image_id": "9da95274-3b23-49b0-a341-fd72b5afd3a7",
                            "image_name": "ComcastCloud-CentOS-7-20190603",
                            "key_pair": "pcmm-production",
                            "metadata.%": "1",
                            "metadata.this": "that",
                            "name": "qa-rx-po-a-001",
                            "network.#": "1",
                            "network.0.access_network": "true",
                            "network.0.fixed_ip_v4": "96.116.167.97",
                            "network.0.fixed_ip_v6": "[2001:558:fc1c:1:f816:3eff:fef1:2a3c]",
                            "network.0.floating_ip": "",
                            "network.0.mac": "fa:16:3e:f1:2a:3c",
                            "network.0.name": "Public_AGILE",
                            "network.0.port": "c8e51fca-ccd1-4a73-9546-4aaa21639a31",
                            "network.0.uuid": "5762b250-6836-4412-9221-ab2f0fb0dce5",
                            "power_state": "active",
                            "region": "PO-A",
                            "security_groups.#": "5",
                            "security_groups.2407987581": "mw_access",
                            "security_groups.2463477863": "mongo_access",
                            "security_groups.2511514758": "inter_instance_comm",
                            "security_groups.3814588639": "default",
                            "security_groups.3914474095": "dashboard_access",
                            "stop_before_destroy": "false",
                            "user_data": "aa640be88987a536d3be6305632079b67e6a20b0"
                        },
                        "meta": {
                            "e2bfb730-ecaa-11e6-8f88-34363bc7c4c0": {
                                "create": 1800000000000,
                                "delete": 1800000000000,
                                "update": 1800000000000
                            }
                        },
                        "tainted": false
                    },
                    "deposed": [],
                    "provider": "provider.openstack"
                },
                "openstack_compute_instance_v2.qa-rx-po-a-002": {
                    "type": "openstack_compute_instance_v2",
                    "depends_on": [
                        "data.template_file.user_add.*",
                        "openstack_networking_port_v2.qa-rx-po-a-002_port.*"
                    ],
                    "primary": {
                        "id": "f56a29b5-b414-42e7-b7a8-46cfaeccd478",
                        "attributes": {
                            "access_ip_v4": "96.116.167.103",
                            "access_ip_v6": "[2001:558:fc1c:1:f816:3eff:fe3c:d31b]",
                            "all_metadata.%": "1",
                            "all_metadata.this": "that",
                            "availability_zone": "nova",
                            "flavor_id": "3116",
                            "flavor_name": "ng.c.16u",
                            "force_delete": "false",
                            "id": "f56a29b5-b414-42e7-b7a8-46cfaeccd478",
                            "image_id": "9da95274-3b23-49b0-a341-fd72b5afd3a7",
                            "image_name": "ComcastCloud-CentOS-7-20190603",
                            "key_pair": "pcmm-production",
                            "metadata.%": "1",
                            "metadata.this": "that",
                            "name": "qa-rx-po-a-002",
                            "network.#": "1",
                            "network.0.access_network": "true",
                            "network.0.fixed_ip_v4": "96.116.167.103",
                            "network.0.fixed_ip_v6": "[2001:558:fc1c:1:f816:3eff:fe3c:d31b]",
                            "network.0.floating_ip": "",
                            "network.0.mac": "fa:16:3e:3c:d3:1b",
                            "network.0.name": "Public_AGILE",
                            "network.0.port": "4663fc16-23fa-45f9-8307-65a1cb2f05cd",
                            "network.0.uuid": "5762b250-6836-4412-9221-ab2f0fb0dce5",
                            "power_state": "active",
                            "region": "PO-A",
                            "security_groups.#": "5",
                            "security_groups.2407987581": "mw_access",
                            "security_groups.2463477863": "mongo_access",
                            "security_groups.2511514758": "inter_instance_comm",
                            "security_groups.3814588639": "default",
                            "security_groups.3914474095": "dashboard_access",
                            "stop_before_destroy": "false",
                            "user_data": "aa640be88987a536d3be6305632079b67e6a20b0"
                        },
                        "meta": {
                            "e2bfb730-ecaa-11e6-8f88-34363bc7c4c0": {
                                "create": 1800000000000,
                                "delete": 1800000000000,
                                "update": 1800000000000
                            }
                        },
                        "tainted": false
                    },
                    "deposed": [],
                    "provider": "provider.openstack"
                },
                "openstack_compute_instance_v2.qa-rx-po-a-003": {
                    "type": "openstack_compute_instance_v2",
                    "depends_on": [
                        "data.template_file.user_add.*",
                        "openstack_networking_port_v2.qa-rx-po-a-003_port.*"
                    ],
                    "primary": {
                        "id": "c751a433-41fe-4d3e-983a-339cc357c8c8",
                        "attributes": {
                            "access_ip_v4": "96.116.163.202",
                            "access_ip_v6": "[2001:558:fc1c:1:f816:3eff:feb3:a7ce]",
                            "all_metadata.%": "1",
                            "all_metadata.this": "that",
                            "availability_zone": "nova",
                            "flavor_id": "3116",
                            "flavor_name": "ng.c.16u",
                            "force_delete": "false",
                            "id": "c751a433-41fe-4d3e-983a-339cc357c8c8",
                            "image_id": "9da95274-3b23-49b0-a341-fd72b5afd3a7",
                            "image_name": "ComcastCloud-CentOS-7-20190603",
                            "key_pair": "pcmm-production",
                            "metadata.%": "1",
                            "metadata.this": "that",
                            "name": "qa-rx-po-a-003",
                            "network.#": "1",
                            "network.0.access_network": "true",
                            "network.0.fixed_ip_v4": "96.116.163.202",
                            "network.0.fixed_ip_v6": "[2001:558:fc1c:1:f816:3eff:feb3:a7ce]",
                            "network.0.floating_ip": "",
                            "network.0.mac": "fa:16:3e:b3:a7:ce",
                            "network.0.name": "Public_AGILE",
                            "network.0.port": "158a5b9d-0ce9-4d77-9056-602c7e57be17",
                            "network.0.uuid": "5762b250-6836-4412-9221-ab2f0fb0dce5",
                            "power_state": "active",
                            "region": "PO-A",
                            "security_groups.#": "5",
                            "security_groups.2407987581": "mw_access",
                            "security_groups.2463477863": "mongo_access",
                            "security_groups.2511514758": "inter_instance_comm",
                            "security_groups.3814588639": "default",
                            "security_groups.3914474095": "dashboard_access",
                            "stop_before_destroy": "false",
                            "user_data": "aa640be88987a536d3be6305632079b67e6a20b0"
                        },
                        "meta": {
                            "e2bfb730-ecaa-11e6-8f88-34363bc7c4c0": {
                                "create": 1800000000000,
                                "delete": 1800000000000,
                                "update": 1800000000000
                            }
                        },
                        "tainted": false
                    },
                    "deposed": [],
                    "provider": "provider.openstack"
                },
                "openstack_compute_instance_v2.qa-rxctrl-po-a-001": {
                    "type": "openstack_compute_instance_v2",
                    "depends_on": [
                        "data.template_file.user_add.*",
                        "openstack_networking_port_v2.qa-rxctrl-po-a-001_port.*"
                    ],
                    "primary": {
                        "id": "5484652e-636b-409f-ba2f-f07ce759bc7d",
                        "attributes": {
                            "access_ip_v4": "96.116.167.92",
                            "access_ip_v6": "[2001:558:fc1c:1:f816:3eff:fea7:afb7]",
                            "all_metadata.%": "1",
                            "all_metadata.this": "that",
                            "availability_zone": "nova",
                            "flavor_id": "3116",
                            "flavor_name": "ng.c.16u",
                            "force_delete": "false",
                            "id": "5484652e-636b-409f-ba2f-f07ce759bc7d",
                            "image_id": "9da95274-3b23-49b0-a341-fd72b5afd3a7",
                            "image_name": "ComcastCloud-CentOS-7-20190603",
                            "key_pair": "pcmm-production",
                            "metadata.%": "1",
                            "metadata.this": "that",
                            "name": "qa-rxctrl-po-a-001",
                            "network.#": "1",
                            "network.0.access_network": "true",
                            "network.0.fixed_ip_v4": "96.116.167.92",
                            "network.0.fixed_ip_v6": "[2001:558:fc1c:1:f816:3eff:fea7:afb7]",
                            "network.0.floating_ip": "",
                            "network.0.mac": "fa:16:3e:a7:af:b7",
                            "network.0.name": "Public_AGILE",
                            "network.0.port": "e8c8272a-907e-4702-952c-6c9157be73ed",
                            "network.0.uuid": "5762b250-6836-4412-9221-ab2f0fb0dce5",
                            "power_state": "active",
                            "region": "PO-A",
                            "security_groups.#": "5",
                            "security_groups.2407987581": "mw_access",
                            "security_groups.2463477863": "mongo_access",
                            "security_groups.2511514758": "inter_instance_comm",
                            "security_groups.3814588639": "default",
                            "security_groups.3914474095": "dashboard_access",
                            "stop_before_destroy": "false",
                            "user_data": "aa640be88987a536d3be6305632079b67e6a20b0"
                        },
                        "meta": {
                            "e2bfb730-ecaa-11e6-8f88-34363bc7c4c0": {
                                "create": 1800000000000,
                                "delete": 1800000000000,
                                "update": 1800000000000
                            }
                        },
                        "tainted": false
                    },
                    "deposed": [],
                    "provider": "provider.openstack"
                },
                "openstack_compute_instance_v2.qa-rxctrl-po-a-002": {
                    "type": "openstack_compute_instance_v2",
                    "depends_on": [
                        "data.template_file.user_add.*",
                        "openstack_networking_port_v2.qa-rxctrl-po-a-002_port.*"
                    ],
                    "primary": {
                        "id": "91dc46ae-c77b-4d22-8058-9b33ccd57e6c",
                        "attributes": {
                            "access_ip_v4": "96.116.167.98",
                            "access_ip_v6": "[2001:558:fc1c:1:f816:3eff:fe42:875c]",
                            "all_metadata.%": "1",
                            "all_metadata.this": "that",
                            "availability_zone": "nova",
                            "flavor_id": "3116",
                            "flavor_name": "ng.c.16u",
                            "force_delete": "false",
                            "id": "91dc46ae-c77b-4d22-8058-9b33ccd57e6c",
                            "image_id": "9da95274-3b23-49b0-a341-fd72b5afd3a7",
                            "image_name": "ComcastCloud-CentOS-7-20190603",
                            "key_pair": "pcmm-production",
                            "metadata.%": "1",
                            "metadata.this": "that",
                            "name": "qa-rxctrl-po-a-002",
                            "network.#": "1",
                            "network.0.access_network": "true",
                            "network.0.fixed_ip_v4": "96.116.167.98",
                            "network.0.fixed_ip_v6": "[2001:558:fc1c:1:f816:3eff:fe42:875c]",
                            "network.0.floating_ip": "",
                            "network.0.mac": "fa:16:3e:42:87:5c",
                            "network.0.name": "Public_AGILE",
                            "network.0.port": "c4f9c7a8-79d5-4c80-90e3-6e64ef7097c3",
                            "network.0.uuid": "5762b250-6836-4412-9221-ab2f0fb0dce5",
                            "power_state": "active",
                            "region": "PO-A",
                            "security_groups.#": "5",
                            "security_groups.2407987581": "mw_access",
                            "security_groups.2463477863": "mongo_access",
                            "security_groups.2511514758": "inter_instance_comm",
                            "security_groups.3814588639": "default",
                            "security_groups.3914474095": "dashboard_access",
                            "stop_before_destroy": "false",
                            "user_data": "aa640be88987a536d3be6305632079b67e6a20b0"
                        },
                        "meta": {
                            "e2bfb730-ecaa-11e6-8f88-34363bc7c4c0": {
                                "create": 1800000000000,
                                "delete": 1800000000000,
                                "update": 1800000000000
                            }
                        },
                        "tainted": false
                    },
                    "deposed": [],
                    "provider": "provider.openstack"
                },
                "openstack_compute_instance_v2.qa-rxctrl-po-a-003": {
                    "type": "openstack_compute_instance_v2",
                    "depends_on": [
                        "data.template_file.user_add.*",
                        "openstack_networking_port_v2.qa-rxctrl-po-a-003_port.*"
                    ],
                    "primary": {
                        "id": "ea9cdfce-95d5-497a-9df7-624419b4d6a4",
                        "attributes": {
                            "access_ip_v4": "96.116.163.203",
                            "access_ip_v6": "[2001:558:fc1c:1:f816:3eff:fea4:6c53]",
                            "all_metadata.%": "1",
                            "all_metadata.this": "that",
                            "availability_zone": "nova",
                            "flavor_id": "3116",
                            "flavor_name": "ng.c.16u",
                            "force_delete": "false",
                            "id": "ea9cdfce-95d5-497a-9df7-624419b4d6a4",
                            "image_id": "9da95274-3b23-49b0-a341-fd72b5afd3a7",
                            "image_name": "ComcastCloud-CentOS-7-20190603",
                            "key_pair": "pcmm-production",
                            "metadata.%": "1",
                            "metadata.this": "that",
                            "name": "qa-rxctrl-po-a-003",
                            "network.#": "1",
                            "network.0.access_network": "true",
                            "network.0.fixed_ip_v4": "96.116.163.203",
                            "network.0.fixed_ip_v6": "[2001:558:fc1c:1:f816:3eff:fea4:6c53]",
                            "network.0.floating_ip": "",
                            "network.0.mac": "fa:16:3e:a4:6c:53",
                            "network.0.name": "Public_AGILE",
                            "network.0.port": "a8dc4c22-d407-4126-9a94-dea786d4ebbe",
                            "network.0.uuid": "5762b250-6836-4412-9221-ab2f0fb0dce5",
                            "power_state": "active",
                            "region": "PO-A",
                            "security_groups.#": "5",
                            "security_groups.2407987581": "mw_access",
                            "security_groups.2463477863": "mongo_access",
                            "security_groups.2511514758": "inter_instance_comm",
                            "security_groups.3814588639": "default",
                            "security_groups.3914474095": "dashboard_access",
                            "stop_before_destroy": "false",
                            "user_data": "aa640be88987a536d3be6305632079b67e6a20b0"
                        },
                        "meta": {
                            "e2bfb730-ecaa-11e6-8f88-34363bc7c4c0": {
                                "create": 1800000000000,
                                "delete": 1800000000000,
                                "update": 1800000000000
                            }
                        },
                        "tainted": false
                    },
                    "deposed": [],
                    "provider": "provider.openstack"
                },
                "openstack_compute_instance_v2.qa-vcfg-po-a-001": {
                    "type": "openstack_compute_instance_v2",
                    "depends_on": [
                        "data.template_file.user_add.*",
                        "openstack_networking_port_v2.qa-vcfg-po-a-001_port.*"
                    ],
                    "primary": {
                        "id": "10576ba3-261d-4b31-b81f-9e490f331953",
                        "attributes": {
                            "access_ip_v4": "96.116.167.80",
                            "access_ip_v6": "[2001:558:fc1c:1:f816:3eff:fea0:6273]",
                            "all_metadata.%": "1",
                            "all_metadata.this": "that",
                            "availability_zone": "nova",
                            "flavor_id": "3108",
                            "flavor_name": "ng.c.8u",
                            "force_delete": "false",
                            "id": "10576ba3-261d-4b31-b81f-9e490f331953",
                            "image_id": "9da95274-3b23-49b0-a341-fd72b5afd3a7",
                            "image_name": "ComcastCloud-CentOS-7-20190603",
                            "key_pair": "pcmm-production",
                            "metadata.%": "1",
                            "metadata.this": "that",
                            "name": "qa-vcfg-po-a-001",
                            "network.#": "1",
                            "network.0.access_network": "true",
                            "network.0.fixed_ip_v4": "96.116.167.80",
                            "network.0.fixed_ip_v6": "[2001:558:fc1c:1:f816:3eff:fea0:6273]",
                            "network.0.floating_ip": "",
                            "network.0.mac": "fa:16:3e:a0:62:73",
                            "network.0.name": "Public_AGILE",
                            "network.0.port": "235d7844-cec5-4fca-84c0-0d4c06755456",
                            "network.0.uuid": "5762b250-6836-4412-9221-ab2f0fb0dce5",
                            "power_state": "active",
                            "region": "PO-A",
                            "security_groups.#": "5",
                            "security_groups.2407987581": "mw_access",
                            "security_groups.2463477863": "mongo_access",
                            "security_groups.2511514758": "inter_instance_comm",
                            "security_groups.3814588639": "default",
                            "security_groups.3914474095": "dashboard_access",
                            "stop_before_destroy": "false",
                            "user_data": "aa640be88987a536d3be6305632079b67e6a20b0"
                        },
                        "meta": {
                            "e2bfb730-ecaa-11e6-8f88-34363bc7c4c0": {
                                "create": 1800000000000,
                                "delete": 1800000000000,
                                "update": 1800000000000
                            }
                        },
                        "tainted": false
                    },
                    "deposed": [],
                    "provider": "provider.openstack"
                },
                "openstack_compute_instance_v2.qa-wcfg-po-a-001": {
                    "type": "openstack_compute_instance_v2",
                    "depends_on": [
                        "data.template_file.user_add.*",
                        "openstack_networking_port_v2.qa-wcfg-po-a-001_port.*"
                    ],
                    "primary": {
                        "id": "179a6d11-f6d4-4bf7-b1c8-f6027e96d950",
                        "attributes": {
                            "access_ip_v4": "96.116.167.100",
                            "access_ip_v6": "[2001:558:fc1c:1:f816:3eff:fe4f:4b5a]",
                            "all_metadata.%": "1",
                            "all_metadata.this": "that",
                            "availability_zone": "nova",
                            "flavor_id": "3108",
                            "flavor_name": "ng.c.8u",
                            "force_delete": "false",
                            "id": "179a6d11-f6d4-4bf7-b1c8-f6027e96d950",
                            "image_id": "9da95274-3b23-49b0-a341-fd72b5afd3a7",
                            "image_name": "ComcastCloud-CentOS-7-20190603",
                            "key_pair": "pcmm-production",
                            "metadata.%": "1",
                            "metadata.this": "that",
                            "name": "qa-wcfg-po-a-001",
                            "network.#": "1",
                            "network.0.access_network": "true",
                            "network.0.fixed_ip_v4": "96.116.167.100",
                            "network.0.fixed_ip_v6": "[2001:558:fc1c:1:f816:3eff:fe4f:4b5a]",
                            "network.0.floating_ip": "",
                            "network.0.mac": "fa:16:3e:4f:4b:5a",
                            "network.0.name": "Public_AGILE",
                            "network.0.port": "2f4f41e5-35c4-4d4c-b5c1-676fee5b9e27",
                            "network.0.uuid": "5762b250-6836-4412-9221-ab2f0fb0dce5",
                            "power_state": "active",
                            "region": "PO-A",
                            "security_groups.#": "5",
                            "security_groups.2407987581": "mw_access",
                            "security_groups.2463477863": "mongo_access",
                            "security_groups.2511514758": "inter_instance_comm",
                            "security_groups.3814588639": "default",
                            "security_groups.3914474095": "dashboard_access",
                            "stop_before_destroy": "false",
                            "user_data": "aa640be88987a536d3be6305632079b67e6a20b0"
                        },
                        "meta": {
                            "e2bfb730-ecaa-11e6-8f88-34363bc7c4c0": {
                                "create": 1800000000000,
                                "delete": 1800000000000,
                                "update": 1800000000000
                            }
                        },
                        "tainted": false
                    },
                    "deposed": [],
                    "provider": "provider.openstack"
                },
                "openstack_networking_port_v2.qa-ibn-po-a-001_port": {
                    "type": "openstack_networking_port_v2",
                    "depends_on": [],
                    "primary": {
                        "id": "31dbd8f1-2079-4076-8515-0c324a1f9749",
                        "attributes": {
                            "admin_state_up": "true",
                            "all_fixed_ips.#": "2",
                            "all_fixed_ips.0": "2001:558:fc1c:1:f816:3eff:fe4f:8bbb",
                            "all_fixed_ips.1": "96.116.167.106",
                            "all_security_group_ids.#": "5",
                            "all_security_group_ids.218396188": "182eea8e-75bb-45f9-8caf-b39e5fbd0ce9",
                            "all_security_group_ids.2235587030": "f97fafae-8f94-4439-83b2-c6c384b36a05",
                            "all_security_group_ids.3358142173": "38c6a7ce-7577-48a9-9be5-8bd6a556fdeb",
                            "all_security_group_ids.536629398": "c796569c-5597-4d05-8e8b-49e81ec7d1f6",
                            "all_security_group_ids.86802297": "cafb37a0-16c8-4e51-b695-2be0536479a2",
                            "all_tags.#": "0",
                            "allowed_address_pairs.#": "0",
                            "description": "",
                            "device_id": "a6b33eda-1279-4f18-828a-fd5baf0ca8a1",
                            "device_owner": "compute:nova",
                            "extra_dhcp_option.#": "0",
                            "id": "31dbd8f1-2079-4076-8515-0c324a1f9749",
                            "mac_address": "fa:16:3e:4f:8b:bb",
                            "name": "qa-ibn-po-a-001",
                            "network_id": "5762b250-6836-4412-9221-ab2f0fb0dce5",
                            "region": "",
                            "tags.#": "0",
                            "tenant_id": "4f48234704814516b00f34712c55c4a2"
                        },
                        "meta": {
                            "e2bfb730-ecaa-11e6-8f88-34363bc7c4c0": {
                                "create": 600000000000,
                                "delete": 600000000000
                            }
                        },
                        "tainted": false
                    },
                    "deposed": [],
                    "provider": "provider.openstack"
                },
                "openstack_networking_port_v2.qa-ibnctrl-po-a-001_port": {
                    "type": "openstack_networking_port_v2",
                    "depends_on": [],
                    "primary": {
                        "id": "8c29c2cf-664f-4af0-9ae6-f4c281929800",
                        "attributes": {
                            "admin_state_up": "true",
                            "all_fixed_ips.#": "2",
                            "all_fixed_ips.0": "2001:558:fc1c:1:f816:3eff:fe37:d279",
                            "all_fixed_ips.1": "96.116.167.74",
                            "all_security_group_ids.#": "5",
                            "all_security_group_ids.218396188": "182eea8e-75bb-45f9-8caf-b39e5fbd0ce9",
                            "all_security_group_ids.2235587030": "f97fafae-8f94-4439-83b2-c6c384b36a05",
                            "all_security_group_ids.3358142173": "38c6a7ce-7577-48a9-9be5-8bd6a556fdeb",
                            "all_security_group_ids.536629398": "c796569c-5597-4d05-8e8b-49e81ec7d1f6",
                            "all_security_group_ids.86802297": "cafb37a0-16c8-4e51-b695-2be0536479a2",
                            "all_tags.#": "0",
                            "allowed_address_pairs.#": "0",
                            "description": "",
                            "device_id": "c3db6237-f25c-49a1-b469-f7f2412b2746",
                            "device_owner": "compute:nova",
                            "extra_dhcp_option.#": "0",
                            "id": "8c29c2cf-664f-4af0-9ae6-f4c281929800",
                            "mac_address": "fa:16:3e:37:d2:79",
                            "name": "qa-ibnctrl-po-a-001",
                            "network_id": "5762b250-6836-4412-9221-ab2f0fb0dce5",
                            "region": "",
                            "tags.#": "0",
                            "tenant_id": "4f48234704814516b00f34712c55c4a2"
                        },
                        "meta": {
                            "e2bfb730-ecaa-11e6-8f88-34363bc7c4c0": {
                                "create": 600000000000,
                                "delete": 600000000000
                            }
                        },
                        "tainted": false
                    },
                    "deposed": [],
                    "provider": "provider.openstack"
                },
                "openstack_networking_port_v2.qa-rx-po-a-001_port": {
                    "type": "openstack_networking_port_v2",
                    "depends_on": [],
                    "primary": {
                        "id": "c8e51fca-ccd1-4a73-9546-4aaa21639a31",
                        "attributes": {
                            "admin_state_up": "true",
                            "all_fixed_ips.#": "2",
                            "all_fixed_ips.0": "2001:558:fc1c:1:f816:3eff:fef1:2a3c",
                            "all_fixed_ips.1": "96.116.167.97",
                            "all_security_group_ids.#": "5",
                            "all_security_group_ids.218396188": "182eea8e-75bb-45f9-8caf-b39e5fbd0ce9",
                            "all_security_group_ids.2235587030": "f97fafae-8f94-4439-83b2-c6c384b36a05",
                            "all_security_group_ids.3358142173": "38c6a7ce-7577-48a9-9be5-8bd6a556fdeb",
                            "all_security_group_ids.536629398": "c796569c-5597-4d05-8e8b-49e81ec7d1f6",
                            "all_security_group_ids.86802297": "cafb37a0-16c8-4e51-b695-2be0536479a2",
                            "all_tags.#": "0",
                            "allowed_address_pairs.#": "0",
                            "description": "",
                            "device_id": "a721bf0e-1aaa-4c35-be6a-28981ed934be",
                            "device_owner": "compute:nova",
                            "extra_dhcp_option.#": "0",
                            "id": "c8e51fca-ccd1-4a73-9546-4aaa21639a31",
                            "mac_address": "fa:16:3e:f1:2a:3c",
                            "name": "qa-rx-po-a-001",
                            "network_id": "5762b250-6836-4412-9221-ab2f0fb0dce5",
                            "region": "",
                            "tags.#": "0",
                            "tenant_id": "4f48234704814516b00f34712c55c4a2"
                        },
                        "meta": {
                            "e2bfb730-ecaa-11e6-8f88-34363bc7c4c0": {
                                "create": 600000000000,
                                "delete": 600000000000
                            }
                        },
                        "tainted": false
                    },
                    "deposed": [],
                    "provider": "provider.openstack"
                },
                "openstack_networking_port_v2.qa-rx-po-a-002_port": {
                    "type": "openstack_networking_port_v2",
                    "depends_on": [],
                    "primary": {
                        "id": "4663fc16-23fa-45f9-8307-65a1cb2f05cd",
                        "attributes": {
                            "admin_state_up": "true",
                            "all_fixed_ips.#": "2",
                            "all_fixed_ips.0": "2001:558:fc1c:1:f816:3eff:fe3c:d31b",
                            "all_fixed_ips.1": "96.116.167.103",
                            "all_security_group_ids.#": "5",
                            "all_security_group_ids.218396188": "182eea8e-75bb-45f9-8caf-b39e5fbd0ce9",
                            "all_security_group_ids.2235587030": "f97fafae-8f94-4439-83b2-c6c384b36a05",
                            "all_security_group_ids.3358142173": "38c6a7ce-7577-48a9-9be5-8bd6a556fdeb",
                            "all_security_group_ids.536629398": "c796569c-5597-4d05-8e8b-49e81ec7d1f6",
                            "all_security_group_ids.86802297": "cafb37a0-16c8-4e51-b695-2be0536479a2",
                            "all_tags.#": "0",
                            "allowed_address_pairs.#": "0",
                            "description": "",
                            "device_id": "f56a29b5-b414-42e7-b7a8-46cfaeccd478",
                            "device_owner": "compute:nova",
                            "extra_dhcp_option.#": "0",
                            "id": "4663fc16-23fa-45f9-8307-65a1cb2f05cd",
                            "mac_address": "fa:16:3e:3c:d3:1b",
                            "name": "qa-rx-po-a-002",
                            "network_id": "5762b250-6836-4412-9221-ab2f0fb0dce5",
                            "region": "",
                            "tags.#": "0",
                            "tenant_id": "4f48234704814516b00f34712c55c4a2"
                        },
                        "meta": {
                            "e2bfb730-ecaa-11e6-8f88-34363bc7c4c0": {
                                "create": 600000000000,
                                "delete": 600000000000
                            }
                        },
                        "tainted": false
                    },
                    "deposed": [],
                    "provider": "provider.openstack"
                },
                "openstack_networking_port_v2.qa-rx-po-a-003_port": {
                    "type": "openstack_networking_port_v2",
                    "depends_on": [],
                    "primary": {
                        "id": "158a5b9d-0ce9-4d77-9056-602c7e57be17",
                        "attributes": {
                            "admin_state_up": "true",
                            "all_fixed_ips.#": "2",
                            "all_fixed_ips.0": "2001:558:fc1c:1:f816:3eff:feb3:a7ce",
                            "all_fixed_ips.1": "96.116.163.202",
                            "all_security_group_ids.#": "5",
                            "all_security_group_ids.218396188": "182eea8e-75bb-45f9-8caf-b39e5fbd0ce9",
                            "all_security_group_ids.2235587030": "f97fafae-8f94-4439-83b2-c6c384b36a05",
                            "all_security_group_ids.3358142173": "38c6a7ce-7577-48a9-9be5-8bd6a556fdeb",
                            "all_security_group_ids.536629398": "c796569c-5597-4d05-8e8b-49e81ec7d1f6",
                            "all_security_group_ids.86802297": "cafb37a0-16c8-4e51-b695-2be0536479a2",
                            "all_tags.#": "0",
                            "allowed_address_pairs.#": "0",
                            "description": "",
                            "device_id": "c751a433-41fe-4d3e-983a-339cc357c8c8",
                            "device_owner": "compute:nova",
                            "extra_dhcp_option.#": "0",
                            "id": "158a5b9d-0ce9-4d77-9056-602c7e57be17",
                            "mac_address": "fa:16:3e:b3:a7:ce",
                            "name": "qa-rx-po-a-003",
                            "network_id": "5762b250-6836-4412-9221-ab2f0fb0dce5",
                            "region": "",
                            "tags.#": "0",
                            "tenant_id": "4f48234704814516b00f34712c55c4a2"
                        },
                        "meta": {
                            "e2bfb730-ecaa-11e6-8f88-34363bc7c4c0": {
                                "create": 600000000000,
                                "delete": 600000000000
                            }
                        },
                        "tainted": false
                    },
                    "deposed": [],
                    "provider": "provider.openstack"
                },
                "openstack_networking_port_v2.qa-rxctrl-po-a-001_port": {
                    "type": "openstack_networking_port_v2",
                    "depends_on": [],
                    "primary": {
                        "id": "e8c8272a-907e-4702-952c-6c9157be73ed",
                        "attributes": {
                            "admin_state_up": "true",
                            "all_fixed_ips.#": "2",
                            "all_fixed_ips.0": "2001:558:fc1c:1:f816:3eff:fea7:afb7",
                            "all_fixed_ips.1": "96.116.167.92",
                            "all_security_group_ids.#": "5",
                            "all_security_group_ids.218396188": "182eea8e-75bb-45f9-8caf-b39e5fbd0ce9",
                            "all_security_group_ids.2235587030": "f97fafae-8f94-4439-83b2-c6c384b36a05",
                            "all_security_group_ids.3358142173": "38c6a7ce-7577-48a9-9be5-8bd6a556fdeb",
                            "all_security_group_ids.536629398": "c796569c-5597-4d05-8e8b-49e81ec7d1f6",
                            "all_security_group_ids.86802297": "cafb37a0-16c8-4e51-b695-2be0536479a2",
                            "all_tags.#": "0",
                            "allowed_address_pairs.#": "0",
                            "description": "",
                            "device_id": "5484652e-636b-409f-ba2f-f07ce759bc7d",
                            "device_owner": "compute:nova",
                            "extra_dhcp_option.#": "0",
                            "id": "e8c8272a-907e-4702-952c-6c9157be73ed",
                            "mac_address": "fa:16:3e:a7:af:b7",
                            "name": "qa-rxctrl-po-a-001",
                            "network_id": "5762b250-6836-4412-9221-ab2f0fb0dce5",
                            "region": "",
                            "tags.#": "0",
                            "tenant_id": "4f48234704814516b00f34712c55c4a2"
                        },
                        "meta": {
                            "e2bfb730-ecaa-11e6-8f88-34363bc7c4c0": {
                                "create": 600000000000,
                                "delete": 600000000000
                            }
                        },
                        "tainted": false
                    },
                    "deposed": [],
                    "provider": "provider.openstack"
                },
                "openstack_networking_port_v2.qa-rxctrl-po-a-002_port": {
                    "type": "openstack_networking_port_v2",
                    "depends_on": [],
                    "primary": {
                        "id": "c4f9c7a8-79d5-4c80-90e3-6e64ef7097c3",
                        "attributes": {
                            "admin_state_up": "true",
                            "all_fixed_ips.#": "2",
                            "all_fixed_ips.0": "2001:558:fc1c:1:f816:3eff:fe42:875c",
                            "all_fixed_ips.1": "96.116.167.98",
                            "all_security_group_ids.#": "5",
                            "all_security_group_ids.218396188": "182eea8e-75bb-45f9-8caf-b39e5fbd0ce9",
                            "all_security_group_ids.2235587030": "f97fafae-8f94-4439-83b2-c6c384b36a05",
                            "all_security_group_ids.3358142173": "38c6a7ce-7577-48a9-9be5-8bd6a556fdeb",
                            "all_security_group_ids.536629398": "c796569c-5597-4d05-8e8b-49e81ec7d1f6",
                            "all_security_group_ids.86802297": "cafb37a0-16c8-4e51-b695-2be0536479a2",
                            "all_tags.#": "0",
                            "allowed_address_pairs.#": "0",
                            "description": "",
                            "device_id": "91dc46ae-c77b-4d22-8058-9b33ccd57e6c",
                            "device_owner": "compute:nova",
                            "extra_dhcp_option.#": "0",
                            "id": "c4f9c7a8-79d5-4c80-90e3-6e64ef7097c3",
                            "mac_address": "fa:16:3e:42:87:5c",
                            "name": "qa-rxctrl-po-a-002",
                            "network_id": "5762b250-6836-4412-9221-ab2f0fb0dce5",
                            "region": "",
                            "tags.#": "0",
                            "tenant_id": "4f48234704814516b00f34712c55c4a2"
                        },
                        "meta": {
                            "e2bfb730-ecaa-11e6-8f88-34363bc7c4c0": {
                                "create": 600000000000,
                                "delete": 600000000000
                            }
                        },
                        "tainted": false
                    },
                    "deposed": [],
                    "provider": "provider.openstack"
                },
                "openstack_networking_port_v2.qa-rxctrl-po-a-003_port": {
                    "type": "openstack_networking_port_v2",
                    "depends_on": [],
                    "primary": {
                        "id": "a8dc4c22-d407-4126-9a94-dea786d4ebbe",
                        "attributes": {
                            "admin_state_up": "true",
                            "all_fixed_ips.#": "2",
                            "all_fixed_ips.0": "2001:558:fc1c:1:f816:3eff:fea4:6c53",
                            "all_fixed_ips.1": "96.116.163.203",
                            "all_security_group_ids.#": "5",
                            "all_security_group_ids.218396188": "182eea8e-75bb-45f9-8caf-b39e5fbd0ce9",
                            "all_security_group_ids.2235587030": "f97fafae-8f94-4439-83b2-c6c384b36a05",
                            "all_security_group_ids.3358142173": "38c6a7ce-7577-48a9-9be5-8bd6a556fdeb",
                            "all_security_group_ids.536629398": "c796569c-5597-4d05-8e8b-49e81ec7d1f6",
                            "all_security_group_ids.86802297": "cafb37a0-16c8-4e51-b695-2be0536479a2",
                            "all_tags.#": "0",
                            "allowed_address_pairs.#": "0",
                            "description": "",
                            "device_id": "ea9cdfce-95d5-497a-9df7-624419b4d6a4",
                            "device_owner": "compute:nova",
                            "extra_dhcp_option.#": "0",
                            "id": "a8dc4c22-d407-4126-9a94-dea786d4ebbe",
                            "mac_address": "fa:16:3e:a4:6c:53",
                            "name": "qa-rxctrl-po-a-003",
                            "network_id": "5762b250-6836-4412-9221-ab2f0fb0dce5",
                            "region": "",
                            "tags.#": "0",
                            "tenant_id": "4f48234704814516b00f34712c55c4a2"
                        },
                        "meta": {
                            "e2bfb730-ecaa-11e6-8f88-34363bc7c4c0": {
                                "create": 600000000000,
                                "delete": 600000000000
                            }
                        },
                        "tainted": false
                    },
                    "deposed": [],
                    "provider": "provider.openstack"
                },
                "openstack_networking_port_v2.qa-test-po-a-001_port": {
                    "type": "openstack_networking_port_v2",
                    "depends_on": [],
                    "primary": {
                        "id": "13cf102a-e03b-4f1f-a1e9-63a098a72cb2",
                        "attributes": {
                            "admin_state_up": "true",
                            "all_fixed_ips.#": "2",
                            "all_fixed_ips.0": "2001:558:fc1c:1:f816:3eff:fe7d:5dc5",
                            "all_fixed_ips.1": "96.116.160.57",
                            "all_security_group_ids.#": "1",
                            "all_security_group_ids.3358142173": "38c6a7ce-7577-48a9-9be5-8bd6a556fdeb",
                            "all_tags.#": "0",
                            "allowed_address_pairs.#": "0",
                            "description": "",
                            "device_id": "",
                            "device_owner": "",
                            "extra_dhcp_option.#": "0",
                            "id": "13cf102a-e03b-4f1f-a1e9-63a098a72cb2",
                            "mac_address": "fa:16:3e:7d:5d:c5",
                            "name": "qa-test-po-a-001",
                            "network_id": "5762b250-6836-4412-9221-ab2f0fb0dce5",
                            "region": "",
                            "tags.#": "0",
                            "tenant_id": "4f48234704814516b00f34712c55c4a2"
                        },
                        "meta": {
                            "e2bfb730-ecaa-11e6-8f88-34363bc7c4c0": {
                                "create": 600000000000,
                                "delete": 600000000000
                            }
                        },
                        "tainted": false
                    },
                    "deposed": [],
                    "provider": "provider.openstack"
                },
                "openstack_networking_port_v2.qa-vcfg-po-a-001_port": {
                    "type": "openstack_networking_port_v2",
                    "depends_on": [],
                    "primary": {
                        "id": "235d7844-cec5-4fca-84c0-0d4c06755456",
                        "attributes": {
                            "admin_state_up": "true",
                            "all_fixed_ips.#": "2",
                            "all_fixed_ips.0": "2001:558:fc1c:1:f816:3eff:fea0:6273",
                            "all_fixed_ips.1": "96.116.167.80",
                            "all_security_group_ids.#": "5",
                            "all_security_group_ids.218396188": "182eea8e-75bb-45f9-8caf-b39e5fbd0ce9",
                            "all_security_group_ids.2235587030": "f97fafae-8f94-4439-83b2-c6c384b36a05",
                            "all_security_group_ids.3358142173": "38c6a7ce-7577-48a9-9be5-8bd6a556fdeb",
                            "all_security_group_ids.536629398": "c796569c-5597-4d05-8e8b-49e81ec7d1f6",
                            "all_security_group_ids.86802297": "cafb37a0-16c8-4e51-b695-2be0536479a2",
                            "all_tags.#": "0",
                            "allowed_address_pairs.#": "0",
                            "description": "",
                            "device_id": "10576ba3-261d-4b31-b81f-9e490f331953",
                            "device_owner": "compute:nova",
                            "extra_dhcp_option.#": "0",
                            "id": "235d7844-cec5-4fca-84c0-0d4c06755456",
                            "mac_address": "fa:16:3e:a0:62:73",
                            "name": "qa-vcfg-po-a-001",
                            "network_id": "5762b250-6836-4412-9221-ab2f0fb0dce5",
                            "region": "",
                            "tags.#": "0",
                            "tenant_id": "4f48234704814516b00f34712c55c4a2"
                        },
                        "meta": {
                            "e2bfb730-ecaa-11e6-8f88-34363bc7c4c0": {
                                "create": 600000000000,
                                "delete": 600000000000
                            }
                        },
                        "tainted": false
                    },
                    "deposed": [],
                    "provider": "provider.openstack"
                },
                "openstack_networking_port_v2.qa-wcfg-po-a-001_port": {
                    "type": "openstack_networking_port_v2",
                    "depends_on": [],
                    "primary": {
                        "id": "2f4f41e5-35c4-4d4c-b5c1-676fee5b9e27",
                        "attributes": {
                            "admin_state_up": "true",
                            "all_fixed_ips.#": "2",
                            "all_fixed_ips.0": "2001:558:fc1c:1:f816:3eff:fe4f:4b5a",
                            "all_fixed_ips.1": "96.116.167.100",
                            "all_security_group_ids.#": "5",
                            "all_security_group_ids.218396188": "182eea8e-75bb-45f9-8caf-b39e5fbd0ce9",
                            "all_security_group_ids.2235587030": "f97fafae-8f94-4439-83b2-c6c384b36a05",
                            "all_security_group_ids.3358142173": "38c6a7ce-7577-48a9-9be5-8bd6a556fdeb",
                            "all_security_group_ids.536629398": "c796569c-5597-4d05-8e8b-49e81ec7d1f6",
                            "all_security_group_ids.86802297": "cafb37a0-16c8-4e51-b695-2be0536479a2",
                            "all_tags.#": "0",
                            "allowed_address_pairs.#": "0",
                            "description": "",
                            "device_id": "179a6d11-f6d4-4bf7-b1c8-f6027e96d950",
                            "device_owner": "compute:nova",
                            "extra_dhcp_option.#": "0",
                            "id": "2f4f41e5-35c4-4d4c-b5c1-676fee5b9e27",
                            "mac_address": "fa:16:3e:4f:4b:5a",
                            "name": "qa-wcfg-po-a-001",
                            "network_id": "5762b250-6836-4412-9221-ab2f0fb0dce5",
                            "region": "",
                            "tags.#": "0",
                            "tenant_id": "4f48234704814516b00f34712c55c4a2"
                        },
                        "meta": {
                            "e2bfb730-ecaa-11e6-8f88-34363bc7c4c0": {
                                "create": 600000000000,
                                "delete": 600000000000
                            }
                        },
                        "tainted": false
                    },
                    "deposed": [],
                    "provider": "provider.openstack"
                },
                "vinyldns_record_set.qa-ibn-po-a-001_record_set_v4": {
                    "type": "vinyldns_record_set",
                    "depends_on": [
                        "openstack_compute_instance_v2.qa-ibn-po-a-001.*"
                    ],
                    "primary": {
                        "id": "b76821d8-6811-4fa2-a99a-a2d2f553c69b",
                        "attributes": {
                            "id": "b76821d8-6811-4fa2-a99a-a2d2f553c69b",
                            "name": "qa-ibn-po-a-001",
                            "record_addresses.#": "1",
                            "record_addresses.3878393537": "96.116.167.106",
                            "ttl": "300",
                            "type": "A",
                            "zone_id": "1bbdd4b5-1034-4578-8c19-8ed70ffe083c"
                        },
                        "meta": {},
                        "tainted": false
                    },
                    "deposed": [],
                    "provider": "provider.vinyldns"
                },
                "vinyldns_record_set.qa-ibn-po-a-001_record_set_v6": {
                    "type": "vinyldns_record_set",
                    "depends_on": [
                        "openstack_compute_instance_v2.qa-ibn-po-a-001.*"
                    ],
                    "primary": {
                        "id": "859f44aa-de98-4018-a840-1809eb459ae1",
                        "attributes": {
                            "id": "859f44aa-de98-4018-a840-1809eb459ae1",
                            "name": "qa-ibn-po-a-001",
                            "record_addresses.#": "1",
                            "record_addresses.2022283350": "[2001:558:fc1c:1:f816:3eff:fe4f:8bbb]",
                            "ttl": "300",
                            "type": "AAAA",
                            "zone_id": "1bbdd4b5-1034-4578-8c19-8ed70ffe083c"
                        },
                        "meta": {},
                        "tainted": false
                    },
                    "deposed": [],
                    "provider": "provider.vinyldns"
                },
                "vinyldns_record_set.qa-ibnctrl-po-a-001_record_set_v4": {
                    "type": "vinyldns_record_set",
                    "depends_on": [
                        "openstack_compute_instance_v2.qa-ibnctrl-po-a-001.*"
                    ],
                    "primary": {
                        "id": "eff5ad99-feb5-4440-9a8c-cb64e06278af",
                        "attributes": {
                            "id": "eff5ad99-feb5-4440-9a8c-cb64e06278af",
                            "name": "qa-ibnctrl-po-a-001",
                            "record_addresses.#": "1",
                            "record_addresses.3454457217": "96.116.167.74",
                            "ttl": "300",
                            "type": "A",
                            "zone_id": "1bbdd4b5-1034-4578-8c19-8ed70ffe083c"
                        },
                        "meta": {},
                        "tainted": false
                    },
                    "deposed": [],
                    "provider": "provider.vinyldns"
                },
                "vinyldns_record_set.qa-ibnctrl-po-a-001_record_set_v6": {
                    "type": "vinyldns_record_set",
                    "depends_on": [
                        "openstack_compute_instance_v2.qa-ibnctrl-po-a-001.*"
                    ],
                    "primary": {
                        "id": "a89ab278-1dc0-4b98-b2b7-fcc150012367",
                        "attributes": {
                            "id": "a89ab278-1dc0-4b98-b2b7-fcc150012367",
                            "name": "qa-ibnctrl-po-a-001",
                            "record_addresses.#": "1",
                            "record_addresses.4063770336": "[2001:558:fc1c:1:f816:3eff:fe37:d279]",
                            "ttl": "300",
                            "type": "AAAA",
                            "zone_id": "1bbdd4b5-1034-4578-8c19-8ed70ffe083c"
                        },
                        "meta": {},
                        "tainted": false
                    },
                    "deposed": [],
                    "provider": "provider.vinyldns"
                },
                "vinyldns_record_set.qa-rx-po-a-001_record_set_v4": {
                    "type": "vinyldns_record_set",
                    "depends_on": [
                        "openstack_compute_instance_v2.qa-rx-po-a-001.*"
                    ],
                    "primary": {
                        "id": "708fa2dd-073b-49b5-99fc-d9769c60029e",
                        "attributes": {
                            "id": "708fa2dd-073b-49b5-99fc-d9769c60029e",
                            "name": "qa-rx-po-a-001",
                            "record_addresses.#": "1",
                            "record_addresses.3396118965": "96.116.167.97",
                            "ttl": "300",
                            "type": "A",
                            "zone_id": "1bbdd4b5-1034-4578-8c19-8ed70ffe083c"
                        },
                        "meta": {},
                        "tainted": false
                    },
                    "deposed": [],
                    "provider": "provider.vinyldns"
                },
                "vinyldns_record_set.qa-rx-po-a-001_record_set_v6": {
                    "type": "vinyldns_record_set",
                    "depends_on": [
                        "openstack_compute_instance_v2.qa-rx-po-a-001.*"
                    ],
                    "primary": {
                        "id": "8970b376-0b5b-437a-9dcf-477dcd2b52a5",
                        "attributes": {
                            "id": "8970b376-0b5b-437a-9dcf-477dcd2b52a5",
                            "name": "qa-rx-po-a-001",
                            "record_addresses.#": "1",
                            "record_addresses.2778233181": "[2001:558:fc1c:1:f816:3eff:fef1:2a3c]",
                            "ttl": "300",
                            "type": "AAAA",
                            "zone_id": "1bbdd4b5-1034-4578-8c19-8ed70ffe083c"
                        },
                        "meta": {},
                        "tainted": false
                    },
                    "deposed": [],
                    "provider": "provider.vinyldns"
                },
                "vinyldns_record_set.qa-rx-po-a-002_record_set_v4": {
                    "type": "vinyldns_record_set",
                    "depends_on": [
                        "openstack_compute_instance_v2.qa-rx-po-a-002.*"
                    ],
                    "primary": {
                        "id": "6ec070b5-d0ce-4152-84ba-0690a4f4c811",
                        "attributes": {
                            "id": "6ec070b5-d0ce-4152-84ba-0690a4f4c811",
                            "name": "qa-rx-po-a-002",
                            "record_addresses.#": "1",
                            "record_addresses.2537644622": "96.116.167.103",
                            "ttl": "300",
                            "type": "A",
                            "zone_id": "1bbdd4b5-1034-4578-8c19-8ed70ffe083c"
                        },
                        "meta": {},
                        "tainted": false
                    },
                    "deposed": [],
                    "provider": "provider.vinyldns"
                },
                "vinyldns_record_set.qa-rx-po-a-002_record_set_v6": {
                    "type": "vinyldns_record_set",
                    "depends_on": [
                        "openstack_compute_instance_v2.qa-rx-po-a-002.*"
                    ],
                    "primary": {
                        "id": "415d5f0f-6546-4eff-bc4a-631dfbc6f1f6",
                        "attributes": {
                            "id": "415d5f0f-6546-4eff-bc4a-631dfbc6f1f6",
                            "name": "qa-rx-po-a-002",
                            "record_addresses.#": "1",
                            "record_addresses.3235669004": "[2001:558:fc1c:1:f816:3eff:fe3c:d31b]",
                            "ttl": "300",
                            "type": "AAAA",
                            "zone_id": "1bbdd4b5-1034-4578-8c19-8ed70ffe083c"
                        },
                        "meta": {},
                        "tainted": false
                    },
                    "deposed": [],
                    "provider": "provider.vinyldns"
                },
                "vinyldns_record_set.qa-rx-po-a-003_record_set_v4": {
                    "type": "vinyldns_record_set",
                    "depends_on": [
                        "openstack_compute_instance_v2.qa-rx-po-a-003.*"
                    ],
                    "primary": {
                        "id": "654f4db0-3c2b-4137-bf30-c53f97c9956b",
                        "attributes": {
                            "id": "654f4db0-3c2b-4137-bf30-c53f97c9956b",
                            "name": "qa-rx-po-a-003",
                            "record_addresses.#": "1",
                            "record_addresses.394283585": "96.116.163.202",
                            "ttl": "300",
                            "type": "A",
                            "zone_id": "1bbdd4b5-1034-4578-8c19-8ed70ffe083c"
                        },
                        "meta": {},
                        "tainted": false
                    },
                    "deposed": [],
                    "provider": "provider.vinyldns"
                },
                "vinyldns_record_set.qa-rx-po-a-003_record_set_v6": {
                    "type": "vinyldns_record_set",
                    "depends_on": [
                        "openstack_compute_instance_v2.qa-rx-po-a-003.*"
                    ],
                    "primary": {
                        "id": "5b465d7f-6c3c-4da0-aab9-edd7ca98da3b",
                        "attributes": {
                            "id": "5b465d7f-6c3c-4da0-aab9-edd7ca98da3b",
                            "name": "qa-rx-po-a-003",
                            "record_addresses.#": "1",
                            "record_addresses.494799581": "[2001:558:fc1c:1:f816:3eff:feb3:a7ce]",
                            "ttl": "300",
                            "type": "AAAA",
                            "zone_id": "1bbdd4b5-1034-4578-8c19-8ed70ffe083c"
                        },
                        "meta": {},
                        "tainted": false
                    },
                    "deposed": [],
                    "provider": "provider.vinyldns"
                },
                "vinyldns_record_set.qa-rxctrl-po-a-001_record_set_v4": {
                    "type": "vinyldns_record_set",
                    "depends_on": [
                        "openstack_compute_instance_v2.qa-rxctrl-po-a-001.*"
                    ],
                    "primary": {
                        "id": "4e55d162-e3fc-428c-948a-91aead91c234",
                        "attributes": {
                            "id": "4e55d162-e3fc-428c-948a-91aead91c234",
                            "name": "qa-rxctrl-po-a-001",
                            "record_addresses.#": "1",
                            "record_addresses.3120979258": "96.116.167.92",
                            "ttl": "300",
                            "type": "A",
                            "zone_id": "1bbdd4b5-1034-4578-8c19-8ed70ffe083c"
                        },
                        "meta": {},
                        "tainted": false
                    },
                    "deposed": [],
                    "provider": "provider.vinyldns"
                },
                "vinyldns_record_set.qa-rxctrl-po-a-001_record_set_v6": {
                    "type": "vinyldns_record_set",
                    "depends_on": [
                        "openstack_compute_instance_v2.qa-rxctrl-po-a-001.*"
                    ],
                    "primary": {
                        "id": "d64e1ef7-94bb-490c-b9d2-378bdcae5db6",
                        "attributes": {
                            "id": "d64e1ef7-94bb-490c-b9d2-378bdcae5db6",
                            "name": "qa-rxctrl-po-a-001",
                            "record_addresses.#": "1",
                            "record_addresses.2638222347": "[2001:558:fc1c:1:f816:3eff:fea7:afb7]",
                            "ttl": "300",
                            "type": "AAAA",
                            "zone_id": "1bbdd4b5-1034-4578-8c19-8ed70ffe083c"
                        },
                        "meta": {},
                        "tainted": false
                    },
                    "deposed": [],
                    "provider": "provider.vinyldns"
                },
                "vinyldns_record_set.qa-rxctrl-po-a-002_record_set_v4": {
                    "type": "vinyldns_record_set",
                    "depends_on": [
                        "openstack_compute_instance_v2.qa-rxctrl-po-a-002.*"
                    ],
                    "primary": {
                        "id": "1c3775a0-8239-4047-a37b-d9fd3ed106ca",
                        "attributes": {
                            "id": "1c3775a0-8239-4047-a37b-d9fd3ed106ca",
                            "name": "qa-rxctrl-po-a-002",
                            "record_addresses.#": "1",
                            "record_addresses.1523823652": "96.116.167.98",
                            "ttl": "300",
                            "type": "A",
                            "zone_id": "1bbdd4b5-1034-4578-8c19-8ed70ffe083c"
                        },
                        "meta": {},
                        "tainted": false
                    },
                    "deposed": [],
                    "provider": "provider.vinyldns"
                },
                "vinyldns_record_set.qa-rxctrl-po-a-002_record_set_v6": {
                    "type": "vinyldns_record_set",
                    "depends_on": [
                        "openstack_compute_instance_v2.qa-rxctrl-po-a-002.*"
                    ],
                    "primary": {
                        "id": "769eed1b-6094-4440-99f8-0ea234873528",
                        "attributes": {
                            "id": "769eed1b-6094-4440-99f8-0ea234873528",
                            "name": "qa-rxctrl-po-a-002",
                            "record_addresses.#": "1",
                            "record_addresses.589865750": "[2001:558:fc1c:1:f816:3eff:fe42:875c]",
                            "ttl": "300",
                            "type": "AAAA",
                            "zone_id": "1bbdd4b5-1034-4578-8c19-8ed70ffe083c"
                        },
                        "meta": {},
                        "tainted": false
                    },
                    "deposed": [],
                    "provider": "provider.vinyldns"
                },
                "vinyldns_record_set.qa-rxctrl-po-a-003_record_set_v4": {
                    "type": "vinyldns_record_set",
                    "depends_on": [
                        "openstack_compute_instance_v2.qa-rxctrl-po-a-003.*"
                    ],
                    "primary": {
                        "id": "a0cca22c-9d93-4dd0-85cc-0f3afe990975",
                        "attributes": {
                            "id": "a0cca22c-9d93-4dd0-85cc-0f3afe990975",
                            "name": "qa-rxctrl-po-a-003",
                            "record_addresses.#": "1",
                            "record_addresses.1619491543": "96.116.163.203",
                            "ttl": "300",
                            "type": "A",
                            "zone_id": "1bbdd4b5-1034-4578-8c19-8ed70ffe083c"
                        },
                        "meta": {},
                        "tainted": false
                    },
                    "deposed": [],
                    "provider": "provider.vinyldns"
                },
                "vinyldns_record_set.qa-rxctrl-po-a-003_record_set_v6": {
                    "type": "vinyldns_record_set",
                    "depends_on": [
                        "openstack_compute_instance_v2.qa-rxctrl-po-a-003.*"
                    ],
                    "primary": {
                        "id": "72d5cb21-a7e8-4d33-930f-a7d7e4e8dbc8",
                        "attributes": {
                            "id": "72d5cb21-a7e8-4d33-930f-a7d7e4e8dbc8",
                            "name": "qa-rxctrl-po-a-003",
                            "record_addresses.#": "1",
                            "record_addresses.484053070": "[2001:558:fc1c:1:f816:3eff:fea4:6c53]",
                            "ttl": "300",
                            "type": "AAAA",
                            "zone_id": "1bbdd4b5-1034-4578-8c19-8ed70ffe083c"
                        },
                        "meta": {},
                        "tainted": false
                    },
                    "deposed": [],
                    "provider": "provider.vinyldns"
                },
                "vinyldns_record_set.qa-vcfg-po-a-001_record_set_v4": {
                    "type": "vinyldns_record_set",
                    "depends_on": [
                        "openstack_compute_instance_v2.qa-vcfg-po-a-001.*"
                    ],
                    "primary": {
                        "id": "540209c8-c809-4bc6-b57b-9202331bbbc5",
                        "attributes": {
                            "id": "540209c8-c809-4bc6-b57b-9202331bbbc5",
                            "name": "qa-vcfg-po-a-001",
                            "record_addresses.#": "1",
                            "record_addresses.1293094231": "96.116.167.80",
                            "ttl": "300",
                            "type": "A",
                            "zone_id": "1bbdd4b5-1034-4578-8c19-8ed70ffe083c"
                        },
                        "meta": {},
                        "tainted": false
                    },
                    "deposed": [],
                    "provider": "provider.vinyldns"
                },
                "vinyldns_record_set.qa-vcfg-po-a-001_record_set_v6": {
                    "type": "vinyldns_record_set",
                    "depends_on": [
                        "openstack_compute_instance_v2.qa-vcfg-po-a-001.*"
                    ],
                    "primary": {
                        "id": "8436e668-ed98-4166-bb59-ddad2ca43bda",
                        "attributes": {
                            "id": "8436e668-ed98-4166-bb59-ddad2ca43bda",
                            "name": "qa-vcfg-po-a-001",
                            "record_addresses.#": "1",
                            "record_addresses.2560657652": "[2001:558:fc1c:1:f816:3eff:fea0:6273]",
                            "ttl": "300",
                            "type": "AAAA",
                            "zone_id": "1bbdd4b5-1034-4578-8c19-8ed70ffe083c"
                        },
                        "meta": {},
                        "tainted": false
                    },
                    "deposed": [],
                    "provider": "provider.vinyldns"
                },
                "vinyldns_record_set.qa-wcfg-po-a-001_record_set_v4": {
                    "type": "vinyldns_record_set",
                    "depends_on": [
                        "openstack_compute_instance_v2.qa-wcfg-po-a-001.*"
                    ],
                    "primary": {
                        "id": "18167ffc-16d4-42e9-8d57-5df5691d7c83",
                        "attributes": {
                            "id": "18167ffc-16d4-42e9-8d57-5df5691d7c83",
                            "name": "qa-wcfg-po-a-001",
                            "record_addresses.#": "1",
                            "record_addresses.239612916": "96.116.167.100",
                            "ttl": "300",
                            "type": "A",
                            "zone_id": "1bbdd4b5-1034-4578-8c19-8ed70ffe083c"
                        },
                        "meta": {},
                        "tainted": false
                    },
                    "deposed": [],
                    "provider": "provider.vinyldns"
                },
                "vinyldns_record_set.qa-wcfg-po-a-001_record_set_v6": {
                    "type": "vinyldns_record_set",
                    "depends_on": [
                        "openstack_compute_instance_v2.qa-wcfg-po-a-001.*"
                    ],
                    "primary": {
                        "id": "2caf5a45-7e38-420f-a6cd-06afb3659ada",
                        "attributes": {
                            "id": "2caf5a45-7e38-420f-a6cd-06afb3659ada",
                            "name": "qa-wcfg-po-a-001",
                            "record_addresses.#": "1",
                            "record_addresses.4289142433": "[2001:558:fc1c:1:f816:3eff:fe4f:4b5a]",
                            "ttl": "300",
                            "type": "AAAA",
                            "zone_id": "1bbdd4b5-1034-4578-8c19-8ed70ffe083c"
                        },
                        "meta": {},
                        "tainted": false
                    },
                    "deposed": [],
                    "provider": "provider.vinyldns"
                }
            },
            "depends_on": []
        }
    ]
}
