{
    "version": 3,
    "terraform_version": "0.11.13",
    "serial": 4,
    "lineage": "8d35509c-fd92-86fe-cd89-52f2c5033f60",
    "modules": [
        {
            "path": [
                "root"
            ],
            "outputs": {},
            "resources": {
                "data.template_file.user_add": {
                    "type": "template_file",
                    "depends_on": [],
                    "primary": {
                        "id": "e5b707c581ef53e67ac47261b4575385bede1b41f1d3730dbe81ac988302976b",
                        "attributes": {
                            "id": "e5b707c581ef53e67ac47261b4575385bede1b41f1d3730dbe81ac988302976b",
                            "rendered": "echo baygun001c\necho \"ssh-rsa AAAAB3NzaC1yc2EAAAADAQABAAABAQDkd5xSQU932uIlise6ttp58v8Qf/StGNFuN59zDlvDRn6vlg2C2wx+7rC/wS0IpKFrEBp7n8T57e8lccuBWFWM2mltPPZcnUflV001CZSH1Xiq2KzM0ZJmrjwVddSkfqs12tIPPJUjL3Y50oO41b0MJdr1JExhpgZMYOGwJh0313PWZ76fnEU9FArbV039u4xfSgtK3w32aC9dfnuhyCdpUYrMQN1i9Nf/C38DG26mxinD6WwXpKpUvlMlj932UflZD3ZR+QzOyjZKilk39IfWUX2LI5ikutgAF+5vqBaUy6xzAYlS/j5Sh5lwZmejgzKlXKm2fE5HxE7NnPEaVpCZ baygun001c@megadocker-ch2-d26p.sys.comcast.net\"\n",
                            "template": "echo ${user_id}\necho ${ssh_key}\n",
                            "vars.%": "2",
                            "vars.ssh_key": "\"ssh-rsa AAAAB3NzaC1yc2EAAAADAQABAAABAQDkd5xSQU932uIlise6ttp58v8Qf/StGNFuN59zDlvDRn6vlg2C2wx+7rC/wS0IpKFrEBp7n8T57e8lccuBWFWM2mltPPZcnUflV001CZSH1Xiq2KzM0ZJmrjwVddSkfqs12tIPPJUjL3Y50oO41b0MJdr1JExhpgZMYOGwJh0313PWZ76fnEU9FArbV039u4xfSgtK3w32aC9dfnuhyCdpUYrMQN1i9Nf/C38DG26mxinD6WwXpKpUvlMlj932UflZD3ZR+QzOyjZKilk39IfWUX2LI5ikutgAF+5vqBaUy6xzAYlS/j5Sh5lwZmejgzKlXKm2fE5HxE7NnPEaVpCZ baygun001c@megadocker-ch2-d26p.sys.comcast.net\"",
                            "vars.user_id": "baygun001c"
                        },
                        "meta": {},
                        "tainted": false
                    },
                    "deposed": [],
                    "provider": "provider.template"
                },
                "openstack_compute_instance_v2.qa-ibn-ho-a-001": {
                    "type": "openstack_compute_instance_v2",
                    "depends_on": [
                        "data.template_file.user_add.*",
                        "openstack_networking_port_v2.qa-ibn-ho-a-001_port.*"
                    ],
                    "primary": {
                        "id": "e440ee01-225b-4c29-8363-2e0fcb029cec",
                        "attributes": {
                            "access_ip_v4": "96.116.231.2",
                            "access_ip_v6": "[2001:558:fc18:0:f816:3eff:fe75:995d]",
                            "all_metadata.%": "1",
                            "all_metadata.this": "that",
                            "availability_zone": "nova",
                            "flavor_id": "3116",
                            "flavor_name": "ng.c.16u",
                            "force_delete": "false",
                            "id": "e440ee01-225b-4c29-8363-2e0fcb029cec",
                            "image_id": "9da95274-3b23-49b0-a341-fd72b5afd3a7",
                            "image_name": "ComcastCloud-CentOS-7-20190603",
                            "key_pair": "pcmm-production",
                            "metadata.%": "1",
                            "metadata.this": "that",
                            "name": "qa-ibn-ho-a-001",
                            "network.#": "1",
                            "network.0.access_network": "true",
                            "network.0.fixed_ip_v4": "96.116.231.2",
                            "network.0.fixed_ip_v6": "[2001:558:fc18:0:f816:3eff:fe75:995d]",
                            "network.0.floating_ip": "",
                            "network.0.mac": "fa:16:3e:75:99:5d",
                            "network.0.name": "Public_AGILE",
                            "network.0.port": "52bb3492-7c6e-4afb-9e5f-20a888886c5a",
                            "network.0.uuid": "89093c7c-a78d-49b4-8daa-331f4a6f8398",
                            "power_state": "active",
                            "region": "HO-A",
                            "security_groups.#": "5",
                            "security_groups.2407987581": "mw_access",
                            "security_groups.2463477863": "mongo_access",
                            "security_groups.2511514758": "inter_instance_comm",
                            "security_groups.3814588639": "default",
                            "security_groups.3914474095": "dashboard_access",
                            "stop_before_destroy": "false",
                            "user_data": "aa640be88987a536d3be6305632079b67e6a20b0"
                        },
                        "meta": {
                            "e2bfb730-ecaa-11e6-8f88-34363bc7c4c0": {
                                "create": 1800000000000,
                                "delete": 1800000000000,
                                "update": 1800000000000
                            }
                        },
                        "tainted": false
                    },
                    "deposed": [],
                    "provider": "provider.openstack"
                },
                "openstack_compute_instance_v2.qa-ibnctrl-ho-a-001": {
                    "type": "openstack_compute_instance_v2",
                    "depends_on": [
                        "data.template_file.user_add.*",
                        "openstack_networking_port_v2.qa-ibnctrl-ho-a-001_port.*"
                    ],
                    "primary": {
                        "id": "75e4e25d-d559-4efb-9ca0-e7180c90cb28",
                        "attributes": {
                            "access_ip_v4": "96.116.226.136",
                            "access_ip_v6": "[2001:558:fc18:0:f816:3eff:fe36:3676]",
                            "all_metadata.%": "1",
                            "all_metadata.this": "that",
                            "availability_zone": "nova",
                            "flavor_id": "3116",
                            "flavor_name": "ng.c.16u",
                            "force_delete": "false",
                            "id": "75e4e25d-d559-4efb-9ca0-e7180c90cb28",
                            "image_id": "9da95274-3b23-49b0-a341-fd72b5afd3a7",
                            "image_name": "ComcastCloud-CentOS-7-20190603",
                            "key_pair": "pcmm-production",
                            "metadata.%": "1",
                            "metadata.this": "that",
                            "name": "qa-ibnctrl-ho-a-001",
                            "network.#": "1",
                            "network.0.access_network": "true",
                            "network.0.fixed_ip_v4": "96.116.226.136",
                            "network.0.fixed_ip_v6": "[2001:558:fc18:0:f816:3eff:fe36:3676]",
                            "network.0.floating_ip": "",
                            "network.0.mac": "fa:16:3e:36:36:76",
                            "network.0.name": "Public_AGILE",
                            "network.0.port": "62de49ef-bb3c-4e0e-b499-a25eef446133",
                            "network.0.uuid": "89093c7c-a78d-49b4-8daa-331f4a6f8398",
                            "power_state": "active",
                            "region": "HO-A",
                            "security_groups.#": "5",
                            "security_groups.2407987581": "mw_access",
                            "security_groups.2463477863": "mongo_access",
                            "security_groups.2511514758": "inter_instance_comm",
                            "security_groups.3814588639": "default",
                            "security_groups.3914474095": "dashboard_access",
                            "stop_before_destroy": "false",
                            "user_data": "aa640be88987a536d3be6305632079b67e6a20b0"
                        },
                        "meta": {
                            "e2bfb730-ecaa-11e6-8f88-34363bc7c4c0": {
                                "create": 1800000000000,
                                "delete": 1800000000000,
                                "update": 1800000000000
                            }
                        },
                        "tainted": false
                    },
                    "deposed": [],
                    "provider": "provider.openstack"
                },
                "openstack_compute_instance_v2.qa-icfg-ho-a-001": {
                    "type": "openstack_compute_instance_v2",
                    "depends_on": [
                        "data.template_file.user_add.*",
                        "openstack_networking_port_v2.qa-icfg-ho-a-001_port.*"
                    ],
                    "primary": {
                        "id": "1df230b9-3fa2-4638-8257-dddc0280ffef",
                        "attributes": {
                            "access_ip_v4": "96.116.226.140",
                            "access_ip_v6": "[2001:558:fc18:0:f816:3eff:fe05:4802]",
                            "all_metadata.%": "1",
                            "all_metadata.this": "that",
                            "availability_zone": "nova",
                            "flavor_id": "3108",
                            "flavor_name": "ng.c.8u",
                            "force_delete": "false",
                            "id": "1df230b9-3fa2-4638-8257-dddc0280ffef",
                            "image_id": "9da95274-3b23-49b0-a341-fd72b5afd3a7",
                            "image_name": "ComcastCloud-CentOS-7-20190603",
                            "key_pair": "pcmm-production",
                            "metadata.%": "1",
                            "metadata.this": "that",
                            "name": "qa-icfg-ho-a-001",
                            "network.#": "1",
                            "network.0.access_network": "true",
                            "network.0.fixed_ip_v4": "96.116.226.140",
                            "network.0.fixed_ip_v6": "[2001:558:fc18:0:f816:3eff:fe05:4802]",
                            "network.0.floating_ip": "",
                            "network.0.mac": "fa:16:3e:05:48:02",
                            "network.0.name": "Public_AGILE",
                            "network.0.port": "1ce87b91-7661-42e2-b8db-76b827ab818a",
                            "network.0.uuid": "89093c7c-a78d-49b4-8daa-331f4a6f8398",
                            "power_state": "active",
                            "region": "HO-A",
                            "security_groups.#": "5",
                            "security_groups.2407987581": "mw_access",
                            "security_groups.2463477863": "mongo_access",
                            "security_groups.2511514758": "inter_instance_comm",
                            "security_groups.3814588639": "default",
                            "security_groups.3914474095": "dashboard_access",
                            "stop_before_destroy": "false",
                            "user_data": "aa640be88987a536d3be6305632079b67e6a20b0"
                        },
                        "meta": {
                            "e2bfb730-ecaa-11e6-8f88-34363bc7c4c0": {
                                "create": 1800000000000,
                                "delete": 1800000000000,
                                "update": 1800000000000
                            }
                        },
                        "tainted": false
                    },
                    "deposed": [],
                    "provider": "provider.openstack"
                },
                "openstack_compute_instance_v2.qa-prmt-ho-a-001": {
                    "type": "openstack_compute_instance_v2",
                    "depends_on": [
                        "data.template_file.user_add.*",
                        "openstack_networking_port_v2.qa-prmt-ho-a-001_port.*"
                    ],
                    "primary": {
                        "id": "6105faf7-afa4-4ab9-9351-8ee923f9a3a9",
                        "attributes": {
                            "access_ip_v4": "96.116.231.9",
                            "access_ip_v6": "[2001:558:fc18:0:f816:3eff:fe87:a7ca]",
                            "all_metadata.%": "1",
                            "all_metadata.this": "that",
                            "availability_zone": "nova",
                            "flavor_id": "3116",
                            "flavor_name": "ng.c.16u",
                            "force_delete": "false",
                            "id": "6105faf7-afa4-4ab9-9351-8ee923f9a3a9",
                            "image_id": "9da95274-3b23-49b0-a341-fd72b5afd3a7",
                            "image_name": "ComcastCloud-CentOS-7-20190603",
                            "key_pair": "pcmm-production",
                            "metadata.%": "1",
                            "metadata.this": "that",
                            "name": "qa-prmt-ho-a-001",
                            "network.#": "1",
                            "network.0.access_network": "true",
                            "network.0.fixed_ip_v4": "96.116.231.9",
                            "network.0.fixed_ip_v6": "[2001:558:fc18:0:f816:3eff:fe87:a7ca]",
                            "network.0.floating_ip": "",
                            "network.0.mac": "fa:16:3e:87:a7:ca",
                            "network.0.name": "Public_AGILE",
                            "network.0.port": "d072fbac-df49-48b6-b641-62d0dc21f9b7",
                            "network.0.uuid": "89093c7c-a78d-49b4-8daa-331f4a6f8398",
                            "power_state": "active",
                            "region": "HO-A",
                            "security_groups.#": "5",
                            "security_groups.2407987581": "mw_access",
                            "security_groups.2463477863": "mongo_access",
                            "security_groups.2511514758": "inter_instance_comm",
                            "security_groups.3814588639": "default",
                            "security_groups.3914474095": "dashboard_access",
                            "stop_before_destroy": "false",
                            "user_data": "aa640be88987a536d3be6305632079b67e6a20b0"
                        },
                        "meta": {
                            "e2bfb730-ecaa-11e6-8f88-34363bc7c4c0": {
                                "create": 1800000000000,
                                "delete": 1800000000000,
                                "update": 1800000000000
                            }
                        },
                        "tainted": false
                    },
                    "deposed": [],
                    "provider": "provider.openstack"
                },
                "openstack_compute_instance_v2.qa-rx-ho-a-001": {
                    "type": "openstack_compute_instance_v2",
                    "depends_on": [
                        "data.template_file.user_add.*",
                        "openstack_networking_port_v2.qa-rx-ho-a-001_port.*"
                    ],
                    "primary": {
                        "id": "0ba3869f-1998-4910-8eb4-dd2b111de68c",
                        "attributes": {
                            "access_ip_v4": "96.116.225.142",
                            "access_ip_v6": "[2001:558:fc18:0:f816:3eff:fe2c:18f9]",
                            "all_metadata.%": "1",
                            "all_metadata.this": "that",
                            "availability_zone": "nova",
                            "flavor_id": "3116",
                            "flavor_name": "ng.c.16u",
                            "force_delete": "false",
                            "id": "0ba3869f-1998-4910-8eb4-dd2b111de68c",
                            "image_id": "9da95274-3b23-49b0-a341-fd72b5afd3a7",
                            "image_name": "ComcastCloud-CentOS-7-20190603",
                            "key_pair": "pcmm-production",
                            "metadata.%": "1",
                            "metadata.this": "that",
                            "name": "qa-rx-ho-a-001",
                            "network.#": "1",
                            "network.0.access_network": "true",
                            "network.0.fixed_ip_v4": "96.116.225.142",
                            "network.0.fixed_ip_v6": "[2001:558:fc18:0:f816:3eff:fe2c:18f9]",
                            "network.0.floating_ip": "",
                            "network.0.mac": "fa:16:3e:2c:18:f9",
                            "network.0.name": "Public_AGILE",
                            "network.0.port": "bea98156-d426-40de-ac89-eb77ac03ac02",
                            "network.0.uuid": "89093c7c-a78d-49b4-8daa-331f4a6f8398",
                            "power_state": "active",
                            "region": "HO-A",
                            "security_groups.#": "5",
                            "security_groups.2407987581": "mw_access",
                            "security_groups.2463477863": "mongo_access",
                            "security_groups.2511514758": "inter_instance_comm",
                            "security_groups.3814588639": "default",
                            "security_groups.3914474095": "dashboard_access",
                            "stop_before_destroy": "false",
                            "user_data": "aa640be88987a536d3be6305632079b67e6a20b0"
                        },
                        "meta": {
                            "e2bfb730-ecaa-11e6-8f88-34363bc7c4c0": {
                                "create": 1800000000000,
                                "delete": 1800000000000,
                                "update": 1800000000000
                            }
                        },
                        "tainted": false
                    },
                    "deposed": [],
                    "provider": "provider.openstack"
                },
                "openstack_compute_instance_v2.qa-rx-ho-a-002": {
                    "type": "openstack_compute_instance_v2",
                    "depends_on": [
                        "data.template_file.user_add.*",
                        "openstack_networking_port_v2.qa-rx-ho-a-002_port.*"
                    ],
                    "primary": {
                        "id": "1200e12c-dd72-4d8f-bb65-10966bbe492b",
                        "attributes": {
                            "access_ip_v4": "96.116.230.65",
                            "access_ip_v6": "[2001:558:fc18:0:f816:3eff:fefd:3c3c]",
                            "all_metadata.%": "1",
                            "all_metadata.this": "that",
                            "availability_zone": "nova",
                            "flavor_id": "3116",
                            "flavor_name": "ng.c.16u",
                            "force_delete": "false",
                            "id": "1200e12c-dd72-4d8f-bb65-10966bbe492b",
                            "image_id": "9da95274-3b23-49b0-a341-fd72b5afd3a7",
                            "image_name": "ComcastCloud-CentOS-7-20190603",
                            "key_pair": "pcmm-production",
                            "metadata.%": "1",
                            "metadata.this": "that",
                            "name": "qa-rx-ho-a-002",
                            "network.#": "1",
                            "network.0.access_network": "true",
                            "network.0.fixed_ip_v4": "96.116.230.65",
                            "network.0.fixed_ip_v6": "[2001:558:fc18:0:f816:3eff:fefd:3c3c]",
                            "network.0.floating_ip": "",
                            "network.0.mac": "fa:16:3e:fd:3c:3c",
                            "network.0.name": "Public_AGILE",
                            "network.0.port": "552bce75-6b1b-4c04-8058-70e5d79b52d3",
                            "network.0.uuid": "89093c7c-a78d-49b4-8daa-331f4a6f8398",
                            "power_state": "active",
                            "region": "HO-A",
                            "security_groups.#": "5",
                            "security_groups.2407987581": "mw_access",
                            "security_groups.2463477863": "mongo_access",
                            "security_groups.2511514758": "inter_instance_comm",
                            "security_groups.3814588639": "default",
                            "security_groups.3914474095": "dashboard_access",
                            "stop_before_destroy": "false",
                            "user_data": "aa640be88987a536d3be6305632079b67e6a20b0"
                        },
                        "meta": {
                            "e2bfb730-ecaa-11e6-8f88-34363bc7c4c0": {
                                "create": 1800000000000,
                                "delete": 1800000000000,
                                "update": 1800000000000
                            }
                        },
                        "tainted": false
                    },
                    "deposed": [],
                    "provider": "provider.openstack"
                },
                "openstack_compute_instance_v2.qa-rx-ho-a-003": {
                    "type": "openstack_compute_instance_v2",
                    "depends_on": [
                        "data.template_file.user_add.*",
                        "openstack_networking_port_v2.qa-rx-ho-a-003_port.*"
                    ],
                    "primary": {
                        "id": "9c5c3eba-ac2d-4c26-935c-82916dc1a05c",
                        "attributes": {
                            "access_ip_v4": "96.116.226.96",
                            "access_ip_v6": "[2001:558:fc18:0:f816:3eff:fea5:1663]",
                            "all_metadata.%": "1",
                            "all_metadata.this": "that",
                            "availability_zone": "nova",
                            "flavor_id": "3116",
                            "flavor_name": "ng.c.16u",
                            "force_delete": "false",
                            "id": "9c5c3eba-ac2d-4c26-935c-82916dc1a05c",
                            "image_id": "9da95274-3b23-49b0-a341-fd72b5afd3a7",
                            "image_name": "ComcastCloud-CentOS-7-20190603",
                            "key_pair": "pcmm-production",
                            "metadata.%": "1",
                            "metadata.this": "that",
                            "name": "qa-rx-ho-a-003",
                            "network.#": "1",
                            "network.0.access_network": "true",
                            "network.0.fixed_ip_v4": "96.116.226.96",
                            "network.0.fixed_ip_v6": "[2001:558:fc18:0:f816:3eff:fea5:1663]",
                            "network.0.floating_ip": "",
                            "network.0.mac": "fa:16:3e:a5:16:63",
                            "network.0.name": "Public_AGILE",
                            "network.0.port": "f1e5b631-14f1-4786-a197-bc2a9ca493ef",
                            "network.0.uuid": "89093c7c-a78d-49b4-8daa-331f4a6f8398",
                            "power_state": "active",
                            "region": "HO-A",
                            "security_groups.#": "5",
                            "security_groups.2407987581": "mw_access",
                            "security_groups.2463477863": "mongo_access",
                            "security_groups.2511514758": "inter_instance_comm",
                            "security_groups.3814588639": "default",
                            "security_groups.3914474095": "dashboard_access",
                            "stop_before_destroy": "false",
                            "user_data": "aa640be88987a536d3be6305632079b67e6a20b0"
                        },
                        "meta": {
                            "e2bfb730-ecaa-11e6-8f88-34363bc7c4c0": {
                                "create": 1800000000000,
                                "delete": 1800000000000,
                                "update": 1800000000000
                            }
                        },
                        "tainted": false
                    },
                    "deposed": [],
                    "provider": "provider.openstack"
                },
                "openstack_compute_instance_v2.qa-rxctrl-ho-a-001": {
                    "type": "openstack_compute_instance_v2",
                    "depends_on": [
                        "data.template_file.user_add.*",
                        "openstack_networking_port_v2.qa-rxctrl-ho-a-001_port.*"
                    ],
                    "primary": {
                        "id": "179abe60-f1fb-4cf4-ae9b-f54e153f8b2b",
                        "attributes": {
                            "access_ip_v4": "96.116.231.29",
                            "access_ip_v6": "[2001:558:fc18:0:f816:3eff:fe33:22b7]",
                            "all_metadata.%": "1",
                            "all_metadata.this": "that",
                            "availability_zone": "nova",
                            "flavor_id": "3116",
                            "flavor_name": "ng.c.16u",
                            "force_delete": "false",
                            "id": "179abe60-f1fb-4cf4-ae9b-f54e153f8b2b",
                            "image_id": "9da95274-3b23-49b0-a341-fd72b5afd3a7",
                            "image_name": "ComcastCloud-CentOS-7-20190603",
                            "key_pair": "pcmm-production",
                            "metadata.%": "1",
                            "metadata.this": "that",
                            "name": "qa-rxctrl-ho-a-001",
                            "network.#": "1",
                            "network.0.access_network": "true",
                            "network.0.fixed_ip_v4": "96.116.231.29",
                            "network.0.fixed_ip_v6": "[2001:558:fc18:0:f816:3eff:fe33:22b7]",
                            "network.0.floating_ip": "",
                            "network.0.mac": "fa:16:3e:33:22:b7",
                            "network.0.name": "Public_AGILE",
                            "network.0.port": "c11941c8-032c-4a61-8c10-4fe6757ae5f0",
                            "network.0.uuid": "89093c7c-a78d-49b4-8daa-331f4a6f8398",
                            "power_state": "active",
                            "region": "HO-A",
                            "security_groups.#": "5",
                            "security_groups.2407987581": "mw_access",
                            "security_groups.2463477863": "mongo_access",
                            "security_groups.2511514758": "inter_instance_comm",
                            "security_groups.3814588639": "default",
                            "security_groups.3914474095": "dashboard_access",
                            "stop_before_destroy": "false",
                            "user_data": "aa640be88987a536d3be6305632079b67e6a20b0"
                        },
                        "meta": {
                            "e2bfb730-ecaa-11e6-8f88-34363bc7c4c0": {
                                "create": 1800000000000,
                                "delete": 1800000000000,
                                "update": 1800000000000
                            }
                        },
                        "tainted": false
                    },
                    "deposed": [],
                    "provider": "provider.openstack"
                },
                "openstack_compute_instance_v2.qa-rxctrl-ho-a-002": {
                    "type": "openstack_compute_instance_v2",
                    "depends_on": [
                        "data.template_file.user_add.*",
                        "openstack_networking_port_v2.qa-rxctrl-ho-a-002_port.*"
                    ],
                    "primary": {
                        "id": "31fc2317-21e4-49e8-8744-118a9da21b85",
                        "attributes": {
                            "access_ip_v4": "96.116.231.20",
                            "access_ip_v6": "[2001:558:fc18:0:f816:3eff:fee1:2684]",
                            "all_metadata.%": "1",
                            "all_metadata.this": "that",
                            "availability_zone": "nova",
                            "flavor_id": "3116",
                            "flavor_name": "ng.c.16u",
                            "force_delete": "false",
                            "id": "31fc2317-21e4-49e8-8744-118a9da21b85",
                            "image_id": "9da95274-3b23-49b0-a341-fd72b5afd3a7",
                            "image_name": "ComcastCloud-CentOS-7-20190603",
                            "key_pair": "pcmm-production",
                            "metadata.%": "1",
                            "metadata.this": "that",
                            "name": "qa-rxctrl-ho-a-002",
                            "network.#": "1",
                            "network.0.access_network": "true",
                            "network.0.fixed_ip_v4": "96.116.231.20",
                            "network.0.fixed_ip_v6": "[2001:558:fc18:0:f816:3eff:fee1:2684]",
                            "network.0.floating_ip": "",
                            "network.0.mac": "fa:16:3e:e1:26:84",
                            "network.0.name": "Public_AGILE",
                            "network.0.port": "99c6f626-88dc-4bb3-9802-2d423135c0fc",
                            "network.0.uuid": "89093c7c-a78d-49b4-8daa-331f4a6f8398",
                            "power_state": "active",
                            "region": "HO-A",
                            "security_groups.#": "5",
                            "security_groups.2407987581": "mw_access",
                            "security_groups.2463477863": "mongo_access",
                            "security_groups.2511514758": "inter_instance_comm",
                            "security_groups.3814588639": "default",
                            "security_groups.3914474095": "dashboard_access",
                            "stop_before_destroy": "false",
                            "user_data": "aa640be88987a536d3be6305632079b67e6a20b0"
                        },
                        "meta": {
                            "e2bfb730-ecaa-11e6-8f88-34363bc7c4c0": {
                                "create": 1800000000000,
                                "delete": 1800000000000,
                                "update": 1800000000000
                            }
                        },
                        "tainted": false
                    },
                    "deposed": [],
                    "provider": "provider.openstack"
                },
                "openstack_compute_instance_v2.qa-rxctrl-ho-a-003": {
                    "type": "openstack_compute_instance_v2",
                    "depends_on": [
                        "data.template_file.user_add.*",
                        "openstack_networking_port_v2.qa-rxctrl-ho-a-003_port.*"
                    ],
                    "primary": {
                        "id": "d5d688f9-103c-47e6-80ac-7a9090c2f8d4",
                        "attributes": {
                            "access_ip_v4": "96.116.227.117",
                            "access_ip_v6": "[2001:558:fc18:0:f816:3eff:fefd:2569]",
                            "all_metadata.%": "1",
                            "all_metadata.this": "that",
                            "availability_zone": "nova",
                            "flavor_id": "3116",
                            "flavor_name": "ng.c.16u",
                            "force_delete": "false",
                            "id": "d5d688f9-103c-47e6-80ac-7a9090c2f8d4",
                            "image_id": "9da95274-3b23-49b0-a341-fd72b5afd3a7",
                            "image_name": "ComcastCloud-CentOS-7-20190603",
                            "key_pair": "pcmm-production",
                            "metadata.%": "1",
                            "metadata.this": "that",
                            "name": "qa-rxctrl-ho-a-003",
                            "network.#": "1",
                            "network.0.access_network": "true",
                            "network.0.fixed_ip_v4": "96.116.227.117",
                            "network.0.fixed_ip_v6": "[2001:558:fc18:0:f816:3eff:fefd:2569]",
                            "network.0.floating_ip": "",
                            "network.0.mac": "fa:16:3e:fd:25:69",
                            "network.0.name": "Public_AGILE",
                            "network.0.port": "dc0c51f1-9f17-4f01-bd1e-e43cf4cdd0a1",
                            "network.0.uuid": "89093c7c-a78d-49b4-8daa-331f4a6f8398",
                            "power_state": "active",
                            "region": "HO-A",
                            "security_groups.#": "5",
                            "security_groups.2407987581": "mw_access",
                            "security_groups.2463477863": "mongo_access",
                            "security_groups.2511514758": "inter_instance_comm",
                            "security_groups.3814588639": "default",
                            "security_groups.3914474095": "dashboard_access",
                            "stop_before_destroy": "false",
                            "user_data": "aa640be88987a536d3be6305632079b67e6a20b0"
                        },
                        "meta": {
                            "e2bfb730-ecaa-11e6-8f88-34363bc7c4c0": {
                                "create": 1800000000000,
                                "delete": 1800000000000,
                                "update": 1800000000000
                            }
                        },
                        "tainted": false
                    },
                    "deposed": [],
                    "provider": "provider.openstack"
                },
                "openstack_compute_instance_v2.qa-vcfg-ho-a-001": {
                    "type": "openstack_compute_instance_v2",
                    "depends_on": [
                        "data.template_file.user_add.*",
                        "openstack_networking_port_v2.qa-vcfg-ho-a-001_port.*"
                    ],
                    "primary": {
                        "id": "68792681-759f-47be-b187-309ca3356bca",
                        "attributes": {
                            "access_ip_v4": "96.116.226.11",
                            "access_ip_v6": "[2001:558:fc18:0:f816:3eff:fed0:a26d]",
                            "all_metadata.%": "1",
                            "all_metadata.this": "that",
                            "availability_zone": "nova",
                            "flavor_id": "3108",
                            "flavor_name": "ng.c.8u",
                            "force_delete": "false",
                            "id": "68792681-759f-47be-b187-309ca3356bca",
                            "image_id": "9da95274-3b23-49b0-a341-fd72b5afd3a7",
                            "image_name": "ComcastCloud-CentOS-7-20190603",
                            "key_pair": "pcmm-production",
                            "metadata.%": "1",
                            "metadata.this": "that",
                            "name": "qa-vcfg-ho-a-001",
                            "network.#": "1",
                            "network.0.access_network": "true",
                            "network.0.fixed_ip_v4": "96.116.226.11",
                            "network.0.fixed_ip_v6": "[2001:558:fc18:0:f816:3eff:fed0:a26d]",
                            "network.0.floating_ip": "",
                            "network.0.mac": "fa:16:3e:d0:a2:6d",
                            "network.0.name": "Public_AGILE",
                            "network.0.port": "159e415e-09ad-4e3d-bbc0-7d9fc753237e",
                            "network.0.uuid": "89093c7c-a78d-49b4-8daa-331f4a6f8398",
                            "power_state": "active",
                            "region": "HO-A",
                            "security_groups.#": "5",
                            "security_groups.2407987581": "mw_access",
                            "security_groups.2463477863": "mongo_access",
                            "security_groups.2511514758": "inter_instance_comm",
                            "security_groups.3814588639": "default",
                            "security_groups.3914474095": "dashboard_access",
                            "stop_before_destroy": "false",
                            "user_data": "aa640be88987a536d3be6305632079b67e6a20b0"
                        },
                        "meta": {
                            "e2bfb730-ecaa-11e6-8f88-34363bc7c4c0": {
                                "create": 1800000000000,
                                "delete": 1800000000000,
                                "update": 1800000000000
                            }
                        },
                        "tainted": false
                    },
                    "deposed": [],
                    "provider": "provider.openstack"
                },
                "openstack_networking_port_v2.qa-ibn-ho-a-001_port": {
                    "type": "openstack_networking_port_v2",
                    "depends_on": [],
                    "primary": {
                        "id": "52bb3492-7c6e-4afb-9e5f-20a888886c5a",
                        "attributes": {
                            "admin_state_up": "true",
                            "all_fixed_ips.#": "2",
                            "all_fixed_ips.0": "2001:558:fc18:0:f816:3eff:fe75:995d",
                            "all_fixed_ips.1": "96.116.231.2",
                            "all_security_group_ids.#": "5",
                            "all_security_group_ids.1606364400": "724af73b-a5e6-45e2-8b0d-a920528176e4",
                            "all_security_group_ids.196372291": "0b2f6b93-7c6a-463d-baaa-6d9e9ce79884",
                            "all_security_group_ids.2221832618": "a32fa0cd-9108-416f-9726-6a504ef4a3c1",
                            "all_security_group_ids.2420552464": "54f8267f-32e4-4f17-a1c1-8ab57ce2d0c5",
                            "all_security_group_ids.2640697215": "184ef306-695b-47b2-a296-1f33b485ab98",
                            "all_tags.#": "0",
                            "allowed_address_pairs.#": "0",
                            "description": "",
                            "device_id": "e440ee01-225b-4c29-8363-2e0fcb029cec",
                            "device_owner": "compute:nova",
                            "extra_dhcp_option.#": "0",
                            "id": "52bb3492-7c6e-4afb-9e5f-20a888886c5a",
                            "mac_address": "fa:16:3e:75:99:5d",
                            "name": "qa-ibn-ho-a-001",
                            "network_id": "89093c7c-a78d-49b4-8daa-331f4a6f8398",
                            "region": "",
                            "tags.#": "0",
                            "tenant_id": "3cca87653b804207a7e1de1fb2bb2116"
                        },
                        "meta": {
                            "e2bfb730-ecaa-11e6-8f88-34363bc7c4c0": {
                                "create": 600000000000,
                                "delete": 600000000000
                            }
                        },
                        "tainted": false
                    },
                    "deposed": [],
                    "provider": "provider.openstack"
                },
                "openstack_networking_port_v2.qa-ibnctrl-ho-a-001_port": {
                    "type": "openstack_networking_port_v2",
                    "depends_on": [],
                    "primary": {
                        "id": "62de49ef-bb3c-4e0e-b499-a25eef446133",
                        "attributes": {
                            "admin_state_up": "true",
                            "all_fixed_ips.#": "2",
                            "all_fixed_ips.0": "2001:558:fc18:0:f816:3eff:fe36:3676",
                            "all_fixed_ips.1": "96.116.226.136",
                            "all_security_group_ids.#": "5",
                            "all_security_group_ids.1606364400": "724af73b-a5e6-45e2-8b0d-a920528176e4",
                            "all_security_group_ids.196372291": "0b2f6b93-7c6a-463d-baaa-6d9e9ce79884",
                            "all_security_group_ids.2221832618": "a32fa0cd-9108-416f-9726-6a504ef4a3c1",
                            "all_security_group_ids.2420552464": "54f8267f-32e4-4f17-a1c1-8ab57ce2d0c5",
                            "all_security_group_ids.2640697215": "184ef306-695b-47b2-a296-1f33b485ab98",
                            "all_tags.#": "0",
                            "allowed_address_pairs.#": "0",
                            "description": "",
                            "device_id": "75e4e25d-d559-4efb-9ca0-e7180c90cb28",
                            "device_owner": "compute:nova",
                            "extra_dhcp_option.#": "0",
                            "id": "62de49ef-bb3c-4e0e-b499-a25eef446133",
                            "mac_address": "fa:16:3e:36:36:76",
                            "name": "qa-ibnctrl-ho-a-001",
                            "network_id": "89093c7c-a78d-49b4-8daa-331f4a6f8398",
                            "region": "",
                            "tags.#": "0",
                            "tenant_id": "3cca87653b804207a7e1de1fb2bb2116"
                        },
                        "meta": {
                            "e2bfb730-ecaa-11e6-8f88-34363bc7c4c0": {
                                "create": 600000000000,
                                "delete": 600000000000
                            }
                        },
                        "tainted": false
                    },
                    "deposed": [],
                    "provider": "provider.openstack"
                },
                "openstack_networking_port_v2.qa-icfg-ho-a-001_port": {
                    "type": "openstack_networking_port_v2",
                    "depends_on": [],
                    "primary": {
                        "id": "1ce87b91-7661-42e2-b8db-76b827ab818a",
                        "attributes": {
                            "admin_state_up": "true",
                            "all_fixed_ips.#": "2",
                            "all_fixed_ips.0": "2001:558:fc18:0:f816:3eff:fe05:4802",
                            "all_fixed_ips.1": "96.116.226.140",
                            "all_security_group_ids.#": "5",
                            "all_security_group_ids.1606364400": "724af73b-a5e6-45e2-8b0d-a920528176e4",
                            "all_security_group_ids.196372291": "0b2f6b93-7c6a-463d-baaa-6d9e9ce79884",
                            "all_security_group_ids.2221832618": "a32fa0cd-9108-416f-9726-6a504ef4a3c1",
                            "all_security_group_ids.2420552464": "54f8267f-32e4-4f17-a1c1-8ab57ce2d0c5",
                            "all_security_group_ids.2640697215": "184ef306-695b-47b2-a296-1f33b485ab98",
                            "all_tags.#": "0",
                            "allowed_address_pairs.#": "0",
                            "description": "",
                            "device_id": "1df230b9-3fa2-4638-8257-dddc0280ffef",
                            "device_owner": "compute:nova",
                            "extra_dhcp_option.#": "0",
                            "id": "1ce87b91-7661-42e2-b8db-76b827ab818a",
                            "mac_address": "fa:16:3e:05:48:02",
                            "name": "qa-icfg-ho-a-001",
                            "network_id": "89093c7c-a78d-49b4-8daa-331f4a6f8398",
                            "region": "",
                            "tags.#": "0",
                            "tenant_id": "3cca87653b804207a7e1de1fb2bb2116"
                        },
                        "meta": {
                            "e2bfb730-ecaa-11e6-8f88-34363bc7c4c0": {
                                "create": 600000000000,
                                "delete": 600000000000
                            }
                        },
                        "tainted": false
                    },
                    "deposed": [],
                    "provider": "provider.openstack"
                },
                "openstack_networking_port_v2.qa-prmt-ho-a-001_port": {
                    "type": "openstack_networking_port_v2",
                    "depends_on": [],
                    "primary": {
                        "id": "d072fbac-df49-48b6-b641-62d0dc21f9b7",
                        "attributes": {
                            "admin_state_up": "true",
                            "all_fixed_ips.#": "2",
                            "all_fixed_ips.0": "2001:558:fc18:0:f816:3eff:fe87:a7ca",
                            "all_fixed_ips.1": "96.116.231.9",
                            "all_security_group_ids.#": "5",
                            "all_security_group_ids.1606364400": "724af73b-a5e6-45e2-8b0d-a920528176e4",
                            "all_security_group_ids.196372291": "0b2f6b93-7c6a-463d-baaa-6d9e9ce79884",
                            "all_security_group_ids.2221832618": "a32fa0cd-9108-416f-9726-6a504ef4a3c1",
                            "all_security_group_ids.2420552464": "54f8267f-32e4-4f17-a1c1-8ab57ce2d0c5",
                            "all_security_group_ids.2640697215": "184ef306-695b-47b2-a296-1f33b485ab98",
                            "all_tags.#": "0",
                            "allowed_address_pairs.#": "0",
                            "description": "",
                            "device_id": "6105faf7-afa4-4ab9-9351-8ee923f9a3a9",
                            "device_owner": "compute:nova",
                            "extra_dhcp_option.#": "0",
                            "id": "d072fbac-df49-48b6-b641-62d0dc21f9b7",
                            "mac_address": "fa:16:3e:87:a7:ca",
                            "name": "qa-prmt-ho-a-001",
                            "network_id": "89093c7c-a78d-49b4-8daa-331f4a6f8398",
                            "region": "",
                            "tags.#": "0",
                            "tenant_id": "3cca87653b804207a7e1de1fb2bb2116"
                        },
                        "meta": {
                            "e2bfb730-ecaa-11e6-8f88-34363bc7c4c0": {
                                "create": 600000000000,
                                "delete": 600000000000
                            }
                        },
                        "tainted": false
                    },
                    "deposed": [],
                    "provider": "provider.openstack"
                },
                "openstack_networking_port_v2.qa-rx-ho-a-001_port": {
                    "type": "openstack_networking_port_v2",
                    "depends_on": [],
                    "primary": {
                        "id": "bea98156-d426-40de-ac89-eb77ac03ac02",
                        "attributes": {
                            "admin_state_up": "true",
                            "all_fixed_ips.#": "2",
                            "all_fixed_ips.0": "2001:558:fc18:0:f816:3eff:fe2c:18f9",
                            "all_fixed_ips.1": "96.116.225.142",
                            "all_security_group_ids.#": "5",
                            "all_security_group_ids.1606364400": "724af73b-a5e6-45e2-8b0d-a920528176e4",
                            "all_security_group_ids.196372291": "0b2f6b93-7c6a-463d-baaa-6d9e9ce79884",
                            "all_security_group_ids.2221832618": "a32fa0cd-9108-416f-9726-6a504ef4a3c1",
                            "all_security_group_ids.2420552464": "54f8267f-32e4-4f17-a1c1-8ab57ce2d0c5",
                            "all_security_group_ids.2640697215": "184ef306-695b-47b2-a296-1f33b485ab98",
                            "all_tags.#": "0",
                            "allowed_address_pairs.#": "0",
                            "description": "",
                            "device_id": "0ba3869f-1998-4910-8eb4-dd2b111de68c",
                            "device_owner": "compute:nova",
                            "extra_dhcp_option.#": "0",
                            "id": "bea98156-d426-40de-ac89-eb77ac03ac02",
                            "mac_address": "fa:16:3e:2c:18:f9",
                            "name": "qa-rx-ho-a-001",
                            "network_id": "89093c7c-a78d-49b4-8daa-331f4a6f8398",
                            "region": "",
                            "tags.#": "0",
                            "tenant_id": "3cca87653b804207a7e1de1fb2bb2116"
                        },
                        "meta": {
                            "e2bfb730-ecaa-11e6-8f88-34363bc7c4c0": {
                                "create": 600000000000,
                                "delete": 600000000000
                            }
                        },
                        "tainted": false
                    },
                    "deposed": [],
                    "provider": "provider.openstack"
                },
                "openstack_networking_port_v2.qa-rx-ho-a-002_port": {
                    "type": "openstack_networking_port_v2",
                    "depends_on": [],
                    "primary": {
                        "id": "552bce75-6b1b-4c04-8058-70e5d79b52d3",
                        "attributes": {
                            "admin_state_up": "true",
                            "all_fixed_ips.#": "2",
                            "all_fixed_ips.0": "2001:558:fc18:0:f816:3eff:fefd:3c3c",
                            "all_fixed_ips.1": "96.116.230.65",
                            "all_security_group_ids.#": "5",
                            "all_security_group_ids.1606364400": "724af73b-a5e6-45e2-8b0d-a920528176e4",
                            "all_security_group_ids.196372291": "0b2f6b93-7c6a-463d-baaa-6d9e9ce79884",
                            "all_security_group_ids.2221832618": "a32fa0cd-9108-416f-9726-6a504ef4a3c1",
                            "all_security_group_ids.2420552464": "54f8267f-32e4-4f17-a1c1-8ab57ce2d0c5",
                            "all_security_group_ids.2640697215": "184ef306-695b-47b2-a296-1f33b485ab98",
                            "all_tags.#": "0",
                            "allowed_address_pairs.#": "0",
                            "description": "",
                            "device_id": "1200e12c-dd72-4d8f-bb65-10966bbe492b",
                            "device_owner": "compute:nova",
                            "extra_dhcp_option.#": "0",
                            "id": "552bce75-6b1b-4c04-8058-70e5d79b52d3",
                            "mac_address": "fa:16:3e:fd:3c:3c",
                            "name": "qa-rx-ho-a-002",
                            "network_id": "89093c7c-a78d-49b4-8daa-331f4a6f8398",
                            "region": "",
                            "tags.#": "0",
                            "tenant_id": "3cca87653b804207a7e1de1fb2bb2116"
                        },
                        "meta": {
                            "e2bfb730-ecaa-11e6-8f88-34363bc7c4c0": {
                                "create": 600000000000,
                                "delete": 600000000000
                            }
                        },
                        "tainted": false
                    },
                    "deposed": [],
                    "provider": "provider.openstack"
                },
                "openstack_networking_port_v2.qa-rx-ho-a-003_port": {
                    "type": "openstack_networking_port_v2",
                    "depends_on": [],
                    "primary": {
                        "id": "f1e5b631-14f1-4786-a197-bc2a9ca493ef",
                        "attributes": {
                            "admin_state_up": "true",
                            "all_fixed_ips.#": "2",
                            "all_fixed_ips.0": "2001:558:fc18:0:f816:3eff:fea5:1663",
                            "all_fixed_ips.1": "96.116.226.96",
                            "all_security_group_ids.#": "5",
                            "all_security_group_ids.1606364400": "724af73b-a5e6-45e2-8b0d-a920528176e4",
                            "all_security_group_ids.196372291": "0b2f6b93-7c6a-463d-baaa-6d9e9ce79884",
                            "all_security_group_ids.2221832618": "a32fa0cd-9108-416f-9726-6a504ef4a3c1",
                            "all_security_group_ids.2420552464": "54f8267f-32e4-4f17-a1c1-8ab57ce2d0c5",
                            "all_security_group_ids.2640697215": "184ef306-695b-47b2-a296-1f33b485ab98",
                            "all_tags.#": "0",
                            "allowed_address_pairs.#": "0",
                            "description": "",
                            "device_id": "9c5c3eba-ac2d-4c26-935c-82916dc1a05c",
                            "device_owner": "compute:nova",
                            "extra_dhcp_option.#": "0",
                            "id": "f1e5b631-14f1-4786-a197-bc2a9ca493ef",
                            "mac_address": "fa:16:3e:a5:16:63",
                            "name": "qa-rx-ho-a-003",
                            "network_id": "89093c7c-a78d-49b4-8daa-331f4a6f8398",
                            "region": "",
                            "tags.#": "0",
                            "tenant_id": "3cca87653b804207a7e1de1fb2bb2116"
                        },
                        "meta": {
                            "e2bfb730-ecaa-11e6-8f88-34363bc7c4c0": {
                                "create": 600000000000,
                                "delete": 600000000000
                            }
                        },
                        "tainted": false
                    },
                    "deposed": [],
                    "provider": "provider.openstack"
                },
                "openstack_networking_port_v2.qa-rxctrl-ho-a-001_port": {
                    "type": "openstack_networking_port_v2",
                    "depends_on": [],
                    "primary": {
                        "id": "c11941c8-032c-4a61-8c10-4fe6757ae5f0",
                        "attributes": {
                            "admin_state_up": "true",
                            "all_fixed_ips.#": "2",
                            "all_fixed_ips.0": "2001:558:fc18:0:f816:3eff:fe33:22b7",
                            "all_fixed_ips.1": "96.116.231.29",
                            "all_security_group_ids.#": "5",
                            "all_security_group_ids.1606364400": "724af73b-a5e6-45e2-8b0d-a920528176e4",
                            "all_security_group_ids.196372291": "0b2f6b93-7c6a-463d-baaa-6d9e9ce79884",
                            "all_security_group_ids.2221832618": "a32fa0cd-9108-416f-9726-6a504ef4a3c1",
                            "all_security_group_ids.2420552464": "54f8267f-32e4-4f17-a1c1-8ab57ce2d0c5",
                            "all_security_group_ids.2640697215": "184ef306-695b-47b2-a296-1f33b485ab98",
                            "all_tags.#": "0",
                            "allowed_address_pairs.#": "0",
                            "description": "",
                            "device_id": "179abe60-f1fb-4cf4-ae9b-f54e153f8b2b",
                            "device_owner": "compute:nova",
                            "extra_dhcp_option.#": "0",
                            "id": "c11941c8-032c-4a61-8c10-4fe6757ae5f0",
                            "mac_address": "fa:16:3e:33:22:b7",
                            "name": "qa-rxctrl-ho-a-001",
                            "network_id": "89093c7c-a78d-49b4-8daa-331f4a6f8398",
                            "region": "",
                            "tags.#": "0",
                            "tenant_id": "3cca87653b804207a7e1de1fb2bb2116"
                        },
                        "meta": {
                            "e2bfb730-ecaa-11e6-8f88-34363bc7c4c0": {
                                "create": 600000000000,
                                "delete": 600000000000
                            }
                        },
                        "tainted": false
                    },
                    "deposed": [],
                    "provider": "provider.openstack"
                },
                "openstack_networking_port_v2.qa-rxctrl-ho-a-002_port": {
                    "type": "openstack_networking_port_v2",
                    "depends_on": [],
                    "primary": {
                        "id": "99c6f626-88dc-4bb3-9802-2d423135c0fc",
                        "attributes": {
                            "admin_state_up": "true",
                            "all_fixed_ips.#": "2",
                            "all_fixed_ips.0": "2001:558:fc18:0:f816:3eff:fee1:2684",
                            "all_fixed_ips.1": "96.116.231.20",
                            "all_security_group_ids.#": "5",
                            "all_security_group_ids.1606364400": "724af73b-a5e6-45e2-8b0d-a920528176e4",
                            "all_security_group_ids.196372291": "0b2f6b93-7c6a-463d-baaa-6d9e9ce79884",
                            "all_security_group_ids.2221832618": "a32fa0cd-9108-416f-9726-6a504ef4a3c1",
                            "all_security_group_ids.2420552464": "54f8267f-32e4-4f17-a1c1-8ab57ce2d0c5",
                            "all_security_group_ids.2640697215": "184ef306-695b-47b2-a296-1f33b485ab98",
                            "all_tags.#": "0",
                            "allowed_address_pairs.#": "0",
                            "description": "",
                            "device_id": "31fc2317-21e4-49e8-8744-118a9da21b85",
                            "device_owner": "compute:nova",
                            "extra_dhcp_option.#": "0",
                            "id": "99c6f626-88dc-4bb3-9802-2d423135c0fc",
                            "mac_address": "fa:16:3e:e1:26:84",
                            "name": "qa-rxctrl-ho-a-002",
                            "network_id": "89093c7c-a78d-49b4-8daa-331f4a6f8398",
                            "region": "",
                            "tags.#": "0",
                            "tenant_id": "3cca87653b804207a7e1de1fb2bb2116"
                        },
                        "meta": {
                            "e2bfb730-ecaa-11e6-8f88-34363bc7c4c0": {
                                "create": 600000000000,
                                "delete": 600000000000
                            }
                        },
                        "tainted": false
                    },
                    "deposed": [],
                    "provider": "provider.openstack"
                },
                "openstack_networking_port_v2.qa-rxctrl-ho-a-003_port": {
                    "type": "openstack_networking_port_v2",
                    "depends_on": [],
                    "primary": {
                        "id": "dc0c51f1-9f17-4f01-bd1e-e43cf4cdd0a1",
                        "attributes": {
                            "admin_state_up": "true",
                            "all_fixed_ips.#": "2",
                            "all_fixed_ips.0": "2001:558:fc18:0:f816:3eff:fefd:2569",
                            "all_fixed_ips.1": "96.116.227.117",
                            "all_security_group_ids.#": "5",
                            "all_security_group_ids.1606364400": "724af73b-a5e6-45e2-8b0d-a920528176e4",
                            "all_security_group_ids.196372291": "0b2f6b93-7c6a-463d-baaa-6d9e9ce79884",
                            "all_security_group_ids.2221832618": "a32fa0cd-9108-416f-9726-6a504ef4a3c1",
                            "all_security_group_ids.2420552464": "54f8267f-32e4-4f17-a1c1-8ab57ce2d0c5",
                            "all_security_group_ids.2640697215": "184ef306-695b-47b2-a296-1f33b485ab98",
                            "all_tags.#": "0",
                            "allowed_address_pairs.#": "0",
                            "description": "",
                            "device_id": "d5d688f9-103c-47e6-80ac-7a9090c2f8d4",
                            "device_owner": "compute:nova",
                            "extra_dhcp_option.#": "0",
                            "id": "dc0c51f1-9f17-4f01-bd1e-e43cf4cdd0a1",
                            "mac_address": "fa:16:3e:fd:25:69",
                            "name": "qa-rxctrl-ho-a-003",
                            "network_id": "89093c7c-a78d-49b4-8daa-331f4a6f8398",
                            "region": "",
                            "tags.#": "0",
                            "tenant_id": "3cca87653b804207a7e1de1fb2bb2116"
                        },
                        "meta": {
                            "e2bfb730-ecaa-11e6-8f88-34363bc7c4c0": {
                                "create": 600000000000,
                                "delete": 600000000000
                            }
                        },
                        "tainted": false
                    },
                    "deposed": [],
                    "provider": "provider.openstack"
                },
                "openstack_networking_port_v2.qa-vcfg-ho-a-001_port": {
                    "type": "openstack_networking_port_v2",
                    "depends_on": [],
                    "primary": {
                        "id": "159e415e-09ad-4e3d-bbc0-7d9fc753237e",
                        "attributes": {
                            "admin_state_up": "true",
                            "all_fixed_ips.#": "2",
                            "all_fixed_ips.0": "2001:558:fc18:0:f816:3eff:fed0:a26d",
                            "all_fixed_ips.1": "96.116.226.11",
                            "all_security_group_ids.#": "5",
                            "all_security_group_ids.1606364400": "724af73b-a5e6-45e2-8b0d-a920528176e4",
                            "all_security_group_ids.196372291": "0b2f6b93-7c6a-463d-baaa-6d9e9ce79884",
                            "all_security_group_ids.2221832618": "a32fa0cd-9108-416f-9726-6a504ef4a3c1",
                            "all_security_group_ids.2420552464": "54f8267f-32e4-4f17-a1c1-8ab57ce2d0c5",
                            "all_security_group_ids.2640697215": "184ef306-695b-47b2-a296-1f33b485ab98",
                            "all_tags.#": "0",
                            "allowed_address_pairs.#": "0",
                            "description": "",
                            "device_id": "68792681-759f-47be-b187-309ca3356bca",
                            "device_owner": "compute:nova",
                            "extra_dhcp_option.#": "0",
                            "id": "159e415e-09ad-4e3d-bbc0-7d9fc753237e",
                            "mac_address": "fa:16:3e:d0:a2:6d",
                            "name": "qa-vcfg-ho-a-001",
                            "network_id": "89093c7c-a78d-49b4-8daa-331f4a6f8398",
                            "region": "",
                            "tags.#": "0",
                            "tenant_id": "3cca87653b804207a7e1de1fb2bb2116"
                        },
                        "meta": {
                            "e2bfb730-ecaa-11e6-8f88-34363bc7c4c0": {
                                "create": 600000000000,
                                "delete": 600000000000
                            }
                        },
                        "tainted": false
                    },
                    "deposed": [],
                    "provider": "provider.openstack"
                },
                "vinyldns_record_set.qa-ibn-ho-a-001_record_set_v4": {
                    "type": "vinyldns_record_set",
                    "depends_on": [
                        "openstack_compute_instance_v2.qa-ibn-ho-a-001.*"
                    ],
                    "primary": {
                        "id": "23a591e1-5cbe-4fc1-99ca-64ef4bc7b727",
                        "attributes": {
                            "id": "23a591e1-5cbe-4fc1-99ca-64ef4bc7b727",
                            "name": "qa-ibn-ho-a-001",
                            "record_addresses.#": "1",
                            "record_addresses.975200312": "96.116.231.2",
                            "ttl": "300",
                            "type": "A",
                            "zone_id": "1bbdd4b5-1034-4578-8c19-8ed70ffe083c"
                        },
                        "meta": {},
                        "tainted": false
                    },
                    "deposed": [],
                    "provider": "provider.vinyldns"
                },
                "vinyldns_record_set.qa-ibn-ho-a-001_record_set_v6": {
                    "type": "vinyldns_record_set",
                    "depends_on": [
                        "openstack_compute_instance_v2.qa-ibn-ho-a-001.*"
                    ],
                    "primary": {
                        "id": "1b006e15-fb8b-42ad-b4a6-698968e65743",
                        "attributes": {
                            "id": "1b006e15-fb8b-42ad-b4a6-698968e65743",
                            "name": "qa-ibn-ho-a-001",
                            "record_addresses.#": "1",
                            "record_addresses.1047668449": "[2001:558:fc18:0:f816:3eff:fe75:995d]",
                            "ttl": "300",
                            "type": "AAAA",
                            "zone_id": "1bbdd4b5-1034-4578-8c19-8ed70ffe083c"
                        },
                        "meta": {},
                        "tainted": false
                    },
                    "deposed": [],
                    "provider": "provider.vinyldns"
                },
                "vinyldns_record_set.qa-ibnctrl-ho-a-001_record_set_v4": {
                    "type": "vinyldns_record_set",
                    "depends_on": [
                        "openstack_compute_instance_v2.qa-ibnctrl-ho-a-001.*"
                    ],
                    "primary": {
                        "id": "7e598043-0a7b-4c39-ba9f-5829f45c5402",
                        "attributes": {
                            "id": "7e598043-0a7b-4c39-ba9f-5829f45c5402",
                            "name": "qa-ibnctrl-ho-a-001",
                            "record_addresses.#": "1",
                            "record_addresses.1528804409": "96.116.226.136",
                            "ttl": "300",
                            "type": "A",
                            "zone_id": "1bbdd4b5-1034-4578-8c19-8ed70ffe083c"
                        },
                        "meta": {},
                        "tainted": false
                    },
                    "deposed": [],
                    "provider": "provider.vinyldns"
                },
                "vinyldns_record_set.qa-ibnctrl-ho-a-001_record_set_v6": {
                    "type": "vinyldns_record_set",
                    "depends_on": [
                        "openstack_compute_instance_v2.qa-ibnctrl-ho-a-001.*"
                    ],
                    "primary": {
                        "id": "07a17e75-8d01-4253-a41f-7c3f6d820a5f",
                        "attributes": {
                            "id": "07a17e75-8d01-4253-a41f-7c3f6d820a5f",
                            "name": "qa-ibnctrl-ho-a-001",
                            "record_addresses.#": "1",
                            "record_addresses.302698953": "[2001:558:fc18:0:f816:3eff:fe36:3676]",
                            "ttl": "300",
                            "type": "AAAA",
                            "zone_id": "1bbdd4b5-1034-4578-8c19-8ed70ffe083c"
                        },
                        "meta": {},
                        "tainted": false
                    },
                    "deposed": [],
                    "provider": "provider.vinyldns"
                },
                "vinyldns_record_set.qa-icfg-ho-a-001_record_set_v4": {
                    "type": "vinyldns_record_set",
                    "depends_on": [
                        "openstack_compute_instance_v2.qa-icfg-ho-a-001.*"
                    ],
                    "primary": {
                        "id": "49079e39-5da3-4c29-a097-a58ac2817349",
                        "attributes": {
                            "id": "49079e39-5da3-4c29-a097-a58ac2817349",
                            "name": "qa-icfg-ho-a-001",
                            "record_addresses.#": "1",
                            "record_addresses.4248668107": "96.116.226.140",
                            "ttl": "300",
                            "type": "A",
                            "zone_id": "1bbdd4b5-1034-4578-8c19-8ed70ffe083c"
                        },
                        "meta": {},
                        "tainted": false
                    },
                    "deposed": [],
                    "provider": "provider.vinyldns"
                },
                "vinyldns_record_set.qa-icfg-ho-a-001_record_set_v6": {
                    "type": "vinyldns_record_set",
                    "depends_on": [
                        "openstack_compute_instance_v2.qa-icfg-ho-a-001.*"
                    ],
                    "primary": {
                        "id": "ed948007-1738-4d74-ac2b-36684a1fa352",
                        "attributes": {
                            "id": "ed948007-1738-4d74-ac2b-36684a1fa352",
                            "name": "qa-icfg-ho-a-001",
                            "record_addresses.#": "1",
                            "record_addresses.2662446101": "[2001:558:fc18:0:f816:3eff:fe05:4802]",
                            "ttl": "300",
                            "type": "AAAA",
                            "zone_id": "1bbdd4b5-1034-4578-8c19-8ed70ffe083c"
                        },
                        "meta": {},
                        "tainted": false
                    },
                    "deposed": [],
                    "provider": "provider.vinyldns"
                },
                "vinyldns_record_set.qa-prmt-ho-a-001_record_set_v4": {
                    "type": "vinyldns_record_set",
                    "depends_on": [
                        "openstack_compute_instance_v2.qa-prmt-ho-a-001.*"
                    ],
                    "primary": {
                        "id": "20ad471b-60b3-43ec-848c-5f2817f49378",
                        "attributes": {
                            "id": "20ad471b-60b3-43ec-848c-5f2817f49378",
                            "name": "qa-prmt-ho-a-001",
                            "record_addresses.#": "1",
                            "record_addresses.2918365616": "96.116.231.9",
                            "ttl": "300",
                            "type": "A",
                            "zone_id": "1bbdd4b5-1034-4578-8c19-8ed70ffe083c"
                        },
                        "meta": {},
                        "tainted": false
                    },
                    "deposed": [],
                    "provider": "provider.vinyldns"
                },
                "vinyldns_record_set.qa-prmt-ho-a-001_record_set_v6": {
                    "type": "vinyldns_record_set",
                    "depends_on": [
                        "openstack_compute_instance_v2.qa-prmt-ho-a-001.*"
                    ],
                    "primary": {
                        "id": "dfa010fc-9b1f-41b6-a767-5afd9205f24a",
                        "attributes": {
                            "id": "dfa010fc-9b1f-41b6-a767-5afd9205f24a",
                            "name": "qa-prmt-ho-a-001",
                            "record_addresses.#": "1",
                            "record_addresses.2369220634": "[2001:558:fc18:0:f816:3eff:fe87:a7ca]",
                            "ttl": "300",
                            "type": "AAAA",
                            "zone_id": "1bbdd4b5-1034-4578-8c19-8ed70ffe083c"
                        },
                        "meta": {},
                        "tainted": false
                    },
                    "deposed": [],
                    "provider": "provider.vinyldns"
                },
                "vinyldns_record_set.qa-rx-ho-a-001_record_set_v4": {
                    "type": "vinyldns_record_set",
                    "depends_on": [
                        "openstack_compute_instance_v2.qa-rx-ho-a-001.*"
                    ],
                    "primary": {
                        "id": "45d0d39d-6c74-4ea7-9fcb-f80c28bd5c7b",
                        "attributes": {
                            "id": "45d0d39d-6c74-4ea7-9fcb-f80c28bd5c7b",
                            "name": "qa-rx-ho-a-001",
                            "record_addresses.#": "1",
                            "record_addresses.1418959927": "96.116.225.142",
                            "ttl": "300",
                            "type": "A",
                            "zone_id": "1bbdd4b5-1034-4578-8c19-8ed70ffe083c"
                        },
                        "meta": {},
                        "tainted": false
                    },
                    "deposed": [],
                    "provider": "provider.vinyldns"
                },
                "vinyldns_record_set.qa-rx-ho-a-001_record_set_v6": {
                    "type": "vinyldns_record_set",
                    "depends_on": [
                        "openstack_compute_instance_v2.qa-rx-ho-a-001.*"
                    ],
                    "primary": {
                        "id": "b74e345b-34d7-40ec-8635-a4065b539219",
                        "attributes": {
                            "id": "b74e345b-34d7-40ec-8635-a4065b539219",
                            "name": "qa-rx-ho-a-001",
                            "record_addresses.#": "1",
                            "record_addresses.3753143132": "[2001:558:fc18:0:f816:3eff:fe2c:18f9]",
                            "ttl": "300",
                            "type": "AAAA",
                            "zone_id": "1bbdd4b5-1034-4578-8c19-8ed70ffe083c"
                        },
                        "meta": {},
                        "tainted": false
                    },
                    "deposed": [],
                    "provider": "provider.vinyldns"
                },
                "vinyldns_record_set.qa-rx-ho-a-002_record_set_v4": {
                    "type": "vinyldns_record_set",
                    "depends_on": [
                        "openstack_compute_instance_v2.qa-rx-ho-a-002.*"
                    ],
                    "primary": {
                        "id": "6141650c-7d5e-4e5c-8393-dc2aeef3c91a",
                        "attributes": {
                            "id": "6141650c-7d5e-4e5c-8393-dc2aeef3c91a",
                            "name": "qa-rx-ho-a-002",
                            "record_addresses.#": "1",
                            "record_addresses.1884885297": "96.116.230.65",
                            "ttl": "300",
                            "type": "A",
                            "zone_id": "1bbdd4b5-1034-4578-8c19-8ed70ffe083c"
                        },
                        "meta": {},
                        "tainted": false
                    },
                    "deposed": [],
                    "provider": "provider.vinyldns"
                },
                "vinyldns_record_set.qa-rx-ho-a-002_record_set_v6": {
                    "type": "vinyldns_record_set",
                    "depends_on": [
                        "openstack_compute_instance_v2.qa-rx-ho-a-002.*"
                    ],
                    "primary": {
                        "id": "e78eafde-370e-4551-9e1f-f5c51ff33627",
                        "attributes": {
                            "id": "e78eafde-370e-4551-9e1f-f5c51ff33627",
                            "name": "qa-rx-ho-a-002",
                            "record_addresses.#": "1",
                            "record_addresses.2274372264": "[2001:558:fc18:0:f816:3eff:fefd:3c3c]",
                            "ttl": "300",
                            "type": "AAAA",
                            "zone_id": "1bbdd4b5-1034-4578-8c19-8ed70ffe083c"
                        },
                        "meta": {},
                        "tainted": false
                    },
                    "deposed": [],
                    "provider": "provider.vinyldns"
                },
                "vinyldns_record_set.qa-rx-ho-a-003_record_set_v4": {
                    "type": "vinyldns_record_set",
                    "depends_on": [
                        "openstack_compute_instance_v2.qa-rx-ho-a-003.*"
                    ],
                    "primary": {
                        "id": "df502d86-6242-4fda-8976-105bc8c4b576",
                        "attributes": {
                            "id": "df502d86-6242-4fda-8976-105bc8c4b576",
                            "name": "qa-rx-ho-a-003",
                            "record_addresses.#": "1",
                            "record_addresses.1992501800": "96.116.226.96",
                            "ttl": "300",
                            "type": "A",
                            "zone_id": "1bbdd4b5-1034-4578-8c19-8ed70ffe083c"
                        },
                        "meta": {},
                        "tainted": false
                    },
                    "deposed": [],
                    "provider": "provider.vinyldns"
                },
                "vinyldns_record_set.qa-rx-ho-a-003_record_set_v6": {
                    "type": "vinyldns_record_set",
                    "depends_on": [
                        "openstack_compute_instance_v2.qa-rx-ho-a-003.*"
                    ],
                    "primary": {
                        "id": "5ee09d15-46ac-4daf-8a90-7f9c34fb5cbb",
                        "attributes": {
                            "id": "5ee09d15-46ac-4daf-8a90-7f9c34fb5cbb",
                            "name": "qa-rx-ho-a-003",
                            "record_addresses.#": "1",
                            "record_addresses.848622333": "[2001:558:fc18:0:f816:3eff:fea5:1663]",
                            "ttl": "300",
                            "type": "AAAA",
                            "zone_id": "1bbdd4b5-1034-4578-8c19-8ed70ffe083c"
                        },
                        "meta": {},
                        "tainted": false
                    },
                    "deposed": [],
                    "provider": "provider.vinyldns"
                },
                "vinyldns_record_set.qa-rxctrl-ho-a-001_record_set_v4": {
                    "type": "vinyldns_record_set",
                    "depends_on": [
                        "openstack_compute_instance_v2.qa-rxctrl-ho-a-001.*"
                    ],
                    "primary": {
                        "id": "bfd130e2-606d-4137-9515-186cfccad14b",
                        "attributes": {
                            "id": "bfd130e2-606d-4137-9515-186cfccad14b",
                            "name": "qa-rxctrl-ho-a-001",
                            "record_addresses.#": "1",
                            "record_addresses.2772434811": "96.116.231.29",
                            "ttl": "300",
                            "type": "A",
                            "zone_id": "1bbdd4b5-1034-4578-8c19-8ed70ffe083c"
                        },
                        "meta": {},
                        "tainted": false
                    },
                    "deposed": [],
                    "provider": "provider.vinyldns"
                },
                "vinyldns_record_set.qa-rxctrl-ho-a-001_record_set_v6": {
                    "type": "vinyldns_record_set",
                    "depends_on": [
                        "openstack_compute_instance_v2.qa-rxctrl-ho-a-001.*"
                    ],
                    "primary": {
                        "id": "2e47036a-dc5a-41f1-a069-dc95719bb3e9",
                        "attributes": {
                            "id": "2e47036a-dc5a-41f1-a069-dc95719bb3e9",
                            "name": "qa-rxctrl-ho-a-001",
                            "record_addresses.#": "1",
                            "record_addresses.2170330515": "[2001:558:fc18:0:f816:3eff:fe33:22b7]",
                            "ttl": "300",
                            "type": "AAAA",
                            "zone_id": "1bbdd4b5-1034-4578-8c19-8ed70ffe083c"
                        },
                        "meta": {},
                        "tainted": false
                    },
                    "deposed": [],
                    "provider": "provider.vinyldns"
                },
                "vinyldns_record_set.qa-rxctrl-ho-a-002_record_set_v4": {
                    "type": "vinyldns_record_set",
                    "depends_on": [
                        "openstack_compute_instance_v2.qa-rxctrl-ho-a-002.*"
                    ],
                    "primary": {
                        "id": "782a46eb-8184-4937-a286-0b980f58fd1c",
                        "attributes": {
                            "id": "782a46eb-8184-4937-a286-0b980f58fd1c",
                            "name": "qa-rxctrl-ho-a-002",
                            "record_addresses.#": "1",
                            "record_addresses.3705882591": "96.116.231.20",
                            "ttl": "300",
                            "type": "A",
                            "zone_id": "1bbdd4b5-1034-4578-8c19-8ed70ffe083c"
                        },
                        "meta": {},
                        "tainted": false
                    },
                    "deposed": [],
                    "provider": "provider.vinyldns"
                },
                "vinyldns_record_set.qa-rxctrl-ho-a-002_record_set_v6": {
                    "type": "vinyldns_record_set",
                    "depends_on": [
                        "openstack_compute_instance_v2.qa-rxctrl-ho-a-002.*"
                    ],
                    "primary": {
                        "id": "e9230079-6f96-4bbd-b10a-54850713e157",
                        "attributes": {
                            "id": "e9230079-6f96-4bbd-b10a-54850713e157",
                            "name": "qa-rxctrl-ho-a-002",
                            "record_addresses.#": "1",
                            "record_addresses.1089345801": "[2001:558:fc18:0:f816:3eff:fee1:2684]",
                            "ttl": "300",
                            "type": "AAAA",
                            "zone_id": "1bbdd4b5-1034-4578-8c19-8ed70ffe083c"
                        },
                        "meta": {},
                        "tainted": false
                    },
                    "deposed": [],
                    "provider": "provider.vinyldns"
                },
                "vinyldns_record_set.qa-rxctrl-ho-a-003_record_set_v4": {
                    "type": "vinyldns_record_set",
                    "depends_on": [
                        "openstack_compute_instance_v2.qa-rxctrl-ho-a-003.*"
                    ],
                    "primary": {
                        "id": "5eb483ea-bcd5-41e2-a20a-8b51ee597ff3",
                        "attributes": {
                            "id": "5eb483ea-bcd5-41e2-a20a-8b51ee597ff3",
                            "name": "qa-rxctrl-ho-a-003",
                            "record_addresses.#": "1",
                            "record_addresses.592367517": "96.116.227.117",
                            "ttl": "300",
                            "type": "A",
                            "zone_id": "1bbdd4b5-1034-4578-8c19-8ed70ffe083c"
                        },
                        "meta": {},
                        "tainted": false
                    },
                    "deposed": [],
                    "provider": "provider.vinyldns"
                },
                "vinyldns_record_set.qa-rxctrl-ho-a-003_record_set_v6": {
                    "type": "vinyldns_record_set",
                    "depends_on": [
                        "openstack_compute_instance_v2.qa-rxctrl-ho-a-003.*"
                    ],
                    "primary": {
                        "id": "ee0653c7-fbf8-4ca3-a73b-b568ddb15c9d",
                        "attributes": {
                            "id": "ee0653c7-fbf8-4ca3-a73b-b568ddb15c9d",
                            "name": "qa-rxctrl-ho-a-003",
                            "record_addresses.#": "1",
                            "record_addresses.302589011": "[2001:558:fc18:0:f816:3eff:fefd:2569]",
                            "ttl": "300",
                            "type": "AAAA",
                            "zone_id": "1bbdd4b5-1034-4578-8c19-8ed70ffe083c"
                        },
                        "meta": {},
                        "tainted": false
                    },
                    "deposed": [],
                    "provider": "provider.vinyldns"
                },
                "vinyldns_record_set.qa-vcfg-ho-a-001_record_set_v4": {
                    "type": "vinyldns_record_set",
                    "depends_on": [
                        "openstack_compute_instance_v2.qa-vcfg-ho-a-001.*"
                    ],
                    "primary": {
                        "id": "0a470f09-9be4-4f25-bf56-a1f0adf6612c",
                        "attributes": {
                            "id": "0a470f09-9be4-4f25-bf56-a1f0adf6612c",
                            "name": "qa-vcfg-ho-a-001",
                            "record_addresses.#": "1",
                            "record_addresses.545142147": "96.116.226.11",
                            "ttl": "300",
                            "type": "A",
                            "zone_id": "1bbdd4b5-1034-4578-8c19-8ed70ffe083c"
                        },
                        "meta": {},
                        "tainted": false
                    },
                    "deposed": [],
                    "provider": "provider.vinyldns"
                },
                "vinyldns_record_set.qa-vcfg-ho-a-001_record_set_v6": {
                    "type": "vinyldns_record_set",
                    "depends_on": [
                        "openstack_compute_instance_v2.qa-vcfg-ho-a-001.*"
                    ],
                    "primary": {
                        "id": "6f1e44c7-5998-44b4-9360-e90799b5f947",
                        "attributes": {
                            "id": "6f1e44c7-5998-44b4-9360-e90799b5f947",
                            "name": "qa-vcfg-ho-a-001",
                            "record_addresses.#": "1",
                            "record_addresses.1791442993": "[2001:558:fc18:0:f816:3eff:fed0:a26d]",
                            "ttl": "300",
                            "type": "AAAA",
                            "zone_id": "1bbdd4b5-1034-4578-8c19-8ed70ffe083c"
                        },
                        "meta": {},
                        "tainted": false
                    },
                    "deposed": [],
                    "provider": "provider.vinyldns"
                }
            },
            "depends_on": []
        }
    ]
}
