{
    "version": 3,
    "terraform_version": "0.11.13",
    "serial": 1,
    "lineage": "8d35509c-fd92-86fe-cd89-52f2c5033f60",
    "modules": [
        {
            "path": [
                "root"
            ],
            "outputs": {},
            "resources": {
                "data.template_file.user_add": {
                    "type": "template_file",
                    "depends_on": [],
                    "primary": {
                        "id": "e5b707c581ef53e67ac47261b4575385bede1b41f1d3730dbe81ac988302976b",
                        "attributes": {
                            "id": "e5b707c581ef53e67ac47261b4575385bede1b41f1d3730dbe81ac988302976b",
                            "rendered": "echo baygun001c\necho \"ssh-rsa AAAAB3NzaC1yc2EAAAADAQABAAABAQDkd5xSQU932uIlise6ttp58v8Qf/StGNFuN59zDlvDRn6vlg2C2wx+7rC/wS0IpKFrEBp7n8T57e8lccuBWFWM2mltPPZcnUflV001CZSH1Xiq2KzM0ZJmrjwVddSkfqs12tIPPJUjL3Y50oO41b0MJdr1JExhpgZMYOGwJh0313PWZ76fnEU9FArbV039u4xfSgtK3w32aC9dfnuhyCdpUYrMQN1i9Nf/C38DG26mxinD6WwXpKpUvlMlj932UflZD3ZR+QzOyjZKilk39IfWUX2LI5ikutgAF+5vqBaUy6xzAYlS/j5Sh5lwZmejgzKlXKm2fE5HxE7NnPEaVpCZ baygun001c@megadocker-ch2-d26p.sys.comcast.net\"\n",
                            "template": "echo ${user_id}\necho ${ssh_key}\n",
                            "vars.%": "2",
                            "vars.ssh_key": "\"ssh-rsa AAAAB3NzaC1yc2EAAAADAQABAAABAQDkd5xSQU932uIlise6ttp58v8Qf/StGNFuN59zDlvDRn6vlg2C2wx+7rC/wS0IpKFrEBp7n8T57e8lccuBWFWM2mltPPZcnUflV001CZSH1Xiq2KzM0ZJmrjwVddSkfqs12tIPPJUjL3Y50oO41b0MJdr1JExhpgZMYOGwJh0313PWZ76fnEU9FArbV039u4xfSgtK3w32aC9dfnuhyCdpUYrMQN1i9Nf/C38DG26mxinD6WwXpKpUvlMlj932UflZD3ZR+QzOyjZKilk39IfWUX2LI5ikutgAF+5vqBaUy6xzAYlS/j5Sh5lwZmejgzKlXKm2fE5HxE7NnPEaVpCZ baygun001c@megadocker-ch2-d26p.sys.comcast.net\"",
                            "vars.user_id": "baygun001c"
                        },
                        "meta": {},
                        "tainted": false
                    },
                    "deposed": [],
                    "provider": "provider.template"
                },
                "openstack_networking_port_v2.qa-ibn-ho-a-001_port": {
                    "type": "openstack_networking_port_v2",
                    "depends_on": [],
                    "primary": {
                        "id": "ba2d8c91-8438-4af2-9bcc-1c2d4ed5df4d",
                        "attributes": {
                            "admin_state_up": "true",
                            "all_fixed_ips.#": "2",
                            "all_fixed_ips.0": "2001:558:fc18:0:f816:3eff:fe51:d6c7",
                            "all_fixed_ips.1": "96.116.232.100",
                            "all_security_group_ids.#": "1",
                            "all_security_group_ids.2221832618": "a32fa0cd-9108-416f-9726-6a504ef4a3c1",
                            "all_tags.#": "0",
                            "allowed_address_pairs.#": "0",
                            "description": "",
                            "device_id": "",
                            "device_owner": "",
                            "extra_dhcp_option.#": "0",
                            "id": "ba2d8c91-8438-4af2-9bcc-1c2d4ed5df4d",
                            "mac_address": "fa:16:3e:51:d6:c7",
                            "name": "qa-ibn-ho-a-001",
                            "network_id": "89093c7c-a78d-49b4-8daa-331f4a6f8398",
                            "region": "",
                            "tags.#": "0",
                            "tenant_id": "3cca87653b804207a7e1de1fb2bb2116"
                        },
                        "meta": {
                            "e2bfb730-ecaa-11e6-8f88-34363bc7c4c0": {
                                "create": 600000000000,
                                "delete": 600000000000
                            }
                        },
                        "tainted": false
                    },
                    "deposed": [],
                    "provider": "provider.openstack"
                },
                "openstack_networking_port_v2.qa-ibnctrl-ho-a-001_port": {
                    "type": "openstack_networking_port_v2",
                    "depends_on": [],
                    "primary": {
                        "id": "49793d6b-046c-41e5-b8fb-5f9390b8aa70",
                        "attributes": {
                            "admin_state_up": "true",
                            "all_fixed_ips.#": "2",
                            "all_fixed_ips.0": "2001:558:fc18:0:f816:3eff:fe43:c8b0",
                            "all_fixed_ips.1": "96.116.232.120",
                            "all_security_group_ids.#": "1",
                            "all_security_group_ids.2221832618": "a32fa0cd-9108-416f-9726-6a504ef4a3c1",
                            "all_tags.#": "0",
                            "allowed_address_pairs.#": "0",
                            "description": "",
                            "device_id": "",
                            "device_owner": "",
                            "extra_dhcp_option.#": "0",
                            "id": "49793d6b-046c-41e5-b8fb-5f9390b8aa70",
                            "mac_address": "fa:16:3e:43:c8:b0",
                            "name": "qa-ibnctrl-ho-a-001",
                            "network_id": "89093c7c-a78d-49b4-8daa-331f4a6f8398",
                            "region": "",
                            "tags.#": "0",
                            "tenant_id": "3cca87653b804207a7e1de1fb2bb2116"
                        },
                        "meta": {
                            "e2bfb730-ecaa-11e6-8f88-34363bc7c4c0": {
                                "create": 600000000000,
                                "delete": 600000000000
                            }
                        },
                        "tainted": false
                    },
                    "deposed": [],
                    "provider": "provider.openstack"
                },
                "openstack_networking_port_v2.qa-icfg-ho-a-001_port": {
                    "type": "openstack_networking_port_v2",
                    "depends_on": [],
                    "primary": {
                        "id": "916c3087-4c2e-4a5a-9a51-557fb8c002ef",
                        "attributes": {
                            "admin_state_up": "true",
                            "all_fixed_ips.#": "2",
                            "all_fixed_ips.0": "2001:558:fc18:0:f816:3eff:fe66:c591",
                            "all_fixed_ips.1": "96.116.232.112",
                            "all_security_group_ids.#": "1",
                            "all_security_group_ids.2221832618": "a32fa0cd-9108-416f-9726-6a504ef4a3c1",
                            "all_tags.#": "0",
                            "allowed_address_pairs.#": "0",
                            "description": "",
                            "device_id": "",
                            "device_owner": "",
                            "extra_dhcp_option.#": "0",
                            "id": "916c3087-4c2e-4a5a-9a51-557fb8c002ef",
                            "mac_address": "fa:16:3e:66:c5:91",
                            "name": "qa-icfg-ho-a-001",
                            "network_id": "89093c7c-a78d-49b4-8daa-331f4a6f8398",
                            "region": "",
                            "tags.#": "0",
                            "tenant_id": "3cca87653b804207a7e1de1fb2bb2116"
                        },
                        "meta": {
                            "e2bfb730-ecaa-11e6-8f88-34363bc7c4c0": {
                                "create": 600000000000,
                                "delete": 600000000000
                            }
                        },
                        "tainted": false
                    },
                    "deposed": [],
                    "provider": "provider.openstack"
                },
                "openstack_networking_port_v2.qa-prmt-ho-a-001_port": {
                    "type": "openstack_networking_port_v2",
                    "depends_on": [],
                    "primary": {
                        "id": "17b9c445-5a78-4008-970f-48b990eab562",
                        "attributes": {
                            "admin_state_up": "true",
                            "all_fixed_ips.#": "2",
                            "all_fixed_ips.0": "2001:558:fc18:0:f816:3eff:fe96:755d",
                            "all_fixed_ips.1": "96.116.232.102",
                            "all_security_group_ids.#": "1",
                            "all_security_group_ids.2221832618": "a32fa0cd-9108-416f-9726-6a504ef4a3c1",
                            "all_tags.#": "0",
                            "allowed_address_pairs.#": "0",
                            "description": "",
                            "device_id": "",
                            "device_owner": "",
                            "extra_dhcp_option.#": "0",
                            "id": "17b9c445-5a78-4008-970f-48b990eab562",
                            "mac_address": "fa:16:3e:96:75:5d",
                            "name": "qa-prmt-ho-a-001",
                            "network_id": "89093c7c-a78d-49b4-8daa-331f4a6f8398",
                            "region": "",
                            "tags.#": "0",
                            "tenant_id": "3cca87653b804207a7e1de1fb2bb2116"
                        },
                        "meta": {
                            "e2bfb730-ecaa-11e6-8f88-34363bc7c4c0": {
                                "create": 600000000000,
                                "delete": 600000000000
                            }
                        },
                        "tainted": false
                    },
                    "deposed": [],
                    "provider": "provider.openstack"
                },
                "openstack_networking_port_v2.qa-rx-ho-a-001_port": {
                    "type": "openstack_networking_port_v2",
                    "depends_on": [],
                    "primary": {
                        "id": "881d154e-a80f-4663-a238-07c2ed20a2ed",
                        "attributes": {
                            "admin_state_up": "true",
                            "all_fixed_ips.#": "2",
                            "all_fixed_ips.0": "2001:558:fc18:0:f816:3eff:feb3:df1b",
                            "all_fixed_ips.1": "96.116.232.110",
                            "all_security_group_ids.#": "1",
                            "all_security_group_ids.2221832618": "a32fa0cd-9108-416f-9726-6a504ef4a3c1",
                            "all_tags.#": "0",
                            "allowed_address_pairs.#": "0",
                            "description": "",
                            "device_id": "",
                            "device_owner": "",
                            "extra_dhcp_option.#": "0",
                            "id": "881d154e-a80f-4663-a238-07c2ed20a2ed",
                            "mac_address": "fa:16:3e:b3:df:1b",
                            "name": "qa-rx-ho-a-001",
                            "network_id": "89093c7c-a78d-49b4-8daa-331f4a6f8398",
                            "region": "",
                            "tags.#": "0",
                            "tenant_id": "3cca87653b804207a7e1de1fb2bb2116"
                        },
                        "meta": {
                            "e2bfb730-ecaa-11e6-8f88-34363bc7c4c0": {
                                "create": 600000000000,
                                "delete": 600000000000
                            }
                        },
                        "tainted": false
                    },
                    "deposed": [],
                    "provider": "provider.openstack"
                },
                "openstack_networking_port_v2.qa-rx-ho-a-002_port": {
                    "type": "openstack_networking_port_v2",
                    "depends_on": [],
                    "primary": {
                        "id": "91dfa765-a15b-4eaf-ad0c-b3aa7f640e17",
                        "attributes": {
                            "admin_state_up": "true",
                            "all_fixed_ips.#": "2",
                            "all_fixed_ips.0": "2001:558:fc18:0:f816:3eff:fedf:7698",
                            "all_fixed_ips.1": "96.116.232.111",
                            "all_security_group_ids.#": "1",
                            "all_security_group_ids.2221832618": "a32fa0cd-9108-416f-9726-6a504ef4a3c1",
                            "all_tags.#": "0",
                            "allowed_address_pairs.#": "0",
                            "description": "",
                            "device_id": "",
                            "device_owner": "",
                            "extra_dhcp_option.#": "0",
                            "id": "91dfa765-a15b-4eaf-ad0c-b3aa7f640e17",
                            "mac_address": "fa:16:3e:df:76:98",
                            "name": "qa-rx-ho-a-002",
                            "network_id": "89093c7c-a78d-49b4-8daa-331f4a6f8398",
                            "region": "",
                            "tags.#": "0",
                            "tenant_id": "3cca87653b804207a7e1de1fb2bb2116"
                        },
                        "meta": {
                            "e2bfb730-ecaa-11e6-8f88-34363bc7c4c0": {
                                "create": 600000000000,
                                "delete": 600000000000
                            }
                        },
                        "tainted": false
                    },
                    "deposed": [],
                    "provider": "provider.openstack"
                },
                "openstack_networking_port_v2.qa-rx-ho-a-003_port": {
                    "type": "openstack_networking_port_v2",
                    "depends_on": [],
                    "primary": {
                        "id": "e713a9fe-699d-48d2-a42a-6a5a6fcb7ab2",
                        "attributes": {
                            "admin_state_up": "true",
                            "all_fixed_ips.#": "2",
                            "all_fixed_ips.0": "2001:558:fc18:0:f816:3eff:fe5d:43fa",
                            "all_fixed_ips.1": "96.116.232.109",
                            "all_security_group_ids.#": "1",
                            "all_security_group_ids.2221832618": "a32fa0cd-9108-416f-9726-6a504ef4a3c1",
                            "all_tags.#": "0",
                            "allowed_address_pairs.#": "0",
                            "description": "",
                            "device_id": "",
                            "device_owner": "",
                            "extra_dhcp_option.#": "0",
                            "id": "e713a9fe-699d-48d2-a42a-6a5a6fcb7ab2",
                            "mac_address": "fa:16:3e:5d:43:fa",
                            "name": "qa-rx-ho-a-003",
                            "network_id": "89093c7c-a78d-49b4-8daa-331f4a6f8398",
                            "region": "",
                            "tags.#": "0",
                            "tenant_id": "3cca87653b804207a7e1de1fb2bb2116"
                        },
                        "meta": {
                            "e2bfb730-ecaa-11e6-8f88-34363bc7c4c0": {
                                "create": 600000000000,
                                "delete": 600000000000
                            }
                        },
                        "tainted": false
                    },
                    "deposed": [],
                    "provider": "provider.openstack"
                },
                "openstack_networking_port_v2.qa-rxctrl-ho-a-001_port": {
                    "type": "openstack_networking_port_v2",
                    "depends_on": [],
                    "primary": {
                        "id": "128f5f5c-bae0-46ea-88c1-976676ad3bb7",
                        "attributes": {
                            "admin_state_up": "true",
                            "all_fixed_ips.#": "2",
                            "all_fixed_ips.0": "2001:558:fc18:0:f816:3eff:fe67:65ef",
                            "all_fixed_ips.1": "96.116.232.119",
                            "all_security_group_ids.#": "1",
                            "all_security_group_ids.2221832618": "a32fa0cd-9108-416f-9726-6a504ef4a3c1",
                            "all_tags.#": "0",
                            "allowed_address_pairs.#": "0",
                            "description": "",
                            "device_id": "",
                            "device_owner": "",
                            "extra_dhcp_option.#": "0",
                            "id": "128f5f5c-bae0-46ea-88c1-976676ad3bb7",
                            "mac_address": "fa:16:3e:67:65:ef",
                            "name": "qa-rxctrl-ho-a-001",
                            "network_id": "89093c7c-a78d-49b4-8daa-331f4a6f8398",
                            "region": "",
                            "tags.#": "0",
                            "tenant_id": "3cca87653b804207a7e1de1fb2bb2116"
                        },
                        "meta": {
                            "e2bfb730-ecaa-11e6-8f88-34363bc7c4c0": {
                                "create": 600000000000,
                                "delete": 600000000000
                            }
                        },
                        "tainted": false
                    },
                    "deposed": [],
                    "provider": "provider.openstack"
                },
                "openstack_networking_port_v2.qa-rxctrl-ho-a-002_port": {
                    "type": "openstack_networking_port_v2",
                    "depends_on": [],
                    "primary": {
                        "id": "0ff0cf6e-d3c6-433e-9e62-225713ca8026",
                        "attributes": {
                            "admin_state_up": "true",
                            "all_fixed_ips.#": "2",
                            "all_fixed_ips.0": "2001:558:fc18:0:f816:3eff:fefd:cddf",
                            "all_fixed_ips.1": "96.116.232.101",
                            "all_security_group_ids.#": "1",
                            "all_security_group_ids.2221832618": "a32fa0cd-9108-416f-9726-6a504ef4a3c1",
                            "all_tags.#": "0",
                            "allowed_address_pairs.#": "0",
                            "description": "",
                            "device_id": "",
                            "device_owner": "",
                            "extra_dhcp_option.#": "0",
                            "id": "0ff0cf6e-d3c6-433e-9e62-225713ca8026",
                            "mac_address": "fa:16:3e:fd:cd:df",
                            "name": "qa-rxctrl-ho-a-002",
                            "network_id": "89093c7c-a78d-49b4-8daa-331f4a6f8398",
                            "region": "",
                            "tags.#": "0",
                            "tenant_id": "3cca87653b804207a7e1de1fb2bb2116"
                        },
                        "meta": {
                            "e2bfb730-ecaa-11e6-8f88-34363bc7c4c0": {
                                "create": 600000000000,
                                "delete": 600000000000
                            }
                        },
                        "tainted": false
                    },
                    "deposed": [],
                    "provider": "provider.openstack"
                },
                "openstack_networking_port_v2.qa-rxctrl-ho-a-003_port": {
                    "type": "openstack_networking_port_v2",
                    "depends_on": [],
                    "primary": {
                        "id": "f054615d-477c-4aa0-a08b-a9a90a7d32dc",
                        "attributes": {
                            "admin_state_up": "true",
                            "all_fixed_ips.#": "2",
                            "all_fixed_ips.0": "2001:558:fc18:0:f816:3eff:fe73:aed2",
                            "all_fixed_ips.1": "96.116.232.103",
                            "all_security_group_ids.#": "1",
                            "all_security_group_ids.2221832618": "a32fa0cd-9108-416f-9726-6a504ef4a3c1",
                            "all_tags.#": "0",
                            "allowed_address_pairs.#": "0",
                            "description": "",
                            "device_id": "",
                            "device_owner": "",
                            "extra_dhcp_option.#": "0",
                            "id": "f054615d-477c-4aa0-a08b-a9a90a7d32dc",
                            "mac_address": "fa:16:3e:73:ae:d2",
                            "name": "qa-rxctrl-ho-a-003",
                            "network_id": "89093c7c-a78d-49b4-8daa-331f4a6f8398",
                            "region": "",
                            "tags.#": "0",
                            "tenant_id": "3cca87653b804207a7e1de1fb2bb2116"
                        },
                        "meta": {
                            "e2bfb730-ecaa-11e6-8f88-34363bc7c4c0": {
                                "create": 600000000000,
                                "delete": 600000000000
                            }
                        },
                        "tainted": false
                    },
                    "deposed": [],
                    "provider": "provider.openstack"
                },
                "openstack_networking_port_v2.qa-vcfg-ho-a-001_port": {
                    "type": "openstack_networking_port_v2",
                    "depends_on": [],
                    "primary": {
                        "id": "7c374339-adad-4707-bf6c-92bb5edc1ca9",
                        "attributes": {
                            "admin_state_up": "true",
                            "all_fixed_ips.#": "2",
                            "all_fixed_ips.0": "2001:558:fc18:0:f816:3eff:fe28:659d",
                            "all_fixed_ips.1": "96.116.232.108",
                            "all_security_group_ids.#": "1",
                            "all_security_group_ids.2221832618": "a32fa0cd-9108-416f-9726-6a504ef4a3c1",
                            "all_tags.#": "0",
                            "allowed_address_pairs.#": "0",
                            "description": "",
                            "device_id": "",
                            "device_owner": "",
                            "extra_dhcp_option.#": "0",
                            "id": "7c374339-adad-4707-bf6c-92bb5edc1ca9",
                            "mac_address": "fa:16:3e:28:65:9d",
                            "name": "qa-vcfg-ho-a-001",
                            "network_id": "89093c7c-a78d-49b4-8daa-331f4a6f8398",
                            "region": "",
                            "tags.#": "0",
                            "tenant_id": "3cca87653b804207a7e1de1fb2bb2116"
                        },
                        "meta": {
                            "e2bfb730-ecaa-11e6-8f88-34363bc7c4c0": {
                                "create": 600000000000,
                                "delete": 600000000000
                            }
                        },
                        "tainted": false
                    },
                    "deposed": [],
                    "provider": "provider.openstack"
                }
            },
            "depends_on": []
        }
    ]
}
