{
    "version": 3,
    "terraform_version": "0.11.13",
    "serial": 4,
    "lineage": "c10074f3-132c-1a37-62a5-00b4b50e7c8a",
    "modules": [
        {
            "path": [
                "root"
            ],
            "outputs": {},
            "resources": {
                "data.template_file.user_add": {
                    "type": "template_file",
                    "depends_on": [],
                    "primary": {
                        "id": "e5b707c581ef53e67ac47261b4575385bede1b41f1d3730dbe81ac988302976b",
                        "attributes": {
                            "id": "e5b707c581ef53e67ac47261b4575385bede1b41f1d3730dbe81ac988302976b",
                            "rendered": "echo baygun001c\necho \"ssh-rsa AAAAB3NzaC1yc2EAAAADAQABAAABAQDkd5xSQU932uIlise6ttp58v8Qf/StGNFuN59zDlvDRn6vlg2C2wx+7rC/wS0IpKFrEBp7n8T57e8lccuBWFWM2mltPPZcnUflV001CZSH1Xiq2KzM0ZJmrjwVddSkfqs12tIPPJUjL3Y50oO41b0MJdr1JExhpgZMYOGwJh0313PWZ76fnEU9FArbV039u4xfSgtK3w32aC9dfnuhyCdpUYrMQN1i9Nf/C38DG26mxinD6WwXpKpUvlMlj932UflZD3ZR+QzOyjZKilk39IfWUX2LI5ikutgAF+5vqBaUy6xzAYlS/j5Sh5lwZmejgzKlXKm2fE5HxE7NnPEaVpCZ baygun001c@megadocker-ch2-d26p.sys.comcast.net\"\n",
                            "template": "echo ${user_id}\necho ${ssh_key}\n",
                            "vars.%": "2",
                            "vars.ssh_key": "\"ssh-rsa AAAAB3NzaC1yc2EAAAADAQABAAABAQDkd5xSQU932uIlise6ttp58v8Qf/StGNFuN59zDlvDRn6vlg2C2wx+7rC/wS0IpKFrEBp7n8T57e8lccuBWFWM2mltPPZcnUflV001CZSH1Xiq2KzM0ZJmrjwVddSkfqs12tIPPJUjL3Y50oO41b0MJdr1JExhpgZMYOGwJh0313PWZ76fnEU9FArbV039u4xfSgtK3w32aC9dfnuhyCdpUYrMQN1i9Nf/C38DG26mxinD6WwXpKpUvlMlj932UflZD3ZR+QzOyjZKilk39IfWUX2LI5ikutgAF+5vqBaUy6xzAYlS/j5Sh5lwZmejgzKlXKm2fE5HxE7NnPEaVpCZ baygun001c@megadocker-ch2-d26p.sys.comcast.net\"",
                            "vars.user_id": "baygun001c"
                        },
                        "meta": {},
                        "tainted": false
                    },
                    "deposed": [],
                    "provider": "provider.template"
                },
                "openstack_compute_instance_v2.pr-ibn-ho-a-001": {
                    "type": "openstack_compute_instance_v2",
                    "depends_on": [
                        "data.template_file.user_add.*",
                        "openstack_networking_port_v2.pr-ibn-ho-a-001_port.*"
                    ],
                    "primary": {
                        "id": "caed0375-d1d4-470f-b303-ce79cc3fcc4d",
                        "attributes": {
                            "access_ip_v4": "96.116.224.108",
                            "access_ip_v6": "[2001:558:fc18:0:f816:3eff:fe37:5938]",
                            "all_metadata.%": "1",
                            "all_metadata.this": "that",
                            "availability_zone": "nova",
                            "flavor_id": "3116",
                            "flavor_name": "ng.c.16u",
                            "force_delete": "false",
                            "id": "caed0375-d1d4-470f-b303-ce79cc3fcc4d",
                            "image_id": "9da95274-3b23-49b0-a341-fd72b5afd3a7",
                            "image_name": "ComcastCloud-CentOS-7-20190603",
                            "key_pair": "pcmm-production",
                            "metadata.%": "1",
                            "metadata.this": "that",
                            "name": "pr-ibn-ho-a-001",
                            "network.#": "1",
                            "network.0.access_network": "true",
                            "network.0.fixed_ip_v4": "96.116.224.108",
                            "network.0.fixed_ip_v6": "[2001:558:fc18:0:f816:3eff:fe37:5938]",
                            "network.0.floating_ip": "",
                            "network.0.mac": "fa:16:3e:37:59:38",
                            "network.0.name": "Public_AGILE",
                            "network.0.port": "1bf81b67-61b8-4f04-8a35-58521d4dc696",
                            "network.0.uuid": "89093c7c-a78d-49b4-8daa-331f4a6f8398",
                            "power_state": "active",
                            "region": "HO-A",
                            "security_groups.#": "5",
                            "security_groups.2407987581": "mw_access",
                            "security_groups.2463477863": "mongo_access",
                            "security_groups.2511514758": "inter_instance_comm",
                            "security_groups.3814588639": "default",
                            "security_groups.3914474095": "dashboard_access",
                            "stop_before_destroy": "false",
                            "user_data": "aa640be88987a536d3be6305632079b67e6a20b0"
                        },
                        "meta": {
                            "e2bfb730-ecaa-11e6-8f88-34363bc7c4c0": {
                                "create": 1800000000000,
                                "delete": 1800000000000,
                                "update": 1800000000000
                            }
                        },
                        "tainted": false
                    },
                    "deposed": [],
                    "provider": "provider.openstack"
                },
                "openstack_compute_instance_v2.pr-ibnctrl-ho-a-001": {
                    "type": "openstack_compute_instance_v2",
                    "depends_on": [
                        "data.template_file.user_add.*",
                        "openstack_networking_port_v2.pr-ibnctrl-ho-a-001_port.*"
                    ],
                    "primary": {
                        "id": "b1acbd80-af91-4525-a197-b35b7167205e",
                        "attributes": {
                            "access_ip_v4": "96.116.226.49",
                            "access_ip_v6": "[2001:558:fc18:0:f816:3eff:fe19:7485]",
                            "all_metadata.%": "1",
                            "all_metadata.this": "that",
                            "availability_zone": "nova",
                            "flavor_id": "3116",
                            "flavor_name": "ng.c.16u",
                            "force_delete": "false",
                            "id": "b1acbd80-af91-4525-a197-b35b7167205e",
                            "image_id": "9da95274-3b23-49b0-a341-fd72b5afd3a7",
                            "image_name": "ComcastCloud-CentOS-7-20190603",
                            "key_pair": "pcmm-production",
                            "metadata.%": "1",
                            "metadata.this": "that",
                            "name": "pr-ibnctrl-ho-a-001",
                            "network.#": "1",
                            "network.0.access_network": "true",
                            "network.0.fixed_ip_v4": "96.116.226.49",
                            "network.0.fixed_ip_v6": "[2001:558:fc18:0:f816:3eff:fe19:7485]",
                            "network.0.floating_ip": "",
                            "network.0.mac": "fa:16:3e:19:74:85",
                            "network.0.name": "Public_AGILE",
                            "network.0.port": "98e153bc-e133-47b6-b197-cd182693cb4d",
                            "network.0.uuid": "89093c7c-a78d-49b4-8daa-331f4a6f8398",
                            "power_state": "active",
                            "region": "HO-A",
                            "security_groups.#": "5",
                            "security_groups.2407987581": "mw_access",
                            "security_groups.2463477863": "mongo_access",
                            "security_groups.2511514758": "inter_instance_comm",
                            "security_groups.3814588639": "default",
                            "security_groups.3914474095": "dashboard_access",
                            "stop_before_destroy": "false",
                            "user_data": "aa640be88987a536d3be6305632079b67e6a20b0"
                        },
                        "meta": {
                            "e2bfb730-ecaa-11e6-8f88-34363bc7c4c0": {
                                "create": 1800000000000,
                                "delete": 1800000000000,
                                "update": 1800000000000
                            }
                        },
                        "tainted": false
                    },
                    "deposed": [],
                    "provider": "provider.openstack"
                },
                "openstack_compute_instance_v2.pr-ibnctrl-ho-a-002": {
                    "type": "openstack_compute_instance_v2",
                    "depends_on": [
                        "data.template_file.user_add.*",
                        "openstack_networking_port_v2.pr-ibnctrl-ho-a-002_port.*"
                    ],
                    "primary": {
                        "id": "9f60c28b-0a0c-4d2c-b557-6941a475e1ec",
                        "attributes": {
                            "access_ip_v4": "96.116.226.51",
                            "access_ip_v6": "[2001:558:fc18:0:f816:3eff:fea6:b3f8]",
                            "all_metadata.%": "1",
                            "all_metadata.this": "that",
                            "availability_zone": "nova",
                            "flavor_id": "3116",
                            "flavor_name": "ng.c.16u",
                            "force_delete": "false",
                            "id": "9f60c28b-0a0c-4d2c-b557-6941a475e1ec",
                            "image_id": "9da95274-3b23-49b0-a341-fd72b5afd3a7",
                            "image_name": "ComcastCloud-CentOS-7-20190603",
                            "key_pair": "pcmm-production",
                            "metadata.%": "1",
                            "metadata.this": "that",
                            "name": "pr-ibnctrl-ho-a-002",
                            "network.#": "1",
                            "network.0.access_network": "true",
                            "network.0.fixed_ip_v4": "96.116.226.51",
                            "network.0.fixed_ip_v6": "[2001:558:fc18:0:f816:3eff:fea6:b3f8]",
                            "network.0.floating_ip": "",
                            "network.0.mac": "fa:16:3e:a6:b3:f8",
                            "network.0.name": "Public_AGILE",
                            "network.0.port": "a7cd5fcd-167b-4fe2-ab68-b164dea7c1f1",
                            "network.0.uuid": "89093c7c-a78d-49b4-8daa-331f4a6f8398",
                            "power_state": "active",
                            "region": "HO-A",
                            "security_groups.#": "5",
                            "security_groups.2407987581": "mw_access",
                            "security_groups.2463477863": "mongo_access",
                            "security_groups.2511514758": "inter_instance_comm",
                            "security_groups.3814588639": "default",
                            "security_groups.3914474095": "dashboard_access",
                            "stop_before_destroy": "false",
                            "user_data": "aa640be88987a536d3be6305632079b67e6a20b0"
                        },
                        "meta": {
                            "e2bfb730-ecaa-11e6-8f88-34363bc7c4c0": {
                                "create": 1800000000000,
                                "delete": 1800000000000,
                                "update": 1800000000000
                            }
                        },
                        "tainted": false
                    },
                    "deposed": [],
                    "provider": "provider.openstack"
                },
                "openstack_compute_instance_v2.pr-ibnctrl-ho-a-003": {
                    "type": "openstack_compute_instance_v2",
                    "depends_on": [
                        "data.template_file.user_add.*",
                        "openstack_networking_port_v2.pr-ibnctrl-ho-a-003_port.*"
                    ],
                    "primary": {
                        "id": "c8f476f9-82e7-4151-8a8b-980ff09f0aec",
                        "attributes": {
                            "access_ip_v4": "96.116.226.52",
                            "access_ip_v6": "[2001:558:fc18:0:f816:3eff:fedf:bb4]",
                            "all_metadata.%": "1",
                            "all_metadata.this": "that",
                            "availability_zone": "nova",
                            "flavor_id": "3116",
                            "flavor_name": "ng.c.16u",
                            "force_delete": "false",
                            "id": "c8f476f9-82e7-4151-8a8b-980ff09f0aec",
                            "image_id": "9da95274-3b23-49b0-a341-fd72b5afd3a7",
                            "image_name": "ComcastCloud-CentOS-7-20190603",
                            "key_pair": "pcmm-production",
                            "metadata.%": "1",
                            "metadata.this": "that",
                            "name": "pr-ibnctrl-ho-a-003",
                            "network.#": "1",
                            "network.0.access_network": "true",
                            "network.0.fixed_ip_v4": "96.116.226.52",
                            "network.0.fixed_ip_v6": "[2001:558:fc18:0:f816:3eff:fedf:bb4]",
                            "network.0.floating_ip": "",
                            "network.0.mac": "fa:16:3e:df:0b:b4",
                            "network.0.name": "Public_AGILE",
                            "network.0.port": "0b75bb70-c4a1-419b-bbe8-cf60503c71f4",
                            "network.0.uuid": "89093c7c-a78d-49b4-8daa-331f4a6f8398",
                            "power_state": "active",
                            "region": "HO-A",
                            "security_groups.#": "5",
                            "security_groups.2407987581": "mw_access",
                            "security_groups.2463477863": "mongo_access",
                            "security_groups.2511514758": "inter_instance_comm",
                            "security_groups.3814588639": "default",
                            "security_groups.3914474095": "dashboard_access",
                            "stop_before_destroy": "false",
                            "user_data": "aa640be88987a536d3be6305632079b67e6a20b0"
                        },
                        "meta": {
                            "e2bfb730-ecaa-11e6-8f88-34363bc7c4c0": {
                                "create": 1800000000000,
                                "delete": 1800000000000,
                                "update": 1800000000000
                            }
                        },
                        "tainted": false
                    },
                    "deposed": [],
                    "provider": "provider.openstack"
                },
                "openstack_compute_instance_v2.pr-ibnctrl-ho-a-004": {
                    "type": "openstack_compute_instance_v2",
                    "depends_on": [
                        "data.template_file.user_add.*",
                        "openstack_networking_port_v2.pr-ibnctrl-ho-a-004_port.*"
                    ],
                    "primary": {
                        "id": "cec3e0a9-f9f0-41d0-a5f0-2087b7581490",
                        "attributes": {
                            "access_ip_v4": "96.116.226.73",
                            "access_ip_v6": "[2001:558:fc18:0:f816:3eff:fefa:1350]",
                            "all_metadata.%": "1",
                            "all_metadata.this": "that",
                            "availability_zone": "nova",
                            "flavor_id": "3116",
                            "flavor_name": "ng.c.16u",
                            "force_delete": "false",
                            "id": "cec3e0a9-f9f0-41d0-a5f0-2087b7581490",
                            "image_id": "9da95274-3b23-49b0-a341-fd72b5afd3a7",
                            "image_name": "ComcastCloud-CentOS-7-20190603",
                            "key_pair": "pcmm-production",
                            "metadata.%": "1",
                            "metadata.this": "that",
                            "name": "pr-ibnctrl-ho-a-004",
                            "network.#": "1",
                            "network.0.access_network": "true",
                            "network.0.fixed_ip_v4": "96.116.226.73",
                            "network.0.fixed_ip_v6": "[2001:558:fc18:0:f816:3eff:fefa:1350]",
                            "network.0.floating_ip": "",
                            "network.0.mac": "fa:16:3e:fa:13:50",
                            "network.0.name": "Public_AGILE",
                            "network.0.port": "a247a87d-a728-41c9-9bf5-60606d00939d",
                            "network.0.uuid": "89093c7c-a78d-49b4-8daa-331f4a6f8398",
                            "power_state": "active",
                            "region": "HO-A",
                            "security_groups.#": "5",
                            "security_groups.2407987581": "mw_access",
                            "security_groups.2463477863": "mongo_access",
                            "security_groups.2511514758": "inter_instance_comm",
                            "security_groups.3814588639": "default",
                            "security_groups.3914474095": "dashboard_access",
                            "stop_before_destroy": "false",
                            "user_data": "aa640be88987a536d3be6305632079b67e6a20b0"
                        },
                        "meta": {
                            "e2bfb730-ecaa-11e6-8f88-34363bc7c4c0": {
                                "create": 1800000000000,
                                "delete": 1800000000000,
                                "update": 1800000000000
                            }
                        },
                        "tainted": false
                    },
                    "deposed": [],
                    "provider": "provider.openstack"
                },
                "openstack_compute_instance_v2.pr-icfg-ho-a-001": {
                    "type": "openstack_compute_instance_v2",
                    "depends_on": [
                        "data.template_file.user_add.*",
                        "openstack_networking_port_v2.pr-icfg-ho-a-001_port.*"
                    ],
                    "primary": {
                        "id": "e829d63d-c0fa-4f38-8dc1-dadcd6e20189",
                        "attributes": {
                            "access_ip_v4": "96.116.233.64",
                            "access_ip_v6": "[2001:558:fc18:0:f816:3eff:fe43:a8e2]",
                            "all_metadata.%": "1",
                            "all_metadata.this": "that",
                            "availability_zone": "nova",
                            "flavor_id": "3116",
                            "flavor_name": "ng.c.16u",
                            "force_delete": "false",
                            "id": "e829d63d-c0fa-4f38-8dc1-dadcd6e20189",
                            "image_id": "9da95274-3b23-49b0-a341-fd72b5afd3a7",
                            "image_name": "ComcastCloud-CentOS-7-20190603",
                            "key_pair": "pcmm-production",
                            "metadata.%": "1",
                            "metadata.this": "that",
                            "name": "pr-icfg-ho-a-001",
                            "network.#": "1",
                            "network.0.access_network": "true",
                            "network.0.fixed_ip_v4": "96.116.233.64",
                            "network.0.fixed_ip_v6": "[2001:558:fc18:0:f816:3eff:fe43:a8e2]",
                            "network.0.floating_ip": "",
                            "network.0.mac": "fa:16:3e:43:a8:e2",
                            "network.0.name": "Public_AGILE",
                            "network.0.port": "09fdbe43-a0a5-473e-b329-0e7f14dbb07c",
                            "network.0.uuid": "89093c7c-a78d-49b4-8daa-331f4a6f8398",
                            "power_state": "active",
                            "region": "HO-A",
                            "security_groups.#": "5",
                            "security_groups.2407987581": "mw_access",
                            "security_groups.2463477863": "mongo_access",
                            "security_groups.2511514758": "inter_instance_comm",
                            "security_groups.3814588639": "default",
                            "security_groups.3914474095": "dashboard_access",
                            "stop_before_destroy": "false",
                            "user_data": "aa640be88987a536d3be6305632079b67e6a20b0"
                        },
                        "meta": {
                            "e2bfb730-ecaa-11e6-8f88-34363bc7c4c0": {
                                "create": 1800000000000,
                                "delete": 1800000000000,
                                "update": 1800000000000
                            }
                        },
                        "tainted": false
                    },
                    "deposed": [],
                    "provider": "provider.openstack"
                },
                "openstack_compute_instance_v2.pr-rx-ho-a-001": {
                    "type": "openstack_compute_instance_v2",
                    "depends_on": [
                        "data.template_file.user_add.*",
                        "openstack_networking_port_v2.pr-rx-ho-a-001_port.*"
                    ],
                    "primary": {
                        "id": "3a2b1690-322c-44c9-81be-f307c135a32f",
                        "attributes": {
                            "access_ip_v4": "96.116.227.18",
                            "access_ip_v6": "[2001:558:fc18:0:f816:3eff:fecb:214a]",
                            "all_metadata.%": "1",
                            "all_metadata.this": "that",
                            "availability_zone": "nova",
                            "flavor_id": "3116",
                            "flavor_name": "ng.c.16u",
                            "force_delete": "false",
                            "id": "3a2b1690-322c-44c9-81be-f307c135a32f",
                            "image_id": "9da95274-3b23-49b0-a341-fd72b5afd3a7",
                            "image_name": "ComcastCloud-CentOS-7-20190603",
                            "key_pair": "pcmm-production",
                            "metadata.%": "1",
                            "metadata.this": "that",
                            "name": "pr-rx-ho-a-001",
                            "network.#": "1",
                            "network.0.access_network": "true",
                            "network.0.fixed_ip_v4": "96.116.227.18",
                            "network.0.fixed_ip_v6": "[2001:558:fc18:0:f816:3eff:fecb:214a]",
                            "network.0.floating_ip": "",
                            "network.0.mac": "fa:16:3e:cb:21:4a",
                            "network.0.name": "Public_AGILE",
                            "network.0.port": "80cb130f-f107-41ca-8aa0-6711a5ae64fb",
                            "network.0.uuid": "89093c7c-a78d-49b4-8daa-331f4a6f8398",
                            "power_state": "active",
                            "region": "HO-A",
                            "security_groups.#": "5",
                            "security_groups.2407987581": "mw_access",
                            "security_groups.2463477863": "mongo_access",
                            "security_groups.2511514758": "inter_instance_comm",
                            "security_groups.3814588639": "default",
                            "security_groups.3914474095": "dashboard_access",
                            "stop_before_destroy": "false",
                            "user_data": "aa640be88987a536d3be6305632079b67e6a20b0"
                        },
                        "meta": {
                            "e2bfb730-ecaa-11e6-8f88-34363bc7c4c0": {
                                "create": 1800000000000,
                                "delete": 1800000000000,
                                "update": 1800000000000
                            }
                        },
                        "tainted": false
                    },
                    "deposed": [],
                    "provider": "provider.openstack"
                },
                "openstack_compute_instance_v2.pr-rx-ho-a-0010": {
                    "type": "openstack_compute_instance_v2",
                    "depends_on": [
                        "data.template_file.user_add.*",
                        "openstack_networking_port_v2.pr-rx-ho-a-0010_port.*"
                    ],
                    "primary": {
                        "id": "3714fe04-f53d-4798-baf3-4986fc493a17",
                        "attributes": {
                            "access_ip_v4": "96.116.225.203",
                            "access_ip_v6": "[2001:558:fc18:0:f816:3eff:fefa:165d]",
                            "all_metadata.%": "1",
                            "all_metadata.this": "that",
                            "availability_zone": "nova",
                            "flavor_id": "3116",
                            "flavor_name": "ng.c.16u",
                            "force_delete": "false",
                            "id": "3714fe04-f53d-4798-baf3-4986fc493a17",
                            "image_id": "9da95274-3b23-49b0-a341-fd72b5afd3a7",
                            "image_name": "ComcastCloud-CentOS-7-20190603",
                            "key_pair": "pcmm-production",
                            "metadata.%": "1",
                            "metadata.this": "that",
                            "name": "pr-rx-ho-a-0010",
                            "network.#": "1",
                            "network.0.access_network": "true",
                            "network.0.fixed_ip_v4": "96.116.225.203",
                            "network.0.fixed_ip_v6": "[2001:558:fc18:0:f816:3eff:fefa:165d]",
                            "network.0.floating_ip": "",
                            "network.0.mac": "fa:16:3e:fa:16:5d",
                            "network.0.name": "Public_AGILE",
                            "network.0.port": "fdc29646-5b06-48a1-bec9-83782d7bdf02",
                            "network.0.uuid": "89093c7c-a78d-49b4-8daa-331f4a6f8398",
                            "power_state": "active",
                            "region": "HO-A",
                            "security_groups.#": "5",
                            "security_groups.2407987581": "mw_access",
                            "security_groups.2463477863": "mongo_access",
                            "security_groups.2511514758": "inter_instance_comm",
                            "security_groups.3814588639": "default",
                            "security_groups.3914474095": "dashboard_access",
                            "stop_before_destroy": "false",
                            "user_data": "aa640be88987a536d3be6305632079b67e6a20b0"
                        },
                        "meta": {
                            "e2bfb730-ecaa-11e6-8f88-34363bc7c4c0": {
                                "create": 1800000000000,
                                "delete": 1800000000000,
                                "update": 1800000000000
                            }
                        },
                        "tainted": false
                    },
                    "deposed": [],
                    "provider": "provider.openstack"
                },
                "openstack_compute_instance_v2.pr-rx-ho-a-0011": {
                    "type": "openstack_compute_instance_v2",
                    "depends_on": [
                        "data.template_file.user_add.*",
                        "openstack_networking_port_v2.pr-rx-ho-a-0011_port.*"
                    ],
                    "primary": {
                        "id": "a71560a4-8e74-4007-bd08-2579043e6ad8",
                        "attributes": {
                            "access_ip_v4": "96.116.225.41",
                            "access_ip_v6": "[2001:558:fc18:0:f816:3eff:fe1f:7472]",
                            "all_metadata.%": "1",
                            "all_metadata.this": "that",
                            "availability_zone": "nova",
                            "flavor_id": "3116",
                            "flavor_name": "ng.c.16u",
                            "force_delete": "false",
                            "id": "a71560a4-8e74-4007-bd08-2579043e6ad8",
                            "image_id": "9da95274-3b23-49b0-a341-fd72b5afd3a7",
                            "image_name": "ComcastCloud-CentOS-7-20190603",
                            "key_pair": "pcmm-production",
                            "metadata.%": "1",
                            "metadata.this": "that",
                            "name": "pr-rx-ho-a-0011",
                            "network.#": "1",
                            "network.0.access_network": "true",
                            "network.0.fixed_ip_v4": "96.116.225.41",
                            "network.0.fixed_ip_v6": "[2001:558:fc18:0:f816:3eff:fe1f:7472]",
                            "network.0.floating_ip": "",
                            "network.0.mac": "fa:16:3e:1f:74:72",
                            "network.0.name": "Public_AGILE",
                            "network.0.port": "6bce80c4-2bda-4daf-a125-41581856cce0",
                            "network.0.uuid": "89093c7c-a78d-49b4-8daa-331f4a6f8398",
                            "power_state": "active",
                            "region": "HO-A",
                            "security_groups.#": "5",
                            "security_groups.2407987581": "mw_access",
                            "security_groups.2463477863": "mongo_access",
                            "security_groups.2511514758": "inter_instance_comm",
                            "security_groups.3814588639": "default",
                            "security_groups.3914474095": "dashboard_access",
                            "stop_before_destroy": "false",
                            "user_data": "aa640be88987a536d3be6305632079b67e6a20b0"
                        },
                        "meta": {
                            "e2bfb730-ecaa-11e6-8f88-34363bc7c4c0": {
                                "create": 1800000000000,
                                "delete": 1800000000000,
                                "update": 1800000000000
                            }
                        },
                        "tainted": false
                    },
                    "deposed": [],
                    "provider": "provider.openstack"
                },
                "openstack_compute_instance_v2.pr-rx-ho-a-0012": {
                    "type": "openstack_compute_instance_v2",
                    "depends_on": [
                        "data.template_file.user_add.*",
                        "openstack_networking_port_v2.pr-rx-ho-a-0012_port.*"
                    ],
                    "primary": {
                        "id": "856957a9-fdc2-43ae-8e1b-bd4f5f2e9d62",
                        "attributes": {
                            "access_ip_v4": "96.116.225.86",
                            "access_ip_v6": "[2001:558:fc18:0:f816:3eff:feaa:1196]",
                            "all_metadata.%": "1",
                            "all_metadata.this": "that",
                            "availability_zone": "nova",
                            "flavor_id": "3116",
                            "flavor_name": "ng.c.16u",
                            "force_delete": "false",
                            "id": "856957a9-fdc2-43ae-8e1b-bd4f5f2e9d62",
                            "image_id": "9da95274-3b23-49b0-a341-fd72b5afd3a7",
                            "image_name": "ComcastCloud-CentOS-7-20190603",
                            "key_pair": "pcmm-production",
                            "metadata.%": "1",
                            "metadata.this": "that",
                            "name": "pr-rx-ho-a-0012",
                            "network.#": "1",
                            "network.0.access_network": "true",
                            "network.0.fixed_ip_v4": "96.116.225.86",
                            "network.0.fixed_ip_v6": "[2001:558:fc18:0:f816:3eff:feaa:1196]",
                            "network.0.floating_ip": "",
                            "network.0.mac": "fa:16:3e:aa:11:96",
                            "network.0.name": "Public_AGILE",
                            "network.0.port": "72a21be5-9d4d-4593-aab9-6f152181c096",
                            "network.0.uuid": "89093c7c-a78d-49b4-8daa-331f4a6f8398",
                            "power_state": "active",
                            "region": "HO-A",
                            "security_groups.#": "5",
                            "security_groups.2407987581": "mw_access",
                            "security_groups.2463477863": "mongo_access",
                            "security_groups.2511514758": "inter_instance_comm",
                            "security_groups.3814588639": "default",
                            "security_groups.3914474095": "dashboard_access",
                            "stop_before_destroy": "false",
                            "user_data": "aa640be88987a536d3be6305632079b67e6a20b0"
                        },
                        "meta": {
                            "e2bfb730-ecaa-11e6-8f88-34363bc7c4c0": {
                                "create": 1800000000000,
                                "delete": 1800000000000,
                                "update": 1800000000000
                            }
                        },
                        "tainted": false
                    },
                    "deposed": [],
                    "provider": "provider.openstack"
                },
                "openstack_compute_instance_v2.pr-rx-ho-a-0013": {
                    "type": "openstack_compute_instance_v2",
                    "depends_on": [
                        "data.template_file.user_add.*",
                        "openstack_networking_port_v2.pr-rx-ho-a-0013_port.*"
                    ],
                    "primary": {
                        "id": "522706c3-290d-4815-a04a-cbb1a8c1ad51",
                        "attributes": {
                            "access_ip_v4": "96.116.225.92",
                            "access_ip_v6": "[2001:558:fc18:0:f816:3eff:feaa:5741]",
                            "all_metadata.%": "1",
                            "all_metadata.this": "that",
                            "availability_zone": "nova",
                            "flavor_id": "3116",
                            "flavor_name": "ng.c.16u",
                            "force_delete": "false",
                            "id": "522706c3-290d-4815-a04a-cbb1a8c1ad51",
                            "image_id": "9da95274-3b23-49b0-a341-fd72b5afd3a7",
                            "image_name": "ComcastCloud-CentOS-7-20190603",
                            "key_pair": "pcmm-production",
                            "metadata.%": "1",
                            "metadata.this": "that",
                            "name": "pr-rx-ho-a-0013",
                            "network.#": "1",
                            "network.0.access_network": "true",
                            "network.0.fixed_ip_v4": "96.116.225.92",
                            "network.0.fixed_ip_v6": "[2001:558:fc18:0:f816:3eff:feaa:5741]",
                            "network.0.floating_ip": "",
                            "network.0.mac": "fa:16:3e:aa:57:41",
                            "network.0.name": "Public_AGILE",
                            "network.0.port": "55fea5a6-ba48-4560-a87e-84bd1be9022d",
                            "network.0.uuid": "89093c7c-a78d-49b4-8daa-331f4a6f8398",
                            "power_state": "active",
                            "region": "HO-A",
                            "security_groups.#": "5",
                            "security_groups.2407987581": "mw_access",
                            "security_groups.2463477863": "mongo_access",
                            "security_groups.2511514758": "inter_instance_comm",
                            "security_groups.3814588639": "default",
                            "security_groups.3914474095": "dashboard_access",
                            "stop_before_destroy": "false",
                            "user_data": "aa640be88987a536d3be6305632079b67e6a20b0"
                        },
                        "meta": {
                            "e2bfb730-ecaa-11e6-8f88-34363bc7c4c0": {
                                "create": 1800000000000,
                                "delete": 1800000000000,
                                "update": 1800000000000
                            }
                        },
                        "tainted": false
                    },
                    "deposed": [],
                    "provider": "provider.openstack"
                },
                "openstack_compute_instance_v2.pr-rx-ho-a-0014": {
                    "type": "openstack_compute_instance_v2",
                    "depends_on": [
                        "data.template_file.user_add.*",
                        "openstack_networking_port_v2.pr-rx-ho-a-0014_port.*"
                    ],
                    "primary": {
                        "id": "980d5422-0be5-4314-ae84-7de0809394e2",
                        "attributes": {
                            "access_ip_v4": "96.116.225.93",
                            "access_ip_v6": "[2001:558:fc18:0:f816:3eff:fe32:3baa]",
                            "all_metadata.%": "1",
                            "all_metadata.this": "that",
                            "availability_zone": "nova",
                            "flavor_id": "3116",
                            "flavor_name": "ng.c.16u",
                            "force_delete": "false",
                            "id": "980d5422-0be5-4314-ae84-7de0809394e2",
                            "image_id": "9da95274-3b23-49b0-a341-fd72b5afd3a7",
                            "image_name": "ComcastCloud-CentOS-7-20190603",
                            "key_pair": "pcmm-production",
                            "metadata.%": "1",
                            "metadata.this": "that",
                            "name": "pr-rx-ho-a-0014",
                            "network.#": "1",
                            "network.0.access_network": "true",
                            "network.0.fixed_ip_v4": "96.116.225.93",
                            "network.0.fixed_ip_v6": "[2001:558:fc18:0:f816:3eff:fe32:3baa]",
                            "network.0.floating_ip": "",
                            "network.0.mac": "fa:16:3e:32:3b:aa",
                            "network.0.name": "Public_AGILE",
                            "network.0.port": "3715ffe5-b815-4e8f-b762-453ea2f74dbe",
                            "network.0.uuid": "89093c7c-a78d-49b4-8daa-331f4a6f8398",
                            "power_state": "active",
                            "region": "HO-A",
                            "security_groups.#": "5",
                            "security_groups.2407987581": "mw_access",
                            "security_groups.2463477863": "mongo_access",
                            "security_groups.2511514758": "inter_instance_comm",
                            "security_groups.3814588639": "default",
                            "security_groups.3914474095": "dashboard_access",
                            "stop_before_destroy": "false",
                            "user_data": "aa640be88987a536d3be6305632079b67e6a20b0"
                        },
                        "meta": {
                            "e2bfb730-ecaa-11e6-8f88-34363bc7c4c0": {
                                "create": 1800000000000,
                                "delete": 1800000000000,
                                "update": 1800000000000
                            }
                        },
                        "tainted": false
                    },
                    "deposed": [],
                    "provider": "provider.openstack"
                },
                "openstack_compute_instance_v2.pr-rx-ho-a-0015": {
                    "type": "openstack_compute_instance_v2",
                    "depends_on": [
                        "data.template_file.user_add.*",
                        "openstack_networking_port_v2.pr-rx-ho-a-0015_port.*"
                    ],
                    "primary": {
                        "id": "05affde9-0892-4997-bddf-77ebc46f1d40",
                        "attributes": {
                            "access_ip_v4": "96.116.227.16",
                            "access_ip_v6": "[2001:558:fc18:0:f816:3eff:fe95:c4a9]",
                            "all_metadata.%": "1",
                            "all_metadata.this": "that",
                            "availability_zone": "nova",
                            "flavor_id": "3116",
                            "flavor_name": "ng.c.16u",
                            "force_delete": "false",
                            "id": "05affde9-0892-4997-bddf-77ebc46f1d40",
                            "image_id": "9da95274-3b23-49b0-a341-fd72b5afd3a7",
                            "image_name": "ComcastCloud-CentOS-7-20190603",
                            "key_pair": "pcmm-production",
                            "metadata.%": "1",
                            "metadata.this": "that",
                            "name": "pr-rx-ho-a-0015",
                            "network.#": "1",
                            "network.0.access_network": "true",
                            "network.0.fixed_ip_v4": "96.116.227.16",
                            "network.0.fixed_ip_v6": "[2001:558:fc18:0:f816:3eff:fe95:c4a9]",
                            "network.0.floating_ip": "",
                            "network.0.mac": "fa:16:3e:95:c4:a9",
                            "network.0.name": "Public_AGILE",
                            "network.0.port": "a4f58556-d3d1-4c45-9603-ee3ba2a7e42f",
                            "network.0.uuid": "89093c7c-a78d-49b4-8daa-331f4a6f8398",
                            "power_state": "active",
                            "region": "HO-A",
                            "security_groups.#": "5",
                            "security_groups.2407987581": "mw_access",
                            "security_groups.2463477863": "mongo_access",
                            "security_groups.2511514758": "inter_instance_comm",
                            "security_groups.3814588639": "default",
                            "security_groups.3914474095": "dashboard_access",
                            "stop_before_destroy": "false",
                            "user_data": "aa640be88987a536d3be6305632079b67e6a20b0"
                        },
                        "meta": {
                            "e2bfb730-ecaa-11e6-8f88-34363bc7c4c0": {
                                "create": 1800000000000,
                                "delete": 1800000000000,
                                "update": 1800000000000
                            }
                        },
                        "tainted": false
                    },
                    "deposed": [],
                    "provider": "provider.openstack"
                },
                "openstack_compute_instance_v2.pr-rx-ho-a-0016": {
                    "type": "openstack_compute_instance_v2",
                    "depends_on": [
                        "data.template_file.user_add.*",
                        "openstack_networking_port_v2.pr-rx-ho-a-0016_port.*"
                    ],
                    "primary": {
                        "id": "8d2ca54c-3865-406d-8941-b1d87f5f972b",
                        "attributes": {
                            "access_ip_v4": "96.116.227.171",
                            "access_ip_v6": "[2001:558:fc18:0:f816:3eff:fe43:17cb]",
                            "all_metadata.%": "1",
                            "all_metadata.this": "that",
                            "availability_zone": "nova",
                            "flavor_id": "3116",
                            "flavor_name": "ng.c.16u",
                            "force_delete": "false",
                            "id": "8d2ca54c-3865-406d-8941-b1d87f5f972b",
                            "image_id": "9da95274-3b23-49b0-a341-fd72b5afd3a7",
                            "image_name": "ComcastCloud-CentOS-7-20190603",
                            "key_pair": "pcmm-production",
                            "metadata.%": "1",
                            "metadata.this": "that",
                            "name": "pr-rx-ho-a-0016",
                            "network.#": "1",
                            "network.0.access_network": "true",
                            "network.0.fixed_ip_v4": "96.116.227.171",
                            "network.0.fixed_ip_v6": "[2001:558:fc18:0:f816:3eff:fe43:17cb]",
                            "network.0.floating_ip": "",
                            "network.0.mac": "fa:16:3e:43:17:cb",
                            "network.0.name": "Public_AGILE",
                            "network.0.port": "f5457e89-af09-45d3-8724-da1059879e74",
                            "network.0.uuid": "89093c7c-a78d-49b4-8daa-331f4a6f8398",
                            "power_state": "active",
                            "region": "HO-A",
                            "security_groups.#": "5",
                            "security_groups.2407987581": "mw_access",
                            "security_groups.2463477863": "mongo_access",
                            "security_groups.2511514758": "inter_instance_comm",
                            "security_groups.3814588639": "default",
                            "security_groups.3914474095": "dashboard_access",
                            "stop_before_destroy": "false",
                            "user_data": "aa640be88987a536d3be6305632079b67e6a20b0"
                        },
                        "meta": {
                            "e2bfb730-ecaa-11e6-8f88-34363bc7c4c0": {
                                "create": 1800000000000,
                                "delete": 1800000000000,
                                "update": 1800000000000
                            }
                        },
                        "tainted": false
                    },
                    "deposed": [],
                    "provider": "provider.openstack"
                },
                "openstack_compute_instance_v2.pr-rx-ho-a-002": {
                    "type": "openstack_compute_instance_v2",
                    "depends_on": [
                        "data.template_file.user_add.*",
                        "openstack_networking_port_v2.pr-rx-ho-a-002_port.*"
                    ],
                    "primary": {
                        "id": "96697659-4315-4c69-97a9-0fa25ec595d5",
                        "attributes": {
                            "access_ip_v4": "96.116.227.19",
                            "access_ip_v6": "[2001:558:fc18:0:f816:3eff:fee9:efb1]",
                            "all_metadata.%": "1",
                            "all_metadata.this": "that",
                            "availability_zone": "nova",
                            "flavor_id": "3116",
                            "flavor_name": "ng.c.16u",
                            "force_delete": "false",
                            "id": "96697659-4315-4c69-97a9-0fa25ec595d5",
                            "image_id": "9da95274-3b23-49b0-a341-fd72b5afd3a7",
                            "image_name": "ComcastCloud-CentOS-7-20190603",
                            "key_pair": "pcmm-production",
                            "metadata.%": "1",
                            "metadata.this": "that",
                            "name": "pr-rx-ho-a-002",
                            "network.#": "1",
                            "network.0.access_network": "true",
                            "network.0.fixed_ip_v4": "96.116.227.19",
                            "network.0.fixed_ip_v6": "[2001:558:fc18:0:f816:3eff:fee9:efb1]",
                            "network.0.floating_ip": "",
                            "network.0.mac": "fa:16:3e:e9:ef:b1",
                            "network.0.name": "Public_AGILE",
                            "network.0.port": "4aac2c79-45a1-4189-ad0d-2c1ddffe9cc9",
                            "network.0.uuid": "89093c7c-a78d-49b4-8daa-331f4a6f8398",
                            "power_state": "active",
                            "region": "HO-A",
                            "security_groups.#": "5",
                            "security_groups.2407987581": "mw_access",
                            "security_groups.2463477863": "mongo_access",
                            "security_groups.2511514758": "inter_instance_comm",
                            "security_groups.3814588639": "default",
                            "security_groups.3914474095": "dashboard_access",
                            "stop_before_destroy": "false",
                            "user_data": "aa640be88987a536d3be6305632079b67e6a20b0"
                        },
                        "meta": {
                            "e2bfb730-ecaa-11e6-8f88-34363bc7c4c0": {
                                "create": 1800000000000,
                                "delete": 1800000000000,
                                "update": 1800000000000
                            }
                        },
                        "tainted": false
                    },
                    "deposed": [],
                    "provider": "provider.openstack"
                },
                "openstack_compute_instance_v2.pr-rx-ho-a-003": {
                    "type": "openstack_compute_instance_v2",
                    "depends_on": [
                        "data.template_file.user_add.*",
                        "openstack_networking_port_v2.pr-rx-ho-a-003_port.*"
                    ],
                    "primary": {
                        "id": "95ee9970-34cd-4b56-9fbb-d88f1bc6456c",
                        "attributes": {
                            "access_ip_v4": "96.116.227.211",
                            "access_ip_v6": "[2001:558:fc18:0:f816:3eff:fe6d:9615]",
                            "all_metadata.%": "1",
                            "all_metadata.this": "that",
                            "availability_zone": "nova",
                            "flavor_id": "3116",
                            "flavor_name": "ng.c.16u",
                            "force_delete": "false",
                            "id": "95ee9970-34cd-4b56-9fbb-d88f1bc6456c",
                            "image_id": "9da95274-3b23-49b0-a341-fd72b5afd3a7",
                            "image_name": "ComcastCloud-CentOS-7-20190603",
                            "key_pair": "pcmm-production",
                            "metadata.%": "1",
                            "metadata.this": "that",
                            "name": "pr-rx-ho-a-003",
                            "network.#": "1",
                            "network.0.access_network": "true",
                            "network.0.fixed_ip_v4": "96.116.227.211",
                            "network.0.fixed_ip_v6": "[2001:558:fc18:0:f816:3eff:fe6d:9615]",
                            "network.0.floating_ip": "",
                            "network.0.mac": "fa:16:3e:6d:96:15",
                            "network.0.name": "Public_AGILE",
                            "network.0.port": "e7f027b6-dbb4-4056-b4e2-529d98244e8e",
                            "network.0.uuid": "89093c7c-a78d-49b4-8daa-331f4a6f8398",
                            "power_state": "active",
                            "region": "HO-A",
                            "security_groups.#": "5",
                            "security_groups.2407987581": "mw_access",
                            "security_groups.2463477863": "mongo_access",
                            "security_groups.2511514758": "inter_instance_comm",
                            "security_groups.3814588639": "default",
                            "security_groups.3914474095": "dashboard_access",
                            "stop_before_destroy": "false",
                            "user_data": "aa640be88987a536d3be6305632079b67e6a20b0"
                        },
                        "meta": {
                            "e2bfb730-ecaa-11e6-8f88-34363bc7c4c0": {
                                "create": 1800000000000,
                                "delete": 1800000000000,
                                "update": 1800000000000
                            }
                        },
                        "tainted": false
                    },
                    "deposed": [],
                    "provider": "provider.openstack"
                },
                "openstack_compute_instance_v2.pr-rx-ho-a-004": {
                    "type": "openstack_compute_instance_v2",
                    "depends_on": [
                        "data.template_file.user_add.*",
                        "openstack_networking_port_v2.pr-rx-ho-a-004_port.*"
                    ],
                    "primary": {
                        "id": "689ae7bc-9bbf-4e58-927d-7021b1e88e6e",
                        "attributes": {
                            "access_ip_v4": "96.116.227.23",
                            "access_ip_v6": "[2001:558:fc18:0:f816:3eff:fe2c:7283]",
                            "all_metadata.%": "1",
                            "all_metadata.this": "that",
                            "availability_zone": "nova",
                            "flavor_id": "3116",
                            "flavor_name": "ng.c.16u",
                            "force_delete": "false",
                            "id": "689ae7bc-9bbf-4e58-927d-7021b1e88e6e",
                            "image_id": "9da95274-3b23-49b0-a341-fd72b5afd3a7",
                            "image_name": "ComcastCloud-CentOS-7-20190603",
                            "key_pair": "pcmm-production",
                            "metadata.%": "1",
                            "metadata.this": "that",
                            "name": "pr-rx-ho-a-004",
                            "network.#": "1",
                            "network.0.access_network": "true",
                            "network.0.fixed_ip_v4": "96.116.227.23",
                            "network.0.fixed_ip_v6": "[2001:558:fc18:0:f816:3eff:fe2c:7283]",
                            "network.0.floating_ip": "",
                            "network.0.mac": "fa:16:3e:2c:72:83",
                            "network.0.name": "Public_AGILE",
                            "network.0.port": "5b1b0fa1-a26f-4246-a271-742ce32b9fee",
                            "network.0.uuid": "89093c7c-a78d-49b4-8daa-331f4a6f8398",
                            "power_state": "active",
                            "region": "HO-A",
                            "security_groups.#": "5",
                            "security_groups.2407987581": "mw_access",
                            "security_groups.2463477863": "mongo_access",
                            "security_groups.2511514758": "inter_instance_comm",
                            "security_groups.3814588639": "default",
                            "security_groups.3914474095": "dashboard_access",
                            "stop_before_destroy": "false",
                            "user_data": "aa640be88987a536d3be6305632079b67e6a20b0"
                        },
                        "meta": {
                            "e2bfb730-ecaa-11e6-8f88-34363bc7c4c0": {
                                "create": 1800000000000,
                                "delete": 1800000000000,
                                "update": 1800000000000
                            }
                        },
                        "tainted": false
                    },
                    "deposed": [],
                    "provider": "provider.openstack"
                },
                "openstack_compute_instance_v2.pr-rx-ho-a-005": {
                    "type": "openstack_compute_instance_v2",
                    "depends_on": [
                        "data.template_file.user_add.*",
                        "openstack_networking_port_v2.pr-rx-ho-a-005_port.*"
                    ],
                    "primary": {
                        "id": "bd918dcd-94ca-4280-b6b3-8aa2fa0bb4f9",
                        "attributes": {
                            "access_ip_v4": "96.116.227.25",
                            "access_ip_v6": "[2001:558:fc18:0:f816:3eff:fe1c:eb52]",
                            "all_metadata.%": "1",
                            "all_metadata.this": "that",
                            "availability_zone": "nova",
                            "flavor_id": "3116",
                            "flavor_name": "ng.c.16u",
                            "force_delete": "false",
                            "id": "bd918dcd-94ca-4280-b6b3-8aa2fa0bb4f9",
                            "image_id": "9da95274-3b23-49b0-a341-fd72b5afd3a7",
                            "image_name": "ComcastCloud-CentOS-7-20190603",
                            "key_pair": "pcmm-production",
                            "metadata.%": "1",
                            "metadata.this": "that",
                            "name": "pr-rx-ho-a-005",
                            "network.#": "1",
                            "network.0.access_network": "true",
                            "network.0.fixed_ip_v4": "96.116.227.25",
                            "network.0.fixed_ip_v6": "[2001:558:fc18:0:f816:3eff:fe1c:eb52]",
                            "network.0.floating_ip": "",
                            "network.0.mac": "fa:16:3e:1c:eb:52",
                            "network.0.name": "Public_AGILE",
                            "network.0.port": "592510ae-f54a-46e9-a6f6-421be12bfe29",
                            "network.0.uuid": "89093c7c-a78d-49b4-8daa-331f4a6f8398",
                            "power_state": "active",
                            "region": "HO-A",
                            "security_groups.#": "5",
                            "security_groups.2407987581": "mw_access",
                            "security_groups.2463477863": "mongo_access",
                            "security_groups.2511514758": "inter_instance_comm",
                            "security_groups.3814588639": "default",
                            "security_groups.3914474095": "dashboard_access",
                            "stop_before_destroy": "false",
                            "user_data": "aa640be88987a536d3be6305632079b67e6a20b0"
                        },
                        "meta": {
                            "e2bfb730-ecaa-11e6-8f88-34363bc7c4c0": {
                                "create": 1800000000000,
                                "delete": 1800000000000,
                                "update": 1800000000000
                            }
                        },
                        "tainted": false
                    },
                    "deposed": [],
                    "provider": "provider.openstack"
                },
                "openstack_compute_instance_v2.pr-rx-ho-a-006": {
                    "type": "openstack_compute_instance_v2",
                    "depends_on": [
                        "data.template_file.user_add.*",
                        "openstack_networking_port_v2.pr-rx-ho-a-006_port.*"
                    ],
                    "primary": {
                        "id": "c7e3beee-f797-47c6-b3a8-3601d0b2a1b2",
                        "attributes": {
                            "access_ip_v4": "96.116.227.43",
                            "access_ip_v6": "[2001:558:fc18:0:f816:3eff:feca:418c]",
                            "all_metadata.%": "1",
                            "all_metadata.this": "that",
                            "availability_zone": "nova",
                            "flavor_id": "3116",
                            "flavor_name": "ng.c.16u",
                            "force_delete": "false",
                            "id": "c7e3beee-f797-47c6-b3a8-3601d0b2a1b2",
                            "image_id": "9da95274-3b23-49b0-a341-fd72b5afd3a7",
                            "image_name": "ComcastCloud-CentOS-7-20190603",
                            "key_pair": "pcmm-production",
                            "metadata.%": "1",
                            "metadata.this": "that",
                            "name": "pr-rx-ho-a-006",
                            "network.#": "1",
                            "network.0.access_network": "true",
                            "network.0.fixed_ip_v4": "96.116.227.43",
                            "network.0.fixed_ip_v6": "[2001:558:fc18:0:f816:3eff:feca:418c]",
                            "network.0.floating_ip": "",
                            "network.0.mac": "fa:16:3e:ca:41:8c",
                            "network.0.name": "Public_AGILE",
                            "network.0.port": "706530ea-437b-471a-a4f6-7a90fd02b8e8",
                            "network.0.uuid": "89093c7c-a78d-49b4-8daa-331f4a6f8398",
                            "power_state": "active",
                            "region": "HO-A",
                            "security_groups.#": "5",
                            "security_groups.2407987581": "mw_access",
                            "security_groups.2463477863": "mongo_access",
                            "security_groups.2511514758": "inter_instance_comm",
                            "security_groups.3814588639": "default",
                            "security_groups.3914474095": "dashboard_access",
                            "stop_before_destroy": "false",
                            "user_data": "aa640be88987a536d3be6305632079b67e6a20b0"
                        },
                        "meta": {
                            "e2bfb730-ecaa-11e6-8f88-34363bc7c4c0": {
                                "create": 1800000000000,
                                "delete": 1800000000000,
                                "update": 1800000000000
                            }
                        },
                        "tainted": false
                    },
                    "deposed": [],
                    "provider": "provider.openstack"
                },
                "openstack_compute_instance_v2.pr-rx-ho-a-007": {
                    "type": "openstack_compute_instance_v2",
                    "depends_on": [
                        "data.template_file.user_add.*",
                        "openstack_networking_port_v2.pr-rx-ho-a-007_port.*"
                    ],
                    "primary": {
                        "id": "2288fce0-83e6-467d-a681-490b3a62e006",
                        "attributes": {
                            "access_ip_v4": "96.116.227.64",
                            "access_ip_v6": "[2001:558:fc18:0:f816:3eff:fe7c:c143]",
                            "all_metadata.%": "1",
                            "all_metadata.this": "that",
                            "availability_zone": "nova",
                            "flavor_id": "3116",
                            "flavor_name": "ng.c.16u",
                            "force_delete": "false",
                            "id": "2288fce0-83e6-467d-a681-490b3a62e006",
                            "image_id": "9da95274-3b23-49b0-a341-fd72b5afd3a7",
                            "image_name": "ComcastCloud-CentOS-7-20190603",
                            "key_pair": "pcmm-production",
                            "metadata.%": "1",
                            "metadata.this": "that",
                            "name": "pr-rx-ho-a-007",
                            "network.#": "1",
                            "network.0.access_network": "true",
                            "network.0.fixed_ip_v4": "96.116.227.64",
                            "network.0.fixed_ip_v6": "[2001:558:fc18:0:f816:3eff:fe7c:c143]",
                            "network.0.floating_ip": "",
                            "network.0.mac": "fa:16:3e:7c:c1:43",
                            "network.0.name": "Public_AGILE",
                            "network.0.port": "9bc41e5d-1dbd-4cae-940a-40d932f91dfc",
                            "network.0.uuid": "89093c7c-a78d-49b4-8daa-331f4a6f8398",
                            "power_state": "active",
                            "region": "HO-A",
                            "security_groups.#": "5",
                            "security_groups.2407987581": "mw_access",
                            "security_groups.2463477863": "mongo_access",
                            "security_groups.2511514758": "inter_instance_comm",
                            "security_groups.3814588639": "default",
                            "security_groups.3914474095": "dashboard_access",
                            "stop_before_destroy": "false",
                            "user_data": "aa640be88987a536d3be6305632079b67e6a20b0"
                        },
                        "meta": {
                            "e2bfb730-ecaa-11e6-8f88-34363bc7c4c0": {
                                "create": 1800000000000,
                                "delete": 1800000000000,
                                "update": 1800000000000
                            }
                        },
                        "tainted": false
                    },
                    "deposed": [],
                    "provider": "provider.openstack"
                },
                "openstack_compute_instance_v2.pr-rx-ho-a-008": {
                    "type": "openstack_compute_instance_v2",
                    "depends_on": [
                        "data.template_file.user_add.*",
                        "openstack_networking_port_v2.pr-rx-ho-a-008_port.*"
                    ],
                    "primary": {
                        "id": "1156be39-4929-4ae9-8019-8667d2a5af2f",
                        "attributes": {
                            "access_ip_v4": "96.116.227.92",
                            "access_ip_v6": "[2001:558:fc18:0:f816:3eff:fec4:667e]",
                            "all_metadata.%": "1",
                            "all_metadata.this": "that",
                            "availability_zone": "nova",
                            "flavor_id": "3116",
                            "flavor_name": "ng.c.16u",
                            "force_delete": "false",
                            "id": "1156be39-4929-4ae9-8019-8667d2a5af2f",
                            "image_id": "9da95274-3b23-49b0-a341-fd72b5afd3a7",
                            "image_name": "ComcastCloud-CentOS-7-20190603",
                            "key_pair": "pcmm-production",
                            "metadata.%": "1",
                            "metadata.this": "that",
                            "name": "pr-rx-ho-a-008",
                            "network.#": "1",
                            "network.0.access_network": "true",
                            "network.0.fixed_ip_v4": "96.116.227.92",
                            "network.0.fixed_ip_v6": "[2001:558:fc18:0:f816:3eff:fec4:667e]",
                            "network.0.floating_ip": "",
                            "network.0.mac": "fa:16:3e:c4:66:7e",
                            "network.0.name": "Public_AGILE",
                            "network.0.port": "2dc7c10a-8258-48c8-8a95-549fc5502c54",
                            "network.0.uuid": "89093c7c-a78d-49b4-8daa-331f4a6f8398",
                            "power_state": "active",
                            "region": "HO-A",
                            "security_groups.#": "5",
                            "security_groups.2407987581": "mw_access",
                            "security_groups.2463477863": "mongo_access",
                            "security_groups.2511514758": "inter_instance_comm",
                            "security_groups.3814588639": "default",
                            "security_groups.3914474095": "dashboard_access",
                            "stop_before_destroy": "false",
                            "user_data": "aa640be88987a536d3be6305632079b67e6a20b0"
                        },
                        "meta": {
                            "e2bfb730-ecaa-11e6-8f88-34363bc7c4c0": {
                                "create": 1800000000000,
                                "delete": 1800000000000,
                                "update": 1800000000000
                            }
                        },
                        "tainted": false
                    },
                    "deposed": [],
                    "provider": "provider.openstack"
                },
                "openstack_compute_instance_v2.pr-rx-ho-a-009": {
                    "type": "openstack_compute_instance_v2",
                    "depends_on": [
                        "data.template_file.user_add.*",
                        "openstack_networking_port_v2.pr-rx-ho-a-009_port.*"
                    ],
                    "primary": {
                        "id": "6d961a22-2fe7-4b08-9c36-45d71d63f161",
                        "attributes": {
                            "access_ip_v4": "96.116.225.136",
                            "access_ip_v6": "[2001:558:fc18:0:f816:3eff:fed9:3b83]",
                            "all_metadata.%": "1",
                            "all_metadata.this": "that",
                            "availability_zone": "nova",
                            "flavor_id": "3116",
                            "flavor_name": "ng.c.16u",
                            "force_delete": "false",
                            "id": "6d961a22-2fe7-4b08-9c36-45d71d63f161",
                            "image_id": "9da95274-3b23-49b0-a341-fd72b5afd3a7",
                            "image_name": "ComcastCloud-CentOS-7-20190603",
                            "key_pair": "pcmm-production",
                            "metadata.%": "1",
                            "metadata.this": "that",
                            "name": "pr-rx-ho-a-009",
                            "network.#": "1",
                            "network.0.access_network": "true",
                            "network.0.fixed_ip_v4": "96.116.225.136",
                            "network.0.fixed_ip_v6": "[2001:558:fc18:0:f816:3eff:fed9:3b83]",
                            "network.0.floating_ip": "",
                            "network.0.mac": "fa:16:3e:d9:3b:83",
                            "network.0.name": "Public_AGILE",
                            "network.0.port": "57ac1409-3d24-4159-8427-ea78c4dfb5f9",
                            "network.0.uuid": "89093c7c-a78d-49b4-8daa-331f4a6f8398",
                            "power_state": "active",
                            "region": "HO-A",
                            "security_groups.#": "5",
                            "security_groups.2407987581": "mw_access",
                            "security_groups.2463477863": "mongo_access",
                            "security_groups.2511514758": "inter_instance_comm",
                            "security_groups.3814588639": "default",
                            "security_groups.3914474095": "dashboard_access",
                            "stop_before_destroy": "false",
                            "user_data": "aa640be88987a536d3be6305632079b67e6a20b0"
                        },
                        "meta": {
                            "e2bfb730-ecaa-11e6-8f88-34363bc7c4c0": {
                                "create": 1800000000000,
                                "delete": 1800000000000,
                                "update": 1800000000000
                            }
                        },
                        "tainted": false
                    },
                    "deposed": [],
                    "provider": "provider.openstack"
                },
                "openstack_compute_instance_v2.pr-rxctrl-ho-a-001": {
                    "type": "openstack_compute_instance_v2",
                    "depends_on": [
                        "data.template_file.user_add.*",
                        "openstack_networking_port_v2.pr-rxctrl-ho-a-001_port.*"
                    ],
                    "primary": {
                        "id": "1190c9c3-af5d-415a-b302-53b166457255",
                        "attributes": {
                            "access_ip_v4": "96.116.226.142",
                            "access_ip_v6": "[2001:558:fc18:0:f816:3eff:fe02:9c88]",
                            "all_metadata.%": "1",
                            "all_metadata.this": "that",
                            "availability_zone": "nova",
                            "flavor_id": "3116",
                            "flavor_name": "ng.c.16u",
                            "force_delete": "false",
                            "id": "1190c9c3-af5d-415a-b302-53b166457255",
                            "image_id": "9da95274-3b23-49b0-a341-fd72b5afd3a7",
                            "image_name": "ComcastCloud-CentOS-7-20190603",
                            "key_pair": "pcmm-production",
                            "metadata.%": "1",
                            "metadata.this": "that",
                            "name": "pr-rxctrl-ho-a-001",
                            "network.#": "1",
                            "network.0.access_network": "true",
                            "network.0.fixed_ip_v4": "96.116.226.142",
                            "network.0.fixed_ip_v6": "[2001:558:fc18:0:f816:3eff:fe02:9c88]",
                            "network.0.floating_ip": "",
                            "network.0.mac": "fa:16:3e:02:9c:88",
                            "network.0.name": "Public_AGILE",
                            "network.0.port": "afaf89dc-bad0-4c2f-a5b3-1007616759a1",
                            "network.0.uuid": "89093c7c-a78d-49b4-8daa-331f4a6f8398",
                            "power_state": "active",
                            "region": "HO-A",
                            "security_groups.#": "5",
                            "security_groups.2407987581": "mw_access",
                            "security_groups.2463477863": "mongo_access",
                            "security_groups.2511514758": "inter_instance_comm",
                            "security_groups.3814588639": "default",
                            "security_groups.3914474095": "dashboard_access",
                            "stop_before_destroy": "false",
                            "user_data": "aa640be88987a536d3be6305632079b67e6a20b0"
                        },
                        "meta": {
                            "e2bfb730-ecaa-11e6-8f88-34363bc7c4c0": {
                                "create": 1800000000000,
                                "delete": 1800000000000,
                                "update": 1800000000000
                            }
                        },
                        "tainted": false
                    },
                    "deposed": [],
                    "provider": "provider.openstack"
                },
                "openstack_compute_instance_v2.pr-rxctrl-ho-a-0010": {
                    "type": "openstack_compute_instance_v2",
                    "depends_on": [
                        "data.template_file.user_add.*",
                        "openstack_networking_port_v2.pr-rxctrl-ho-a-0010_port.*"
                    ],
                    "primary": {
                        "id": "e399d438-5a67-48d6-b8d7-a9397f5b13ff",
                        "attributes": {
                            "access_ip_v4": "96.116.226.176",
                            "access_ip_v6": "[2001:558:fc18:0:f816:3eff:fe6e:8410]",
                            "all_metadata.%": "1",
                            "all_metadata.this": "that",
                            "availability_zone": "nova",
                            "flavor_id": "3116",
                            "flavor_name": "ng.c.16u",
                            "force_delete": "false",
                            "id": "e399d438-5a67-48d6-b8d7-a9397f5b13ff",
                            "image_id": "9da95274-3b23-49b0-a341-fd72b5afd3a7",
                            "image_name": "ComcastCloud-CentOS-7-20190603",
                            "key_pair": "pcmm-production",
                            "metadata.%": "1",
                            "metadata.this": "that",
                            "name": "pr-rxctrl-ho-a-0010",
                            "network.#": "1",
                            "network.0.access_network": "true",
                            "network.0.fixed_ip_v4": "96.116.226.176",
                            "network.0.fixed_ip_v6": "[2001:558:fc18:0:f816:3eff:fe6e:8410]",
                            "network.0.floating_ip": "",
                            "network.0.mac": "fa:16:3e:6e:84:10",
                            "network.0.name": "Public_AGILE",
                            "network.0.port": "4eeadc62-9784-481b-a7c0-fdbc49e36ac3",
                            "network.0.uuid": "89093c7c-a78d-49b4-8daa-331f4a6f8398",
                            "power_state": "active",
                            "region": "HO-A",
                            "security_groups.#": "5",
                            "security_groups.2407987581": "mw_access",
                            "security_groups.2463477863": "mongo_access",
                            "security_groups.2511514758": "inter_instance_comm",
                            "security_groups.3814588639": "default",
                            "security_groups.3914474095": "dashboard_access",
                            "stop_before_destroy": "false",
                            "user_data": "aa640be88987a536d3be6305632079b67e6a20b0"
                        },
                        "meta": {
                            "e2bfb730-ecaa-11e6-8f88-34363bc7c4c0": {
                                "create": 1800000000000,
                                "delete": 1800000000000,
                                "update": 1800000000000
                            }
                        },
                        "tainted": false
                    },
                    "deposed": [],
                    "provider": "provider.openstack"
                },
                "openstack_compute_instance_v2.pr-rxctrl-ho-a-0011": {
                    "type": "openstack_compute_instance_v2",
                    "depends_on": [
                        "data.template_file.user_add.*",
                        "openstack_networking_port_v2.pr-rxctrl-ho-a-0011_port.*"
                    ],
                    "primary": {
                        "id": "e1d7d978-3805-47bf-a7d4-377e844044aa",
                        "attributes": {
                            "access_ip_v4": "96.116.226.177",
                            "access_ip_v6": "[2001:558:fc18:0:f816:3eff:fe8e:5a4f]",
                            "all_metadata.%": "1",
                            "all_metadata.this": "that",
                            "availability_zone": "nova",
                            "flavor_id": "3116",
                            "flavor_name": "ng.c.16u",
                            "force_delete": "false",
                            "id": "e1d7d978-3805-47bf-a7d4-377e844044aa",
                            "image_id": "9da95274-3b23-49b0-a341-fd72b5afd3a7",
                            "image_name": "ComcastCloud-CentOS-7-20190603",
                            "key_pair": "pcmm-production",
                            "metadata.%": "1",
                            "metadata.this": "that",
                            "name": "pr-rxctrl-ho-a-0011",
                            "network.#": "1",
                            "network.0.access_network": "true",
                            "network.0.fixed_ip_v4": "96.116.226.177",
                            "network.0.fixed_ip_v6": "[2001:558:fc18:0:f816:3eff:fe8e:5a4f]",
                            "network.0.floating_ip": "",
                            "network.0.mac": "fa:16:3e:8e:5a:4f",
                            "network.0.name": "Public_AGILE",
                            "network.0.port": "3a23eb68-4548-4cdb-829d-612213cad1df",
                            "network.0.uuid": "89093c7c-a78d-49b4-8daa-331f4a6f8398",
                            "power_state": "active",
                            "region": "HO-A",
                            "security_groups.#": "5",
                            "security_groups.2407987581": "mw_access",
                            "security_groups.2463477863": "mongo_access",
                            "security_groups.2511514758": "inter_instance_comm",
                            "security_groups.3814588639": "default",
                            "security_groups.3914474095": "dashboard_access",
                            "stop_before_destroy": "false",
                            "user_data": "aa640be88987a536d3be6305632079b67e6a20b0"
                        },
                        "meta": {
                            "e2bfb730-ecaa-11e6-8f88-34363bc7c4c0": {
                                "create": 1800000000000,
                                "delete": 1800000000000,
                                "update": 1800000000000
                            }
                        },
                        "tainted": false
                    },
                    "deposed": [],
                    "provider": "provider.openstack"
                },
                "openstack_compute_instance_v2.pr-rxctrl-ho-a-0012": {
                    "type": "openstack_compute_instance_v2",
                    "depends_on": [
                        "data.template_file.user_add.*",
                        "openstack_networking_port_v2.pr-rxctrl-ho-a-0012_port.*"
                    ],
                    "primary": {
                        "id": "3531d059-8f6e-43ca-9e6b-fa5182c0f750",
                        "attributes": {
                            "access_ip_v4": "96.116.226.181",
                            "access_ip_v6": "[2001:558:fc18:0:f816:3eff:fef2:d5bc]",
                            "all_metadata.%": "1",
                            "all_metadata.this": "that",
                            "availability_zone": "nova",
                            "flavor_id": "3116",
                            "flavor_name": "ng.c.16u",
                            "force_delete": "false",
                            "id": "3531d059-8f6e-43ca-9e6b-fa5182c0f750",
                            "image_id": "9da95274-3b23-49b0-a341-fd72b5afd3a7",
                            "image_name": "ComcastCloud-CentOS-7-20190603",
                            "key_pair": "pcmm-production",
                            "metadata.%": "1",
                            "metadata.this": "that",
                            "name": "pr-rxctrl-ho-a-0012",
                            "network.#": "1",
                            "network.0.access_network": "true",
                            "network.0.fixed_ip_v4": "96.116.226.181",
                            "network.0.fixed_ip_v6": "[2001:558:fc18:0:f816:3eff:fef2:d5bc]",
                            "network.0.floating_ip": "",
                            "network.0.mac": "fa:16:3e:f2:d5:bc",
                            "network.0.name": "Public_AGILE",
                            "network.0.port": "f7718a8f-a360-478b-9dc8-e5a6cc0b0caf",
                            "network.0.uuid": "89093c7c-a78d-49b4-8daa-331f4a6f8398",
                            "power_state": "active",
                            "region": "HO-A",
                            "security_groups.#": "5",
                            "security_groups.2407987581": "mw_access",
                            "security_groups.2463477863": "mongo_access",
                            "security_groups.2511514758": "inter_instance_comm",
                            "security_groups.3814588639": "default",
                            "security_groups.3914474095": "dashboard_access",
                            "stop_before_destroy": "false",
                            "user_data": "aa640be88987a536d3be6305632079b67e6a20b0"
                        },
                        "meta": {
                            "e2bfb730-ecaa-11e6-8f88-34363bc7c4c0": {
                                "create": 1800000000000,
                                "delete": 1800000000000,
                                "update": 1800000000000
                            }
                        },
                        "tainted": false
                    },
                    "deposed": [],
                    "provider": "provider.openstack"
                },
                "openstack_compute_instance_v2.pr-rxctrl-ho-a-0013": {
                    "type": "openstack_compute_instance_v2",
                    "depends_on": [
                        "data.template_file.user_add.*",
                        "openstack_networking_port_v2.pr-rxctrl-ho-a-0013_port.*"
                    ],
                    "primary": {
                        "id": "c37d958e-eb09-475e-8333-7654e89e9cda",
                        "attributes": {
                            "access_ip_v4": "96.116.226.241",
                            "access_ip_v6": "[2001:558:fc18:0:f816:3eff:fef6:90cc]",
                            "all_metadata.%": "1",
                            "all_metadata.this": "that",
                            "availability_zone": "nova",
                            "flavor_id": "3116",
                            "flavor_name": "ng.c.16u",
                            "force_delete": "false",
                            "id": "c37d958e-eb09-475e-8333-7654e89e9cda",
                            "image_id": "9da95274-3b23-49b0-a341-fd72b5afd3a7",
                            "image_name": "ComcastCloud-CentOS-7-20190603",
                            "key_pair": "pcmm-production",
                            "metadata.%": "1",
                            "metadata.this": "that",
                            "name": "pr-rxctrl-ho-a-0013",
                            "network.#": "1",
                            "network.0.access_network": "true",
                            "network.0.fixed_ip_v4": "96.116.226.241",
                            "network.0.fixed_ip_v6": "[2001:558:fc18:0:f816:3eff:fef6:90cc]",
                            "network.0.floating_ip": "",
                            "network.0.mac": "fa:16:3e:f6:90:cc",
                            "network.0.name": "Public_AGILE",
                            "network.0.port": "df25088b-9104-458f-9e87-4a54c48f0a1d",
                            "network.0.uuid": "89093c7c-a78d-49b4-8daa-331f4a6f8398",
                            "power_state": "active",
                            "region": "HO-A",
                            "security_groups.#": "5",
                            "security_groups.2407987581": "mw_access",
                            "security_groups.2463477863": "mongo_access",
                            "security_groups.2511514758": "inter_instance_comm",
                            "security_groups.3814588639": "default",
                            "security_groups.3914474095": "dashboard_access",
                            "stop_before_destroy": "false",
                            "user_data": "aa640be88987a536d3be6305632079b67e6a20b0"
                        },
                        "meta": {
                            "e2bfb730-ecaa-11e6-8f88-34363bc7c4c0": {
                                "create": 1800000000000,
                                "delete": 1800000000000,
                                "update": 1800000000000
                            }
                        },
                        "tainted": false
                    },
                    "deposed": [],
                    "provider": "provider.openstack"
                },
                "openstack_compute_instance_v2.pr-rxctrl-ho-a-0014": {
                    "type": "openstack_compute_instance_v2",
                    "depends_on": [
                        "data.template_file.user_add.*",
                        "openstack_networking_port_v2.pr-rxctrl-ho-a-0014_port.*"
                    ],
                    "primary": {
                        "id": "6dda3e16-0e8f-4939-b975-91a13e6817a5",
                        "attributes": {
                            "access_ip_v4": "96.116.226.253",
                            "access_ip_v6": "[2001:558:fc18:0:f816:3eff:fe8d:5a41]",
                            "all_metadata.%": "1",
                            "all_metadata.this": "that",
                            "availability_zone": "nova",
                            "flavor_id": "3116",
                            "flavor_name": "ng.c.16u",
                            "force_delete": "false",
                            "id": "6dda3e16-0e8f-4939-b975-91a13e6817a5",
                            "image_id": "9da95274-3b23-49b0-a341-fd72b5afd3a7",
                            "image_name": "ComcastCloud-CentOS-7-20190603",
                            "key_pair": "pcmm-production",
                            "metadata.%": "1",
                            "metadata.this": "that",
                            "name": "pr-rxctrl-ho-a-0014",
                            "network.#": "1",
                            "network.0.access_network": "true",
                            "network.0.fixed_ip_v4": "96.116.226.253",
                            "network.0.fixed_ip_v6": "[2001:558:fc18:0:f816:3eff:fe8d:5a41]",
                            "network.0.floating_ip": "",
                            "network.0.mac": "fa:16:3e:8d:5a:41",
                            "network.0.name": "Public_AGILE",
                            "network.0.port": "0d4ee245-414d-4ff8-8f1f-2d2aa381b785",
                            "network.0.uuid": "89093c7c-a78d-49b4-8daa-331f4a6f8398",
                            "power_state": "active",
                            "region": "HO-A",
                            "security_groups.#": "5",
                            "security_groups.2407987581": "mw_access",
                            "security_groups.2463477863": "mongo_access",
                            "security_groups.2511514758": "inter_instance_comm",
                            "security_groups.3814588639": "default",
                            "security_groups.3914474095": "dashboard_access",
                            "stop_before_destroy": "false",
                            "user_data": "aa640be88987a536d3be6305632079b67e6a20b0"
                        },
                        "meta": {
                            "e2bfb730-ecaa-11e6-8f88-34363bc7c4c0": {
                                "create": 1800000000000,
                                "delete": 1800000000000,
                                "update": 1800000000000
                            }
                        },
                        "tainted": false
                    },
                    "deposed": [],
                    "provider": "provider.openstack"
                },
                "openstack_compute_instance_v2.pr-rxctrl-ho-a-0015": {
                    "type": "openstack_compute_instance_v2",
                    "depends_on": [
                        "data.template_file.user_add.*",
                        "openstack_networking_port_v2.pr-rxctrl-ho-a-0015_port.*"
                    ],
                    "primary": {
                        "id": "52134d7f-bbc0-4dba-a0d8-1003a4210bbf",
                        "attributes": {
                            "access_ip_v4": "96.116.226.254",
                            "access_ip_v6": "[2001:558:fc18:0:f816:3eff:fe3a:467e]",
                            "all_metadata.%": "1",
                            "all_metadata.this": "that",
                            "availability_zone": "nova",
                            "flavor_id": "3116",
                            "flavor_name": "ng.c.16u",
                            "force_delete": "false",
                            "id": "52134d7f-bbc0-4dba-a0d8-1003a4210bbf",
                            "image_id": "9da95274-3b23-49b0-a341-fd72b5afd3a7",
                            "image_name": "ComcastCloud-CentOS-7-20190603",
                            "key_pair": "pcmm-production",
                            "metadata.%": "1",
                            "metadata.this": "that",
                            "name": "pr-rxctrl-ho-a-0015",
                            "network.#": "1",
                            "network.0.access_network": "true",
                            "network.0.fixed_ip_v4": "96.116.226.254",
                            "network.0.fixed_ip_v6": "[2001:558:fc18:0:f816:3eff:fe3a:467e]",
                            "network.0.floating_ip": "",
                            "network.0.mac": "fa:16:3e:3a:46:7e",
                            "network.0.name": "Public_AGILE",
                            "network.0.port": "a8e52aed-c84d-406e-99b2-5f83ac8ae6fe",
                            "network.0.uuid": "89093c7c-a78d-49b4-8daa-331f4a6f8398",
                            "power_state": "active",
                            "region": "HO-A",
                            "security_groups.#": "5",
                            "security_groups.2407987581": "mw_access",
                            "security_groups.2463477863": "mongo_access",
                            "security_groups.2511514758": "inter_instance_comm",
                            "security_groups.3814588639": "default",
                            "security_groups.3914474095": "dashboard_access",
                            "stop_before_destroy": "false",
                            "user_data": "aa640be88987a536d3be6305632079b67e6a20b0"
                        },
                        "meta": {
                            "e2bfb730-ecaa-11e6-8f88-34363bc7c4c0": {
                                "create": 1800000000000,
                                "delete": 1800000000000,
                                "update": 1800000000000
                            }
                        },
                        "tainted": false
                    },
                    "deposed": [],
                    "provider": "provider.openstack"
                },
                "openstack_compute_instance_v2.pr-rxctrl-ho-a-0016": {
                    "type": "openstack_compute_instance_v2",
                    "depends_on": [
                        "data.template_file.user_add.*",
                        "openstack_networking_port_v2.pr-rxctrl-ho-a-0016_port.*"
                    ],
                    "primary": {
                        "id": "6f108136-90e9-43df-ad37-85f11273a6e5",
                        "attributes": {
                            "access_ip_v4": "96.116.226.39",
                            "access_ip_v6": "[2001:558:fc18:0:f816:3eff:fe26:ed65]",
                            "all_metadata.%": "1",
                            "all_metadata.this": "that",
                            "availability_zone": "nova",
                            "flavor_id": "3116",
                            "flavor_name": "ng.c.16u",
                            "force_delete": "false",
                            "id": "6f108136-90e9-43df-ad37-85f11273a6e5",
                            "image_id": "9da95274-3b23-49b0-a341-fd72b5afd3a7",
                            "image_name": "ComcastCloud-CentOS-7-20190603",
                            "key_pair": "pcmm-production",
                            "metadata.%": "1",
                            "metadata.this": "that",
                            "name": "pr-rxctrl-ho-a-0016",
                            "network.#": "1",
                            "network.0.access_network": "true",
                            "network.0.fixed_ip_v4": "96.116.226.39",
                            "network.0.fixed_ip_v6": "[2001:558:fc18:0:f816:3eff:fe26:ed65]",
                            "network.0.floating_ip": "",
                            "network.0.mac": "fa:16:3e:26:ed:65",
                            "network.0.name": "Public_AGILE",
                            "network.0.port": "a0c00563-87a3-4f4b-88f6-2e57df50ee7b",
                            "network.0.uuid": "89093c7c-a78d-49b4-8daa-331f4a6f8398",
                            "power_state": "active",
                            "region": "HO-A",
                            "security_groups.#": "5",
                            "security_groups.2407987581": "mw_access",
                            "security_groups.2463477863": "mongo_access",
                            "security_groups.2511514758": "inter_instance_comm",
                            "security_groups.3814588639": "default",
                            "security_groups.3914474095": "dashboard_access",
                            "stop_before_destroy": "false",
                            "user_data": "aa640be88987a536d3be6305632079b67e6a20b0"
                        },
                        "meta": {
                            "e2bfb730-ecaa-11e6-8f88-34363bc7c4c0": {
                                "create": 1800000000000,
                                "delete": 1800000000000,
                                "update": 1800000000000
                            }
                        },
                        "tainted": false
                    },
                    "deposed": [],
                    "provider": "provider.openstack"
                },
                "openstack_compute_instance_v2.pr-rxctrl-ho-a-0017": {
                    "type": "openstack_compute_instance_v2",
                    "depends_on": [
                        "data.template_file.user_add.*",
                        "openstack_networking_port_v2.pr-rxctrl-ho-a-0017_port.*"
                    ],
                    "primary": {
                        "id": "6a8035aa-14a8-495c-8248-ef1e66d58261",
                        "attributes": {
                            "access_ip_v4": "96.116.226.46",
                            "access_ip_v6": "[2001:558:fc18:0:f816:3eff:fe29:d4f3]",
                            "all_metadata.%": "1",
                            "all_metadata.this": "that",
                            "availability_zone": "nova",
                            "flavor_id": "3116",
                            "flavor_name": "ng.c.16u",
                            "force_delete": "false",
                            "id": "6a8035aa-14a8-495c-8248-ef1e66d58261",
                            "image_id": "9da95274-3b23-49b0-a341-fd72b5afd3a7",
                            "image_name": "ComcastCloud-CentOS-7-20190603",
                            "key_pair": "pcmm-production",
                            "metadata.%": "1",
                            "metadata.this": "that",
                            "name": "pr-rxctrl-ho-a-0017",
                            "network.#": "1",
                            "network.0.access_network": "true",
                            "network.0.fixed_ip_v4": "96.116.226.46",
                            "network.0.fixed_ip_v6": "[2001:558:fc18:0:f816:3eff:fe29:d4f3]",
                            "network.0.floating_ip": "",
                            "network.0.mac": "fa:16:3e:29:d4:f3",
                            "network.0.name": "Public_AGILE",
                            "network.0.port": "2aa93d7d-2b91-4af6-8ee9-4d484bea8484",
                            "network.0.uuid": "89093c7c-a78d-49b4-8daa-331f4a6f8398",
                            "power_state": "active",
                            "region": "HO-A",
                            "security_groups.#": "5",
                            "security_groups.2407987581": "mw_access",
                            "security_groups.2463477863": "mongo_access",
                            "security_groups.2511514758": "inter_instance_comm",
                            "security_groups.3814588639": "default",
                            "security_groups.3914474095": "dashboard_access",
                            "stop_before_destroy": "false",
                            "user_data": "aa640be88987a536d3be6305632079b67e6a20b0"
                        },
                        "meta": {
                            "e2bfb730-ecaa-11e6-8f88-34363bc7c4c0": {
                                "create": 1800000000000,
                                "delete": 1800000000000,
                                "update": 1800000000000
                            }
                        },
                        "tainted": false
                    },
                    "deposed": [],
                    "provider": "provider.openstack"
                },
                "openstack_compute_instance_v2.pr-rxctrl-ho-a-002": {
                    "type": "openstack_compute_instance_v2",
                    "depends_on": [
                        "data.template_file.user_add.*",
                        "openstack_networking_port_v2.pr-rxctrl-ho-a-002_port.*"
                    ],
                    "primary": {
                        "id": "f659ff86-6676-4fc6-8018-6202bb8e95ed",
                        "attributes": {
                            "access_ip_v4": "96.116.226.157",
                            "access_ip_v6": "[2001:558:fc18:0:f816:3eff:fe06:fe17]",
                            "all_metadata.%": "1",
                            "all_metadata.this": "that",
                            "availability_zone": "nova",
                            "flavor_id": "3116",
                            "flavor_name": "ng.c.16u",
                            "force_delete": "false",
                            "id": "f659ff86-6676-4fc6-8018-6202bb8e95ed",
                            "image_id": "9da95274-3b23-49b0-a341-fd72b5afd3a7",
                            "image_name": "ComcastCloud-CentOS-7-20190603",
                            "key_pair": "pcmm-production",
                            "metadata.%": "1",
                            "metadata.this": "that",
                            "name": "pr-rxctrl-ho-a-002",
                            "network.#": "1",
                            "network.0.access_network": "true",
                            "network.0.fixed_ip_v4": "96.116.226.157",
                            "network.0.fixed_ip_v6": "[2001:558:fc18:0:f816:3eff:fe06:fe17]",
                            "network.0.floating_ip": "",
                            "network.0.mac": "fa:16:3e:06:fe:17",
                            "network.0.name": "Public_AGILE",
                            "network.0.port": "100dfefa-d0db-4a08-a296-e9534e0d6c18",
                            "network.0.uuid": "89093c7c-a78d-49b4-8daa-331f4a6f8398",
                            "power_state": "active",
                            "region": "HO-A",
                            "security_groups.#": "5",
                            "security_groups.2407987581": "mw_access",
                            "security_groups.2463477863": "mongo_access",
                            "security_groups.2511514758": "inter_instance_comm",
                            "security_groups.3814588639": "default",
                            "security_groups.3914474095": "dashboard_access",
                            "stop_before_destroy": "false",
                            "user_data": "aa640be88987a536d3be6305632079b67e6a20b0"
                        },
                        "meta": {
                            "e2bfb730-ecaa-11e6-8f88-34363bc7c4c0": {
                                "create": 1800000000000,
                                "delete": 1800000000000,
                                "update": 1800000000000
                            }
                        },
                        "tainted": false
                    },
                    "deposed": [],
                    "provider": "provider.openstack"
                },
                "openstack_compute_instance_v2.pr-rxctrl-ho-a-003": {
                    "type": "openstack_compute_instance_v2",
                    "depends_on": [
                        "data.template_file.user_add.*",
                        "openstack_networking_port_v2.pr-rxctrl-ho-a-003_port.*"
                    ],
                    "primary": {
                        "id": "958d1e38-428c-4fc5-b042-483b8d6e09e2",
                        "attributes": {
                            "access_ip_v4": "96.116.226.160",
                            "access_ip_v6": "[2001:558:fc18:0:f816:3eff:fe8b:a2e0]",
                            "all_metadata.%": "1",
                            "all_metadata.this": "that",
                            "availability_zone": "nova",
                            "flavor_id": "3116",
                            "flavor_name": "ng.c.16u",
                            "force_delete": "false",
                            "id": "958d1e38-428c-4fc5-b042-483b8d6e09e2",
                            "image_id": "9da95274-3b23-49b0-a341-fd72b5afd3a7",
                            "image_name": "ComcastCloud-CentOS-7-20190603",
                            "key_pair": "pcmm-production",
                            "metadata.%": "1",
                            "metadata.this": "that",
                            "name": "pr-rxctrl-ho-a-003",
                            "network.#": "1",
                            "network.0.access_network": "true",
                            "network.0.fixed_ip_v4": "96.116.226.160",
                            "network.0.fixed_ip_v6": "[2001:558:fc18:0:f816:3eff:fe8b:a2e0]",
                            "network.0.floating_ip": "",
                            "network.0.mac": "fa:16:3e:8b:a2:e0",
                            "network.0.name": "Public_AGILE",
                            "network.0.port": "cb905106-b84c-4ddb-8155-c35147127fbe",
                            "network.0.uuid": "89093c7c-a78d-49b4-8daa-331f4a6f8398",
                            "power_state": "active",
                            "region": "HO-A",
                            "security_groups.#": "5",
                            "security_groups.2407987581": "mw_access",
                            "security_groups.2463477863": "mongo_access",
                            "security_groups.2511514758": "inter_instance_comm",
                            "security_groups.3814588639": "default",
                            "security_groups.3914474095": "dashboard_access",
                            "stop_before_destroy": "false",
                            "user_data": "aa640be88987a536d3be6305632079b67e6a20b0"
                        },
                        "meta": {
                            "e2bfb730-ecaa-11e6-8f88-34363bc7c4c0": {
                                "create": 1800000000000,
                                "delete": 1800000000000,
                                "update": 1800000000000
                            }
                        },
                        "tainted": false
                    },
                    "deposed": [],
                    "provider": "provider.openstack"
                },
                "openstack_compute_instance_v2.pr-rxctrl-ho-a-004": {
                    "type": "openstack_compute_instance_v2",
                    "depends_on": [
                        "data.template_file.user_add.*",
                        "openstack_networking_port_v2.pr-rxctrl-ho-a-004_port.*"
                    ],
                    "primary": {
                        "id": "b8661767-49cd-417d-bc46-3b5437241c79",
                        "attributes": {
                            "access_ip_v4": "96.116.226.164",
                            "access_ip_v6": "[2001:558:fc18:0:f816:3eff:feaf:47fe]",
                            "all_metadata.%": "1",
                            "all_metadata.this": "that",
                            "availability_zone": "nova",
                            "flavor_id": "3116",
                            "flavor_name": "ng.c.16u",
                            "force_delete": "false",
                            "id": "b8661767-49cd-417d-bc46-3b5437241c79",
                            "image_id": "9da95274-3b23-49b0-a341-fd72b5afd3a7",
                            "image_name": "ComcastCloud-CentOS-7-20190603",
                            "key_pair": "pcmm-production",
                            "metadata.%": "1",
                            "metadata.this": "that",
                            "name": "pr-rxctrl-ho-a-004",
                            "network.#": "1",
                            "network.0.access_network": "true",
                            "network.0.fixed_ip_v4": "96.116.226.164",
                            "network.0.fixed_ip_v6": "[2001:558:fc18:0:f816:3eff:feaf:47fe]",
                            "network.0.floating_ip": "",
                            "network.0.mac": "fa:16:3e:af:47:fe",
                            "network.0.name": "Public_AGILE",
                            "network.0.port": "5191ea60-a99a-48a8-ae22-a246dcd7f978",
                            "network.0.uuid": "89093c7c-a78d-49b4-8daa-331f4a6f8398",
                            "power_state": "active",
                            "region": "HO-A",
                            "security_groups.#": "5",
                            "security_groups.2407987581": "mw_access",
                            "security_groups.2463477863": "mongo_access",
                            "security_groups.2511514758": "inter_instance_comm",
                            "security_groups.3814588639": "default",
                            "security_groups.3914474095": "dashboard_access",
                            "stop_before_destroy": "false",
                            "user_data": "aa640be88987a536d3be6305632079b67e6a20b0"
                        },
                        "meta": {
                            "e2bfb730-ecaa-11e6-8f88-34363bc7c4c0": {
                                "create": 1800000000000,
                                "delete": 1800000000000,
                                "update": 1800000000000
                            }
                        },
                        "tainted": false
                    },
                    "deposed": [],
                    "provider": "provider.openstack"
                },
                "openstack_compute_instance_v2.pr-rxctrl-ho-a-005": {
                    "type": "openstack_compute_instance_v2",
                    "depends_on": [
                        "data.template_file.user_add.*",
                        "openstack_networking_port_v2.pr-rxctrl-ho-a-005_port.*"
                    ],
                    "primary": {
                        "id": "7dc3ebb2-c53e-4a9b-8a18-45add54f4cb0",
                        "attributes": {
                            "access_ip_v4": "96.116.226.165",
                            "access_ip_v6": "[2001:558:fc18:0:f816:3eff:fea4:6e32]",
                            "all_metadata.%": "1",
                            "all_metadata.this": "that",
                            "availability_zone": "nova",
                            "flavor_id": "3116",
                            "flavor_name": "ng.c.16u",
                            "force_delete": "false",
                            "id": "7dc3ebb2-c53e-4a9b-8a18-45add54f4cb0",
                            "image_id": "9da95274-3b23-49b0-a341-fd72b5afd3a7",
                            "image_name": "ComcastCloud-CentOS-7-20190603",
                            "key_pair": "pcmm-production",
                            "metadata.%": "1",
                            "metadata.this": "that",
                            "name": "pr-rxctrl-ho-a-005",
                            "network.#": "1",
                            "network.0.access_network": "true",
                            "network.0.fixed_ip_v4": "96.116.226.165",
                            "network.0.fixed_ip_v6": "[2001:558:fc18:0:f816:3eff:fea4:6e32]",
                            "network.0.floating_ip": "",
                            "network.0.mac": "fa:16:3e:a4:6e:32",
                            "network.0.name": "Public_AGILE",
                            "network.0.port": "45e012ea-3c59-4723-8707-2fafb6870143",
                            "network.0.uuid": "89093c7c-a78d-49b4-8daa-331f4a6f8398",
                            "power_state": "active",
                            "region": "HO-A",
                            "security_groups.#": "5",
                            "security_groups.2407987581": "mw_access",
                            "security_groups.2463477863": "mongo_access",
                            "security_groups.2511514758": "inter_instance_comm",
                            "security_groups.3814588639": "default",
                            "security_groups.3914474095": "dashboard_access",
                            "stop_before_destroy": "false",
                            "user_data": "aa640be88987a536d3be6305632079b67e6a20b0"
                        },
                        "meta": {
                            "e2bfb730-ecaa-11e6-8f88-34363bc7c4c0": {
                                "create": 1800000000000,
                                "delete": 1800000000000,
                                "update": 1800000000000
                            }
                        },
                        "tainted": false
                    },
                    "deposed": [],
                    "provider": "provider.openstack"
                },
                "openstack_compute_instance_v2.pr-rxctrl-ho-a-006": {
                    "type": "openstack_compute_instance_v2",
                    "depends_on": [
                        "data.template_file.user_add.*",
                        "openstack_networking_port_v2.pr-rxctrl-ho-a-006_port.*"
                    ],
                    "primary": {
                        "id": "52513148-1c01-43b1-b2b9-b2deae75ed66",
                        "attributes": {
                            "access_ip_v4": "96.116.226.166",
                            "access_ip_v6": "[2001:558:fc18:0:f816:3eff:fef8:8704]",
                            "all_metadata.%": "1",
                            "all_metadata.this": "that",
                            "availability_zone": "nova",
                            "flavor_id": "3116",
                            "flavor_name": "ng.c.16u",
                            "force_delete": "false",
                            "id": "52513148-1c01-43b1-b2b9-b2deae75ed66",
                            "image_id": "9da95274-3b23-49b0-a341-fd72b5afd3a7",
                            "image_name": "ComcastCloud-CentOS-7-20190603",
                            "key_pair": "pcmm-production",
                            "metadata.%": "1",
                            "metadata.this": "that",
                            "name": "pr-rxctrl-ho-a-006",
                            "network.#": "1",
                            "network.0.access_network": "true",
                            "network.0.fixed_ip_v4": "96.116.226.166",
                            "network.0.fixed_ip_v6": "[2001:558:fc18:0:f816:3eff:fef8:8704]",
                            "network.0.floating_ip": "",
                            "network.0.mac": "fa:16:3e:f8:87:04",
                            "network.0.name": "Public_AGILE",
                            "network.0.port": "0abf0b1a-1137-4bef-9341-2811ba816621",
                            "network.0.uuid": "89093c7c-a78d-49b4-8daa-331f4a6f8398",
                            "power_state": "active",
                            "region": "HO-A",
                            "security_groups.#": "5",
                            "security_groups.2407987581": "mw_access",
                            "security_groups.2463477863": "mongo_access",
                            "security_groups.2511514758": "inter_instance_comm",
                            "security_groups.3814588639": "default",
                            "security_groups.3914474095": "dashboard_access",
                            "stop_before_destroy": "false",
                            "user_data": "aa640be88987a536d3be6305632079b67e6a20b0"
                        },
                        "meta": {
                            "e2bfb730-ecaa-11e6-8f88-34363bc7c4c0": {
                                "create": 1800000000000,
                                "delete": 1800000000000,
                                "update": 1800000000000
                            }
                        },
                        "tainted": false
                    },
                    "deposed": [],
                    "provider": "provider.openstack"
                },
                "openstack_compute_instance_v2.pr-rxctrl-ho-a-007": {
                    "type": "openstack_compute_instance_v2",
                    "depends_on": [
                        "data.template_file.user_add.*",
                        "openstack_networking_port_v2.pr-rxctrl-ho-a-007_port.*"
                    ],
                    "primary": {
                        "id": "b95917b2-4f87-468e-8d23-8934b7545191",
                        "attributes": {
                            "access_ip_v4": "96.116.226.169",
                            "access_ip_v6": "[2001:558:fc18:0:f816:3eff:fe8e:bf96]",
                            "all_metadata.%": "1",
                            "all_metadata.this": "that",
                            "availability_zone": "nova",
                            "flavor_id": "3116",
                            "flavor_name": "ng.c.16u",
                            "force_delete": "false",
                            "id": "b95917b2-4f87-468e-8d23-8934b7545191",
                            "image_id": "9da95274-3b23-49b0-a341-fd72b5afd3a7",
                            "image_name": "ComcastCloud-CentOS-7-20190603",
                            "key_pair": "pcmm-production",
                            "metadata.%": "1",
                            "metadata.this": "that",
                            "name": "pr-rxctrl-ho-a-007",
                            "network.#": "1",
                            "network.0.access_network": "true",
                            "network.0.fixed_ip_v4": "96.116.226.169",
                            "network.0.fixed_ip_v6": "[2001:558:fc18:0:f816:3eff:fe8e:bf96]",
                            "network.0.floating_ip": "",
                            "network.0.mac": "fa:16:3e:8e:bf:96",
                            "network.0.name": "Public_AGILE",
                            "network.0.port": "239ac78a-dcdb-4303-87b2-4f564385d6f3",
                            "network.0.uuid": "89093c7c-a78d-49b4-8daa-331f4a6f8398",
                            "power_state": "active",
                            "region": "HO-A",
                            "security_groups.#": "5",
                            "security_groups.2407987581": "mw_access",
                            "security_groups.2463477863": "mongo_access",
                            "security_groups.2511514758": "inter_instance_comm",
                            "security_groups.3814588639": "default",
                            "security_groups.3914474095": "dashboard_access",
                            "stop_before_destroy": "false",
                            "user_data": "aa640be88987a536d3be6305632079b67e6a20b0"
                        },
                        "meta": {
                            "e2bfb730-ecaa-11e6-8f88-34363bc7c4c0": {
                                "create": 1800000000000,
                                "delete": 1800000000000,
                                "update": 1800000000000
                            }
                        },
                        "tainted": false
                    },
                    "deposed": [],
                    "provider": "provider.openstack"
                },
                "openstack_compute_instance_v2.pr-rxctrl-ho-a-008": {
                    "type": "openstack_compute_instance_v2",
                    "depends_on": [
                        "data.template_file.user_add.*",
                        "openstack_networking_port_v2.pr-rxctrl-ho-a-008_port.*"
                    ],
                    "primary": {
                        "id": "5a486f8f-ae4b-41dd-b6b3-1fed05d24612",
                        "attributes": {
                            "access_ip_v4": "96.116.226.170",
                            "access_ip_v6": "[2001:558:fc18:0:f816:3eff:fe6a:cc92]",
                            "all_metadata.%": "1",
                            "all_metadata.this": "that",
                            "availability_zone": "nova",
                            "flavor_id": "3116",
                            "flavor_name": "ng.c.16u",
                            "force_delete": "false",
                            "id": "5a486f8f-ae4b-41dd-b6b3-1fed05d24612",
                            "image_id": "9da95274-3b23-49b0-a341-fd72b5afd3a7",
                            "image_name": "ComcastCloud-CentOS-7-20190603",
                            "key_pair": "pcmm-production",
                            "metadata.%": "1",
                            "metadata.this": "that",
                            "name": "pr-rxctrl-ho-a-008",
                            "network.#": "1",
                            "network.0.access_network": "true",
                            "network.0.fixed_ip_v4": "96.116.226.170",
                            "network.0.fixed_ip_v6": "[2001:558:fc18:0:f816:3eff:fe6a:cc92]",
                            "network.0.floating_ip": "",
                            "network.0.mac": "fa:16:3e:6a:cc:92",
                            "network.0.name": "Public_AGILE",
                            "network.0.port": "dfb92579-e971-4429-b47f-33d03362fdf9",
                            "network.0.uuid": "89093c7c-a78d-49b4-8daa-331f4a6f8398",
                            "power_state": "active",
                            "region": "HO-A",
                            "security_groups.#": "5",
                            "security_groups.2407987581": "mw_access",
                            "security_groups.2463477863": "mongo_access",
                            "security_groups.2511514758": "inter_instance_comm",
                            "security_groups.3814588639": "default",
                            "security_groups.3914474095": "dashboard_access",
                            "stop_before_destroy": "false",
                            "user_data": "aa640be88987a536d3be6305632079b67e6a20b0"
                        },
                        "meta": {
                            "e2bfb730-ecaa-11e6-8f88-34363bc7c4c0": {
                                "create": 1800000000000,
                                "delete": 1800000000000,
                                "update": 1800000000000
                            }
                        },
                        "tainted": false
                    },
                    "deposed": [],
                    "provider": "provider.openstack"
                },
                "openstack_compute_instance_v2.pr-rxctrl-ho-a-009": {
                    "type": "openstack_compute_instance_v2",
                    "depends_on": [
                        "data.template_file.user_add.*",
                        "openstack_networking_port_v2.pr-rxctrl-ho-a-009_port.*"
                    ],
                    "primary": {
                        "id": "08a6fa41-365f-4097-813b-ca30b8021df4",
                        "attributes": {
                            "access_ip_v4": "96.116.226.173",
                            "access_ip_v6": "[2001:558:fc18:0:f816:3eff:fe5d:b110]",
                            "all_metadata.%": "1",
                            "all_metadata.this": "that",
                            "availability_zone": "nova",
                            "flavor_id": "3116",
                            "flavor_name": "ng.c.16u",
                            "force_delete": "false",
                            "id": "08a6fa41-365f-4097-813b-ca30b8021df4",
                            "image_id": "9da95274-3b23-49b0-a341-fd72b5afd3a7",
                            "image_name": "ComcastCloud-CentOS-7-20190603",
                            "key_pair": "pcmm-production",
                            "metadata.%": "1",
                            "metadata.this": "that",
                            "name": "pr-rxctrl-ho-a-009",
                            "network.#": "1",
                            "network.0.access_network": "true",
                            "network.0.fixed_ip_v4": "96.116.226.173",
                            "network.0.fixed_ip_v6": "[2001:558:fc18:0:f816:3eff:fe5d:b110]",
                            "network.0.floating_ip": "",
                            "network.0.mac": "fa:16:3e:5d:b1:10",
                            "network.0.name": "Public_AGILE",
                            "network.0.port": "fb433fdb-6102-4bbc-be0c-cca449975a4b",
                            "network.0.uuid": "89093c7c-a78d-49b4-8daa-331f4a6f8398",
                            "power_state": "active",
                            "region": "HO-A",
                            "security_groups.#": "5",
                            "security_groups.2407987581": "mw_access",
                            "security_groups.2463477863": "mongo_access",
                            "security_groups.2511514758": "inter_instance_comm",
                            "security_groups.3814588639": "default",
                            "security_groups.3914474095": "dashboard_access",
                            "stop_before_destroy": "false",
                            "user_data": "aa640be88987a536d3be6305632079b67e6a20b0"
                        },
                        "meta": {
                            "e2bfb730-ecaa-11e6-8f88-34363bc7c4c0": {
                                "create": 1800000000000,
                                "delete": 1800000000000,
                                "update": 1800000000000
                            }
                        },
                        "tainted": false
                    },
                    "deposed": [],
                    "provider": "provider.openstack"
                },
                "openstack_compute_instance_v2.pr-vcfg-ho-a-001": {
                    "type": "openstack_compute_instance_v2",
                    "depends_on": [
                        "data.template_file.user_add.*",
                        "openstack_networking_port_v2.pr-vcfg-ho-a-001_port.*"
                    ],
                    "primary": {
                        "id": "cdc4720a-8c02-4c7f-8fe4-3cc222881c57",
                        "attributes": {
                            "access_ip_v4": "96.116.233.65",
                            "access_ip_v6": "[2001:558:fc18:0:f816:3eff:fe3f:5353]",
                            "all_metadata.%": "1",
                            "all_metadata.this": "that",
                            "availability_zone": "nova",
                            "flavor_id": "3116",
                            "flavor_name": "ng.c.16u",
                            "force_delete": "false",
                            "id": "cdc4720a-8c02-4c7f-8fe4-3cc222881c57",
                            "image_id": "9da95274-3b23-49b0-a341-fd72b5afd3a7",
                            "image_name": "ComcastCloud-CentOS-7-20190603",
                            "key_pair": "pcmm-production",
                            "metadata.%": "1",
                            "metadata.this": "that",
                            "name": "pr-vcfg-ho-a-001",
                            "network.#": "1",
                            "network.0.access_network": "true",
                            "network.0.fixed_ip_v4": "96.116.233.65",
                            "network.0.fixed_ip_v6": "[2001:558:fc18:0:f816:3eff:fe3f:5353]",
                            "network.0.floating_ip": "",
                            "network.0.mac": "fa:16:3e:3f:53:53",
                            "network.0.name": "Public_AGILE",
                            "network.0.port": "93bd79d4-1e6c-4dfb-b471-5fcadfafb0be",
                            "network.0.uuid": "89093c7c-a78d-49b4-8daa-331f4a6f8398",
                            "power_state": "active",
                            "region": "HO-A",
                            "security_groups.#": "5",
                            "security_groups.2407987581": "mw_access",
                            "security_groups.2463477863": "mongo_access",
                            "security_groups.2511514758": "inter_instance_comm",
                            "security_groups.3814588639": "default",
                            "security_groups.3914474095": "dashboard_access",
                            "stop_before_destroy": "false",
                            "user_data": "aa640be88987a536d3be6305632079b67e6a20b0"
                        },
                        "meta": {
                            "e2bfb730-ecaa-11e6-8f88-34363bc7c4c0": {
                                "create": 1800000000000,
                                "delete": 1800000000000,
                                "update": 1800000000000
                            }
                        },
                        "tainted": false
                    },
                    "deposed": [],
                    "provider": "provider.openstack"
                },
                "openstack_compute_instance_v2.pr-wcfg-ho-a-001": {
                    "type": "openstack_compute_instance_v2",
                    "depends_on": [
                        "data.template_file.user_add.*",
                        "openstack_networking_port_v2.pr-wcfg-ho-a-001_port.*"
                    ],
                    "primary": {
                        "id": "a4ccb31f-6a58-432d-9990-3beec8b15966",
                        "attributes": {
                            "access_ip_v4": "96.116.233.18",
                            "access_ip_v6": "[2001:558:fc18:0:f816:3eff:fe13:61ee]",
                            "all_metadata.%": "1",
                            "all_metadata.this": "that",
                            "availability_zone": "nova",
                            "flavor_id": "3116",
                            "flavor_name": "ng.c.16u",
                            "force_delete": "false",
                            "id": "a4ccb31f-6a58-432d-9990-3beec8b15966",
                            "image_id": "9da95274-3b23-49b0-a341-fd72b5afd3a7",
                            "image_name": "ComcastCloud-CentOS-7-20190603",
                            "key_pair": "pcmm-production",
                            "metadata.%": "1",
                            "metadata.this": "that",
                            "name": "pr-wcfg-ho-a-001",
                            "network.#": "1",
                            "network.0.access_network": "true",
                            "network.0.fixed_ip_v4": "96.116.233.18",
                            "network.0.fixed_ip_v6": "[2001:558:fc18:0:f816:3eff:fe13:61ee]",
                            "network.0.floating_ip": "",
                            "network.0.mac": "fa:16:3e:13:61:ee",
                            "network.0.name": "Public_AGILE",
                            "network.0.port": "b7d15b49-a365-47c0-92bd-1ff8ca6ddaed",
                            "network.0.uuid": "89093c7c-a78d-49b4-8daa-331f4a6f8398",
                            "power_state": "active",
                            "region": "HO-A",
                            "security_groups.#": "5",
                            "security_groups.2407987581": "mw_access",
                            "security_groups.2463477863": "mongo_access",
                            "security_groups.2511514758": "inter_instance_comm",
                            "security_groups.3814588639": "default",
                            "security_groups.3914474095": "dashboard_access",
                            "stop_before_destroy": "false",
                            "user_data": "aa640be88987a536d3be6305632079b67e6a20b0"
                        },
                        "meta": {
                            "e2bfb730-ecaa-11e6-8f88-34363bc7c4c0": {
                                "create": 1800000000000,
                                "delete": 1800000000000,
                                "update": 1800000000000
                            }
                        },
                        "tainted": false
                    },
                    "deposed": [],
                    "provider": "provider.openstack"
                },
                "openstack_compute_instance_v2.pr-wrtc-ho-a-001": {
                    "type": "openstack_compute_instance_v2",
                    "depends_on": [
                        "data.template_file.user_add.*",
                        "openstack_networking_port_v2.pr-wrtc-ho-a-001_port.*"
                    ],
                    "primary": {
                        "id": "50e69ed4-f3b3-4644-a0bc-4e94ff25504b",
                        "attributes": {
                            "access_ip_v4": "96.116.224.75",
                            "access_ip_v6": "[2001:558:fc18:0:f816:3eff:fe4b:a99d]",
                            "all_metadata.%": "1",
                            "all_metadata.this": "that",
                            "availability_zone": "nova",
                            "flavor_id": "3116",
                            "flavor_name": "ng.c.16u",
                            "force_delete": "false",
                            "id": "50e69ed4-f3b3-4644-a0bc-4e94ff25504b",
                            "image_id": "9da95274-3b23-49b0-a341-fd72b5afd3a7",
                            "image_name": "ComcastCloud-CentOS-7-20190603",
                            "key_pair": "pcmm-production",
                            "metadata.%": "1",
                            "metadata.this": "that",
                            "name": "pr-wrtc-ho-a-001",
                            "network.#": "1",
                            "network.0.access_network": "true",
                            "network.0.fixed_ip_v4": "96.116.224.75",
                            "network.0.fixed_ip_v6": "[2001:558:fc18:0:f816:3eff:fe4b:a99d]",
                            "network.0.floating_ip": "",
                            "network.0.mac": "fa:16:3e:4b:a9:9d",
                            "network.0.name": "Public_AGILE",
                            "network.0.port": "edee3069-8061-4803-b52d-0479451ab3a9",
                            "network.0.uuid": "89093c7c-a78d-49b4-8daa-331f4a6f8398",
                            "power_state": "active",
                            "region": "HO-A",
                            "security_groups.#": "5",
                            "security_groups.2407987581": "mw_access",
                            "security_groups.2463477863": "mongo_access",
                            "security_groups.2511514758": "inter_instance_comm",
                            "security_groups.3814588639": "default",
                            "security_groups.3914474095": "dashboard_access",
                            "stop_before_destroy": "false",
                            "user_data": "aa640be88987a536d3be6305632079b67e6a20b0"
                        },
                        "meta": {
                            "e2bfb730-ecaa-11e6-8f88-34363bc7c4c0": {
                                "create": 1800000000000,
                                "delete": 1800000000000,
                                "update": 1800000000000
                            }
                        },
                        "tainted": false
                    },
                    "deposed": [],
                    "provider": "provider.openstack"
                },
                "openstack_networking_port_v2.pr-ibn-ho-a-001_port": {
                    "type": "openstack_networking_port_v2",
                    "depends_on": [],
                    "primary": {
                        "id": "1bf81b67-61b8-4f04-8a35-58521d4dc696",
                        "attributes": {
                            "admin_state_up": "true",
                            "all_fixed_ips.#": "2",
                            "all_fixed_ips.0": "2001:558:fc18:0:f816:3eff:fe37:5938",
                            "all_fixed_ips.1": "96.116.224.108",
                            "all_security_group_ids.#": "5",
                            "all_security_group_ids.1606364400": "724af73b-a5e6-45e2-8b0d-a920528176e4",
                            "all_security_group_ids.196372291": "0b2f6b93-7c6a-463d-baaa-6d9e9ce79884",
                            "all_security_group_ids.2221832618": "a32fa0cd-9108-416f-9726-6a504ef4a3c1",
                            "all_security_group_ids.2420552464": "54f8267f-32e4-4f17-a1c1-8ab57ce2d0c5",
                            "all_security_group_ids.2640697215": "184ef306-695b-47b2-a296-1f33b485ab98",
                            "all_tags.#": "0",
                            "allowed_address_pairs.#": "0",
                            "description": "",
                            "device_id": "",
                            "device_owner": "",
                            "extra_dhcp_option.#": "0",
                            "id": "1bf81b67-61b8-4f04-8a35-58521d4dc696",
                            "mac_address": "fa:16:3e:37:59:38",
                            "name": "pr-ibn-ho-a-001",
                            "network_id": "89093c7c-a78d-49b4-8daa-331f4a6f8398",
                            "region": "",
                            "tags.#": "0",
                            "tenant_id": "3cca87653b804207a7e1de1fb2bb2116"
                        },
                        "meta": {
                            "e2bfb730-ecaa-11e6-8f88-34363bc7c4c0": {
                                "create": 600000000000,
                                "delete": 600000000000
                            }
                        },
                        "tainted": false
                    },
                    "deposed": [],
                    "provider": "provider.openstack"
                },
                "openstack_networking_port_v2.pr-ibnctrl-ho-a-001_port": {
                    "type": "openstack_networking_port_v2",
                    "depends_on": [],
                    "primary": {
                        "id": "98e153bc-e133-47b6-b197-cd182693cb4d",
                        "attributes": {
                            "admin_state_up": "true",
                            "all_fixed_ips.#": "2",
                            "all_fixed_ips.0": "2001:558:fc18:0:f816:3eff:fe19:7485",
                            "all_fixed_ips.1": "96.116.226.49",
                            "all_security_group_ids.#": "5",
                            "all_security_group_ids.1606364400": "724af73b-a5e6-45e2-8b0d-a920528176e4",
                            "all_security_group_ids.196372291": "0b2f6b93-7c6a-463d-baaa-6d9e9ce79884",
                            "all_security_group_ids.2221832618": "a32fa0cd-9108-416f-9726-6a504ef4a3c1",
                            "all_security_group_ids.2420552464": "54f8267f-32e4-4f17-a1c1-8ab57ce2d0c5",
                            "all_security_group_ids.2640697215": "184ef306-695b-47b2-a296-1f33b485ab98",
                            "all_tags.#": "0",
                            "allowed_address_pairs.#": "0",
                            "description": "",
                            "device_id": "",
                            "device_owner": "",
                            "extra_dhcp_option.#": "0",
                            "id": "98e153bc-e133-47b6-b197-cd182693cb4d",
                            "mac_address": "fa:16:3e:19:74:85",
                            "name": "pr-ibnctrl-ho-a-001",
                            "network_id": "89093c7c-a78d-49b4-8daa-331f4a6f8398",
                            "region": "",
                            "tags.#": "0",
                            "tenant_id": "3cca87653b804207a7e1de1fb2bb2116"
                        },
                        "meta": {
                            "e2bfb730-ecaa-11e6-8f88-34363bc7c4c0": {
                                "create": 600000000000,
                                "delete": 600000000000
                            }
                        },
                        "tainted": false
                    },
                    "deposed": [],
                    "provider": "provider.openstack"
                },
                "openstack_networking_port_v2.pr-ibnctrl-ho-a-002_port": {
                    "type": "openstack_networking_port_v2",
                    "depends_on": [],
                    "primary": {
                        "id": "a7cd5fcd-167b-4fe2-ab68-b164dea7c1f1",
                        "attributes": {
                            "admin_state_up": "true",
                            "all_fixed_ips.#": "2",
                            "all_fixed_ips.0": "2001:558:fc18:0:f816:3eff:fea6:b3f8",
                            "all_fixed_ips.1": "96.116.226.51",
                            "all_security_group_ids.#": "5",
                            "all_security_group_ids.1606364400": "724af73b-a5e6-45e2-8b0d-a920528176e4",
                            "all_security_group_ids.196372291": "0b2f6b93-7c6a-463d-baaa-6d9e9ce79884",
                            "all_security_group_ids.2221832618": "a32fa0cd-9108-416f-9726-6a504ef4a3c1",
                            "all_security_group_ids.2420552464": "54f8267f-32e4-4f17-a1c1-8ab57ce2d0c5",
                            "all_security_group_ids.2640697215": "184ef306-695b-47b2-a296-1f33b485ab98",
                            "all_tags.#": "0",
                            "allowed_address_pairs.#": "0",
                            "description": "",
                            "device_id": "",
                            "device_owner": "",
                            "extra_dhcp_option.#": "0",
                            "id": "a7cd5fcd-167b-4fe2-ab68-b164dea7c1f1",
                            "mac_address": "fa:16:3e:a6:b3:f8",
                            "name": "pr-ibnctrl-ho-a-002",
                            "network_id": "89093c7c-a78d-49b4-8daa-331f4a6f8398",
                            "region": "",
                            "tags.#": "0",
                            "tenant_id": "3cca87653b804207a7e1de1fb2bb2116"
                        },
                        "meta": {
                            "e2bfb730-ecaa-11e6-8f88-34363bc7c4c0": {
                                "create": 600000000000,
                                "delete": 600000000000
                            }
                        },
                        "tainted": false
                    },
                    "deposed": [],
                    "provider": "provider.openstack"
                },
                "openstack_networking_port_v2.pr-ibnctrl-ho-a-003_port": {
                    "type": "openstack_networking_port_v2",
                    "depends_on": [],
                    "primary": {
                        "id": "0b75bb70-c4a1-419b-bbe8-cf60503c71f4",
                        "attributes": {
                            "admin_state_up": "true",
                            "all_fixed_ips.#": "2",
                            "all_fixed_ips.0": "2001:558:fc18:0:f816:3eff:fedf:bb4",
                            "all_fixed_ips.1": "96.116.226.52",
                            "all_security_group_ids.#": "5",
                            "all_security_group_ids.1606364400": "724af73b-a5e6-45e2-8b0d-a920528176e4",
                            "all_security_group_ids.196372291": "0b2f6b93-7c6a-463d-baaa-6d9e9ce79884",
                            "all_security_group_ids.2221832618": "a32fa0cd-9108-416f-9726-6a504ef4a3c1",
                            "all_security_group_ids.2420552464": "54f8267f-32e4-4f17-a1c1-8ab57ce2d0c5",
                            "all_security_group_ids.2640697215": "184ef306-695b-47b2-a296-1f33b485ab98",
                            "all_tags.#": "0",
                            "allowed_address_pairs.#": "0",
                            "description": "",
                            "device_id": "",
                            "device_owner": "",
                            "extra_dhcp_option.#": "0",
                            "id": "0b75bb70-c4a1-419b-bbe8-cf60503c71f4",
                            "mac_address": "fa:16:3e:df:0b:b4",
                            "name": "pr-ibnctrl-ho-a-003",
                            "network_id": "89093c7c-a78d-49b4-8daa-331f4a6f8398",
                            "region": "",
                            "tags.#": "0",
                            "tenant_id": "3cca87653b804207a7e1de1fb2bb2116"
                        },
                        "meta": {
                            "e2bfb730-ecaa-11e6-8f88-34363bc7c4c0": {
                                "create": 600000000000,
                                "delete": 600000000000
                            }
                        },
                        "tainted": false
                    },
                    "deposed": [],
                    "provider": "provider.openstack"
                },
                "openstack_networking_port_v2.pr-ibnctrl-ho-a-004_port": {
                    "type": "openstack_networking_port_v2",
                    "depends_on": [],
                    "primary": {
                        "id": "a247a87d-a728-41c9-9bf5-60606d00939d",
                        "attributes": {
                            "admin_state_up": "true",
                            "all_fixed_ips.#": "2",
                            "all_fixed_ips.0": "2001:558:fc18:0:f816:3eff:fefa:1350",
                            "all_fixed_ips.1": "96.116.226.73",
                            "all_security_group_ids.#": "5",
                            "all_security_group_ids.1606364400": "724af73b-a5e6-45e2-8b0d-a920528176e4",
                            "all_security_group_ids.196372291": "0b2f6b93-7c6a-463d-baaa-6d9e9ce79884",
                            "all_security_group_ids.2221832618": "a32fa0cd-9108-416f-9726-6a504ef4a3c1",
                            "all_security_group_ids.2420552464": "54f8267f-32e4-4f17-a1c1-8ab57ce2d0c5",
                            "all_security_group_ids.2640697215": "184ef306-695b-47b2-a296-1f33b485ab98",
                            "all_tags.#": "0",
                            "allowed_address_pairs.#": "0",
                            "description": "",
                            "device_id": "",
                            "device_owner": "",
                            "extra_dhcp_option.#": "0",
                            "id": "a247a87d-a728-41c9-9bf5-60606d00939d",
                            "mac_address": "fa:16:3e:fa:13:50",
                            "name": "pr-ibnctrl-ho-a-004",
                            "network_id": "89093c7c-a78d-49b4-8daa-331f4a6f8398",
                            "region": "",
                            "tags.#": "0",
                            "tenant_id": "3cca87653b804207a7e1de1fb2bb2116"
                        },
                        "meta": {
                            "e2bfb730-ecaa-11e6-8f88-34363bc7c4c0": {
                                "create": 600000000000,
                                "delete": 600000000000
                            }
                        },
                        "tainted": false
                    },
                    "deposed": [],
                    "provider": "provider.openstack"
                },
                "openstack_networking_port_v2.pr-icfg-ho-a-001_port": {
                    "type": "openstack_networking_port_v2",
                    "depends_on": [],
                    "primary": {
                        "id": "09fdbe43-a0a5-473e-b329-0e7f14dbb07c",
                        "attributes": {
                            "admin_state_up": "true",
                            "all_fixed_ips.#": "2",
                            "all_fixed_ips.0": "2001:558:fc18:0:f816:3eff:fe43:a8e2",
                            "all_fixed_ips.1": "96.116.233.64",
                            "all_security_group_ids.#": "5",
                            "all_security_group_ids.1606364400": "724af73b-a5e6-45e2-8b0d-a920528176e4",
                            "all_security_group_ids.196372291": "0b2f6b93-7c6a-463d-baaa-6d9e9ce79884",
                            "all_security_group_ids.2221832618": "a32fa0cd-9108-416f-9726-6a504ef4a3c1",
                            "all_security_group_ids.2420552464": "54f8267f-32e4-4f17-a1c1-8ab57ce2d0c5",
                            "all_security_group_ids.2640697215": "184ef306-695b-47b2-a296-1f33b485ab98",
                            "all_tags.#": "0",
                            "allowed_address_pairs.#": "0",
                            "description": "",
                            "device_id": "",
                            "device_owner": "",
                            "extra_dhcp_option.#": "0",
                            "id": "09fdbe43-a0a5-473e-b329-0e7f14dbb07c",
                            "mac_address": "fa:16:3e:43:a8:e2",
                            "name": "pr-icfg-ho-a-001",
                            "network_id": "89093c7c-a78d-49b4-8daa-331f4a6f8398",
                            "region": "",
                            "tags.#": "0",
                            "tenant_id": "3cca87653b804207a7e1de1fb2bb2116"
                        },
                        "meta": {
                            "e2bfb730-ecaa-11e6-8f88-34363bc7c4c0": {
                                "create": 600000000000,
                                "delete": 600000000000
                            }
                        },
                        "tainted": false
                    },
                    "deposed": [],
                    "provider": "provider.openstack"
                },
                "openstack_networking_port_v2.pr-rx-ho-a-0010_port": {
                    "type": "openstack_networking_port_v2",
                    "depends_on": [],
                    "primary": {
                        "id": "fdc29646-5b06-48a1-bec9-83782d7bdf02",
                        "attributes": {
                            "admin_state_up": "true",
                            "all_fixed_ips.#": "2",
                            "all_fixed_ips.0": "2001:558:fc18:0:f816:3eff:fefa:165d",
                            "all_fixed_ips.1": "96.116.225.203",
                            "all_security_group_ids.#": "5",
                            "all_security_group_ids.1606364400": "724af73b-a5e6-45e2-8b0d-a920528176e4",
                            "all_security_group_ids.196372291": "0b2f6b93-7c6a-463d-baaa-6d9e9ce79884",
                            "all_security_group_ids.2221832618": "a32fa0cd-9108-416f-9726-6a504ef4a3c1",
                            "all_security_group_ids.2420552464": "54f8267f-32e4-4f17-a1c1-8ab57ce2d0c5",
                            "all_security_group_ids.2640697215": "184ef306-695b-47b2-a296-1f33b485ab98",
                            "all_tags.#": "0",
                            "allowed_address_pairs.#": "0",
                            "description": "",
                            "device_id": "",
                            "device_owner": "",
                            "extra_dhcp_option.#": "0",
                            "id": "fdc29646-5b06-48a1-bec9-83782d7bdf02",
                            "mac_address": "fa:16:3e:fa:16:5d",
                            "name": "pr-rx-ho-a-0010",
                            "network_id": "89093c7c-a78d-49b4-8daa-331f4a6f8398",
                            "region": "",
                            "tags.#": "0",
                            "tenant_id": "3cca87653b804207a7e1de1fb2bb2116"
                        },
                        "meta": {
                            "e2bfb730-ecaa-11e6-8f88-34363bc7c4c0": {
                                "create": 600000000000,
                                "delete": 600000000000
                            }
                        },
                        "tainted": false
                    },
                    "deposed": [],
                    "provider": "provider.openstack"
                },
                "openstack_networking_port_v2.pr-rx-ho-a-0011_port": {
                    "type": "openstack_networking_port_v2",
                    "depends_on": [],
                    "primary": {
                        "id": "6bce80c4-2bda-4daf-a125-41581856cce0",
                        "attributes": {
                            "admin_state_up": "true",
                            "all_fixed_ips.#": "2",
                            "all_fixed_ips.0": "2001:558:fc18:0:f816:3eff:fe1f:7472",
                            "all_fixed_ips.1": "96.116.225.41",
                            "all_security_group_ids.#": "5",
                            "all_security_group_ids.1606364400": "724af73b-a5e6-45e2-8b0d-a920528176e4",
                            "all_security_group_ids.196372291": "0b2f6b93-7c6a-463d-baaa-6d9e9ce79884",
                            "all_security_group_ids.2221832618": "a32fa0cd-9108-416f-9726-6a504ef4a3c1",
                            "all_security_group_ids.2420552464": "54f8267f-32e4-4f17-a1c1-8ab57ce2d0c5",
                            "all_security_group_ids.2640697215": "184ef306-695b-47b2-a296-1f33b485ab98",
                            "all_tags.#": "0",
                            "allowed_address_pairs.#": "0",
                            "description": "",
                            "device_id": "",
                            "device_owner": "",
                            "extra_dhcp_option.#": "0",
                            "id": "6bce80c4-2bda-4daf-a125-41581856cce0",
                            "mac_address": "fa:16:3e:1f:74:72",
                            "name": "pr-rx-ho-a-0011",
                            "network_id": "89093c7c-a78d-49b4-8daa-331f4a6f8398",
                            "region": "",
                            "tags.#": "0",
                            "tenant_id": "3cca87653b804207a7e1de1fb2bb2116"
                        },
                        "meta": {
                            "e2bfb730-ecaa-11e6-8f88-34363bc7c4c0": {
                                "create": 600000000000,
                                "delete": 600000000000
                            }
                        },
                        "tainted": false
                    },
                    "deposed": [],
                    "provider": "provider.openstack"
                },
                "openstack_networking_port_v2.pr-rx-ho-a-0012_port": {
                    "type": "openstack_networking_port_v2",
                    "depends_on": [],
                    "primary": {
                        "id": "72a21be5-9d4d-4593-aab9-6f152181c096",
                        "attributes": {
                            "admin_state_up": "true",
                            "all_fixed_ips.#": "2",
                            "all_fixed_ips.0": "2001:558:fc18:0:f816:3eff:feaa:1196",
                            "all_fixed_ips.1": "96.116.225.86",
                            "all_security_group_ids.#": "5",
                            "all_security_group_ids.1606364400": "724af73b-a5e6-45e2-8b0d-a920528176e4",
                            "all_security_group_ids.196372291": "0b2f6b93-7c6a-463d-baaa-6d9e9ce79884",
                            "all_security_group_ids.2221832618": "a32fa0cd-9108-416f-9726-6a504ef4a3c1",
                            "all_security_group_ids.2420552464": "54f8267f-32e4-4f17-a1c1-8ab57ce2d0c5",
                            "all_security_group_ids.2640697215": "184ef306-695b-47b2-a296-1f33b485ab98",
                            "all_tags.#": "0",
                            "allowed_address_pairs.#": "0",
                            "description": "",
                            "device_id": "",
                            "device_owner": "",
                            "extra_dhcp_option.#": "0",
                            "id": "72a21be5-9d4d-4593-aab9-6f152181c096",
                            "mac_address": "fa:16:3e:aa:11:96",
                            "name": "pr-rx-ho-a-0012",
                            "network_id": "89093c7c-a78d-49b4-8daa-331f4a6f8398",
                            "region": "",
                            "tags.#": "0",
                            "tenant_id": "3cca87653b804207a7e1de1fb2bb2116"
                        },
                        "meta": {
                            "e2bfb730-ecaa-11e6-8f88-34363bc7c4c0": {
                                "create": 600000000000,
                                "delete": 600000000000
                            }
                        },
                        "tainted": false
                    },
                    "deposed": [],
                    "provider": "provider.openstack"
                },
                "openstack_networking_port_v2.pr-rx-ho-a-0013_port": {
                    "type": "openstack_networking_port_v2",
                    "depends_on": [],
                    "primary": {
                        "id": "55fea5a6-ba48-4560-a87e-84bd1be9022d",
                        "attributes": {
                            "admin_state_up": "true",
                            "all_fixed_ips.#": "2",
                            "all_fixed_ips.0": "2001:558:fc18:0:f816:3eff:feaa:5741",
                            "all_fixed_ips.1": "96.116.225.92",
                            "all_security_group_ids.#": "5",
                            "all_security_group_ids.1606364400": "724af73b-a5e6-45e2-8b0d-a920528176e4",
                            "all_security_group_ids.196372291": "0b2f6b93-7c6a-463d-baaa-6d9e9ce79884",
                            "all_security_group_ids.2221832618": "a32fa0cd-9108-416f-9726-6a504ef4a3c1",
                            "all_security_group_ids.2420552464": "54f8267f-32e4-4f17-a1c1-8ab57ce2d0c5",
                            "all_security_group_ids.2640697215": "184ef306-695b-47b2-a296-1f33b485ab98",
                            "all_tags.#": "0",
                            "allowed_address_pairs.#": "0",
                            "description": "",
                            "device_id": "",
                            "device_owner": "",
                            "extra_dhcp_option.#": "0",
                            "id": "55fea5a6-ba48-4560-a87e-84bd1be9022d",
                            "mac_address": "fa:16:3e:aa:57:41",
                            "name": "pr-rx-ho-a-0013",
                            "network_id": "89093c7c-a78d-49b4-8daa-331f4a6f8398",
                            "region": "",
                            "tags.#": "0",
                            "tenant_id": "3cca87653b804207a7e1de1fb2bb2116"
                        },
                        "meta": {
                            "e2bfb730-ecaa-11e6-8f88-34363bc7c4c0": {
                                "create": 600000000000,
                                "delete": 600000000000
                            }
                        },
                        "tainted": false
                    },
                    "deposed": [],
                    "provider": "provider.openstack"
                },
                "openstack_networking_port_v2.pr-rx-ho-a-0014_port": {
                    "type": "openstack_networking_port_v2",
                    "depends_on": [],
                    "primary": {
                        "id": "3715ffe5-b815-4e8f-b762-453ea2f74dbe",
                        "attributes": {
                            "admin_state_up": "true",
                            "all_fixed_ips.#": "2",
                            "all_fixed_ips.0": "2001:558:fc18:0:f816:3eff:fe32:3baa",
                            "all_fixed_ips.1": "96.116.225.93",
                            "all_security_group_ids.#": "5",
                            "all_security_group_ids.1606364400": "724af73b-a5e6-45e2-8b0d-a920528176e4",
                            "all_security_group_ids.196372291": "0b2f6b93-7c6a-463d-baaa-6d9e9ce79884",
                            "all_security_group_ids.2221832618": "a32fa0cd-9108-416f-9726-6a504ef4a3c1",
                            "all_security_group_ids.2420552464": "54f8267f-32e4-4f17-a1c1-8ab57ce2d0c5",
                            "all_security_group_ids.2640697215": "184ef306-695b-47b2-a296-1f33b485ab98",
                            "all_tags.#": "0",
                            "allowed_address_pairs.#": "0",
                            "description": "",
                            "device_id": "",
                            "device_owner": "",
                            "extra_dhcp_option.#": "0",
                            "id": "3715ffe5-b815-4e8f-b762-453ea2f74dbe",
                            "mac_address": "fa:16:3e:32:3b:aa",
                            "name": "pr-rx-ho-a-0014",
                            "network_id": "89093c7c-a78d-49b4-8daa-331f4a6f8398",
                            "region": "",
                            "tags.#": "0",
                            "tenant_id": "3cca87653b804207a7e1de1fb2bb2116"
                        },
                        "meta": {
                            "e2bfb730-ecaa-11e6-8f88-34363bc7c4c0": {
                                "create": 600000000000,
                                "delete": 600000000000
                            }
                        },
                        "tainted": false
                    },
                    "deposed": [],
                    "provider": "provider.openstack"
                },
                "openstack_networking_port_v2.pr-rx-ho-a-0015_port": {
                    "type": "openstack_networking_port_v2",
                    "depends_on": [],
                    "primary": {
                        "id": "a4f58556-d3d1-4c45-9603-ee3ba2a7e42f",
                        "attributes": {
                            "admin_state_up": "true",
                            "all_fixed_ips.#": "2",
                            "all_fixed_ips.0": "2001:558:fc18:0:f816:3eff:fe95:c4a9",
                            "all_fixed_ips.1": "96.116.227.16",
                            "all_security_group_ids.#": "5",
                            "all_security_group_ids.1606364400": "724af73b-a5e6-45e2-8b0d-a920528176e4",
                            "all_security_group_ids.196372291": "0b2f6b93-7c6a-463d-baaa-6d9e9ce79884",
                            "all_security_group_ids.2221832618": "a32fa0cd-9108-416f-9726-6a504ef4a3c1",
                            "all_security_group_ids.2420552464": "54f8267f-32e4-4f17-a1c1-8ab57ce2d0c5",
                            "all_security_group_ids.2640697215": "184ef306-695b-47b2-a296-1f33b485ab98",
                            "all_tags.#": "0",
                            "allowed_address_pairs.#": "0",
                            "description": "",
                            "device_id": "",
                            "device_owner": "",
                            "extra_dhcp_option.#": "0",
                            "id": "a4f58556-d3d1-4c45-9603-ee3ba2a7e42f",
                            "mac_address": "fa:16:3e:95:c4:a9",
                            "name": "pr-rx-ho-a-0015",
                            "network_id": "89093c7c-a78d-49b4-8daa-331f4a6f8398",
                            "region": "",
                            "tags.#": "0",
                            "tenant_id": "3cca87653b804207a7e1de1fb2bb2116"
                        },
                        "meta": {
                            "e2bfb730-ecaa-11e6-8f88-34363bc7c4c0": {
                                "create": 600000000000,
                                "delete": 600000000000
                            }
                        },
                        "tainted": false
                    },
                    "deposed": [],
                    "provider": "provider.openstack"
                },
                "openstack_networking_port_v2.pr-rx-ho-a-0016_port": {
                    "type": "openstack_networking_port_v2",
                    "depends_on": [],
                    "primary": {
                        "id": "f5457e89-af09-45d3-8724-da1059879e74",
                        "attributes": {
                            "admin_state_up": "true",
                            "all_fixed_ips.#": "2",
                            "all_fixed_ips.0": "2001:558:fc18:0:f816:3eff:fe43:17cb",
                            "all_fixed_ips.1": "96.116.227.171",
                            "all_security_group_ids.#": "5",
                            "all_security_group_ids.1606364400": "724af73b-a5e6-45e2-8b0d-a920528176e4",
                            "all_security_group_ids.196372291": "0b2f6b93-7c6a-463d-baaa-6d9e9ce79884",
                            "all_security_group_ids.2221832618": "a32fa0cd-9108-416f-9726-6a504ef4a3c1",
                            "all_security_group_ids.2420552464": "54f8267f-32e4-4f17-a1c1-8ab57ce2d0c5",
                            "all_security_group_ids.2640697215": "184ef306-695b-47b2-a296-1f33b485ab98",
                            "all_tags.#": "0",
                            "allowed_address_pairs.#": "0",
                            "description": "",
                            "device_id": "",
                            "device_owner": "",
                            "extra_dhcp_option.#": "0",
                            "id": "f5457e89-af09-45d3-8724-da1059879e74",
                            "mac_address": "fa:16:3e:43:17:cb",
                            "name": "pr-rx-ho-a-0016",
                            "network_id": "89093c7c-a78d-49b4-8daa-331f4a6f8398",
                            "region": "",
                            "tags.#": "0",
                            "tenant_id": "3cca87653b804207a7e1de1fb2bb2116"
                        },
                        "meta": {
                            "e2bfb730-ecaa-11e6-8f88-34363bc7c4c0": {
                                "create": 600000000000,
                                "delete": 600000000000
                            }
                        },
                        "tainted": false
                    },
                    "deposed": [],
                    "provider": "provider.openstack"
                },
                "openstack_networking_port_v2.pr-rx-ho-a-001_port": {
                    "type": "openstack_networking_port_v2",
                    "depends_on": [],
                    "primary": {
                        "id": "80cb130f-f107-41ca-8aa0-6711a5ae64fb",
                        "attributes": {
                            "admin_state_up": "true",
                            "all_fixed_ips.#": "2",
                            "all_fixed_ips.0": "2001:558:fc18:0:f816:3eff:fecb:214a",
                            "all_fixed_ips.1": "96.116.227.18",
                            "all_security_group_ids.#": "5",
                            "all_security_group_ids.1606364400": "724af73b-a5e6-45e2-8b0d-a920528176e4",
                            "all_security_group_ids.196372291": "0b2f6b93-7c6a-463d-baaa-6d9e9ce79884",
                            "all_security_group_ids.2221832618": "a32fa0cd-9108-416f-9726-6a504ef4a3c1",
                            "all_security_group_ids.2420552464": "54f8267f-32e4-4f17-a1c1-8ab57ce2d0c5",
                            "all_security_group_ids.2640697215": "184ef306-695b-47b2-a296-1f33b485ab98",
                            "all_tags.#": "0",
                            "allowed_address_pairs.#": "0",
                            "description": "",
                            "device_id": "",
                            "device_owner": "",
                            "extra_dhcp_option.#": "0",
                            "id": "80cb130f-f107-41ca-8aa0-6711a5ae64fb",
                            "mac_address": "fa:16:3e:cb:21:4a",
                            "name": "pr-rx-ho-a-001",
                            "network_id": "89093c7c-a78d-49b4-8daa-331f4a6f8398",
                            "region": "",
                            "tags.#": "0",
                            "tenant_id": "3cca87653b804207a7e1de1fb2bb2116"
                        },
                        "meta": {
                            "e2bfb730-ecaa-11e6-8f88-34363bc7c4c0": {
                                "create": 600000000000,
                                "delete": 600000000000
                            }
                        },
                        "tainted": false
                    },
                    "deposed": [],
                    "provider": "provider.openstack"
                },
                "openstack_networking_port_v2.pr-rx-ho-a-002_port": {
                    "type": "openstack_networking_port_v2",
                    "depends_on": [],
                    "primary": {
                        "id": "4aac2c79-45a1-4189-ad0d-2c1ddffe9cc9",
                        "attributes": {
                            "admin_state_up": "true",
                            "all_fixed_ips.#": "2",
                            "all_fixed_ips.0": "2001:558:fc18:0:f816:3eff:fee9:efb1",
                            "all_fixed_ips.1": "96.116.227.19",
                            "all_security_group_ids.#": "5",
                            "all_security_group_ids.1606364400": "724af73b-a5e6-45e2-8b0d-a920528176e4",
                            "all_security_group_ids.196372291": "0b2f6b93-7c6a-463d-baaa-6d9e9ce79884",
                            "all_security_group_ids.2221832618": "a32fa0cd-9108-416f-9726-6a504ef4a3c1",
                            "all_security_group_ids.2420552464": "54f8267f-32e4-4f17-a1c1-8ab57ce2d0c5",
                            "all_security_group_ids.2640697215": "184ef306-695b-47b2-a296-1f33b485ab98",
                            "all_tags.#": "0",
                            "allowed_address_pairs.#": "0",
                            "description": "",
                            "device_id": "",
                            "device_owner": "",
                            "extra_dhcp_option.#": "0",
                            "id": "4aac2c79-45a1-4189-ad0d-2c1ddffe9cc9",
                            "mac_address": "fa:16:3e:e9:ef:b1",
                            "name": "pr-rx-ho-a-002",
                            "network_id": "89093c7c-a78d-49b4-8daa-331f4a6f8398",
                            "region": "",
                            "tags.#": "0",
                            "tenant_id": "3cca87653b804207a7e1de1fb2bb2116"
                        },
                        "meta": {
                            "e2bfb730-ecaa-11e6-8f88-34363bc7c4c0": {
                                "create": 600000000000,
                                "delete": 600000000000
                            }
                        },
                        "tainted": false
                    },
                    "deposed": [],
                    "provider": "provider.openstack"
                },
                "openstack_networking_port_v2.pr-rx-ho-a-003_port": {
                    "type": "openstack_networking_port_v2",
                    "depends_on": [],
                    "primary": {
                        "id": "e7f027b6-dbb4-4056-b4e2-529d98244e8e",
                        "attributes": {
                            "admin_state_up": "true",
                            "all_fixed_ips.#": "2",
                            "all_fixed_ips.0": "2001:558:fc18:0:f816:3eff:fe6d:9615",
                            "all_fixed_ips.1": "96.116.227.211",
                            "all_security_group_ids.#": "5",
                            "all_security_group_ids.1606364400": "724af73b-a5e6-45e2-8b0d-a920528176e4",
                            "all_security_group_ids.196372291": "0b2f6b93-7c6a-463d-baaa-6d9e9ce79884",
                            "all_security_group_ids.2221832618": "a32fa0cd-9108-416f-9726-6a504ef4a3c1",
                            "all_security_group_ids.2420552464": "54f8267f-32e4-4f17-a1c1-8ab57ce2d0c5",
                            "all_security_group_ids.2640697215": "184ef306-695b-47b2-a296-1f33b485ab98",
                            "all_tags.#": "0",
                            "allowed_address_pairs.#": "0",
                            "description": "",
                            "device_id": "",
                            "device_owner": "",
                            "extra_dhcp_option.#": "0",
                            "id": "e7f027b6-dbb4-4056-b4e2-529d98244e8e",
                            "mac_address": "fa:16:3e:6d:96:15",
                            "name": "pr-rx-ho-a-003",
                            "network_id": "89093c7c-a78d-49b4-8daa-331f4a6f8398",
                            "region": "",
                            "tags.#": "0",
                            "tenant_id": "3cca87653b804207a7e1de1fb2bb2116"
                        },
                        "meta": {
                            "e2bfb730-ecaa-11e6-8f88-34363bc7c4c0": {
                                "create": 600000000000,
                                "delete": 600000000000
                            }
                        },
                        "tainted": false
                    },
                    "deposed": [],
                    "provider": "provider.openstack"
                },
                "openstack_networking_port_v2.pr-rx-ho-a-004_port": {
                    "type": "openstack_networking_port_v2",
                    "depends_on": [],
                    "primary": {
                        "id": "5b1b0fa1-a26f-4246-a271-742ce32b9fee",
                        "attributes": {
                            "admin_state_up": "true",
                            "all_fixed_ips.#": "2",
                            "all_fixed_ips.0": "2001:558:fc18:0:f816:3eff:fe2c:7283",
                            "all_fixed_ips.1": "96.116.227.23",
                            "all_security_group_ids.#": "5",
                            "all_security_group_ids.1606364400": "724af73b-a5e6-45e2-8b0d-a920528176e4",
                            "all_security_group_ids.196372291": "0b2f6b93-7c6a-463d-baaa-6d9e9ce79884",
                            "all_security_group_ids.2221832618": "a32fa0cd-9108-416f-9726-6a504ef4a3c1",
                            "all_security_group_ids.2420552464": "54f8267f-32e4-4f17-a1c1-8ab57ce2d0c5",
                            "all_security_group_ids.2640697215": "184ef306-695b-47b2-a296-1f33b485ab98",
                            "all_tags.#": "0",
                            "allowed_address_pairs.#": "0",
                            "description": "",
                            "device_id": "",
                            "device_owner": "",
                            "extra_dhcp_option.#": "0",
                            "id": "5b1b0fa1-a26f-4246-a271-742ce32b9fee",
                            "mac_address": "fa:16:3e:2c:72:83",
                            "name": "pr-rx-ho-a-004",
                            "network_id": "89093c7c-a78d-49b4-8daa-331f4a6f8398",
                            "region": "",
                            "tags.#": "0",
                            "tenant_id": "3cca87653b804207a7e1de1fb2bb2116"
                        },
                        "meta": {
                            "e2bfb730-ecaa-11e6-8f88-34363bc7c4c0": {
                                "create": 600000000000,
                                "delete": 600000000000
                            }
                        },
                        "tainted": false
                    },
                    "deposed": [],
                    "provider": "provider.openstack"
                },
                "openstack_networking_port_v2.pr-rx-ho-a-005_port": {
                    "type": "openstack_networking_port_v2",
                    "depends_on": [],
                    "primary": {
                        "id": "592510ae-f54a-46e9-a6f6-421be12bfe29",
                        "attributes": {
                            "admin_state_up": "true",
                            "all_fixed_ips.#": "2",
                            "all_fixed_ips.0": "2001:558:fc18:0:f816:3eff:fe1c:eb52",
                            "all_fixed_ips.1": "96.116.227.25",
                            "all_security_group_ids.#": "5",
                            "all_security_group_ids.1606364400": "724af73b-a5e6-45e2-8b0d-a920528176e4",
                            "all_security_group_ids.196372291": "0b2f6b93-7c6a-463d-baaa-6d9e9ce79884",
                            "all_security_group_ids.2221832618": "a32fa0cd-9108-416f-9726-6a504ef4a3c1",
                            "all_security_group_ids.2420552464": "54f8267f-32e4-4f17-a1c1-8ab57ce2d0c5",
                            "all_security_group_ids.2640697215": "184ef306-695b-47b2-a296-1f33b485ab98",
                            "all_tags.#": "0",
                            "allowed_address_pairs.#": "0",
                            "description": "",
                            "device_id": "",
                            "device_owner": "",
                            "extra_dhcp_option.#": "0",
                            "id": "592510ae-f54a-46e9-a6f6-421be12bfe29",
                            "mac_address": "fa:16:3e:1c:eb:52",
                            "name": "pr-rx-ho-a-005",
                            "network_id": "89093c7c-a78d-49b4-8daa-331f4a6f8398",
                            "region": "",
                            "tags.#": "0",
                            "tenant_id": "3cca87653b804207a7e1de1fb2bb2116"
                        },
                        "meta": {
                            "e2bfb730-ecaa-11e6-8f88-34363bc7c4c0": {
                                "create": 600000000000,
                                "delete": 600000000000
                            }
                        },
                        "tainted": false
                    },
                    "deposed": [],
                    "provider": "provider.openstack"
                },
                "openstack_networking_port_v2.pr-rx-ho-a-006_port": {
                    "type": "openstack_networking_port_v2",
                    "depends_on": [],
                    "primary": {
                        "id": "706530ea-437b-471a-a4f6-7a90fd02b8e8",
                        "attributes": {
                            "admin_state_up": "true",
                            "all_fixed_ips.#": "2",
                            "all_fixed_ips.0": "2001:558:fc18:0:f816:3eff:feca:418c",
                            "all_fixed_ips.1": "96.116.227.43",
                            "all_security_group_ids.#": "5",
                            "all_security_group_ids.1606364400": "724af73b-a5e6-45e2-8b0d-a920528176e4",
                            "all_security_group_ids.196372291": "0b2f6b93-7c6a-463d-baaa-6d9e9ce79884",
                            "all_security_group_ids.2221832618": "a32fa0cd-9108-416f-9726-6a504ef4a3c1",
                            "all_security_group_ids.2420552464": "54f8267f-32e4-4f17-a1c1-8ab57ce2d0c5",
                            "all_security_group_ids.2640697215": "184ef306-695b-47b2-a296-1f33b485ab98",
                            "all_tags.#": "0",
                            "allowed_address_pairs.#": "0",
                            "description": "",
                            "device_id": "",
                            "device_owner": "",
                            "extra_dhcp_option.#": "0",
                            "id": "706530ea-437b-471a-a4f6-7a90fd02b8e8",
                            "mac_address": "fa:16:3e:ca:41:8c",
                            "name": "pr-rx-ho-a-006",
                            "network_id": "89093c7c-a78d-49b4-8daa-331f4a6f8398",
                            "region": "",
                            "tags.#": "0",
                            "tenant_id": "3cca87653b804207a7e1de1fb2bb2116"
                        },
                        "meta": {
                            "e2bfb730-ecaa-11e6-8f88-34363bc7c4c0": {
                                "create": 600000000000,
                                "delete": 600000000000
                            }
                        },
                        "tainted": false
                    },
                    "deposed": [],
                    "provider": "provider.openstack"
                },
                "openstack_networking_port_v2.pr-rx-ho-a-007_port": {
                    "type": "openstack_networking_port_v2",
                    "depends_on": [],
                    "primary": {
                        "id": "9bc41e5d-1dbd-4cae-940a-40d932f91dfc",
                        "attributes": {
                            "admin_state_up": "true",
                            "all_fixed_ips.#": "2",
                            "all_fixed_ips.0": "2001:558:fc18:0:f816:3eff:fe7c:c143",
                            "all_fixed_ips.1": "96.116.227.64",
                            "all_security_group_ids.#": "5",
                            "all_security_group_ids.1606364400": "724af73b-a5e6-45e2-8b0d-a920528176e4",
                            "all_security_group_ids.196372291": "0b2f6b93-7c6a-463d-baaa-6d9e9ce79884",
                            "all_security_group_ids.2221832618": "a32fa0cd-9108-416f-9726-6a504ef4a3c1",
                            "all_security_group_ids.2420552464": "54f8267f-32e4-4f17-a1c1-8ab57ce2d0c5",
                            "all_security_group_ids.2640697215": "184ef306-695b-47b2-a296-1f33b485ab98",
                            "all_tags.#": "0",
                            "allowed_address_pairs.#": "0",
                            "description": "",
                            "device_id": "",
                            "device_owner": "",
                            "extra_dhcp_option.#": "0",
                            "id": "9bc41e5d-1dbd-4cae-940a-40d932f91dfc",
                            "mac_address": "fa:16:3e:7c:c1:43",
                            "name": "pr-rx-ho-a-007",
                            "network_id": "89093c7c-a78d-49b4-8daa-331f4a6f8398",
                            "region": "",
                            "tags.#": "0",
                            "tenant_id": "3cca87653b804207a7e1de1fb2bb2116"
                        },
                        "meta": {
                            "e2bfb730-ecaa-11e6-8f88-34363bc7c4c0": {
                                "create": 600000000000,
                                "delete": 600000000000
                            }
                        },
                        "tainted": false
                    },
                    "deposed": [],
                    "provider": "provider.openstack"
                },
                "openstack_networking_port_v2.pr-rx-ho-a-008_port": {
                    "type": "openstack_networking_port_v2",
                    "depends_on": [],
                    "primary": {
                        "id": "2dc7c10a-8258-48c8-8a95-549fc5502c54",
                        "attributes": {
                            "admin_state_up": "true",
                            "all_fixed_ips.#": "2",
                            "all_fixed_ips.0": "2001:558:fc18:0:f816:3eff:fec4:667e",
                            "all_fixed_ips.1": "96.116.227.92",
                            "all_security_group_ids.#": "5",
                            "all_security_group_ids.1606364400": "724af73b-a5e6-45e2-8b0d-a920528176e4",
                            "all_security_group_ids.196372291": "0b2f6b93-7c6a-463d-baaa-6d9e9ce79884",
                            "all_security_group_ids.2221832618": "a32fa0cd-9108-416f-9726-6a504ef4a3c1",
                            "all_security_group_ids.2420552464": "54f8267f-32e4-4f17-a1c1-8ab57ce2d0c5",
                            "all_security_group_ids.2640697215": "184ef306-695b-47b2-a296-1f33b485ab98",
                            "all_tags.#": "0",
                            "allowed_address_pairs.#": "0",
                            "description": "",
                            "device_id": "",
                            "device_owner": "",
                            "extra_dhcp_option.#": "0",
                            "id": "2dc7c10a-8258-48c8-8a95-549fc5502c54",
                            "mac_address": "fa:16:3e:c4:66:7e",
                            "name": "pr-rx-ho-a-008",
                            "network_id": "89093c7c-a78d-49b4-8daa-331f4a6f8398",
                            "region": "",
                            "tags.#": "0",
                            "tenant_id": "3cca87653b804207a7e1de1fb2bb2116"
                        },
                        "meta": {
                            "e2bfb730-ecaa-11e6-8f88-34363bc7c4c0": {
                                "create": 600000000000,
                                "delete": 600000000000
                            }
                        },
                        "tainted": false
                    },
                    "deposed": [],
                    "provider": "provider.openstack"
                },
                "openstack_networking_port_v2.pr-rx-ho-a-009_port": {
                    "type": "openstack_networking_port_v2",
                    "depends_on": [],
                    "primary": {
                        "id": "57ac1409-3d24-4159-8427-ea78c4dfb5f9",
                        "attributes": {
                            "admin_state_up": "true",
                            "all_fixed_ips.#": "2",
                            "all_fixed_ips.0": "2001:558:fc18:0:f816:3eff:fed9:3b83",
                            "all_fixed_ips.1": "96.116.225.136",
                            "all_security_group_ids.#": "5",
                            "all_security_group_ids.1606364400": "724af73b-a5e6-45e2-8b0d-a920528176e4",
                            "all_security_group_ids.196372291": "0b2f6b93-7c6a-463d-baaa-6d9e9ce79884",
                            "all_security_group_ids.2221832618": "a32fa0cd-9108-416f-9726-6a504ef4a3c1",
                            "all_security_group_ids.2420552464": "54f8267f-32e4-4f17-a1c1-8ab57ce2d0c5",
                            "all_security_group_ids.2640697215": "184ef306-695b-47b2-a296-1f33b485ab98",
                            "all_tags.#": "0",
                            "allowed_address_pairs.#": "0",
                            "description": "",
                            "device_id": "",
                            "device_owner": "",
                            "extra_dhcp_option.#": "0",
                            "id": "57ac1409-3d24-4159-8427-ea78c4dfb5f9",
                            "mac_address": "fa:16:3e:d9:3b:83",
                            "name": "pr-rx-ho-a-009",
                            "network_id": "89093c7c-a78d-49b4-8daa-331f4a6f8398",
                            "region": "",
                            "tags.#": "0",
                            "tenant_id": "3cca87653b804207a7e1de1fb2bb2116"
                        },
                        "meta": {
                            "e2bfb730-ecaa-11e6-8f88-34363bc7c4c0": {
                                "create": 600000000000,
                                "delete": 600000000000
                            }
                        },
                        "tainted": false
                    },
                    "deposed": [],
                    "provider": "provider.openstack"
                },
                "openstack_networking_port_v2.pr-rxctrl-ho-a-0010_port": {
                    "type": "openstack_networking_port_v2",
                    "depends_on": [],
                    "primary": {
                        "id": "4eeadc62-9784-481b-a7c0-fdbc49e36ac3",
                        "attributes": {
                            "admin_state_up": "true",
                            "all_fixed_ips.#": "2",
                            "all_fixed_ips.0": "2001:558:fc18:0:f816:3eff:fe6e:8410",
                            "all_fixed_ips.1": "96.116.226.176",
                            "all_security_group_ids.#": "5",
                            "all_security_group_ids.1606364400": "724af73b-a5e6-45e2-8b0d-a920528176e4",
                            "all_security_group_ids.196372291": "0b2f6b93-7c6a-463d-baaa-6d9e9ce79884",
                            "all_security_group_ids.2221832618": "a32fa0cd-9108-416f-9726-6a504ef4a3c1",
                            "all_security_group_ids.2420552464": "54f8267f-32e4-4f17-a1c1-8ab57ce2d0c5",
                            "all_security_group_ids.2640697215": "184ef306-695b-47b2-a296-1f33b485ab98",
                            "all_tags.#": "0",
                            "allowed_address_pairs.#": "0",
                            "description": "",
                            "device_id": "",
                            "device_owner": "",
                            "extra_dhcp_option.#": "0",
                            "id": "4eeadc62-9784-481b-a7c0-fdbc49e36ac3",
                            "mac_address": "fa:16:3e:6e:84:10",
                            "name": "pr-rxctrl-ho-a-0010",
                            "network_id": "89093c7c-a78d-49b4-8daa-331f4a6f8398",
                            "region": "",
                            "tags.#": "0",
                            "tenant_id": "3cca87653b804207a7e1de1fb2bb2116"
                        },
                        "meta": {
                            "e2bfb730-ecaa-11e6-8f88-34363bc7c4c0": {
                                "create": 600000000000,
                                "delete": 600000000000
                            }
                        },
                        "tainted": false
                    },
                    "deposed": [],
                    "provider": "provider.openstack"
                },
                "openstack_networking_port_v2.pr-rxctrl-ho-a-0011_port": {
                    "type": "openstack_networking_port_v2",
                    "depends_on": [],
                    "primary": {
                        "id": "3a23eb68-4548-4cdb-829d-612213cad1df",
                        "attributes": {
                            "admin_state_up": "true",
                            "all_fixed_ips.#": "2",
                            "all_fixed_ips.0": "2001:558:fc18:0:f816:3eff:fe8e:5a4f",
                            "all_fixed_ips.1": "96.116.226.177",
                            "all_security_group_ids.#": "5",
                            "all_security_group_ids.1606364400": "724af73b-a5e6-45e2-8b0d-a920528176e4",
                            "all_security_group_ids.196372291": "0b2f6b93-7c6a-463d-baaa-6d9e9ce79884",
                            "all_security_group_ids.2221832618": "a32fa0cd-9108-416f-9726-6a504ef4a3c1",
                            "all_security_group_ids.2420552464": "54f8267f-32e4-4f17-a1c1-8ab57ce2d0c5",
                            "all_security_group_ids.2640697215": "184ef306-695b-47b2-a296-1f33b485ab98",
                            "all_tags.#": "0",
                            "allowed_address_pairs.#": "0",
                            "description": "",
                            "device_id": "",
                            "device_owner": "",
                            "extra_dhcp_option.#": "0",
                            "id": "3a23eb68-4548-4cdb-829d-612213cad1df",
                            "mac_address": "fa:16:3e:8e:5a:4f",
                            "name": "pr-rxctrl-ho-a-0011",
                            "network_id": "89093c7c-a78d-49b4-8daa-331f4a6f8398",
                            "region": "",
                            "tags.#": "0",
                            "tenant_id": "3cca87653b804207a7e1de1fb2bb2116"
                        },
                        "meta": {
                            "e2bfb730-ecaa-11e6-8f88-34363bc7c4c0": {
                                "create": 600000000000,
                                "delete": 600000000000
                            }
                        },
                        "tainted": false
                    },
                    "deposed": [],
                    "provider": "provider.openstack"
                },
                "openstack_networking_port_v2.pr-rxctrl-ho-a-0012_port": {
                    "type": "openstack_networking_port_v2",
                    "depends_on": [],
                    "primary": {
                        "id": "f7718a8f-a360-478b-9dc8-e5a6cc0b0caf",
                        "attributes": {
                            "admin_state_up": "true",
                            "all_fixed_ips.#": "2",
                            "all_fixed_ips.0": "2001:558:fc18:0:f816:3eff:fef2:d5bc",
                            "all_fixed_ips.1": "96.116.226.181",
                            "all_security_group_ids.#": "5",
                            "all_security_group_ids.1606364400": "724af73b-a5e6-45e2-8b0d-a920528176e4",
                            "all_security_group_ids.196372291": "0b2f6b93-7c6a-463d-baaa-6d9e9ce79884",
                            "all_security_group_ids.2221832618": "a32fa0cd-9108-416f-9726-6a504ef4a3c1",
                            "all_security_group_ids.2420552464": "54f8267f-32e4-4f17-a1c1-8ab57ce2d0c5",
                            "all_security_group_ids.2640697215": "184ef306-695b-47b2-a296-1f33b485ab98",
                            "all_tags.#": "0",
                            "allowed_address_pairs.#": "0",
                            "description": "",
                            "device_id": "",
                            "device_owner": "",
                            "extra_dhcp_option.#": "0",
                            "id": "f7718a8f-a360-478b-9dc8-e5a6cc0b0caf",
                            "mac_address": "fa:16:3e:f2:d5:bc",
                            "name": "pr-rxctrl-ho-a-0012",
                            "network_id": "89093c7c-a78d-49b4-8daa-331f4a6f8398",
                            "region": "",
                            "tags.#": "0",
                            "tenant_id": "3cca87653b804207a7e1de1fb2bb2116"
                        },
                        "meta": {
                            "e2bfb730-ecaa-11e6-8f88-34363bc7c4c0": {
                                "create": 600000000000,
                                "delete": 600000000000
                            }
                        },
                        "tainted": false
                    },
                    "deposed": [],
                    "provider": "provider.openstack"
                },
                "openstack_networking_port_v2.pr-rxctrl-ho-a-0013_port": {
                    "type": "openstack_networking_port_v2",
                    "depends_on": [],
                    "primary": {
                        "id": "df25088b-9104-458f-9e87-4a54c48f0a1d",
                        "attributes": {
                            "admin_state_up": "true",
                            "all_fixed_ips.#": "2",
                            "all_fixed_ips.0": "2001:558:fc18:0:f816:3eff:fef6:90cc",
                            "all_fixed_ips.1": "96.116.226.241",
                            "all_security_group_ids.#": "5",
                            "all_security_group_ids.1606364400": "724af73b-a5e6-45e2-8b0d-a920528176e4",
                            "all_security_group_ids.196372291": "0b2f6b93-7c6a-463d-baaa-6d9e9ce79884",
                            "all_security_group_ids.2221832618": "a32fa0cd-9108-416f-9726-6a504ef4a3c1",
                            "all_security_group_ids.2420552464": "54f8267f-32e4-4f17-a1c1-8ab57ce2d0c5",
                            "all_security_group_ids.2640697215": "184ef306-695b-47b2-a296-1f33b485ab98",
                            "all_tags.#": "0",
                            "allowed_address_pairs.#": "0",
                            "description": "",
                            "device_id": "",
                            "device_owner": "",
                            "extra_dhcp_option.#": "0",
                            "id": "df25088b-9104-458f-9e87-4a54c48f0a1d",
                            "mac_address": "fa:16:3e:f6:90:cc",
                            "name": "pr-rxctrl-ho-a-0013",
                            "network_id": "89093c7c-a78d-49b4-8daa-331f4a6f8398",
                            "region": "",
                            "tags.#": "0",
                            "tenant_id": "3cca87653b804207a7e1de1fb2bb2116"
                        },
                        "meta": {
                            "e2bfb730-ecaa-11e6-8f88-34363bc7c4c0": {
                                "create": 600000000000,
                                "delete": 600000000000
                            }
                        },
                        "tainted": false
                    },
                    "deposed": [],
                    "provider": "provider.openstack"
                },
                "openstack_networking_port_v2.pr-rxctrl-ho-a-0014_port": {
                    "type": "openstack_networking_port_v2",
                    "depends_on": [],
                    "primary": {
                        "id": "0d4ee245-414d-4ff8-8f1f-2d2aa381b785",
                        "attributes": {
                            "admin_state_up": "true",
                            "all_fixed_ips.#": "2",
                            "all_fixed_ips.0": "2001:558:fc18:0:f816:3eff:fe8d:5a41",
                            "all_fixed_ips.1": "96.116.226.253",
                            "all_security_group_ids.#": "5",
                            "all_security_group_ids.1606364400": "724af73b-a5e6-45e2-8b0d-a920528176e4",
                            "all_security_group_ids.196372291": "0b2f6b93-7c6a-463d-baaa-6d9e9ce79884",
                            "all_security_group_ids.2221832618": "a32fa0cd-9108-416f-9726-6a504ef4a3c1",
                            "all_security_group_ids.2420552464": "54f8267f-32e4-4f17-a1c1-8ab57ce2d0c5",
                            "all_security_group_ids.2640697215": "184ef306-695b-47b2-a296-1f33b485ab98",
                            "all_tags.#": "0",
                            "allowed_address_pairs.#": "0",
                            "description": "",
                            "device_id": "",
                            "device_owner": "",
                            "extra_dhcp_option.#": "0",
                            "id": "0d4ee245-414d-4ff8-8f1f-2d2aa381b785",
                            "mac_address": "fa:16:3e:8d:5a:41",
                            "name": "pr-rxctrl-ho-a-0014",
                            "network_id": "89093c7c-a78d-49b4-8daa-331f4a6f8398",
                            "region": "",
                            "tags.#": "0",
                            "tenant_id": "3cca87653b804207a7e1de1fb2bb2116"
                        },
                        "meta": {
                            "e2bfb730-ecaa-11e6-8f88-34363bc7c4c0": {
                                "create": 600000000000,
                                "delete": 600000000000
                            }
                        },
                        "tainted": false
                    },
                    "deposed": [],
                    "provider": "provider.openstack"
                },
                "openstack_networking_port_v2.pr-rxctrl-ho-a-0015_port": {
                    "type": "openstack_networking_port_v2",
                    "depends_on": [],
                    "primary": {
                        "id": "a8e52aed-c84d-406e-99b2-5f83ac8ae6fe",
                        "attributes": {
                            "admin_state_up": "true",
                            "all_fixed_ips.#": "2",
                            "all_fixed_ips.0": "2001:558:fc18:0:f816:3eff:fe3a:467e",
                            "all_fixed_ips.1": "96.116.226.254",
                            "all_security_group_ids.#": "5",
                            "all_security_group_ids.1606364400": "724af73b-a5e6-45e2-8b0d-a920528176e4",
                            "all_security_group_ids.196372291": "0b2f6b93-7c6a-463d-baaa-6d9e9ce79884",
                            "all_security_group_ids.2221832618": "a32fa0cd-9108-416f-9726-6a504ef4a3c1",
                            "all_security_group_ids.2420552464": "54f8267f-32e4-4f17-a1c1-8ab57ce2d0c5",
                            "all_security_group_ids.2640697215": "184ef306-695b-47b2-a296-1f33b485ab98",
                            "all_tags.#": "0",
                            "allowed_address_pairs.#": "0",
                            "description": "",
                            "device_id": "",
                            "device_owner": "",
                            "extra_dhcp_option.#": "0",
                            "id": "a8e52aed-c84d-406e-99b2-5f83ac8ae6fe",
                            "mac_address": "fa:16:3e:3a:46:7e",
                            "name": "pr-rxctrl-ho-a-0015",
                            "network_id": "89093c7c-a78d-49b4-8daa-331f4a6f8398",
                            "region": "",
                            "tags.#": "0",
                            "tenant_id": "3cca87653b804207a7e1de1fb2bb2116"
                        },
                        "meta": {
                            "e2bfb730-ecaa-11e6-8f88-34363bc7c4c0": {
                                "create": 600000000000,
                                "delete": 600000000000
                            }
                        },
                        "tainted": false
                    },
                    "deposed": [],
                    "provider": "provider.openstack"
                },
                "openstack_networking_port_v2.pr-rxctrl-ho-a-0016_port": {
                    "type": "openstack_networking_port_v2",
                    "depends_on": [],
                    "primary": {
                        "id": "a0c00563-87a3-4f4b-88f6-2e57df50ee7b",
                        "attributes": {
                            "admin_state_up": "true",
                            "all_fixed_ips.#": "2",
                            "all_fixed_ips.0": "2001:558:fc18:0:f816:3eff:fe26:ed65",
                            "all_fixed_ips.1": "96.116.226.39",
                            "all_security_group_ids.#": "5",
                            "all_security_group_ids.1606364400": "724af73b-a5e6-45e2-8b0d-a920528176e4",
                            "all_security_group_ids.196372291": "0b2f6b93-7c6a-463d-baaa-6d9e9ce79884",
                            "all_security_group_ids.2221832618": "a32fa0cd-9108-416f-9726-6a504ef4a3c1",
                            "all_security_group_ids.2420552464": "54f8267f-32e4-4f17-a1c1-8ab57ce2d0c5",
                            "all_security_group_ids.2640697215": "184ef306-695b-47b2-a296-1f33b485ab98",
                            "all_tags.#": "0",
                            "allowed_address_pairs.#": "0",
                            "description": "",
                            "device_id": "",
                            "device_owner": "",
                            "extra_dhcp_option.#": "0",
                            "id": "a0c00563-87a3-4f4b-88f6-2e57df50ee7b",
                            "mac_address": "fa:16:3e:26:ed:65",
                            "name": "pr-rxctrl-ho-a-0016",
                            "network_id": "89093c7c-a78d-49b4-8daa-331f4a6f8398",
                            "region": "",
                            "tags.#": "0",
                            "tenant_id": "3cca87653b804207a7e1de1fb2bb2116"
                        },
                        "meta": {
                            "e2bfb730-ecaa-11e6-8f88-34363bc7c4c0": {
                                "create": 600000000000,
                                "delete": 600000000000
                            }
                        },
                        "tainted": false
                    },
                    "deposed": [],
                    "provider": "provider.openstack"
                },
                "openstack_networking_port_v2.pr-rxctrl-ho-a-0017_port": {
                    "type": "openstack_networking_port_v2",
                    "depends_on": [],
                    "primary": {
                        "id": "2aa93d7d-2b91-4af6-8ee9-4d484bea8484",
                        "attributes": {
                            "admin_state_up": "true",
                            "all_fixed_ips.#": "2",
                            "all_fixed_ips.0": "2001:558:fc18:0:f816:3eff:fe29:d4f3",
                            "all_fixed_ips.1": "96.116.226.46",
                            "all_security_group_ids.#": "5",
                            "all_security_group_ids.1606364400": "724af73b-a5e6-45e2-8b0d-a920528176e4",
                            "all_security_group_ids.196372291": "0b2f6b93-7c6a-463d-baaa-6d9e9ce79884",
                            "all_security_group_ids.2221832618": "a32fa0cd-9108-416f-9726-6a504ef4a3c1",
                            "all_security_group_ids.2420552464": "54f8267f-32e4-4f17-a1c1-8ab57ce2d0c5",
                            "all_security_group_ids.2640697215": "184ef306-695b-47b2-a296-1f33b485ab98",
                            "all_tags.#": "0",
                            "allowed_address_pairs.#": "0",
                            "description": "",
                            "device_id": "",
                            "device_owner": "",
                            "extra_dhcp_option.#": "0",
                            "id": "2aa93d7d-2b91-4af6-8ee9-4d484bea8484",
                            "mac_address": "fa:16:3e:29:d4:f3",
                            "name": "pr-rxctrl-ho-a-0017",
                            "network_id": "89093c7c-a78d-49b4-8daa-331f4a6f8398",
                            "region": "",
                            "tags.#": "0",
                            "tenant_id": "3cca87653b804207a7e1de1fb2bb2116"
                        },
                        "meta": {
                            "e2bfb730-ecaa-11e6-8f88-34363bc7c4c0": {
                                "create": 600000000000,
                                "delete": 600000000000
                            }
                        },
                        "tainted": false
                    },
                    "deposed": [],
                    "provider": "provider.openstack"
                },
                "openstack_networking_port_v2.pr-rxctrl-ho-a-001_port": {
                    "type": "openstack_networking_port_v2",
                    "depends_on": [],
                    "primary": {
                        "id": "afaf89dc-bad0-4c2f-a5b3-1007616759a1",
                        "attributes": {
                            "admin_state_up": "true",
                            "all_fixed_ips.#": "2",
                            "all_fixed_ips.0": "2001:558:fc18:0:f816:3eff:fe02:9c88",
                            "all_fixed_ips.1": "96.116.226.142",
                            "all_security_group_ids.#": "5",
                            "all_security_group_ids.1606364400": "724af73b-a5e6-45e2-8b0d-a920528176e4",
                            "all_security_group_ids.196372291": "0b2f6b93-7c6a-463d-baaa-6d9e9ce79884",
                            "all_security_group_ids.2221832618": "a32fa0cd-9108-416f-9726-6a504ef4a3c1",
                            "all_security_group_ids.2420552464": "54f8267f-32e4-4f17-a1c1-8ab57ce2d0c5",
                            "all_security_group_ids.2640697215": "184ef306-695b-47b2-a296-1f33b485ab98",
                            "all_tags.#": "0",
                            "allowed_address_pairs.#": "0",
                            "description": "",
                            "device_id": "",
                            "device_owner": "",
                            "extra_dhcp_option.#": "0",
                            "id": "afaf89dc-bad0-4c2f-a5b3-1007616759a1",
                            "mac_address": "fa:16:3e:02:9c:88",
                            "name": "pr-rxctrl-ho-a-001",
                            "network_id": "89093c7c-a78d-49b4-8daa-331f4a6f8398",
                            "region": "",
                            "tags.#": "0",
                            "tenant_id": "3cca87653b804207a7e1de1fb2bb2116"
                        },
                        "meta": {
                            "e2bfb730-ecaa-11e6-8f88-34363bc7c4c0": {
                                "create": 600000000000,
                                "delete": 600000000000
                            }
                        },
                        "tainted": false
                    },
                    "deposed": [],
                    "provider": "provider.openstack"
                },
                "openstack_networking_port_v2.pr-rxctrl-ho-a-002_port": {
                    "type": "openstack_networking_port_v2",
                    "depends_on": [],
                    "primary": {
                        "id": "100dfefa-d0db-4a08-a296-e9534e0d6c18",
                        "attributes": {
                            "admin_state_up": "true",
                            "all_fixed_ips.#": "2",
                            "all_fixed_ips.0": "2001:558:fc18:0:f816:3eff:fe06:fe17",
                            "all_fixed_ips.1": "96.116.226.157",
                            "all_security_group_ids.#": "5",
                            "all_security_group_ids.1606364400": "724af73b-a5e6-45e2-8b0d-a920528176e4",
                            "all_security_group_ids.196372291": "0b2f6b93-7c6a-463d-baaa-6d9e9ce79884",
                            "all_security_group_ids.2221832618": "a32fa0cd-9108-416f-9726-6a504ef4a3c1",
                            "all_security_group_ids.2420552464": "54f8267f-32e4-4f17-a1c1-8ab57ce2d0c5",
                            "all_security_group_ids.2640697215": "184ef306-695b-47b2-a296-1f33b485ab98",
                            "all_tags.#": "0",
                            "allowed_address_pairs.#": "0",
                            "description": "",
                            "device_id": "",
                            "device_owner": "",
                            "extra_dhcp_option.#": "0",
                            "id": "100dfefa-d0db-4a08-a296-e9534e0d6c18",
                            "mac_address": "fa:16:3e:06:fe:17",
                            "name": "pr-rxctrl-ho-a-002",
                            "network_id": "89093c7c-a78d-49b4-8daa-331f4a6f8398",
                            "region": "",
                            "tags.#": "0",
                            "tenant_id": "3cca87653b804207a7e1de1fb2bb2116"
                        },
                        "meta": {
                            "e2bfb730-ecaa-11e6-8f88-34363bc7c4c0": {
                                "create": 600000000000,
                                "delete": 600000000000
                            }
                        },
                        "tainted": false
                    },
                    "deposed": [],
                    "provider": "provider.openstack"
                },
                "openstack_networking_port_v2.pr-rxctrl-ho-a-003_port": {
                    "type": "openstack_networking_port_v2",
                    "depends_on": [],
                    "primary": {
                        "id": "cb905106-b84c-4ddb-8155-c35147127fbe",
                        "attributes": {
                            "admin_state_up": "true",
                            "all_fixed_ips.#": "2",
                            "all_fixed_ips.0": "2001:558:fc18:0:f816:3eff:fe8b:a2e0",
                            "all_fixed_ips.1": "96.116.226.160",
                            "all_security_group_ids.#": "5",
                            "all_security_group_ids.1606364400": "724af73b-a5e6-45e2-8b0d-a920528176e4",
                            "all_security_group_ids.196372291": "0b2f6b93-7c6a-463d-baaa-6d9e9ce79884",
                            "all_security_group_ids.2221832618": "a32fa0cd-9108-416f-9726-6a504ef4a3c1",
                            "all_security_group_ids.2420552464": "54f8267f-32e4-4f17-a1c1-8ab57ce2d0c5",
                            "all_security_group_ids.2640697215": "184ef306-695b-47b2-a296-1f33b485ab98",
                            "all_tags.#": "0",
                            "allowed_address_pairs.#": "0",
                            "description": "",
                            "device_id": "",
                            "device_owner": "",
                            "extra_dhcp_option.#": "0",
                            "id": "cb905106-b84c-4ddb-8155-c35147127fbe",
                            "mac_address": "fa:16:3e:8b:a2:e0",
                            "name": "pr-rxctrl-ho-a-003",
                            "network_id": "89093c7c-a78d-49b4-8daa-331f4a6f8398",
                            "region": "",
                            "tags.#": "0",
                            "tenant_id": "3cca87653b804207a7e1de1fb2bb2116"
                        },
                        "meta": {
                            "e2bfb730-ecaa-11e6-8f88-34363bc7c4c0": {
                                "create": 600000000000,
                                "delete": 600000000000
                            }
                        },
                        "tainted": false
                    },
                    "deposed": [],
                    "provider": "provider.openstack"
                },
                "openstack_networking_port_v2.pr-rxctrl-ho-a-004_port": {
                    "type": "openstack_networking_port_v2",
                    "depends_on": [],
                    "primary": {
                        "id": "5191ea60-a99a-48a8-ae22-a246dcd7f978",
                        "attributes": {
                            "admin_state_up": "true",
                            "all_fixed_ips.#": "2",
                            "all_fixed_ips.0": "2001:558:fc18:0:f816:3eff:feaf:47fe",
                            "all_fixed_ips.1": "96.116.226.164",
                            "all_security_group_ids.#": "5",
                            "all_security_group_ids.1606364400": "724af73b-a5e6-45e2-8b0d-a920528176e4",
                            "all_security_group_ids.196372291": "0b2f6b93-7c6a-463d-baaa-6d9e9ce79884",
                            "all_security_group_ids.2221832618": "a32fa0cd-9108-416f-9726-6a504ef4a3c1",
                            "all_security_group_ids.2420552464": "54f8267f-32e4-4f17-a1c1-8ab57ce2d0c5",
                            "all_security_group_ids.2640697215": "184ef306-695b-47b2-a296-1f33b485ab98",
                            "all_tags.#": "0",
                            "allowed_address_pairs.#": "0",
                            "description": "",
                            "device_id": "",
                            "device_owner": "",
                            "extra_dhcp_option.#": "0",
                            "id": "5191ea60-a99a-48a8-ae22-a246dcd7f978",
                            "mac_address": "fa:16:3e:af:47:fe",
                            "name": "pr-rxctrl-ho-a-004",
                            "network_id": "89093c7c-a78d-49b4-8daa-331f4a6f8398",
                            "region": "",
                            "tags.#": "0",
                            "tenant_id": "3cca87653b804207a7e1de1fb2bb2116"
                        },
                        "meta": {
                            "e2bfb730-ecaa-11e6-8f88-34363bc7c4c0": {
                                "create": 600000000000,
                                "delete": 600000000000
                            }
                        },
                        "tainted": false
                    },
                    "deposed": [],
                    "provider": "provider.openstack"
                },
                "openstack_networking_port_v2.pr-rxctrl-ho-a-005_port": {
                    "type": "openstack_networking_port_v2",
                    "depends_on": [],
                    "primary": {
                        "id": "45e012ea-3c59-4723-8707-2fafb6870143",
                        "attributes": {
                            "admin_state_up": "true",
                            "all_fixed_ips.#": "2",
                            "all_fixed_ips.0": "2001:558:fc18:0:f816:3eff:fea4:6e32",
                            "all_fixed_ips.1": "96.116.226.165",
                            "all_security_group_ids.#": "5",
                            "all_security_group_ids.1606364400": "724af73b-a5e6-45e2-8b0d-a920528176e4",
                            "all_security_group_ids.196372291": "0b2f6b93-7c6a-463d-baaa-6d9e9ce79884",
                            "all_security_group_ids.2221832618": "a32fa0cd-9108-416f-9726-6a504ef4a3c1",
                            "all_security_group_ids.2420552464": "54f8267f-32e4-4f17-a1c1-8ab57ce2d0c5",
                            "all_security_group_ids.2640697215": "184ef306-695b-47b2-a296-1f33b485ab98",
                            "all_tags.#": "0",
                            "allowed_address_pairs.#": "0",
                            "description": "",
                            "device_id": "",
                            "device_owner": "",
                            "extra_dhcp_option.#": "0",
                            "id": "45e012ea-3c59-4723-8707-2fafb6870143",
                            "mac_address": "fa:16:3e:a4:6e:32",
                            "name": "pr-rxctrl-ho-a-005",
                            "network_id": "89093c7c-a78d-49b4-8daa-331f4a6f8398",
                            "region": "",
                            "tags.#": "0",
                            "tenant_id": "3cca87653b804207a7e1de1fb2bb2116"
                        },
                        "meta": {
                            "e2bfb730-ecaa-11e6-8f88-34363bc7c4c0": {
                                "create": 600000000000,
                                "delete": 600000000000
                            }
                        },
                        "tainted": false
                    },
                    "deposed": [],
                    "provider": "provider.openstack"
                },
                "openstack_networking_port_v2.pr-rxctrl-ho-a-006_port": {
                    "type": "openstack_networking_port_v2",
                    "depends_on": [],
                    "primary": {
                        "id": "0abf0b1a-1137-4bef-9341-2811ba816621",
                        "attributes": {
                            "admin_state_up": "true",
                            "all_fixed_ips.#": "2",
                            "all_fixed_ips.0": "2001:558:fc18:0:f816:3eff:fef8:8704",
                            "all_fixed_ips.1": "96.116.226.166",
                            "all_security_group_ids.#": "5",
                            "all_security_group_ids.1606364400": "724af73b-a5e6-45e2-8b0d-a920528176e4",
                            "all_security_group_ids.196372291": "0b2f6b93-7c6a-463d-baaa-6d9e9ce79884",
                            "all_security_group_ids.2221832618": "a32fa0cd-9108-416f-9726-6a504ef4a3c1",
                            "all_security_group_ids.2420552464": "54f8267f-32e4-4f17-a1c1-8ab57ce2d0c5",
                            "all_security_group_ids.2640697215": "184ef306-695b-47b2-a296-1f33b485ab98",
                            "all_tags.#": "0",
                            "allowed_address_pairs.#": "0",
                            "description": "",
                            "device_id": "",
                            "device_owner": "",
                            "extra_dhcp_option.#": "0",
                            "id": "0abf0b1a-1137-4bef-9341-2811ba816621",
                            "mac_address": "fa:16:3e:f8:87:04",
                            "name": "pr-rxctrl-ho-a-006",
                            "network_id": "89093c7c-a78d-49b4-8daa-331f4a6f8398",
                            "region": "",
                            "tags.#": "0",
                            "tenant_id": "3cca87653b804207a7e1de1fb2bb2116"
                        },
                        "meta": {
                            "e2bfb730-ecaa-11e6-8f88-34363bc7c4c0": {
                                "create": 600000000000,
                                "delete": 600000000000
                            }
                        },
                        "tainted": false
                    },
                    "deposed": [],
                    "provider": "provider.openstack"
                },
                "openstack_networking_port_v2.pr-rxctrl-ho-a-007_port": {
                    "type": "openstack_networking_port_v2",
                    "depends_on": [],
                    "primary": {
                        "id": "239ac78a-dcdb-4303-87b2-4f564385d6f3",
                        "attributes": {
                            "admin_state_up": "true",
                            "all_fixed_ips.#": "2",
                            "all_fixed_ips.0": "2001:558:fc18:0:f816:3eff:fe8e:bf96",
                            "all_fixed_ips.1": "96.116.226.169",
                            "all_security_group_ids.#": "5",
                            "all_security_group_ids.1606364400": "724af73b-a5e6-45e2-8b0d-a920528176e4",
                            "all_security_group_ids.196372291": "0b2f6b93-7c6a-463d-baaa-6d9e9ce79884",
                            "all_security_group_ids.2221832618": "a32fa0cd-9108-416f-9726-6a504ef4a3c1",
                            "all_security_group_ids.2420552464": "54f8267f-32e4-4f17-a1c1-8ab57ce2d0c5",
                            "all_security_group_ids.2640697215": "184ef306-695b-47b2-a296-1f33b485ab98",
                            "all_tags.#": "0",
                            "allowed_address_pairs.#": "0",
                            "description": "",
                            "device_id": "",
                            "device_owner": "",
                            "extra_dhcp_option.#": "0",
                            "id": "239ac78a-dcdb-4303-87b2-4f564385d6f3",
                            "mac_address": "fa:16:3e:8e:bf:96",
                            "name": "pr-rxctrl-ho-a-007",
                            "network_id": "89093c7c-a78d-49b4-8daa-331f4a6f8398",
                            "region": "",
                            "tags.#": "0",
                            "tenant_id": "3cca87653b804207a7e1de1fb2bb2116"
                        },
                        "meta": {
                            "e2bfb730-ecaa-11e6-8f88-34363bc7c4c0": {
                                "create": 600000000000,
                                "delete": 600000000000
                            }
                        },
                        "tainted": false
                    },
                    "deposed": [],
                    "provider": "provider.openstack"
                },
                "openstack_networking_port_v2.pr-rxctrl-ho-a-008_port": {
                    "type": "openstack_networking_port_v2",
                    "depends_on": [],
                    "primary": {
                        "id": "dfb92579-e971-4429-b47f-33d03362fdf9",
                        "attributes": {
                            "admin_state_up": "true",
                            "all_fixed_ips.#": "2",
                            "all_fixed_ips.0": "2001:558:fc18:0:f816:3eff:fe6a:cc92",
                            "all_fixed_ips.1": "96.116.226.170",
                            "all_security_group_ids.#": "5",
                            "all_security_group_ids.1606364400": "724af73b-a5e6-45e2-8b0d-a920528176e4",
                            "all_security_group_ids.196372291": "0b2f6b93-7c6a-463d-baaa-6d9e9ce79884",
                            "all_security_group_ids.2221832618": "a32fa0cd-9108-416f-9726-6a504ef4a3c1",
                            "all_security_group_ids.2420552464": "54f8267f-32e4-4f17-a1c1-8ab57ce2d0c5",
                            "all_security_group_ids.2640697215": "184ef306-695b-47b2-a296-1f33b485ab98",
                            "all_tags.#": "0",
                            "allowed_address_pairs.#": "0",
                            "description": "",
                            "device_id": "",
                            "device_owner": "",
                            "extra_dhcp_option.#": "0",
                            "id": "dfb92579-e971-4429-b47f-33d03362fdf9",
                            "mac_address": "fa:16:3e:6a:cc:92",
                            "name": "pr-rxctrl-ho-a-008",
                            "network_id": "89093c7c-a78d-49b4-8daa-331f4a6f8398",
                            "region": "",
                            "tags.#": "0",
                            "tenant_id": "3cca87653b804207a7e1de1fb2bb2116"
                        },
                        "meta": {
                            "e2bfb730-ecaa-11e6-8f88-34363bc7c4c0": {
                                "create": 600000000000,
                                "delete": 600000000000
                            }
                        },
                        "tainted": false
                    },
                    "deposed": [],
                    "provider": "provider.openstack"
                },
                "openstack_networking_port_v2.pr-rxctrl-ho-a-009_port": {
                    "type": "openstack_networking_port_v2",
                    "depends_on": [],
                    "primary": {
                        "id": "fb433fdb-6102-4bbc-be0c-cca449975a4b",
                        "attributes": {
                            "admin_state_up": "true",
                            "all_fixed_ips.#": "2",
                            "all_fixed_ips.0": "2001:558:fc18:0:f816:3eff:fe5d:b110",
                            "all_fixed_ips.1": "96.116.226.173",
                            "all_security_group_ids.#": "5",
                            "all_security_group_ids.1606364400": "724af73b-a5e6-45e2-8b0d-a920528176e4",
                            "all_security_group_ids.196372291": "0b2f6b93-7c6a-463d-baaa-6d9e9ce79884",
                            "all_security_group_ids.2221832618": "a32fa0cd-9108-416f-9726-6a504ef4a3c1",
                            "all_security_group_ids.2420552464": "54f8267f-32e4-4f17-a1c1-8ab57ce2d0c5",
                            "all_security_group_ids.2640697215": "184ef306-695b-47b2-a296-1f33b485ab98",
                            "all_tags.#": "0",
                            "allowed_address_pairs.#": "0",
                            "description": "",
                            "device_id": "",
                            "device_owner": "",
                            "extra_dhcp_option.#": "0",
                            "id": "fb433fdb-6102-4bbc-be0c-cca449975a4b",
                            "mac_address": "fa:16:3e:5d:b1:10",
                            "name": "pr-rxctrl-ho-a-009",
                            "network_id": "89093c7c-a78d-49b4-8daa-331f4a6f8398",
                            "region": "",
                            "tags.#": "0",
                            "tenant_id": "3cca87653b804207a7e1de1fb2bb2116"
                        },
                        "meta": {
                            "e2bfb730-ecaa-11e6-8f88-34363bc7c4c0": {
                                "create": 600000000000,
                                "delete": 600000000000
                            }
                        },
                        "tainted": false
                    },
                    "deposed": [],
                    "provider": "provider.openstack"
                },
                "openstack_networking_port_v2.pr-vcfg-ho-a-001_port": {
                    "type": "openstack_networking_port_v2",
                    "depends_on": [],
                    "primary": {
                        "id": "93bd79d4-1e6c-4dfb-b471-5fcadfafb0be",
                        "attributes": {
                            "admin_state_up": "true",
                            "all_fixed_ips.#": "2",
                            "all_fixed_ips.0": "2001:558:fc18:0:f816:3eff:fe3f:5353",
                            "all_fixed_ips.1": "96.116.233.65",
                            "all_security_group_ids.#": "5",
                            "all_security_group_ids.1606364400": "724af73b-a5e6-45e2-8b0d-a920528176e4",
                            "all_security_group_ids.196372291": "0b2f6b93-7c6a-463d-baaa-6d9e9ce79884",
                            "all_security_group_ids.2221832618": "a32fa0cd-9108-416f-9726-6a504ef4a3c1",
                            "all_security_group_ids.2420552464": "54f8267f-32e4-4f17-a1c1-8ab57ce2d0c5",
                            "all_security_group_ids.2640697215": "184ef306-695b-47b2-a296-1f33b485ab98",
                            "all_tags.#": "0",
                            "allowed_address_pairs.#": "0",
                            "description": "",
                            "device_id": "",
                            "device_owner": "",
                            "extra_dhcp_option.#": "0",
                            "id": "93bd79d4-1e6c-4dfb-b471-5fcadfafb0be",
                            "mac_address": "fa:16:3e:3f:53:53",
                            "name": "pr-vcfg-ho-a-001",
                            "network_id": "89093c7c-a78d-49b4-8daa-331f4a6f8398",
                            "region": "",
                            "tags.#": "0",
                            "tenant_id": "3cca87653b804207a7e1de1fb2bb2116"
                        },
                        "meta": {
                            "e2bfb730-ecaa-11e6-8f88-34363bc7c4c0": {
                                "create": 600000000000,
                                "delete": 600000000000
                            }
                        },
                        "tainted": false
                    },
                    "deposed": [],
                    "provider": "provider.openstack"
                },
                "openstack_networking_port_v2.pr-wcfg-ho-a-001_port": {
                    "type": "openstack_networking_port_v2",
                    "depends_on": [],
                    "primary": {
                        "id": "b7d15b49-a365-47c0-92bd-1ff8ca6ddaed",
                        "attributes": {
                            "admin_state_up": "true",
                            "all_fixed_ips.#": "2",
                            "all_fixed_ips.0": "2001:558:fc18:0:f816:3eff:fe13:61ee",
                            "all_fixed_ips.1": "96.116.233.18",
                            "all_security_group_ids.#": "5",
                            "all_security_group_ids.1606364400": "724af73b-a5e6-45e2-8b0d-a920528176e4",
                            "all_security_group_ids.196372291": "0b2f6b93-7c6a-463d-baaa-6d9e9ce79884",
                            "all_security_group_ids.2221832618": "a32fa0cd-9108-416f-9726-6a504ef4a3c1",
                            "all_security_group_ids.2420552464": "54f8267f-32e4-4f17-a1c1-8ab57ce2d0c5",
                            "all_security_group_ids.2640697215": "184ef306-695b-47b2-a296-1f33b485ab98",
                            "all_tags.#": "0",
                            "allowed_address_pairs.#": "0",
                            "description": "",
                            "device_id": "",
                            "device_owner": "",
                            "extra_dhcp_option.#": "0",
                            "id": "b7d15b49-a365-47c0-92bd-1ff8ca6ddaed",
                            "mac_address": "fa:16:3e:13:61:ee",
                            "name": "pr-wcfg-ho-a-001",
                            "network_id": "89093c7c-a78d-49b4-8daa-331f4a6f8398",
                            "region": "",
                            "tags.#": "0",
                            "tenant_id": "3cca87653b804207a7e1de1fb2bb2116"
                        },
                        "meta": {
                            "e2bfb730-ecaa-11e6-8f88-34363bc7c4c0": {
                                "create": 600000000000,
                                "delete": 600000000000
                            }
                        },
                        "tainted": false
                    },
                    "deposed": [],
                    "provider": "provider.openstack"
                },
                "openstack_networking_port_v2.pr-wrtc-ho-a-001_port": {
                    "type": "openstack_networking_port_v2",
                    "depends_on": [],
                    "primary": {
                        "id": "edee3069-8061-4803-b52d-0479451ab3a9",
                        "attributes": {
                            "admin_state_up": "true",
                            "all_fixed_ips.#": "2",
                            "all_fixed_ips.0": "2001:558:fc18:0:f816:3eff:fe4b:a99d",
                            "all_fixed_ips.1": "96.116.224.75",
                            "all_security_group_ids.#": "5",
                            "all_security_group_ids.1606364400": "724af73b-a5e6-45e2-8b0d-a920528176e4",
                            "all_security_group_ids.196372291": "0b2f6b93-7c6a-463d-baaa-6d9e9ce79884",
                            "all_security_group_ids.2221832618": "a32fa0cd-9108-416f-9726-6a504ef4a3c1",
                            "all_security_group_ids.2420552464": "54f8267f-32e4-4f17-a1c1-8ab57ce2d0c5",
                            "all_security_group_ids.2640697215": "184ef306-695b-47b2-a296-1f33b485ab98",
                            "all_tags.#": "0",
                            "allowed_address_pairs.#": "0",
                            "description": "",
                            "device_id": "",
                            "device_owner": "",
                            "extra_dhcp_option.#": "0",
                            "id": "edee3069-8061-4803-b52d-0479451ab3a9",
                            "mac_address": "fa:16:3e:4b:a9:9d",
                            "name": "pr-wrtc-ho-a-001",
                            "network_id": "89093c7c-a78d-49b4-8daa-331f4a6f8398",
                            "region": "",
                            "tags.#": "0",
                            "tenant_id": "3cca87653b804207a7e1de1fb2bb2116"
                        },
                        "meta": {
                            "e2bfb730-ecaa-11e6-8f88-34363bc7c4c0": {
                                "create": 600000000000,
                                "delete": 600000000000
                            }
                        },
                        "tainted": false
                    },
                    "deposed": [],
                    "provider": "provider.openstack"
                },
                "vinyldns_record_set.pr-ibn-ho-a-001_record_set_v4": {
                    "type": "vinyldns_record_set",
                    "depends_on": [
                        "openstack_compute_instance_v2.pr-ibn-ho-a-001.*"
                    ],
                    "primary": {
                        "id": "b913cd19-8bb0-4e95-852b-6de2e5a3e438",
                        "attributes": {
                            "id": "b913cd19-8bb0-4e95-852b-6de2e5a3e438",
                            "name": "pr-ibn-ho-a-001",
                            "record_addresses.#": "1",
                            "record_addresses.3981089181": "96.116.224.108",
                            "ttl": "300",
                            "type": "A",
                            "zone_id": "1bbdd4b5-1034-4578-8c19-8ed70ffe083c"
                        },
                        "meta": {},
                        "tainted": false
                    },
                    "deposed": [],
                    "provider": "provider.vinyldns"
                },
                "vinyldns_record_set.pr-ibn-ho-a-001_record_set_v6": {
                    "type": "vinyldns_record_set",
                    "depends_on": [
                        "openstack_compute_instance_v2.pr-ibn-ho-a-001.*"
                    ],
                    "primary": {
                        "id": "38ff30fd-43a1-40b4-b6c8-4389608999ae",
                        "attributes": {
                            "id": "38ff30fd-43a1-40b4-b6c8-4389608999ae",
                            "name": "pr-ibn-ho-a-001",
                            "record_addresses.#": "1",
                            "record_addresses.4208245465": "[2001:558:fc18:0:f816:3eff:fe37:5938]",
                            "ttl": "300",
                            "type": "AAAA",
                            "zone_id": "1bbdd4b5-1034-4578-8c19-8ed70ffe083c"
                        },
                        "meta": {},
                        "tainted": false
                    },
                    "deposed": [],
                    "provider": "provider.vinyldns"
                },
                "vinyldns_record_set.pr-ibnctrl-ho-a-001_record_set_v4": {
                    "type": "vinyldns_record_set",
                    "depends_on": [
                        "openstack_compute_instance_v2.pr-ibnctrl-ho-a-001.*"
                    ],
                    "primary": {
                        "id": "d555fee8-45dd-4b62-b9f2-afdf0d221a4f",
                        "attributes": {
                            "id": "d555fee8-45dd-4b62-b9f2-afdf0d221a4f",
                            "name": "pr-ibnctrl-ho-a-001",
                            "record_addresses.#": "1",
                            "record_addresses.1406290420": "96.116.226.49",
                            "ttl": "300",
                            "type": "A",
                            "zone_id": "1bbdd4b5-1034-4578-8c19-8ed70ffe083c"
                        },
                        "meta": {},
                        "tainted": false
                    },
                    "deposed": [],
                    "provider": "provider.vinyldns"
                },
                "vinyldns_record_set.pr-ibnctrl-ho-a-001_record_set_v6": {
                    "type": "vinyldns_record_set",
                    "depends_on": [
                        "openstack_compute_instance_v2.pr-ibnctrl-ho-a-001.*"
                    ],
                    "primary": {
                        "id": "b6ee4388-95bc-446a-b4c6-3ddfe60aad80",
                        "attributes": {
                            "id": "b6ee4388-95bc-446a-b4c6-3ddfe60aad80",
                            "name": "pr-ibnctrl-ho-a-001",
                            "record_addresses.#": "1",
                            "record_addresses.3651132648": "[2001:558:fc18:0:f816:3eff:fe19:7485]",
                            "ttl": "300",
                            "type": "AAAA",
                            "zone_id": "1bbdd4b5-1034-4578-8c19-8ed70ffe083c"
                        },
                        "meta": {},
                        "tainted": false
                    },
                    "deposed": [],
                    "provider": "provider.vinyldns"
                },
                "vinyldns_record_set.pr-ibnctrl-ho-a-002_record_set_v4": {
                    "type": "vinyldns_record_set",
                    "depends_on": [
                        "openstack_compute_instance_v2.pr-ibnctrl-ho-a-002.*"
                    ],
                    "primary": {
                        "id": "e70d6a1c-c531-441e-9f5e-e000d96949ae",
                        "attributes": {
                            "id": "e70d6a1c-c531-441e-9f5e-e000d96949ae",
                            "name": "pr-ibnctrl-ho-a-002",
                            "record_addresses.#": "1",
                            "record_addresses.1142091911": "96.116.226.51",
                            "ttl": "300",
                            "type": "A",
                            "zone_id": "1bbdd4b5-1034-4578-8c19-8ed70ffe083c"
                        },
                        "meta": {},
                        "tainted": false
                    },
                    "deposed": [],
                    "provider": "provider.vinyldns"
                },
                "vinyldns_record_set.pr-ibnctrl-ho-a-002_record_set_v6": {
                    "type": "vinyldns_record_set",
                    "depends_on": [
                        "openstack_compute_instance_v2.pr-ibnctrl-ho-a-002.*"
                    ],
                    "primary": {
                        "id": "36a81db9-0a77-455c-ac42-4368736abaac",
                        "attributes": {
                            "id": "36a81db9-0a77-455c-ac42-4368736abaac",
                            "name": "pr-ibnctrl-ho-a-002",
                            "record_addresses.#": "1",
                            "record_addresses.3294190130": "[2001:558:fc18:0:f816:3eff:fea6:b3f8]",
                            "ttl": "300",
                            "type": "AAAA",
                            "zone_id": "1bbdd4b5-1034-4578-8c19-8ed70ffe083c"
                        },
                        "meta": {},
                        "tainted": false
                    },
                    "deposed": [],
                    "provider": "provider.vinyldns"
                },
                "vinyldns_record_set.pr-ibnctrl-ho-a-003_record_set_v4": {
                    "type": "vinyldns_record_set",
                    "depends_on": [
                        "openstack_compute_instance_v2.pr-ibnctrl-ho-a-003.*"
                    ],
                    "primary": {
                        "id": "956f8875-34a6-4f0c-9933-028d18b77346",
                        "attributes": {
                            "id": "956f8875-34a6-4f0c-9933-028d18b77346",
                            "name": "pr-ibnctrl-ho-a-003",
                            "record_addresses.#": "1",
                            "record_addresses.3709575485": "96.116.226.52",
                            "ttl": "300",
                            "type": "A",
                            "zone_id": "1bbdd4b5-1034-4578-8c19-8ed70ffe083c"
                        },
                        "meta": {},
                        "tainted": false
                    },
                    "deposed": [],
                    "provider": "provider.vinyldns"
                },
                "vinyldns_record_set.pr-ibnctrl-ho-a-003_record_set_v6": {
                    "type": "vinyldns_record_set",
                    "depends_on": [
                        "openstack_compute_instance_v2.pr-ibnctrl-ho-a-003.*"
                    ],
                    "primary": {
                        "id": "c682db94-d98c-4c2b-88b7-71246c6b144a",
                        "attributes": {
                            "id": "c682db94-d98c-4c2b-88b7-71246c6b144a",
                            "name": "pr-ibnctrl-ho-a-003",
                            "record_addresses.#": "1",
                            "record_addresses.2984719188": "[2001:558:fc18:0:f816:3eff:fedf:bb4]",
                            "ttl": "300",
                            "type": "AAAA",
                            "zone_id": "1bbdd4b5-1034-4578-8c19-8ed70ffe083c"
                        },
                        "meta": {},
                        "tainted": false
                    },
                    "deposed": [],
                    "provider": "provider.vinyldns"
                },
                "vinyldns_record_set.pr-ibnctrl-ho-a-004_record_set_v4": {
                    "type": "vinyldns_record_set",
                    "depends_on": [
                        "openstack_compute_instance_v2.pr-ibnctrl-ho-a-004.*"
                    ],
                    "primary": {
                        "id": "d7d65d71-c3d6-4d0d-9598-78102975c5b6",
                        "attributes": {
                            "id": "d7d65d71-c3d6-4d0d-9598-78102975c5b6",
                            "name": "pr-ibnctrl-ho-a-004",
                            "record_addresses.#": "1",
                            "record_addresses.2552951593": "96.116.226.73",
                            "ttl": "300",
                            "type": "A",
                            "zone_id": "1bbdd4b5-1034-4578-8c19-8ed70ffe083c"
                        },
                        "meta": {},
                        "tainted": false
                    },
                    "deposed": [],
                    "provider": "provider.vinyldns"
                },
                "vinyldns_record_set.pr-ibnctrl-ho-a-004_record_set_v6": {
                    "type": "vinyldns_record_set",
                    "depends_on": [
                        "openstack_compute_instance_v2.pr-ibnctrl-ho-a-004.*"
                    ],
                    "primary": {
                        "id": "c366ae49-ccdf-4fe9-a14f-e9bd1674ec66",
                        "attributes": {
                            "id": "c366ae49-ccdf-4fe9-a14f-e9bd1674ec66",
                            "name": "pr-ibnctrl-ho-a-004",
                            "record_addresses.#": "1",
                            "record_addresses.4051577832": "[2001:558:fc18:0:f816:3eff:fefa:1350]",
                            "ttl": "300",
                            "type": "AAAA",
                            "zone_id": "1bbdd4b5-1034-4578-8c19-8ed70ffe083c"
                        },
                        "meta": {},
                        "tainted": false
                    },
                    "deposed": [],
                    "provider": "provider.vinyldns"
                },
                "vinyldns_record_set.pr-icfg-ho-a-001_record_set_v4": {
                    "type": "vinyldns_record_set",
                    "depends_on": [
                        "openstack_compute_instance_v2.pr-icfg-ho-a-001.*"
                    ],
                    "primary": {
                        "id": "d64ecd6e-f9b7-4eaa-829a-8adfd1ea4de0",
                        "attributes": {
                            "id": "d64ecd6e-f9b7-4eaa-829a-8adfd1ea4de0",
                            "name": "pr-icfg-ho-a-001",
                            "record_addresses.#": "1",
                            "record_addresses.367758921": "96.116.233.64",
                            "ttl": "300",
                            "type": "A",
                            "zone_id": "1bbdd4b5-1034-4578-8c19-8ed70ffe083c"
                        },
                        "meta": {},
                        "tainted": false
                    },
                    "deposed": [],
                    "provider": "provider.vinyldns"
                },
                "vinyldns_record_set.pr-icfg-ho-a-001_record_set_v6": {
                    "type": "vinyldns_record_set",
                    "depends_on": [
                        "openstack_compute_instance_v2.pr-icfg-ho-a-001.*"
                    ],
                    "primary": {
                        "id": "4511d33a-e480-4733-beb9-5a182ce6a850",
                        "attributes": {
                            "id": "4511d33a-e480-4733-beb9-5a182ce6a850",
                            "name": "pr-icfg-ho-a-001",
                            "record_addresses.#": "1",
                            "record_addresses.3819905845": "[2001:558:fc18:0:f816:3eff:fe43:a8e2]",
                            "ttl": "300",
                            "type": "AAAA",
                            "zone_id": "1bbdd4b5-1034-4578-8c19-8ed70ffe083c"
                        },
                        "meta": {},
                        "tainted": false
                    },
                    "deposed": [],
                    "provider": "provider.vinyldns"
                },
                "vinyldns_record_set.pr-rx-ho-a-0010_record_set_v4": {
                    "type": "vinyldns_record_set",
                    "depends_on": [
                        "openstack_compute_instance_v2.pr-rx-ho-a-0010.*"
                    ],
                    "primary": {
                        "id": "b49b0ca7-3df3-47b6-b6a9-df73793d28a2",
                        "attributes": {
                            "id": "b49b0ca7-3df3-47b6-b6a9-df73793d28a2",
                            "name": "pr-rx-ho-a-0010",
                            "record_addresses.#": "1",
                            "record_addresses.1170135036": "96.116.225.203",
                            "ttl": "300",
                            "type": "A",
                            "zone_id": "1bbdd4b5-1034-4578-8c19-8ed70ffe083c"
                        },
                        "meta": {},
                        "tainted": false
                    },
                    "deposed": [],
                    "provider": "provider.vinyldns"
                },
                "vinyldns_record_set.pr-rx-ho-a-0010_record_set_v6": {
                    "type": "vinyldns_record_set",
                    "depends_on": [
                        "openstack_compute_instance_v2.pr-rx-ho-a-0010.*"
                    ],
                    "primary": {
                        "id": "6c4fd560-bd9a-4ebe-a85f-525d1549e345",
                        "attributes": {
                            "id": "6c4fd560-bd9a-4ebe-a85f-525d1549e345",
                            "name": "pr-rx-ho-a-0010",
                            "record_addresses.#": "1",
                            "record_addresses.410469258": "[2001:558:fc18:0:f816:3eff:fefa:165d]",
                            "ttl": "300",
                            "type": "AAAA",
                            "zone_id": "1bbdd4b5-1034-4578-8c19-8ed70ffe083c"
                        },
                        "meta": {},
                        "tainted": false
                    },
                    "deposed": [],
                    "provider": "provider.vinyldns"
                },
                "vinyldns_record_set.pr-rx-ho-a-0011_record_set_v4": {
                    "type": "vinyldns_record_set",
                    "depends_on": [
                        "openstack_compute_instance_v2.pr-rx-ho-a-0011.*"
                    ],
                    "primary": {
                        "id": "5707ab5b-9001-48e6-a900-98d308a3625a",
                        "attributes": {
                            "id": "5707ab5b-9001-48e6-a900-98d308a3625a",
                            "name": "pr-rx-ho-a-0011",
                            "record_addresses.#": "1",
                            "record_addresses.1337749032": "96.116.225.41",
                            "ttl": "300",
                            "type": "A",
                            "zone_id": "1bbdd4b5-1034-4578-8c19-8ed70ffe083c"
                        },
                        "meta": {},
                        "tainted": false
                    },
                    "deposed": [],
                    "provider": "provider.vinyldns"
                },
                "vinyldns_record_set.pr-rx-ho-a-0011_record_set_v6": {
                    "type": "vinyldns_record_set",
                    "depends_on": [
                        "openstack_compute_instance_v2.pr-rx-ho-a-0011.*"
                    ],
                    "primary": {
                        "id": "9593e70a-04c7-4841-b2bb-fdd0aba6fc80",
                        "attributes": {
                            "id": "9593e70a-04c7-4841-b2bb-fdd0aba6fc80",
                            "name": "pr-rx-ho-a-0011",
                            "record_addresses.#": "1",
                            "record_addresses.1210029132": "[2001:558:fc18:0:f816:3eff:fe1f:7472]",
                            "ttl": "300",
                            "type": "AAAA",
                            "zone_id": "1bbdd4b5-1034-4578-8c19-8ed70ffe083c"
                        },
                        "meta": {},
                        "tainted": false
                    },
                    "deposed": [],
                    "provider": "provider.vinyldns"
                },
                "vinyldns_record_set.pr-rx-ho-a-0012_record_set_v4": {
                    "type": "vinyldns_record_set",
                    "depends_on": [
                        "openstack_compute_instance_v2.pr-rx-ho-a-0012.*"
                    ],
                    "primary": {
                        "id": "caa17046-751b-4fd7-89dc-695f9c4870a7",
                        "attributes": {
                            "id": "caa17046-751b-4fd7-89dc-695f9c4870a7",
                            "name": "pr-rx-ho-a-0012",
                            "record_addresses.#": "1",
                            "record_addresses.2104341639": "96.116.225.86",
                            "ttl": "300",
                            "type": "A",
                            "zone_id": "1bbdd4b5-1034-4578-8c19-8ed70ffe083c"
                        },
                        "meta": {},
                        "tainted": false
                    },
                    "deposed": [],
                    "provider": "provider.vinyldns"
                },
                "vinyldns_record_set.pr-rx-ho-a-0012_record_set_v6": {
                    "type": "vinyldns_record_set",
                    "depends_on": [
                        "openstack_compute_instance_v2.pr-rx-ho-a-0012.*"
                    ],
                    "primary": {
                        "id": "eeab7f26-d780-46b6-9f65-7e1c6d6100b5",
                        "attributes": {
                            "id": "eeab7f26-d780-46b6-9f65-7e1c6d6100b5",
                            "name": "pr-rx-ho-a-0012",
                            "record_addresses.#": "1",
                            "record_addresses.250786968": "[2001:558:fc18:0:f816:3eff:feaa:1196]",
                            "ttl": "300",
                            "type": "AAAA",
                            "zone_id": "1bbdd4b5-1034-4578-8c19-8ed70ffe083c"
                        },
                        "meta": {},
                        "tainted": false
                    },
                    "deposed": [],
                    "provider": "provider.vinyldns"
                },
                "vinyldns_record_set.pr-rx-ho-a-0013_record_set_v4": {
                    "type": "vinyldns_record_set",
                    "depends_on": [
                        "openstack_compute_instance_v2.pr-rx-ho-a-0013.*"
                    ],
                    "primary": {
                        "id": "984f41a6-390e-4eb1-b296-919deedaf1dd",
                        "attributes": {
                            "id": "984f41a6-390e-4eb1-b296-919deedaf1dd",
                            "name": "pr-rx-ho-a-0013",
                            "record_addresses.#": "1",
                            "record_addresses.1662730719": "96.116.225.92",
                            "ttl": "300",
                            "type": "A",
                            "zone_id": "1bbdd4b5-1034-4578-8c19-8ed70ffe083c"
                        },
                        "meta": {},
                        "tainted": false
                    },
                    "deposed": [],
                    "provider": "provider.vinyldns"
                },
                "vinyldns_record_set.pr-rx-ho-a-0013_record_set_v6": {
                    "type": "vinyldns_record_set",
                    "depends_on": [
                        "openstack_compute_instance_v2.pr-rx-ho-a-0013.*"
                    ],
                    "primary": {
                        "id": "bd8b7494-010e-456c-8225-b6f9913dc366",
                        "attributes": {
                            "id": "bd8b7494-010e-456c-8225-b6f9913dc366",
                            "name": "pr-rx-ho-a-0013",
                            "record_addresses.#": "1",
                            "record_addresses.2575321104": "[2001:558:fc18:0:f816:3eff:feaa:5741]",
                            "ttl": "300",
                            "type": "AAAA",
                            "zone_id": "1bbdd4b5-1034-4578-8c19-8ed70ffe083c"
                        },
                        "meta": {},
                        "tainted": false
                    },
                    "deposed": [],
                    "provider": "provider.vinyldns"
                },
                "vinyldns_record_set.pr-rx-ho-a-0014_record_set_v4": {
                    "type": "vinyldns_record_set",
                    "depends_on": [
                        "openstack_compute_instance_v2.pr-rx-ho-a-0014.*"
                    ],
                    "primary": {
                        "id": "4a8564df-4e33-4704-9016-713fdb6ba190",
                        "attributes": {
                            "id": "4a8564df-4e33-4704-9016-713fdb6ba190",
                            "name": "pr-rx-ho-a-0014",
                            "record_addresses.#": "1",
                            "record_addresses.337408329": "96.116.225.93",
                            "ttl": "300",
                            "type": "A",
                            "zone_id": "1bbdd4b5-1034-4578-8c19-8ed70ffe083c"
                        },
                        "meta": {},
                        "tainted": false
                    },
                    "deposed": [],
                    "provider": "provider.vinyldns"
                },
                "vinyldns_record_set.pr-rx-ho-a-0014_record_set_v6": {
                    "type": "vinyldns_record_set",
                    "depends_on": [
                        "openstack_compute_instance_v2.pr-rx-ho-a-0014.*"
                    ],
                    "primary": {
                        "id": "1f39bf0c-7771-413f-9259-aca47d5e818f",
                        "attributes": {
                            "id": "1f39bf0c-7771-413f-9259-aca47d5e818f",
                            "name": "pr-rx-ho-a-0014",
                            "record_addresses.#": "1",
                            "record_addresses.1071772862": "[2001:558:fc18:0:f816:3eff:fe32:3baa]",
                            "ttl": "300",
                            "type": "AAAA",
                            "zone_id": "1bbdd4b5-1034-4578-8c19-8ed70ffe083c"
                        },
                        "meta": {},
                        "tainted": false
                    },
                    "deposed": [],
                    "provider": "provider.vinyldns"
                },
                "vinyldns_record_set.pr-rx-ho-a-0015_record_set_v4": {
                    "type": "vinyldns_record_set",
                    "depends_on": [
                        "openstack_compute_instance_v2.pr-rx-ho-a-0015.*"
                    ],
                    "primary": {
                        "id": "e0946f7f-010c-4dd0-bd22-bc1b3fb1ab14",
                        "attributes": {
                            "id": "e0946f7f-010c-4dd0-bd22-bc1b3fb1ab14",
                            "name": "pr-rx-ho-a-0015",
                            "record_addresses.#": "1",
                            "record_addresses.111593285": "96.116.227.16",
                            "ttl": "300",
                            "type": "A",
                            "zone_id": "1bbdd4b5-1034-4578-8c19-8ed70ffe083c"
                        },
                        "meta": {},
                        "tainted": false
                    },
                    "deposed": [],
                    "provider": "provider.vinyldns"
                },
                "vinyldns_record_set.pr-rx-ho-a-0015_record_set_v6": {
                    "type": "vinyldns_record_set",
                    "depends_on": [
                        "openstack_compute_instance_v2.pr-rx-ho-a-0015.*"
                    ],
                    "primary": {
                        "id": "c068cc35-9560-48e7-83b1-54abe1d7608c",
                        "attributes": {
                            "id": "c068cc35-9560-48e7-83b1-54abe1d7608c",
                            "name": "pr-rx-ho-a-0015",
                            "record_addresses.#": "1",
                            "record_addresses.3482426897": "[2001:558:fc18:0:f816:3eff:fe95:c4a9]",
                            "ttl": "300",
                            "type": "AAAA",
                            "zone_id": "1bbdd4b5-1034-4578-8c19-8ed70ffe083c"
                        },
                        "meta": {},
                        "tainted": false
                    },
                    "deposed": [],
                    "provider": "provider.vinyldns"
                },
                "vinyldns_record_set.pr-rx-ho-a-0016_record_set_v4": {
                    "type": "vinyldns_record_set",
                    "depends_on": [
                        "openstack_compute_instance_v2.pr-rx-ho-a-0016.*"
                    ],
                    "primary": {
                        "id": "f7bd138b-a04f-49b8-a570-8e6064217ee9",
                        "attributes": {
                            "id": "f7bd138b-a04f-49b8-a570-8e6064217ee9",
                            "name": "pr-rx-ho-a-0016",
                            "record_addresses.#": "1",
                            "record_addresses.2625097006": "96.116.227.171",
                            "ttl": "300",
                            "type": "A",
                            "zone_id": "1bbdd4b5-1034-4578-8c19-8ed70ffe083c"
                        },
                        "meta": {},
                        "tainted": false
                    },
                    "deposed": [],
                    "provider": "provider.vinyldns"
                },
                "vinyldns_record_set.pr-rx-ho-a-0016_record_set_v6": {
                    "type": "vinyldns_record_set",
                    "depends_on": [
                        "openstack_compute_instance_v2.pr-rx-ho-a-0016.*"
                    ],
                    "primary": {
                        "id": "6c648711-f444-41ed-a3e8-49e044b9fff1",
                        "attributes": {
                            "id": "6c648711-f444-41ed-a3e8-49e044b9fff1",
                            "name": "pr-rx-ho-a-0016",
                            "record_addresses.#": "1",
                            "record_addresses.1038736718": "[2001:558:fc18:0:f816:3eff:fe43:17cb]",
                            "ttl": "300",
                            "type": "AAAA",
                            "zone_id": "1bbdd4b5-1034-4578-8c19-8ed70ffe083c"
                        },
                        "meta": {},
                        "tainted": false
                    },
                    "deposed": [],
                    "provider": "provider.vinyldns"
                },
                "vinyldns_record_set.pr-rx-ho-a-001_record_set_v4": {
                    "type": "vinyldns_record_set",
                    "depends_on": [
                        "openstack_compute_instance_v2.pr-rx-ho-a-001.*"
                    ],
                    "primary": {
                        "id": "eb3976a0-d480-4d47-8e61-a4c83d7fec67",
                        "attributes": {
                            "id": "eb3976a0-d480-4d47-8e61-a4c83d7fec67",
                            "name": "pr-rx-ho-a-001",
                            "record_addresses.#": "1",
                            "record_addresses.3776899650": "96.116.227.18",
                            "ttl": "300",
                            "type": "A",
                            "zone_id": "1bbdd4b5-1034-4578-8c19-8ed70ffe083c"
                        },
                        "meta": {},
                        "tainted": false
                    },
                    "deposed": [],
                    "provider": "provider.vinyldns"
                },
                "vinyldns_record_set.pr-rx-ho-a-001_record_set_v6": {
                    "type": "vinyldns_record_set",
                    "depends_on": [
                        "openstack_compute_instance_v2.pr-rx-ho-a-001.*"
                    ],
                    "primary": {
                        "id": "2bae2870-1a3b-4fc9-88ec-1d52d9180cb5",
                        "attributes": {
                            "id": "2bae2870-1a3b-4fc9-88ec-1d52d9180cb5",
                            "name": "pr-rx-ho-a-001",
                            "record_addresses.#": "1",
                            "record_addresses.3351087976": "[2001:558:fc18:0:f816:3eff:fecb:214a]",
                            "ttl": "300",
                            "type": "AAAA",
                            "zone_id": "1bbdd4b5-1034-4578-8c19-8ed70ffe083c"
                        },
                        "meta": {},
                        "tainted": false
                    },
                    "deposed": [],
                    "provider": "provider.vinyldns"
                },
                "vinyldns_record_set.pr-rx-ho-a-002_record_set_v4": {
                    "type": "vinyldns_record_set",
                    "depends_on": [
                        "openstack_compute_instance_v2.pr-rx-ho-a-002.*"
                    ],
                    "primary": {
                        "id": "f182817b-7ac7-483d-99d8-f6c36e8949d7",
                        "attributes": {
                            "id": "f182817b-7ac7-483d-99d8-f6c36e8949d7",
                            "name": "pr-rx-ho-a-002",
                            "record_addresses.#": "1",
                            "record_addresses.2518276820": "96.116.227.19",
                            "ttl": "300",
                            "type": "A",
                            "zone_id": "1bbdd4b5-1034-4578-8c19-8ed70ffe083c"
                        },
                        "meta": {},
                        "tainted": false
                    },
                    "deposed": [],
                    "provider": "provider.vinyldns"
                },
                "vinyldns_record_set.pr-rx-ho-a-002_record_set_v6": {
                    "type": "vinyldns_record_set",
                    "depends_on": [
                        "openstack_compute_instance_v2.pr-rx-ho-a-002.*"
                    ],
                    "primary": {
                        "id": "6028c58c-a031-40f9-b649-f092975af07e",
                        "attributes": {
                            "id": "6028c58c-a031-40f9-b649-f092975af07e",
                            "name": "pr-rx-ho-a-002",
                            "record_addresses.#": "1",
                            "record_addresses.778245172": "[2001:558:fc18:0:f816:3eff:fee9:efb1]",
                            "ttl": "300",
                            "type": "AAAA",
                            "zone_id": "1bbdd4b5-1034-4578-8c19-8ed70ffe083c"
                        },
                        "meta": {},
                        "tainted": false
                    },
                    "deposed": [],
                    "provider": "provider.vinyldns"
                },
                "vinyldns_record_set.pr-rx-ho-a-003_record_set_v4": {
                    "type": "vinyldns_record_set",
                    "depends_on": [
                        "openstack_compute_instance_v2.pr-rx-ho-a-003.*"
                    ],
                    "primary": {
                        "id": "84ef0074-6227-43e3-83fe-da0f9c2d1fbd",
                        "attributes": {
                            "id": "84ef0074-6227-43e3-83fe-da0f9c2d1fbd",
                            "name": "pr-rx-ho-a-003",
                            "record_addresses.#": "1",
                            "record_addresses.3362510065": "96.116.227.211",
                            "ttl": "300",
                            "type": "A",
                            "zone_id": "1bbdd4b5-1034-4578-8c19-8ed70ffe083c"
                        },
                        "meta": {},
                        "tainted": false
                    },
                    "deposed": [],
                    "provider": "provider.vinyldns"
                },
                "vinyldns_record_set.pr-rx-ho-a-003_record_set_v6": {
                    "type": "vinyldns_record_set",
                    "depends_on": [
                        "openstack_compute_instance_v2.pr-rx-ho-a-003.*"
                    ],
                    "primary": {
                        "id": "541907bb-3767-432e-be09-a2b27fb54d9b",
                        "attributes": {
                            "id": "541907bb-3767-432e-be09-a2b27fb54d9b",
                            "name": "pr-rx-ho-a-003",
                            "record_addresses.#": "1",
                            "record_addresses.2343571683": "[2001:558:fc18:0:f816:3eff:fe6d:9615]",
                            "ttl": "300",
                            "type": "AAAA",
                            "zone_id": "1bbdd4b5-1034-4578-8c19-8ed70ffe083c"
                        },
                        "meta": {},
                        "tainted": false
                    },
                    "deposed": [],
                    "provider": "provider.vinyldns"
                },
                "vinyldns_record_set.pr-rx-ho-a-004_record_set_v4": {
                    "type": "vinyldns_record_set",
                    "depends_on": [
                        "openstack_compute_instance_v2.pr-rx-ho-a-004.*"
                    ],
                    "primary": {
                        "id": "d5a66c17-2301-4775-8dbc-b92cd4ad6d0f",
                        "attributes": {
                            "id": "d5a66c17-2301-4775-8dbc-b92cd4ad6d0f",
                            "name": "pr-rx-ho-a-004",
                            "record_addresses.#": "1",
                            "record_addresses.1575051273": "96.116.227.23",
                            "ttl": "300",
                            "type": "A",
                            "zone_id": "1bbdd4b5-1034-4578-8c19-8ed70ffe083c"
                        },
                        "meta": {},
                        "tainted": false
                    },
                    "deposed": [],
                    "provider": "provider.vinyldns"
                },
                "vinyldns_record_set.pr-rx-ho-a-004_record_set_v6": {
                    "type": "vinyldns_record_set",
                    "depends_on": [
                        "openstack_compute_instance_v2.pr-rx-ho-a-004.*"
                    ],
                    "primary": {
                        "id": "fea74fda-d293-4851-af43-6ea53f8e100c",
                        "attributes": {
                            "id": "fea74fda-d293-4851-af43-6ea53f8e100c",
                            "name": "pr-rx-ho-a-004",
                            "record_addresses.#": "1",
                            "record_addresses.2743375272": "[2001:558:fc18:0:f816:3eff:fe2c:7283]",
                            "ttl": "300",
                            "type": "AAAA",
                            "zone_id": "1bbdd4b5-1034-4578-8c19-8ed70ffe083c"
                        },
                        "meta": {},
                        "tainted": false
                    },
                    "deposed": [],
                    "provider": "provider.vinyldns"
                },
                "vinyldns_record_set.pr-rx-ho-a-005_record_set_v4": {
                    "type": "vinyldns_record_set",
                    "depends_on": [
                        "openstack_compute_instance_v2.pr-rx-ho-a-005.*"
                    ],
                    "primary": {
                        "id": "fab92b89-0226-4aca-9001-bd61f8e2bdf6",
                        "attributes": {
                            "id": "fab92b89-0226-4aca-9001-bd61f8e2bdf6",
                            "name": "pr-rx-ho-a-005",
                            "record_addresses.#": "1",
                            "record_addresses.3028469052": "96.116.227.25",
                            "ttl": "300",
                            "type": "A",
                            "zone_id": "1bbdd4b5-1034-4578-8c19-8ed70ffe083c"
                        },
                        "meta": {},
                        "tainted": false
                    },
                    "deposed": [],
                    "provider": "provider.vinyldns"
                },
                "vinyldns_record_set.pr-rx-ho-a-005_record_set_v6": {
                    "type": "vinyldns_record_set",
                    "depends_on": [
                        "openstack_compute_instance_v2.pr-rx-ho-a-005.*"
                    ],
                    "primary": {
                        "id": "f0bc7c58-0071-432e-bc59-0e3d9c0d9f76",
                        "attributes": {
                            "id": "f0bc7c58-0071-432e-bc59-0e3d9c0d9f76",
                            "name": "pr-rx-ho-a-005",
                            "record_addresses.#": "1",
                            "record_addresses.3038159696": "[2001:558:fc18:0:f816:3eff:fe1c:eb52]",
                            "ttl": "300",
                            "type": "AAAA",
                            "zone_id": "1bbdd4b5-1034-4578-8c19-8ed70ffe083c"
                        },
                        "meta": {},
                        "tainted": false
                    },
                    "deposed": [],
                    "provider": "provider.vinyldns"
                },
                "vinyldns_record_set.pr-rx-ho-a-006_record_set_v4": {
                    "type": "vinyldns_record_set",
                    "depends_on": [
                        "openstack_compute_instance_v2.pr-rx-ho-a-006.*"
                    ],
                    "primary": {
                        "id": "4817f568-8d20-4b37-8c62-a66bcc2f3efc",
                        "attributes": {
                            "id": "4817f568-8d20-4b37-8c62-a66bcc2f3efc",
                            "name": "pr-rx-ho-a-006",
                            "record_addresses.#": "1",
                            "record_addresses.196855695": "96.116.227.43",
                            "ttl": "300",
                            "type": "A",
                            "zone_id": "1bbdd4b5-1034-4578-8c19-8ed70ffe083c"
                        },
                        "meta": {},
                        "tainted": false
                    },
                    "deposed": [],
                    "provider": "provider.vinyldns"
                },
                "vinyldns_record_set.pr-rx-ho-a-006_record_set_v6": {
                    "type": "vinyldns_record_set",
                    "depends_on": [
                        "openstack_compute_instance_v2.pr-rx-ho-a-006.*"
                    ],
                    "primary": {
                        "id": "d4813473-a262-4034-97e5-d5429f201e9e",
                        "attributes": {
                            "id": "d4813473-a262-4034-97e5-d5429f201e9e",
                            "name": "pr-rx-ho-a-006",
                            "record_addresses.#": "1",
                            "record_addresses.1111097267": "[2001:558:fc18:0:f816:3eff:feca:418c]",
                            "ttl": "300",
                            "type": "AAAA",
                            "zone_id": "1bbdd4b5-1034-4578-8c19-8ed70ffe083c"
                        },
                        "meta": {},
                        "tainted": false
                    },
                    "deposed": [],
                    "provider": "provider.vinyldns"
                },
                "vinyldns_record_set.pr-rx-ho-a-007_record_set_v4": {
                    "type": "vinyldns_record_set",
                    "depends_on": [
                        "openstack_compute_instance_v2.pr-rx-ho-a-007.*"
                    ],
                    "primary": {
                        "id": "2decc7ff-24da-41ac-9bd3-f00bf3e4b286",
                        "attributes": {
                            "id": "2decc7ff-24da-41ac-9bd3-f00bf3e4b286",
                            "name": "pr-rx-ho-a-007",
                            "record_addresses.#": "1",
                            "record_addresses.2817077422": "96.116.227.64",
                            "ttl": "300",
                            "type": "A",
                            "zone_id": "1bbdd4b5-1034-4578-8c19-8ed70ffe083c"
                        },
                        "meta": {},
                        "tainted": false
                    },
                    "deposed": [],
                    "provider": "provider.vinyldns"
                },
                "vinyldns_record_set.pr-rx-ho-a-007_record_set_v6": {
                    "type": "vinyldns_record_set",
                    "depends_on": [
                        "openstack_compute_instance_v2.pr-rx-ho-a-007.*"
                    ],
                    "primary": {
                        "id": "b4d40e17-47a8-451a-ac8c-0468560f246f",
                        "attributes": {
                            "id": "b4d40e17-47a8-451a-ac8c-0468560f246f",
                            "name": "pr-rx-ho-a-007",
                            "record_addresses.#": "1",
                            "record_addresses.1029219405": "[2001:558:fc18:0:f816:3eff:fe7c:c143]",
                            "ttl": "300",
                            "type": "AAAA",
                            "zone_id": "1bbdd4b5-1034-4578-8c19-8ed70ffe083c"
                        },
                        "meta": {},
                        "tainted": false
                    },
                    "deposed": [],
                    "provider": "provider.vinyldns"
                },
                "vinyldns_record_set.pr-rx-ho-a-008_record_set_v4": {
                    "type": "vinyldns_record_set",
                    "depends_on": [
                        "openstack_compute_instance_v2.pr-rx-ho-a-008.*"
                    ],
                    "primary": {
                        "id": "b55f8ae1-252a-47ac-80ca-ceb42ade8418",
                        "attributes": {
                            "id": "b55f8ae1-252a-47ac-80ca-ceb42ade8418",
                            "name": "pr-rx-ho-a-008",
                            "record_addresses.#": "1",
                            "record_addresses.3373435220": "96.116.227.92",
                            "ttl": "300",
                            "type": "A",
                            "zone_id": "1bbdd4b5-1034-4578-8c19-8ed70ffe083c"
                        },
                        "meta": {},
                        "tainted": false
                    },
                    "deposed": [],
                    "provider": "provider.vinyldns"
                },
                "vinyldns_record_set.pr-rx-ho-a-008_record_set_v6": {
                    "type": "vinyldns_record_set",
                    "depends_on": [
                        "openstack_compute_instance_v2.pr-rx-ho-a-008.*"
                    ],
                    "primary": {
                        "id": "476cf04d-3684-428b-90d0-336e776e3841",
                        "attributes": {
                            "id": "476cf04d-3684-428b-90d0-336e776e3841",
                            "name": "pr-rx-ho-a-008",
                            "record_addresses.#": "1",
                            "record_addresses.2311434945": "[2001:558:fc18:0:f816:3eff:fec4:667e]",
                            "ttl": "300",
                            "type": "AAAA",
                            "zone_id": "1bbdd4b5-1034-4578-8c19-8ed70ffe083c"
                        },
                        "meta": {},
                        "tainted": false
                    },
                    "deposed": [],
                    "provider": "provider.vinyldns"
                },
                "vinyldns_record_set.pr-rx-ho-a-009_record_set_v4": {
                    "type": "vinyldns_record_set",
                    "depends_on": [
                        "openstack_compute_instance_v2.pr-rx-ho-a-009.*"
                    ],
                    "primary": {
                        "id": "67e3a1ea-db98-4032-b4e0-e384ea55b38d",
                        "attributes": {
                            "id": "67e3a1ea-db98-4032-b4e0-e384ea55b38d",
                            "name": "pr-rx-ho-a-009",
                            "record_addresses.#": "1",
                            "record_addresses.482332393": "96.116.225.136",
                            "ttl": "300",
                            "type": "A",
                            "zone_id": "1bbdd4b5-1034-4578-8c19-8ed70ffe083c"
                        },
                        "meta": {},
                        "tainted": false
                    },
                    "deposed": [],
                    "provider": "provider.vinyldns"
                },
                "vinyldns_record_set.pr-rx-ho-a-009_record_set_v6": {
                    "type": "vinyldns_record_set",
                    "depends_on": [
                        "openstack_compute_instance_v2.pr-rx-ho-a-009.*"
                    ],
                    "primary": {
                        "id": "5d911a06-4ab9-4fb8-8688-346b92df11ef",
                        "attributes": {
                            "id": "5d911a06-4ab9-4fb8-8688-346b92df11ef",
                            "name": "pr-rx-ho-a-009",
                            "record_addresses.#": "1",
                            "record_addresses.2313515122": "[2001:558:fc18:0:f816:3eff:fed9:3b83]",
                            "ttl": "300",
                            "type": "AAAA",
                            "zone_id": "1bbdd4b5-1034-4578-8c19-8ed70ffe083c"
                        },
                        "meta": {},
                        "tainted": false
                    },
                    "deposed": [],
                    "provider": "provider.vinyldns"
                },
                "vinyldns_record_set.pr-rxctrl-ho-a-0010_record_set_v4": {
                    "type": "vinyldns_record_set",
                    "depends_on": [
                        "openstack_compute_instance_v2.pr-rxctrl-ho-a-0010.*"
                    ],
                    "primary": {
                        "id": "d45e23db-e92b-496e-9194-e62f76d5997b",
                        "attributes": {
                            "id": "d45e23db-e92b-496e-9194-e62f76d5997b",
                            "name": "pr-rxctrl-ho-a-0010",
                            "record_addresses.#": "1",
                            "record_addresses.1064530237": "96.116.226.176",
                            "ttl": "300",
                            "type": "A",
                            "zone_id": "1bbdd4b5-1034-4578-8c19-8ed70ffe083c"
                        },
                        "meta": {},
                        "tainted": false
                    },
                    "deposed": [],
                    "provider": "provider.vinyldns"
                },
                "vinyldns_record_set.pr-rxctrl-ho-a-0011_record_set_v4": {
                    "type": "vinyldns_record_set",
                    "depends_on": [
                        "openstack_compute_instance_v2.pr-rxctrl-ho-a-0011.*"
                    ],
                    "primary": {
                        "id": "2208cb59-3183-43fb-a211-81a65294ad51",
                        "attributes": {
                            "id": "2208cb59-3183-43fb-a211-81a65294ad51",
                            "name": "pr-rxctrl-ho-a-0011",
                            "record_addresses.#": "1",
                            "record_addresses.1215578539": "96.116.226.177",
                            "ttl": "300",
                            "type": "A",
                            "zone_id": "1bbdd4b5-1034-4578-8c19-8ed70ffe083c"
                        },
                        "meta": {},
                        "tainted": false
                    },
                    "deposed": [],
                    "provider": "provider.vinyldns"
                },
                "vinyldns_record_set.pr-rxctrl-ho-a-0012_record_set_v4": {
                    "type": "vinyldns_record_set",
                    "depends_on": [
                        "openstack_compute_instance_v2.pr-rxctrl-ho-a-0012.*"
                    ],
                    "primary": {
                        "id": "d434de65-0407-4d9a-8863-864693881947",
                        "attributes": {
                            "id": "d434de65-0407-4d9a-8863-864693881947",
                            "name": "pr-rxctrl-ho-a-0012",
                            "record_addresses.#": "1",
                            "record_addresses.646969425": "96.116.226.181",
                            "ttl": "300",
                            "type": "A",
                            "zone_id": "1bbdd4b5-1034-4578-8c19-8ed70ffe083c"
                        },
                        "meta": {},
                        "tainted": false
                    },
                    "deposed": [],
                    "provider": "provider.vinyldns"
                },
                "vinyldns_record_set.pr-rxctrl-ho-a-0013_record_set_v4": {
                    "type": "vinyldns_record_set",
                    "depends_on": [
                        "openstack_compute_instance_v2.pr-rxctrl-ho-a-0013.*"
                    ],
                    "primary": {
                        "id": "89ce2b97-cfe2-4312-a7fa-48fd824d5cbe",
                        "attributes": {
                            "id": "89ce2b97-cfe2-4312-a7fa-48fd824d5cbe",
                            "name": "pr-rxctrl-ho-a-0013",
                            "record_addresses.#": "1",
                            "record_addresses.2289830148": "96.116.226.241",
                            "ttl": "300",
                            "type": "A",
                            "zone_id": "1bbdd4b5-1034-4578-8c19-8ed70ffe083c"
                        },
                        "meta": {},
                        "tainted": false
                    },
                    "deposed": [],
                    "provider": "provider.vinyldns"
                },
                "vinyldns_record_set.pr-rxctrl-ho-a-0014_record_set_v4": {
                    "type": "vinyldns_record_set",
                    "depends_on": [
                        "openstack_compute_instance_v2.pr-rxctrl-ho-a-0014.*"
                    ],
                    "primary": {
                        "id": "d73b2c75-caa1-4018-9a03-dd2c812977ef",
                        "attributes": {
                            "id": "d73b2c75-caa1-4018-9a03-dd2c812977ef",
                            "name": "pr-rxctrl-ho-a-0014",
                            "record_addresses.#": "1",
                            "record_addresses.2137610601": "96.116.226.253",
                            "ttl": "300",
                            "type": "A",
                            "zone_id": "1bbdd4b5-1034-4578-8c19-8ed70ffe083c"
                        },
                        "meta": {},
                        "tainted": false
                    },
                    "deposed": [],
                    "provider": "provider.vinyldns"
                },
                "vinyldns_record_set.pr-rxctrl-ho-a-0015_record_set_v4": {
                    "type": "vinyldns_record_set",
                    "depends_on": [
                        "openstack_compute_instance_v2.pr-rxctrl-ho-a-0015.*"
                    ],
                    "primary": {
                        "id": "51642c69-fb8e-4a6b-b2e6-a1e04619ea73",
                        "attributes": {
                            "id": "51642c69-fb8e-4a6b-b2e6-a1e04619ea73",
                            "name": "pr-rxctrl-ho-a-0015",
                            "record_addresses.#": "1",
                            "record_addresses.3775777994": "96.116.226.254",
                            "ttl": "300",
                            "type": "A",
                            "zone_id": "1bbdd4b5-1034-4578-8c19-8ed70ffe083c"
                        },
                        "meta": {},
                        "tainted": false
                    },
                    "deposed": [],
                    "provider": "provider.vinyldns"
                },
                "vinyldns_record_set.pr-rxctrl-ho-a-0016_record_set_v4": {
                    "type": "vinyldns_record_set",
                    "depends_on": [
                        "openstack_compute_instance_v2.pr-rxctrl-ho-a-0016.*"
                    ],
                    "primary": {
                        "id": "738cae49-ca0b-435c-8ad5-0b8dcee2623a",
                        "attributes": {
                            "id": "738cae49-ca0b-435c-8ad5-0b8dcee2623a",
                            "name": "pr-rxctrl-ho-a-0016",
                            "record_addresses.#": "1",
                            "record_addresses.479452979": "96.116.226.39",
                            "ttl": "300",
                            "type": "A",
                            "zone_id": "1bbdd4b5-1034-4578-8c19-8ed70ffe083c"
                        },
                        "meta": {},
                        "tainted": false
                    },
                    "deposed": [],
                    "provider": "provider.vinyldns"
                },
                "vinyldns_record_set.pr-rxctrl-ho-a-0017_record_set_v4": {
                    "type": "vinyldns_record_set",
                    "depends_on": [
                        "openstack_compute_instance_v2.pr-rxctrl-ho-a-0017.*"
                    ],
                    "primary": {
                        "id": "d230bbba-5558-4de1-84de-b444de122599",
                        "attributes": {
                            "id": "d230bbba-5558-4de1-84de-b444de122599",
                            "name": "pr-rxctrl-ho-a-0017",
                            "record_addresses.#": "1",
                            "record_addresses.3278722149": "96.116.226.46",
                            "ttl": "300",
                            "type": "A",
                            "zone_id": "1bbdd4b5-1034-4578-8c19-8ed70ffe083c"
                        },
                        "meta": {},
                        "tainted": false
                    },
                    "deposed": [],
                    "provider": "provider.vinyldns"
                },
                "vinyldns_record_set.pr-rxctrl-ho-a-001_record_set_v4": {
                    "type": "vinyldns_record_set",
                    "depends_on": [
                        "openstack_compute_instance_v2.pr-rxctrl-ho-a-001.*"
                    ],
                    "primary": {
                        "id": "49fe1ce1-3656-4222-b982-a48b51f3cdaa",
                        "attributes": {
                            "id": "49fe1ce1-3656-4222-b982-a48b51f3cdaa",
                            "name": "pr-rxctrl-ho-a-001",
                            "record_addresses.#": "1",
                            "record_addresses.322168551": "96.116.226.142",
                            "ttl": "300",
                            "type": "A",
                            "zone_id": "1bbdd4b5-1034-4578-8c19-8ed70ffe083c"
                        },
                        "meta": {},
                        "tainted": false
                    },
                    "deposed": [],
                    "provider": "provider.vinyldns"
                },
                "vinyldns_record_set.pr-rxctrl-ho-a-002_record_set_v4": {
                    "type": "vinyldns_record_set",
                    "depends_on": [
                        "openstack_compute_instance_v2.pr-rxctrl-ho-a-002.*"
                    ],
                    "primary": {
                        "id": "ecbde78a-5e90-4b00-8651-1879305a92ad",
                        "attributes": {
                            "id": "ecbde78a-5e90-4b00-8651-1879305a92ad",
                            "name": "pr-rxctrl-ho-a-002",
                            "record_addresses.#": "1",
                            "record_addresses.2051154729": "96.116.226.157",
                            "ttl": "300",
                            "type": "A",
                            "zone_id": "1bbdd4b5-1034-4578-8c19-8ed70ffe083c"
                        },
                        "meta": {},
                        "tainted": false
                    },
                    "deposed": [],
                    "provider": "provider.vinyldns"
                },
                "vinyldns_record_set.pr-rxctrl-ho-a-003_record_set_v4": {
                    "type": "vinyldns_record_set",
                    "depends_on": [
                        "openstack_compute_instance_v2.pr-rxctrl-ho-a-003.*"
                    ],
                    "primary": {
                        "id": "f42d9470-7a52-439c-9355-3da5b20a94d5",
                        "attributes": {
                            "id": "f42d9470-7a52-439c-9355-3da5b20a94d5",
                            "name": "pr-rxctrl-ho-a-003",
                            "record_addresses.#": "1",
                            "record_addresses.3473663305": "96.116.226.160",
                            "ttl": "300",
                            "type": "A",
                            "zone_id": "1bbdd4b5-1034-4578-8c19-8ed70ffe083c"
                        },
                        "meta": {},
                        "tainted": false
                    },
                    "deposed": [],
                    "provider": "provider.vinyldns"
                },
                "vinyldns_record_set.pr-rxctrl-ho-a-004_record_set_v4": {
                    "type": "vinyldns_record_set",
                    "depends_on": [
                        "openstack_compute_instance_v2.pr-rxctrl-ho-a-004.*"
                    ],
                    "primary": {
                        "id": "95dc3217-506f-4767-b482-d35c4568c0bc",
                        "attributes": {
                            "id": "95dc3217-506f-4767-b482-d35c4568c0bc",
                            "name": "pr-rxctrl-ho-a-004",
                            "record_addresses.#": "1",
                            "record_addresses.3362136400": "96.116.226.164",
                            "ttl": "300",
                            "type": "A",
                            "zone_id": "1bbdd4b5-1034-4578-8c19-8ed70ffe083c"
                        },
                        "meta": {},
                        "tainted": false
                    },
                    "deposed": [],
                    "provider": "provider.vinyldns"
                },
                "vinyldns_record_set.pr-rxctrl-ho-a-005_record_set_v4": {
                    "type": "vinyldns_record_set",
                    "depends_on": [
                        "openstack_compute_instance_v2.pr-rxctrl-ho-a-005.*"
                    ],
                    "primary": {
                        "id": "1e61772c-25f4-4cd1-9606-17caa71e9b00",
                        "attributes": {
                            "id": "1e61772c-25f4-4cd1-9606-17caa71e9b00",
                            "name": "pr-rxctrl-ho-a-005",
                            "record_addresses.#": "1",
                            "record_addresses.3210809798": "96.116.226.165",
                            "ttl": "300",
                            "type": "A",
                            "zone_id": "1bbdd4b5-1034-4578-8c19-8ed70ffe083c"
                        },
                        "meta": {},
                        "tainted": false
                    },
                    "deposed": [],
                    "provider": "provider.vinyldns"
                },
                "vinyldns_record_set.pr-rxctrl-ho-a-006_record_set_v4": {
                    "type": "vinyldns_record_set",
                    "depends_on": [
                        "openstack_compute_instance_v2.pr-rxctrl-ho-a-006.*"
                    ],
                    "primary": {
                        "id": "863feabb-9cad-4fc9-a94c-c20503ed70cc",
                        "attributes": {
                            "id": "863feabb-9cad-4fc9-a94c-c20503ed70cc",
                            "name": "pr-rxctrl-ho-a-006",
                            "record_addresses.#": "1",
                            "record_addresses.644366460": "96.116.226.166",
                            "ttl": "300",
                            "type": "A",
                            "zone_id": "1bbdd4b5-1034-4578-8c19-8ed70ffe083c"
                        },
                        "meta": {},
                        "tainted": false
                    },
                    "deposed": [],
                    "provider": "provider.vinyldns"
                },
                "vinyldns_record_set.pr-rxctrl-ho-a-007_record_set_v4": {
                    "type": "vinyldns_record_set",
                    "depends_on": [
                        "openstack_compute_instance_v2.pr-rxctrl-ho-a-007.*"
                    ],
                    "primary": {
                        "id": "8b9c5cf7-e54c-4eab-a04d-24292baf4860",
                        "attributes": {
                            "id": "8b9c5cf7-e54c-4eab-a04d-24292baf4860",
                            "name": "pr-rxctrl-ho-a-007",
                            "record_addresses.#": "1",
                            "record_addresses.3067567597": "96.116.226.169",
                            "ttl": "300",
                            "type": "A",
                            "zone_id": "1bbdd4b5-1034-4578-8c19-8ed70ffe083c"
                        },
                        "meta": {},
                        "tainted": false
                    },
                    "deposed": [],
                    "provider": "provider.vinyldns"
                },
                "vinyldns_record_set.pr-rxctrl-ho-a-008_record_set_v4": {
                    "type": "vinyldns_record_set",
                    "depends_on": [
                        "openstack_compute_instance_v2.pr-rxctrl-ho-a-008.*"
                    ],
                    "primary": {
                        "id": "d9ef0495-1076-4821-b7c1-b5ac1eee726b",
                        "attributes": {
                            "id": "d9ef0495-1076-4821-b7c1-b5ac1eee726b",
                            "name": "pr-rxctrl-ho-a-008",
                            "record_addresses.#": "1",
                            "record_addresses.3591427080": "96.116.226.170",
                            "ttl": "300",
                            "type": "A",
                            "zone_id": "1bbdd4b5-1034-4578-8c19-8ed70ffe083c"
                        },
                        "meta": {},
                        "tainted": false
                    },
                    "deposed": [],
                    "provider": "provider.vinyldns"
                },
                "vinyldns_record_set.pr-rxctrl-ho-a-009_record_set_v4": {
                    "type": "vinyldns_record_set",
                    "depends_on": [
                        "openstack_compute_instance_v2.pr-rxctrl-ho-a-009.*"
                    ],
                    "primary": {
                        "id": "1b4ec3cb-3e7c-498e-a56c-39105b9d762a",
                        "attributes": {
                            "id": "1b4ec3cb-3e7c-498e-a56c-39105b9d762a",
                            "name": "pr-rxctrl-ho-a-009",
                            "record_addresses.#": "1",
                            "record_addresses.1327072690": "96.116.226.173",
                            "ttl": "300",
                            "type": "A",
                            "zone_id": "1bbdd4b5-1034-4578-8c19-8ed70ffe083c"
                        },
                        "meta": {},
                        "tainted": false
                    },
                    "deposed": [],
                    "provider": "provider.vinyldns"
                },
                "vinyldns_record_set.pr-vcfg-ho-a-001_record_set_v4": {
                    "type": "vinyldns_record_set",
                    "depends_on": [
                        "openstack_compute_instance_v2.pr-vcfg-ho-a-001.*"
                    ],
                    "primary": {
                        "id": "646affd3-1e51-4ad8-953b-73f17a0facf6",
                        "attributes": {
                            "id": "646affd3-1e51-4ad8-953b-73f17a0facf6",
                            "name": "pr-vcfg-ho-a-001",
                            "record_addresses.#": "1",
                            "record_addresses.1659682527": "96.116.233.65",
                            "ttl": "300",
                            "type": "A",
                            "zone_id": "1bbdd4b5-1034-4578-8c19-8ed70ffe083c"
                        },
                        "meta": {},
                        "tainted": false
                    },
                    "deposed": [],
                    "provider": "provider.vinyldns"
                },
                "vinyldns_record_set.pr-vcfg-ho-a-001_record_set_v6": {
                    "type": "vinyldns_record_set",
                    "depends_on": [
                        "openstack_compute_instance_v2.pr-vcfg-ho-a-001.*"
                    ],
                    "primary": {
                        "id": "073cfea5-1986-4d1c-becd-e02fc7fa4f92",
                        "attributes": {
                            "id": "073cfea5-1986-4d1c-becd-e02fc7fa4f92",
                            "name": "pr-vcfg-ho-a-001",
                            "record_addresses.#": "1",
                            "record_addresses.4155645383": "[2001:558:fc18:0:f816:3eff:fe3f:5353]",
                            "ttl": "300",
                            "type": "AAAA",
                            "zone_id": "1bbdd4b5-1034-4578-8c19-8ed70ffe083c"
                        },
                        "meta": {},
                        "tainted": false
                    },
                    "deposed": [],
                    "provider": "provider.vinyldns"
                },
                "vinyldns_record_set.pr-wcfg-ho-a-001_record_set_v4": {
                    "type": "vinyldns_record_set",
                    "depends_on": [
                        "openstack_compute_instance_v2.pr-wcfg-ho-a-001.*"
                    ],
                    "primary": {
                        "id": "53a778a8-c661-467d-81d9-94611bac67c2",
                        "attributes": {
                            "id": "53a778a8-c661-467d-81d9-94611bac67c2",
                            "name": "pr-wcfg-ho-a-001",
                            "record_addresses.#": "1",
                            "record_addresses.1394365605": "96.116.233.18",
                            "ttl": "300",
                            "type": "A",
                            "zone_id": "1bbdd4b5-1034-4578-8c19-8ed70ffe083c"
                        },
                        "meta": {},
                        "tainted": false
                    },
                    "deposed": [],
                    "provider": "provider.vinyldns"
                },
                "vinyldns_record_set.pr-wcfg-ho-a-001_record_set_v6": {
                    "type": "vinyldns_record_set",
                    "depends_on": [
                        "openstack_compute_instance_v2.pr-wcfg-ho-a-001.*"
                    ],
                    "primary": {
                        "id": "db5bcd89-131c-4b49-8318-66201fee411b",
                        "attributes": {
                            "id": "db5bcd89-131c-4b49-8318-66201fee411b",
                            "name": "pr-wcfg-ho-a-001",
                            "record_addresses.#": "1",
                            "record_addresses.2844703379": "[2001:558:fc18:0:f816:3eff:fe13:61ee]",
                            "ttl": "300",
                            "type": "AAAA",
                            "zone_id": "1bbdd4b5-1034-4578-8c19-8ed70ffe083c"
                        },
                        "meta": {},
                        "tainted": false
                    },
                    "deposed": [],
                    "provider": "provider.vinyldns"
                },
                "vinyldns_record_set.pr-wrtc-ho-a-001_record_set_v4": {
                    "type": "vinyldns_record_set",
                    "depends_on": [
                        "openstack_compute_instance_v2.pr-wrtc-ho-a-001.*"
                    ],
                    "primary": {
                        "id": "c3f06541-b360-42eb-8c47-03eac4d7cf32",
                        "attributes": {
                            "id": "c3f06541-b360-42eb-8c47-03eac4d7cf32",
                            "name": "pr-wrtc-ho-a-001",
                            "record_addresses.#": "1",
                            "record_addresses.3678445207": "96.116.224.75",
                            "ttl": "300",
                            "type": "A",
                            "zone_id": "1bbdd4b5-1034-4578-8c19-8ed70ffe083c"
                        },
                        "meta": {},
                        "tainted": false
                    },
                    "deposed": [],
                    "provider": "provider.vinyldns"
                },
                "vinyldns_record_set.pr-wrtc-ho-a-001_record_set_v6": {
                    "type": "vinyldns_record_set",
                    "depends_on": [
                        "openstack_compute_instance_v2.pr-wrtc-ho-a-001.*"
                    ],
                    "primary": {
                        "id": "1f1e8b5a-ee38-4614-9753-f4743e6ba709",
                        "attributes": {
                            "id": "1f1e8b5a-ee38-4614-9753-f4743e6ba709",
                            "name": "pr-wrtc-ho-a-001",
                            "record_addresses.#": "1",
                            "record_addresses.1475775317": "[2001:558:fc18:0:f816:3eff:fe4b:a99d]",
                            "ttl": "300",
                            "type": "AAAA",
                            "zone_id": "1bbdd4b5-1034-4578-8c19-8ed70ffe083c"
                        },
                        "meta": {},
                        "tainted": false
                    },
                    "deposed": [],
                    "provider": "provider.vinyldns"
                }
            },
            "depends_on": []
        }
    ]
}
