{
    "version": 3,
    "terraform_version": "0.11.13",
    "serial": 1,
    "lineage": "c10074f3-132c-1a37-62a5-00b4b50e7c8a",
    "modules": [
        {
            "path": [
                "root"
            ],
            "outputs": {},
            "resources": {
                "data.template_file.user_add": {
                    "type": "template_file",
                    "depends_on": [],
                    "primary": {
                        "id": "e5b707c581ef53e67ac47261b4575385bede1b41f1d3730dbe81ac988302976b",
                        "attributes": {
                            "id": "e5b707c581ef53e67ac47261b4575385bede1b41f1d3730dbe81ac988302976b",
                            "rendered": "echo baygun001c\necho \"ssh-rsa AAAAB3NzaC1yc2EAAAADAQABAAABAQDkd5xSQU932uIlise6ttp58v8Qf/StGNFuN59zDlvDRn6vlg2C2wx+7rC/wS0IpKFrEBp7n8T57e8lccuBWFWM2mltPPZcnUflV001CZSH1Xiq2KzM0ZJmrjwVddSkfqs12tIPPJUjL3Y50oO41b0MJdr1JExhpgZMYOGwJh0313PWZ76fnEU9FArbV039u4xfSgtK3w32aC9dfnuhyCdpUYrMQN1i9Nf/C38DG26mxinD6WwXpKpUvlMlj932UflZD3ZR+QzOyjZKilk39IfWUX2LI5ikutgAF+5vqBaUy6xzAYlS/j5Sh5lwZmejgzKlXKm2fE5HxE7NnPEaVpCZ baygun001c@megadocker-ch2-d26p.sys.comcast.net\"\n",
                            "template": "echo ${user_id}\necho ${ssh_key}\n",
                            "vars.%": "2",
                            "vars.ssh_key": "\"ssh-rsa AAAAB3NzaC1yc2EAAAADAQABAAABAQDkd5xSQU932uIlise6ttp58v8Qf/StGNFuN59zDlvDRn6vlg2C2wx+7rC/wS0IpKFrEBp7n8T57e8lccuBWFWM2mltPPZcnUflV001CZSH1Xiq2KzM0ZJmrjwVddSkfqs12tIPPJUjL3Y50oO41b0MJdr1JExhpgZMYOGwJh0313PWZ76fnEU9FArbV039u4xfSgtK3w32aC9dfnuhyCdpUYrMQN1i9Nf/C38DG26mxinD6WwXpKpUvlMlj932UflZD3ZR+QzOyjZKilk39IfWUX2LI5ikutgAF+5vqBaUy6xzAYlS/j5Sh5lwZmejgzKlXKm2fE5HxE7NnPEaVpCZ baygun001c@megadocker-ch2-d26p.sys.comcast.net\"",
                            "vars.user_id": "baygun001c"
                        },
                        "meta": {},
                        "tainted": false
                    },
                    "deposed": [],
                    "provider": "provider.template"
                },
                "openstack_networking_port_v2.pr-ibn-ho-a-001_port": {
                    "type": "openstack_networking_port_v2",
                    "depends_on": [],
                    "primary": {
                        "id": "1bf81b67-61b8-4f04-8a35-58521d4dc696",
                        "tainted": false
                    },
                    "deposed": [],
                    "provider": "provider.openstack"
                },
                "openstack_networking_port_v2.pr-ibnctrl-ho-a-001_port": {
                    "type": "openstack_networking_port_v2",
                    "depends_on": [],
                    "primary": {
                        "id": "98e153bc-e133-47b6-b197-cd182693cb4d",
                        "tainted": false
                    },
                    "deposed": [],
                    "provider": "provider.openstack"
                },
                "openstack_networking_port_v2.pr-ibnctrl-ho-a-002_port": {
                    "type": "openstack_networking_port_v2",
                    "depends_on": [],
                    "primary": {
                        "id": "a7cd5fcd-167b-4fe2-ab68-b164dea7c1f1",
                        "tainted": false
                    },
                    "deposed": [],
                    "provider": "provider.openstack"
                },
                "openstack_networking_port_v2.pr-ibnctrl-ho-a-003_port": {
                    "type": "openstack_networking_port_v2",
                    "depends_on": [],
                    "primary": {
                        "id": "0b75bb70-c4a1-419b-bbe8-cf60503c71f4",
                        "tainted": false
                    },
                    "deposed": [],
                    "provider": "provider.openstack"
                },
                "openstack_networking_port_v2.pr-ibnctrl-ho-a-004_port": {
                    "type": "openstack_networking_port_v2",
                    "depends_on": [],
                    "primary": {
                        "id": "a247a87d-a728-41c9-9bf5-60606d00939d",
                        "tainted": false
                    },
                    "deposed": [],
                    "provider": "provider.openstack"
                },
                "openstack_networking_port_v2.pr-icfg-ho-a-001_port": {
                    "type": "openstack_networking_port_v2",
                    "depends_on": [],
                    "primary": {
                        "id": "",
                        "tainted": false
                    },
                    "deposed": [],
                    "provider": "provider.openstack"
                },
                "openstack_networking_port_v2.pr-rx-ho-a-0010_port": {
                    "type": "openstack_networking_port_v2",
                    "depends_on": [],
                    "primary": {
                        "id": "fdc29646-5b06-48a1-bec9-83782d7bdf02",
                        "tainted": false
                    },
                    "deposed": [],
                    "provider": "provider.openstack"
                },
                "openstack_networking_port_v2.pr-rx-ho-a-0011_port": {
                    "type": "openstack_networking_port_v2",
                    "depends_on": [],
                    "primary": {
                        "id": "6bce80c4-2bda-4daf-a125-41581856cce0",
                        "tainted": false
                    },
                    "deposed": [],
                    "provider": "provider.openstack"
                },
                "openstack_networking_port_v2.pr-rx-ho-a-0012_port": {
                    "type": "openstack_networking_port_v2",
                    "depends_on": [],
                    "primary": {
                        "id": "",
                        "tainted": false
                    },
                    "deposed": [],
                    "provider": "provider.openstack"
                },
                "openstack_networking_port_v2.pr-rx-ho-a-0013_port": {
                    "type": "openstack_networking_port_v2",
                    "depends_on": [],
                    "primary": {
                        "id": "",
                        "tainted": false
                    },
                    "deposed": [],
                    "provider": "provider.openstack"
                },
                "openstack_networking_port_v2.pr-rx-ho-a-0014_port": {
                    "type": "openstack_networking_port_v2",
                    "depends_on": [],
                    "primary": {
                        "id": "",
                        "tainted": false
                    },
                    "deposed": [],
                    "provider": "provider.openstack"
                },
                "openstack_networking_port_v2.pr-rx-ho-a-0015_port": {
                    "type": "openstack_networking_port_v2",
                    "depends_on": [],
                    "primary": {
                        "id": "",
                        "tainted": false
                    },
                    "deposed": [],
                    "provider": "provider.openstack"
                },
                "openstack_networking_port_v2.pr-rx-ho-a-0016_port": {
                    "type": "openstack_networking_port_v2",
                    "depends_on": [],
                    "primary": {
                        "id": "",
                        "tainted": false
                    },
                    "deposed": [],
                    "provider": "provider.openstack"
                },
                "openstack_networking_port_v2.pr-rx-ho-a-001_port": {
                    "type": "openstack_networking_port_v2",
                    "depends_on": [],
                    "primary": {
                        "id": "",
                        "tainted": false
                    },
                    "deposed": [],
                    "provider": "provider.openstack"
                },
                "openstack_networking_port_v2.pr-rx-ho-a-002_port": {
                    "type": "openstack_networking_port_v2",
                    "depends_on": [],
                    "primary": {
                        "id": "",
                        "tainted": false
                    },
                    "deposed": [],
                    "provider": "provider.openstack"
                },
                "openstack_networking_port_v2.pr-rx-ho-a-003_port": {
                    "type": "openstack_networking_port_v2",
                    "depends_on": [],
                    "primary": {
                        "id": "",
                        "tainted": false
                    },
                    "deposed": [],
                    "provider": "provider.openstack"
                },
                "openstack_networking_port_v2.pr-rx-ho-a-004_port": {
                    "type": "openstack_networking_port_v2",
                    "depends_on": [],
                    "primary": {
                        "id": "",
                        "tainted": false
                    },
                    "deposed": [],
                    "provider": "provider.openstack"
                },
                "openstack_networking_port_v2.pr-rx-ho-a-005_port": {
                    "type": "openstack_networking_port_v2",
                    "depends_on": [],
                    "primary": {
                        "id": "",
                        "tainted": false
                    },
                    "deposed": [],
                    "provider": "provider.openstack"
                },
                "openstack_networking_port_v2.pr-rx-ho-a-006_port": {
                    "type": "openstack_networking_port_v2",
                    "depends_on": [],
                    "primary": {
                        "id": "",
                        "tainted": false
                    },
                    "deposed": [],
                    "provider": "provider.openstack"
                },
                "openstack_networking_port_v2.pr-rx-ho-a-007_port": {
                    "type": "openstack_networking_port_v2",
                    "depends_on": [],
                    "primary": {
                        "id": "",
                        "tainted": false
                    },
                    "deposed": [],
                    "provider": "provider.openstack"
                },
                "openstack_networking_port_v2.pr-rx-ho-a-008_port": {
                    "type": "openstack_networking_port_v2",
                    "depends_on": [],
                    "primary": {
                        "id": "",
                        "tainted": false
                    },
                    "deposed": [],
                    "provider": "provider.openstack"
                },
                "openstack_networking_port_v2.pr-rx-ho-a-009_port": {
                    "type": "openstack_networking_port_v2",
                    "depends_on": [],
                    "primary": {
                        "id": "",
                        "tainted": false
                    },
                    "deposed": [],
                    "provider": "provider.openstack"
                },
                "openstack_networking_port_v2.pr-rxctrl-ho-a-0010_port": {
                    "type": "openstack_networking_port_v2",
                    "depends_on": [],
                    "primary": {
                        "id": "",
                        "tainted": false
                    },
                    "deposed": [],
                    "provider": "provider.openstack"
                },
                "openstack_networking_port_v2.pr-rxctrl-ho-a-0011_port": {
                    "type": "openstack_networking_port_v2",
                    "depends_on": [],
                    "primary": {
                        "id": "",
                        "tainted": false
                    },
                    "deposed": [],
                    "provider": "provider.openstack"
                },
                "openstack_networking_port_v2.pr-rxctrl-ho-a-0012_port": {
                    "type": "openstack_networking_port_v2",
                    "depends_on": [],
                    "primary": {
                        "id": "",
                        "tainted": false
                    },
                    "deposed": [],
                    "provider": "provider.openstack"
                },
                "openstack_networking_port_v2.pr-rxctrl-ho-a-0013_port": {
                    "type": "openstack_networking_port_v2",
                    "depends_on": [],
                    "primary": {
                        "id": "",
                        "tainted": false
                    },
                    "deposed": [],
                    "provider": "provider.openstack"
                },
                "openstack_networking_port_v2.pr-rxctrl-ho-a-0014_port": {
                    "type": "openstack_networking_port_v2",
                    "depends_on": [],
                    "primary": {
                        "id": "",
                        "tainted": false
                    },
                    "deposed": [],
                    "provider": "provider.openstack"
                },
                "openstack_networking_port_v2.pr-rxctrl-ho-a-0015_port": {
                    "type": "openstack_networking_port_v2",
                    "depends_on": [],
                    "primary": {
                        "id": "",
                        "tainted": false
                    },
                    "deposed": [],
                    "provider": "provider.openstack"
                },
                "openstack_networking_port_v2.pr-rxctrl-ho-a-0016_port": {
                    "type": "openstack_networking_port_v2",
                    "depends_on": [],
                    "primary": {
                        "id": "",
                        "tainted": false
                    },
                    "deposed": [],
                    "provider": "provider.openstack"
                },
                "openstack_networking_port_v2.pr-rxctrl-ho-a-0017_port": {
                    "type": "openstack_networking_port_v2",
                    "depends_on": [],
                    "primary": {
                        "id": "",
                        "tainted": false
                    },
                    "deposed": [],
                    "provider": "provider.openstack"
                },
                "openstack_networking_port_v2.pr-rxctrl-ho-a-001_port": {
                    "type": "openstack_networking_port_v2",
                    "depends_on": [],
                    "primary": {
                        "id": "",
                        "tainted": false
                    },
                    "deposed": [],
                    "provider": "provider.openstack"
                },
                "openstack_networking_port_v2.pr-rxctrl-ho-a-002_port": {
                    "type": "openstack_networking_port_v2",
                    "depends_on": [],
                    "primary": {
                        "id": "",
                        "tainted": false
                    },
                    "deposed": [],
                    "provider": "provider.openstack"
                },
                "openstack_networking_port_v2.pr-rxctrl-ho-a-003_port": {
                    "type": "openstack_networking_port_v2",
                    "depends_on": [],
                    "primary": {
                        "id": "ae1dbc18-cc92-4fe3-ab66-ab9b83fa6be9",
                        "attributes": {
                            "admin_state_up": "true",
                            "all_fixed_ips.#": "2",
                            "all_fixed_ips.0": "2001:558:fc18:0:f816:3eff:fe88:1bb7",
                            "all_fixed_ips.1": "96.116.233.184",
                            "all_security_group_ids.#": "1",
                            "all_security_group_ids.2221832618": "a32fa0cd-9108-416f-9726-6a504ef4a3c1",
                            "all_tags.#": "0",
                            "allowed_address_pairs.#": "0",
                            "description": "",
                            "device_id": "",
                            "device_owner": "",
                            "extra_dhcp_option.#": "0",
                            "id": "ae1dbc18-cc92-4fe3-ab66-ab9b83fa6be9",
                            "mac_address": "fa:16:3e:88:1b:b7",
                            "name": "pr-rxctrl-ho-a-003",
                            "network_id": "89093c7c-a78d-49b4-8daa-331f4a6f8398",
                            "region": "",
                            "tags.#": "0",
                            "tenant_id": "3cca87653b804207a7e1de1fb2bb2116"
                        },
                        "meta": {
                            "e2bfb730-ecaa-11e6-8f88-34363bc7c4c0": {
                                "create": 600000000000,
                                "delete": 600000000000
                            }
                        },
                        "tainted": false
                    },
                    "deposed": [],
                    "provider": "provider.openstack"
                },
                "openstack_networking_port_v2.pr-rxctrl-ho-a-004_port": {
                    "type": "openstack_networking_port_v2",
                    "depends_on": [],
                    "primary": {
                        "id": "5bba726b-8336-4532-b2b7-00a737e7c7f5",
                        "attributes": {
                            "admin_state_up": "true",
                            "all_fixed_ips.#": "2",
                            "all_fixed_ips.0": "2001:558:fc18:0:f816:3eff:fe2e:81e7",
                            "all_fixed_ips.1": "96.116.233.36",
                            "all_security_group_ids.#": "1",
                            "all_security_group_ids.2221832618": "a32fa0cd-9108-416f-9726-6a504ef4a3c1",
                            "all_tags.#": "0",
                            "allowed_address_pairs.#": "0",
                            "description": "",
                            "device_id": "",
                            "device_owner": "",
                            "extra_dhcp_option.#": "0",
                            "id": "5bba726b-8336-4532-b2b7-00a737e7c7f5",
                            "mac_address": "fa:16:3e:2e:81:e7",
                            "name": "pr-rxctrl-ho-a-004",
                            "network_id": "89093c7c-a78d-49b4-8daa-331f4a6f8398",
                            "region": "",
                            "tags.#": "0",
                            "tenant_id": "3cca87653b804207a7e1de1fb2bb2116"
                        },
                        "meta": {
                            "e2bfb730-ecaa-11e6-8f88-34363bc7c4c0": {
                                "create": 600000000000,
                                "delete": 600000000000
                            }
                        },
                        "tainted": false
                    },
                    "deposed": [],
                    "provider": "provider.openstack"
                },
                "openstack_networking_port_v2.pr-rxctrl-ho-a-005_port": {
                    "type": "openstack_networking_port_v2",
                    "depends_on": [],
                    "primary": {
                        "id": "c01bac6f-058c-4215-9c0d-f467865e4f15",
                        "attributes": {
                            "admin_state_up": "true",
                            "all_fixed_ips.#": "2",
                            "all_fixed_ips.0": "2001:558:fc18:0:f816:3eff:fe6a:43e8",
                            "all_fixed_ips.1": "96.116.233.182",
                            "all_security_group_ids.#": "1",
                            "all_security_group_ids.2221832618": "a32fa0cd-9108-416f-9726-6a504ef4a3c1",
                            "all_tags.#": "0",
                            "allowed_address_pairs.#": "0",
                            "description": "",
                            "device_id": "",
                            "device_owner": "",
                            "extra_dhcp_option.#": "0",
                            "id": "c01bac6f-058c-4215-9c0d-f467865e4f15",
                            "mac_address": "fa:16:3e:6a:43:e8",
                            "name": "pr-rxctrl-ho-a-005",
                            "network_id": "89093c7c-a78d-49b4-8daa-331f4a6f8398",
                            "region": "",
                            "tags.#": "0",
                            "tenant_id": "3cca87653b804207a7e1de1fb2bb2116"
                        },
                        "meta": {
                            "e2bfb730-ecaa-11e6-8f88-34363bc7c4c0": {
                                "create": 600000000000,
                                "delete": 600000000000
                            }
                        },
                        "tainted": false
                    },
                    "deposed": [],
                    "provider": "provider.openstack"
                },
                "openstack_networking_port_v2.pr-rxctrl-ho-a-006_port": {
                    "type": "openstack_networking_port_v2",
                    "depends_on": [],
                    "primary": {
                        "id": "daea79c2-0703-4d87-aa40-d5303d47dc7e",
                        "attributes": {
                            "admin_state_up": "true",
                            "all_fixed_ips.#": "2",
                            "all_fixed_ips.0": "2001:558:fc18:0:f816:3eff:fe7f:1224",
                            "all_fixed_ips.1": "96.116.233.166",
                            "all_security_group_ids.#": "1",
                            "all_security_group_ids.2221832618": "a32fa0cd-9108-416f-9726-6a504ef4a3c1",
                            "all_tags.#": "0",
                            "allowed_address_pairs.#": "0",
                            "description": "",
                            "device_id": "",
                            "device_owner": "",
                            "extra_dhcp_option.#": "0",
                            "id": "daea79c2-0703-4d87-aa40-d5303d47dc7e",
                            "mac_address": "fa:16:3e:7f:12:24",
                            "name": "pr-rxctrl-ho-a-006",
                            "network_id": "89093c7c-a78d-49b4-8daa-331f4a6f8398",
                            "region": "",
                            "tags.#": "0",
                            "tenant_id": "3cca87653b804207a7e1de1fb2bb2116"
                        },
                        "meta": {
                            "e2bfb730-ecaa-11e6-8f88-34363bc7c4c0": {
                                "create": 600000000000,
                                "delete": 600000000000
                            }
                        },
                        "tainted": false
                    },
                    "deposed": [],
                    "provider": "provider.openstack"
                },
                "openstack_networking_port_v2.pr-rxctrl-ho-a-007_port": {
                    "type": "openstack_networking_port_v2",
                    "depends_on": [],
                    "primary": {
                        "id": "cf8be9cb-31ea-45ea-bf7b-b762176b6721",
                        "attributes": {
                            "admin_state_up": "true",
                            "all_fixed_ips.#": "2",
                            "all_fixed_ips.0": "2001:558:fc18:0:f816:3eff:fe8a:99a3",
                            "all_fixed_ips.1": "96.116.233.175",
                            "all_security_group_ids.#": "1",
                            "all_security_group_ids.2221832618": "a32fa0cd-9108-416f-9726-6a504ef4a3c1",
                            "all_tags.#": "0",
                            "allowed_address_pairs.#": "0",
                            "description": "",
                            "device_id": "",
                            "device_owner": "",
                            "extra_dhcp_option.#": "0",
                            "id": "cf8be9cb-31ea-45ea-bf7b-b762176b6721",
                            "mac_address": "fa:16:3e:8a:99:a3",
                            "name": "pr-rxctrl-ho-a-007",
                            "network_id": "89093c7c-a78d-49b4-8daa-331f4a6f8398",
                            "region": "",
                            "tags.#": "0",
                            "tenant_id": "3cca87653b804207a7e1de1fb2bb2116"
                        },
                        "meta": {
                            "e2bfb730-ecaa-11e6-8f88-34363bc7c4c0": {
                                "create": 600000000000,
                                "delete": 600000000000
                            }
                        },
                        "tainted": false
                    },
                    "deposed": [],
                    "provider": "provider.openstack"
                },
                "openstack_networking_port_v2.pr-rxctrl-ho-a-008_port": {
                    "type": "openstack_networking_port_v2",
                    "depends_on": [],
                    "primary": {
                        "id": "35db863c-c33e-4e24-bde4-49c5588e542b",
                        "attributes": {
                            "admin_state_up": "true",
                            "all_fixed_ips.#": "2",
                            "all_fixed_ips.0": "2001:558:fc18:0:f816:3eff:fee8:7f38",
                            "all_fixed_ips.1": "96.116.230.253",
                            "all_security_group_ids.#": "1",
                            "all_security_group_ids.2221832618": "a32fa0cd-9108-416f-9726-6a504ef4a3c1",
                            "all_tags.#": "0",
                            "allowed_address_pairs.#": "0",
                            "description": "",
                            "device_id": "",
                            "device_owner": "",
                            "extra_dhcp_option.#": "0",
                            "id": "35db863c-c33e-4e24-bde4-49c5588e542b",
                            "mac_address": "fa:16:3e:e8:7f:38",
                            "name": "pr-rxctrl-ho-a-008",
                            "network_id": "89093c7c-a78d-49b4-8daa-331f4a6f8398",
                            "region": "",
                            "tags.#": "0",
                            "tenant_id": "3cca87653b804207a7e1de1fb2bb2116"
                        },
                        "meta": {
                            "e2bfb730-ecaa-11e6-8f88-34363bc7c4c0": {
                                "create": 600000000000,
                                "delete": 600000000000
                            }
                        },
                        "tainted": false
                    },
                    "deposed": [],
                    "provider": "provider.openstack"
                },
                "openstack_networking_port_v2.pr-rxctrl-ho-a-009_port": {
                    "type": "openstack_networking_port_v2",
                    "depends_on": [],
                    "primary": {
                        "id": "baf76419-9bce-4c78-8334-1cb2db3dcebc",
                        "attributes": {
                            "admin_state_up": "true",
                            "all_fixed_ips.#": "2",
                            "all_fixed_ips.0": "2001:558:fc18:0:f816:3eff:fe81:acc5",
                            "all_fixed_ips.1": "96.116.233.66",
                            "all_security_group_ids.#": "1",
                            "all_security_group_ids.2221832618": "a32fa0cd-9108-416f-9726-6a504ef4a3c1",
                            "all_tags.#": "0",
                            "allowed_address_pairs.#": "0",
                            "description": "",
                            "device_id": "",
                            "device_owner": "",
                            "extra_dhcp_option.#": "0",
                            "id": "baf76419-9bce-4c78-8334-1cb2db3dcebc",
                            "mac_address": "fa:16:3e:81:ac:c5",
                            "name": "pr-rxctrl-ho-a-009",
                            "network_id": "89093c7c-a78d-49b4-8daa-331f4a6f8398",
                            "region": "",
                            "tags.#": "0",
                            "tenant_id": "3cca87653b804207a7e1de1fb2bb2116"
                        },
                        "meta": {
                            "e2bfb730-ecaa-11e6-8f88-34363bc7c4c0": {
                                "create": 600000000000,
                                "delete": 600000000000
                            }
                        },
                        "tainted": false
                    },
                    "deposed": [],
                    "provider": "provider.openstack"
                },
                "openstack_networking_port_v2.pr-vcfg-ho-a-001_port": {
                    "type": "openstack_networking_port_v2",
                    "depends_on": [],
                    "primary": {
                        "id": "efa3a29c-ffb4-4cbe-80a4-313fcabd48ed",
                        "attributes": {
                            "admin_state_up": "true",
                            "all_fixed_ips.#": "2",
                            "all_fixed_ips.0": "2001:558:fc18:0:f816:3eff:fea3:e725",
                            "all_fixed_ips.1": "96.116.233.181",
                            "all_security_group_ids.#": "1",
                            "all_security_group_ids.2221832618": "a32fa0cd-9108-416f-9726-6a504ef4a3c1",
                            "all_tags.#": "0",
                            "allowed_address_pairs.#": "0",
                            "description": "",
                            "device_id": "",
                            "device_owner": "",
                            "extra_dhcp_option.#": "0",
                            "id": "efa3a29c-ffb4-4cbe-80a4-313fcabd48ed",
                            "mac_address": "fa:16:3e:a3:e7:25",
                            "name": "pr-vcfg-ho-a-001",
                            "network_id": "89093c7c-a78d-49b4-8daa-331f4a6f8398",
                            "region": "",
                            "tags.#": "0",
                            "tenant_id": "3cca87653b804207a7e1de1fb2bb2116"
                        },
                        "meta": {
                            "e2bfb730-ecaa-11e6-8f88-34363bc7c4c0": {
                                "create": 600000000000,
                                "delete": 600000000000
                            }
                        },
                        "tainted": false
                    },
                    "deposed": [],
                    "provider": "provider.openstack"
                },
                "openstack_networking_port_v2.pr-wcfg-ho-a-001_port": {
                    "type": "openstack_networking_port_v2",
                    "depends_on": [],
                    "primary": {
                        "id": "579ae9f3-8357-4dd5-b5ad-927e9ae9bebb",
                        "attributes": {
                            "admin_state_up": "true",
                            "all_fixed_ips.#": "2",
                            "all_fixed_ips.0": "2001:558:fc18:0:f816:3eff:fec1:7327",
                            "all_fixed_ips.1": "96.116.233.73",
                            "all_security_group_ids.#": "1",
                            "all_security_group_ids.2221832618": "a32fa0cd-9108-416f-9726-6a504ef4a3c1",
                            "all_tags.#": "0",
                            "allowed_address_pairs.#": "0",
                            "description": "",
                            "device_id": "",
                            "device_owner": "",
                            "extra_dhcp_option.#": "0",
                            "id": "579ae9f3-8357-4dd5-b5ad-927e9ae9bebb",
                            "mac_address": "fa:16:3e:c1:73:27",
                            "name": "pr-wcfg-ho-a-001",
                            "network_id": "89093c7c-a78d-49b4-8daa-331f4a6f8398",
                            "region": "",
                            "tags.#": "0",
                            "tenant_id": "3cca87653b804207a7e1de1fb2bb2116"
                        },
                        "meta": {
                            "e2bfb730-ecaa-11e6-8f88-34363bc7c4c0": {
                                "create": 600000000000,
                                "delete": 600000000000
                            }
                        },
                        "tainted": false
                    },
                    "deposed": [],
                    "provider": "provider.openstack"
                },
                "openstack_networking_port_v2.pr-wrtc-ho-a-001_port": {
                    "type": "openstack_networking_port_v2",
                    "depends_on": [],
                    "primary": {
                        "id": "087369e0-2eb1-4a14-9cad-016333e1a762",
                        "attributes": {
                            "admin_state_up": "true",
                            "all_fixed_ips.#": "2",
                            "all_fixed_ips.0": "2001:558:fc18:0:f816:3eff:fe47:7cfa",
                            "all_fixed_ips.1": "96.116.233.9",
                            "all_security_group_ids.#": "1",
                            "all_security_group_ids.2221832618": "a32fa0cd-9108-416f-9726-6a504ef4a3c1",
                            "all_tags.#": "0",
                            "allowed_address_pairs.#": "0",
                            "description": "",
                            "device_id": "",
                            "device_owner": "",
                            "extra_dhcp_option.#": "0",
                            "id": "087369e0-2eb1-4a14-9cad-016333e1a762",
                            "mac_address": "fa:16:3e:47:7c:fa",
                            "name": "pr-wrtc-ho-a-001",
                            "network_id": "89093c7c-a78d-49b4-8daa-331f4a6f8398",
                            "region": "",
                            "tags.#": "0",
                            "tenant_id": "3cca87653b804207a7e1de1fb2bb2116"
                        },
                        "meta": {
                            "e2bfb730-ecaa-11e6-8f88-34363bc7c4c0": {
                                "create": 600000000000,
                                "delete": 600000000000
                            }
                        },
                        "tainted": false
                    },
                    "deposed": [],
                    "provider": "provider.openstack"
                }
            },
            "depends_on": []
        }
    ]
}
