{
    "version": 3,
    "terraform_version": "0.11.13",
    "serial": 1,
    "lineage": "c10074f3-132c-1a37-62a5-00b4b50e7c8a",
    "modules": [
        {
            "path": [
                "root"
            ],
            "outputs": {},
            "resources": {
                "data.template_file.user_add": {
                    "type": "template_file",
                    "depends_on": [],
                    "primary": {
                        "id": "e5b707c581ef53e67ac47261b4575385bede1b41f1d3730dbe81ac988302976b",
                        "attributes": {
                            "id": "e5b707c581ef53e67ac47261b4575385bede1b41f1d3730dbe81ac988302976b",
                            "rendered": "echo baygun001c\necho \"ssh-rsa AAAAB3NzaC1yc2EAAAADAQABAAABAQDkd5xSQU932uIlise6ttp58v8Qf/StGNFuN59zDlvDRn6vlg2C2wx+7rC/wS0IpKFrEBp7n8T57e8lccuBWFWM2mltPPZcnUflV001CZSH1Xiq2KzM0ZJmrjwVddSkfqs12tIPPJUjL3Y50oO41b0MJdr1JExhpgZMYOGwJh0313PWZ76fnEU9FArbV039u4xfSgtK3w32aC9dfnuhyCdpUYrMQN1i9Nf/C38DG26mxinD6WwXpKpUvlMlj932UflZD3ZR+QzOyjZKilk39IfWUX2LI5ikutgAF+5vqBaUy6xzAYlS/j5Sh5lwZmejgzKlXKm2fE5HxE7NnPEaVpCZ baygun001c@megadocker-ch2-d26p.sys.comcast.net\"\n",
                            "template": "echo ${user_id}\necho ${ssh_key}\n",
                            "vars.%": "2",
                            "vars.ssh_key": "\"ssh-rsa AAAAB3NzaC1yc2EAAAADAQABAAABAQDkd5xSQU932uIlise6ttp58v8Qf/StGNFuN59zDlvDRn6vlg2C2wx+7rC/wS0IpKFrEBp7n8T57e8lccuBWFWM2mltPPZcnUflV001CZSH1Xiq2KzM0ZJmrjwVddSkfqs12tIPPJUjL3Y50oO41b0MJdr1JExhpgZMYOGwJh0313PWZ76fnEU9FArbV039u4xfSgtK3w32aC9dfnuhyCdpUYrMQN1i9Nf/C38DG26mxinD6WwXpKpUvlMlj932UflZD3ZR+QzOyjZKilk39IfWUX2LI5ikutgAF+5vqBaUy6xzAYlS/j5Sh5lwZmejgzKlXKm2fE5HxE7NnPEaVpCZ baygun001c@megadocker-ch2-d26p.sys.comcast.net\"",
                            "vars.user_id": "baygun001c"
                        },
                        "meta": {},
                        "tainted": false
                    },
                    "deposed": [],
                    "provider": "provider.template"
                },
                "openstack_networking_port_v2.pr-ibn-ho-a-001_port": {
                    "type": "openstack_networking_port_v2",
                    "depends_on": [],
                    "primary": {
                        "id": "6ec5b661-4023-44af-8926-1f4e4e665641",
                        "attributes": {
                            "admin_state_up": "true",
                            "all_fixed_ips.#": "2",
                            "all_fixed_ips.0": "2001:558:fc18:0:f816:3eff:fecd:d049",
                            "all_fixed_ips.1": "96.116.233.169",
                            "all_security_group_ids.#": "1",
                            "all_security_group_ids.2221832618": "a32fa0cd-9108-416f-9726-6a504ef4a3c1",
                            "all_tags.#": "0",
                            "allowed_address_pairs.#": "0",
                            "description": "",
                            "device_id": "",
                            "device_owner": "",
                            "extra_dhcp_option.#": "0",
                            "id": "6ec5b661-4023-44af-8926-1f4e4e665641",
                            "mac_address": "fa:16:3e:cd:d0:49",
                            "name": "pr-ibn-ho-a-001",
                            "network_id": "89093c7c-a78d-49b4-8daa-331f4a6f8398",
                            "region": "",
                            "tags.#": "0",
                            "tenant_id": "3cca87653b804207a7e1de1fb2bb2116"
                        },
                        "meta": {
                            "e2bfb730-ecaa-11e6-8f88-34363bc7c4c0": {
                                "create": 600000000000,
                                "delete": 600000000000
                            }
                        },
                        "tainted": false
                    },
                    "deposed": [],
                    "provider": "provider.openstack"
                },
                "openstack_networking_port_v2.pr-ibnctrl-ho-a-001_port": {
                    "type": "openstack_networking_port_v2",
                    "depends_on": [],
                    "primary": {
                        "id": "cbecaa85-531c-4e5f-b4d5-9a2203ba16e3",
                        "attributes": {
                            "admin_state_up": "true",
                            "all_fixed_ips.#": "2",
                            "all_fixed_ips.0": "2001:558:fc18:0:f816:3eff:fed9:c026",
                            "all_fixed_ips.1": "96.116.233.172",
                            "all_security_group_ids.#": "1",
                            "all_security_group_ids.2221832618": "a32fa0cd-9108-416f-9726-6a504ef4a3c1",
                            "all_tags.#": "0",
                            "allowed_address_pairs.#": "0",
                            "description": "",
                            "device_id": "",
                            "device_owner": "",
                            "extra_dhcp_option.#": "0",
                            "id": "cbecaa85-531c-4e5f-b4d5-9a2203ba16e3",
                            "mac_address": "fa:16:3e:d9:c0:26",
                            "name": "pr-ibnctrl-ho-a-001",
                            "network_id": "89093c7c-a78d-49b4-8daa-331f4a6f8398",
                            "region": "",
                            "tags.#": "0",
                            "tenant_id": "3cca87653b804207a7e1de1fb2bb2116"
                        },
                        "meta": {
                            "e2bfb730-ecaa-11e6-8f88-34363bc7c4c0": {
                                "create": 600000000000,
                                "delete": 600000000000
                            }
                        },
                        "tainted": false
                    },
                    "deposed": [],
                    "provider": "provider.openstack"
                },
                "openstack_networking_port_v2.pr-ibnctrl-ho-a-002_port": {
                    "type": "openstack_networking_port_v2",
                    "depends_on": [],
                    "primary": {
                        "id": "2954fe57-927f-4f9a-843b-55fd2d618415",
                        "attributes": {
                            "admin_state_up": "true",
                            "all_fixed_ips.#": "2",
                            "all_fixed_ips.0": "2001:558:fc18:0:f816:3eff:fe8e:7ff8",
                            "all_fixed_ips.1": "96.116.233.168",
                            "all_security_group_ids.#": "1",
                            "all_security_group_ids.2221832618": "a32fa0cd-9108-416f-9726-6a504ef4a3c1",
                            "all_tags.#": "0",
                            "allowed_address_pairs.#": "0",
                            "description": "",
                            "device_id": "",
                            "device_owner": "",
                            "extra_dhcp_option.#": "0",
                            "id": "2954fe57-927f-4f9a-843b-55fd2d618415",
                            "mac_address": "fa:16:3e:8e:7f:f8",
                            "name": "pr-ibnctrl-ho-a-002",
                            "network_id": "89093c7c-a78d-49b4-8daa-331f4a6f8398",
                            "region": "",
                            "tags.#": "0",
                            "tenant_id": "3cca87653b804207a7e1de1fb2bb2116"
                        },
                        "meta": {
                            "e2bfb730-ecaa-11e6-8f88-34363bc7c4c0": {
                                "create": 600000000000,
                                "delete": 600000000000
                            }
                        },
                        "tainted": false
                    },
                    "deposed": [],
                    "provider": "provider.openstack"
                },
                "openstack_networking_port_v2.pr-ibnctrl-ho-a-003_port": {
                    "type": "openstack_networking_port_v2",
                    "depends_on": [],
                    "primary": {
                        "id": "50d82fba-fd3e-49ef-b018-0687b4d0fa5b",
                        "attributes": {
                            "admin_state_up": "true",
                            "all_fixed_ips.#": "2",
                            "all_fixed_ips.0": "2001:558:fc18:0:f816:3eff:fe82:c6f",
                            "all_fixed_ips.1": "96.116.233.183",
                            "all_security_group_ids.#": "1",
                            "all_security_group_ids.2221832618": "a32fa0cd-9108-416f-9726-6a504ef4a3c1",
                            "all_tags.#": "0",
                            "allowed_address_pairs.#": "0",
                            "description": "",
                            "device_id": "",
                            "device_owner": "",
                            "extra_dhcp_option.#": "0",
                            "id": "50d82fba-fd3e-49ef-b018-0687b4d0fa5b",
                            "mac_address": "fa:16:3e:82:0c:6f",
                            "name": "pr-ibnctrl-ho-a-003",
                            "network_id": "89093c7c-a78d-49b4-8daa-331f4a6f8398",
                            "region": "",
                            "tags.#": "0",
                            "tenant_id": "3cca87653b804207a7e1de1fb2bb2116"
                        },
                        "meta": {
                            "e2bfb730-ecaa-11e6-8f88-34363bc7c4c0": {
                                "create": 600000000000,
                                "delete": 600000000000
                            }
                        },
                        "tainted": false
                    },
                    "deposed": [],
                    "provider": "provider.openstack"
                },
                "openstack_networking_port_v2.pr-ibnctrl-ho-a-004_port": {
                    "type": "openstack_networking_port_v2",
                    "depends_on": [],
                    "primary": {
                        "id": "dd8bf8e4-01ea-4ee6-b5d8-cfe4368471e3",
                        "attributes": {
                            "admin_state_up": "true",
                            "all_fixed_ips.#": "2",
                            "all_fixed_ips.0": "2001:558:fc18:0:f816:3eff:feb3:c241",
                            "all_fixed_ips.1": "96.116.233.178",
                            "all_security_group_ids.#": "1",
                            "all_security_group_ids.2221832618": "a32fa0cd-9108-416f-9726-6a504ef4a3c1",
                            "all_tags.#": "0",
                            "allowed_address_pairs.#": "0",
                            "description": "",
                            "device_id": "",
                            "device_owner": "",
                            "extra_dhcp_option.#": "0",
                            "id": "dd8bf8e4-01ea-4ee6-b5d8-cfe4368471e3",
                            "mac_address": "fa:16:3e:b3:c2:41",
                            "name": "pr-ibnctrl-ho-a-004",
                            "network_id": "89093c7c-a78d-49b4-8daa-331f4a6f8398",
                            "region": "",
                            "tags.#": "0",
                            "tenant_id": "3cca87653b804207a7e1de1fb2bb2116"
                        },
                        "meta": {
                            "e2bfb730-ecaa-11e6-8f88-34363bc7c4c0": {
                                "create": 600000000000,
                                "delete": 600000000000
                            }
                        },
                        "tainted": false
                    },
                    "deposed": [],
                    "provider": "provider.openstack"
                },
                "openstack_networking_port_v2.pr-icfg-ho-a-001_port": {
                    "type": "openstack_networking_port_v2",
                    "depends_on": [],
                    "primary": {
                        "id": "5f331c92-9bd3-4ca3-9d00-4455c1f4500b",
                        "attributes": {
                            "admin_state_up": "true",
                            "all_fixed_ips.#": "2",
                            "all_fixed_ips.0": "2001:558:fc18:0:f816:3eff:fe5e:f444",
                            "all_fixed_ips.1": "96.116.233.75",
                            "all_security_group_ids.#": "1",
                            "all_security_group_ids.2221832618": "a32fa0cd-9108-416f-9726-6a504ef4a3c1",
                            "all_tags.#": "0",
                            "allowed_address_pairs.#": "0",
                            "description": "",
                            "device_id": "",
                            "device_owner": "",
                            "extra_dhcp_option.#": "0",
                            "id": "5f331c92-9bd3-4ca3-9d00-4455c1f4500b",
                            "mac_address": "fa:16:3e:5e:f4:44",
                            "name": "pr-icfg-ho-a-001",
                            "network_id": "89093c7c-a78d-49b4-8daa-331f4a6f8398",
                            "region": "",
                            "tags.#": "0",
                            "tenant_id": "3cca87653b804207a7e1de1fb2bb2116"
                        },
                        "meta": {
                            "e2bfb730-ecaa-11e6-8f88-34363bc7c4c0": {
                                "create": 600000000000,
                                "delete": 600000000000
                            }
                        },
                        "tainted": false
                    },
                    "deposed": [],
                    "provider": "provider.openstack"
                },
                "openstack_networking_port_v2.pr-rx-ho-a-0010_port": {
                    "type": "openstack_networking_port_v2",
                    "depends_on": [],
                    "primary": {
                        "id": "f52f74e4-0865-4f81-be4b-edcb018fd862",
                        "attributes": {
                            "admin_state_up": "true",
                            "all_fixed_ips.#": "2",
                            "all_fixed_ips.0": "2001:558:fc18:0:f816:3eff:fefb:c536",
                            "all_fixed_ips.1": "96.116.233.161",
                            "all_security_group_ids.#": "1",
                            "all_security_group_ids.2221832618": "a32fa0cd-9108-416f-9726-6a504ef4a3c1",
                            "all_tags.#": "0",
                            "allowed_address_pairs.#": "0",
                            "description": "",
                            "device_id": "",
                            "device_owner": "",
                            "extra_dhcp_option.#": "0",
                            "id": "f52f74e4-0865-4f81-be4b-edcb018fd862",
                            "mac_address": "fa:16:3e:fb:c5:36",
                            "name": "pr-rx-ho-a-0010",
                            "network_id": "89093c7c-a78d-49b4-8daa-331f4a6f8398",
                            "region": "",
                            "tags.#": "0",
                            "tenant_id": "3cca87653b804207a7e1de1fb2bb2116"
                        },
                        "meta": {
                            "e2bfb730-ecaa-11e6-8f88-34363bc7c4c0": {
                                "create": 600000000000,
                                "delete": 600000000000
                            }
                        },
                        "tainted": false
                    },
                    "deposed": [],
                    "provider": "provider.openstack"
                },
                "openstack_networking_port_v2.pr-rx-ho-a-0011_port": {
                    "type": "openstack_networking_port_v2",
                    "depends_on": [],
                    "primary": {
                        "id": "f971a8ba-c8c5-427c-b02a-9f058b44f74f",
                        "attributes": {
                            "admin_state_up": "true",
                            "all_fixed_ips.#": "2",
                            "all_fixed_ips.0": "2001:558:fc18:0:f816:3eff:fe7f:3143",
                            "all_fixed_ips.1": "96.116.233.156",
                            "all_security_group_ids.#": "1",
                            "all_security_group_ids.2221832618": "a32fa0cd-9108-416f-9726-6a504ef4a3c1",
                            "all_tags.#": "0",
                            "allowed_address_pairs.#": "0",
                            "description": "",
                            "device_id": "",
                            "device_owner": "",
                            "extra_dhcp_option.#": "0",
                            "id": "f971a8ba-c8c5-427c-b02a-9f058b44f74f",
                            "mac_address": "fa:16:3e:7f:31:43",
                            "name": "pr-rx-ho-a-0011",
                            "network_id": "89093c7c-a78d-49b4-8daa-331f4a6f8398",
                            "region": "",
                            "tags.#": "0",
                            "tenant_id": "3cca87653b804207a7e1de1fb2bb2116"
                        },
                        "meta": {
                            "e2bfb730-ecaa-11e6-8f88-34363bc7c4c0": {
                                "create": 600000000000,
                                "delete": 600000000000
                            }
                        },
                        "tainted": false
                    },
                    "deposed": [],
                    "provider": "provider.openstack"
                },
                "openstack_networking_port_v2.pr-rx-ho-a-0012_port": {
                    "type": "openstack_networking_port_v2",
                    "depends_on": [],
                    "primary": {
                        "id": "0b351e3c-7d2f-49d2-9d78-5e8a2bc27e55",
                        "attributes": {
                            "admin_state_up": "true",
                            "all_fixed_ips.#": "2",
                            "all_fixed_ips.0": "2001:558:fc18:0:f816:3eff:feae:cab1",
                            "all_fixed_ips.1": "96.116.233.22",
                            "all_security_group_ids.#": "1",
                            "all_security_group_ids.2221832618": "a32fa0cd-9108-416f-9726-6a504ef4a3c1",
                            "all_tags.#": "0",
                            "allowed_address_pairs.#": "0",
                            "description": "",
                            "device_id": "",
                            "device_owner": "",
                            "extra_dhcp_option.#": "0",
                            "id": "0b351e3c-7d2f-49d2-9d78-5e8a2bc27e55",
                            "mac_address": "fa:16:3e:ae:ca:b1",
                            "name": "pr-rx-ho-a-0012",
                            "network_id": "89093c7c-a78d-49b4-8daa-331f4a6f8398",
                            "region": "",
                            "tags.#": "0",
                            "tenant_id": "3cca87653b804207a7e1de1fb2bb2116"
                        },
                        "meta": {
                            "e2bfb730-ecaa-11e6-8f88-34363bc7c4c0": {
                                "create": 600000000000,
                                "delete": 600000000000
                            }
                        },
                        "tainted": false
                    },
                    "deposed": [],
                    "provider": "provider.openstack"
                },
                "openstack_networking_port_v2.pr-rx-ho-a-0013_port": {
                    "type": "openstack_networking_port_v2",
                    "depends_on": [],
                    "primary": {
                        "id": "b51d74b1-51ff-4547-bb41-f7bbedb67822",
                        "attributes": {
                            "admin_state_up": "true",
                            "all_fixed_ips.#": "2",
                            "all_fixed_ips.0": "2001:558:fc18:0:f816:3eff:fe61:d882",
                            "all_fixed_ips.1": "96.116.233.37",
                            "all_security_group_ids.#": "1",
                            "all_security_group_ids.2221832618": "a32fa0cd-9108-416f-9726-6a504ef4a3c1",
                            "all_tags.#": "0",
                            "allowed_address_pairs.#": "0",
                            "description": "",
                            "device_id": "",
                            "device_owner": "",
                            "extra_dhcp_option.#": "0",
                            "id": "b51d74b1-51ff-4547-bb41-f7bbedb67822",
                            "mac_address": "fa:16:3e:61:d8:82",
                            "name": "pr-rx-ho-a-0013",
                            "network_id": "89093c7c-a78d-49b4-8daa-331f4a6f8398",
                            "region": "",
                            "tags.#": "0",
                            "tenant_id": "3cca87653b804207a7e1de1fb2bb2116"
                        },
                        "meta": {
                            "e2bfb730-ecaa-11e6-8f88-34363bc7c4c0": {
                                "create": 600000000000,
                                "delete": 600000000000
                            }
                        },
                        "tainted": false
                    },
                    "deposed": [],
                    "provider": "provider.openstack"
                },
                "openstack_networking_port_v2.pr-rx-ho-a-0014_port": {
                    "type": "openstack_networking_port_v2",
                    "depends_on": [],
                    "primary": {
                        "id": "e490d0d9-a686-49c3-b4e8-28661b76210a",
                        "attributes": {
                            "admin_state_up": "true",
                            "all_fixed_ips.#": "2",
                            "all_fixed_ips.0": "2001:558:fc18:0:f816:3eff:fef4:126c",
                            "all_fixed_ips.1": "96.116.232.179",
                            "all_security_group_ids.#": "1",
                            "all_security_group_ids.2221832618": "a32fa0cd-9108-416f-9726-6a504ef4a3c1",
                            "all_tags.#": "0",
                            "allowed_address_pairs.#": "0",
                            "description": "",
                            "device_id": "",
                            "device_owner": "",
                            "extra_dhcp_option.#": "0",
                            "id": "e490d0d9-a686-49c3-b4e8-28661b76210a",
                            "mac_address": "fa:16:3e:f4:12:6c",
                            "name": "pr-rx-ho-a-0014",
                            "network_id": "89093c7c-a78d-49b4-8daa-331f4a6f8398",
                            "region": "",
                            "tags.#": "0",
                            "tenant_id": "3cca87653b804207a7e1de1fb2bb2116"
                        },
                        "meta": {
                            "e2bfb730-ecaa-11e6-8f88-34363bc7c4c0": {
                                "create": 600000000000,
                                "delete": 600000000000
                            }
                        },
                        "tainted": false
                    },
                    "deposed": [],
                    "provider": "provider.openstack"
                },
                "openstack_networking_port_v2.pr-rx-ho-a-0015_port": {
                    "type": "openstack_networking_port_v2",
                    "depends_on": [],
                    "primary": {
                        "id": "4a23c927-5af7-40e4-8e8d-1d04a782f3bd",
                        "attributes": {
                            "admin_state_up": "true",
                            "all_fixed_ips.#": "2",
                            "all_fixed_ips.0": "2001:558:fc18:0:f816:3eff:fe80:9272",
                            "all_fixed_ips.1": "96.116.233.189",
                            "all_security_group_ids.#": "1",
                            "all_security_group_ids.2221832618": "a32fa0cd-9108-416f-9726-6a504ef4a3c1",
                            "all_tags.#": "0",
                            "allowed_address_pairs.#": "0",
                            "description": "",
                            "device_id": "",
                            "device_owner": "",
                            "extra_dhcp_option.#": "0",
                            "id": "4a23c927-5af7-40e4-8e8d-1d04a782f3bd",
                            "mac_address": "fa:16:3e:80:92:72",
                            "name": "pr-rx-ho-a-0015",
                            "network_id": "89093c7c-a78d-49b4-8daa-331f4a6f8398",
                            "region": "",
                            "tags.#": "0",
                            "tenant_id": "3cca87653b804207a7e1de1fb2bb2116"
                        },
                        "meta": {
                            "e2bfb730-ecaa-11e6-8f88-34363bc7c4c0": {
                                "create": 600000000000,
                                "delete": 600000000000
                            }
                        },
                        "tainted": false
                    },
                    "deposed": [],
                    "provider": "provider.openstack"
                },
                "openstack_networking_port_v2.pr-rx-ho-a-0016_port": {
                    "type": "openstack_networking_port_v2",
                    "depends_on": [],
                    "primary": {
                        "id": "2be6688e-7432-4f4e-b996-c411358d7cdb",
                        "attributes": {
                            "admin_state_up": "true",
                            "all_fixed_ips.#": "2",
                            "all_fixed_ips.0": "2001:558:fc18:0:f816:3eff:fefc:2aed",
                            "all_fixed_ips.1": "96.116.233.14",
                            "all_security_group_ids.#": "1",
                            "all_security_group_ids.2221832618": "a32fa0cd-9108-416f-9726-6a504ef4a3c1",
                            "all_tags.#": "0",
                            "allowed_address_pairs.#": "0",
                            "description": "",
                            "device_id": "",
                            "device_owner": "",
                            "extra_dhcp_option.#": "0",
                            "id": "2be6688e-7432-4f4e-b996-c411358d7cdb",
                            "mac_address": "fa:16:3e:fc:2a:ed",
                            "name": "pr-rx-ho-a-0016",
                            "network_id": "89093c7c-a78d-49b4-8daa-331f4a6f8398",
                            "region": "",
                            "tags.#": "0",
                            "tenant_id": "3cca87653b804207a7e1de1fb2bb2116"
                        },
                        "meta": {
                            "e2bfb730-ecaa-11e6-8f88-34363bc7c4c0": {
                                "create": 600000000000,
                                "delete": 600000000000
                            }
                        },
                        "tainted": false
                    },
                    "deposed": [],
                    "provider": "provider.openstack"
                },
                "openstack_networking_port_v2.pr-rx-ho-a-001_port": {
                    "type": "openstack_networking_port_v2",
                    "depends_on": [],
                    "primary": {
                        "id": "6703d912-618d-4874-8032-8fe36fdedcbe",
                        "attributes": {
                            "admin_state_up": "true",
                            "all_fixed_ips.#": "2",
                            "all_fixed_ips.0": "2001:558:fc18:0:f816:3eff:febb:b82b",
                            "all_fixed_ips.1": "96.116.233.177",
                            "all_security_group_ids.#": "1",
                            "all_security_group_ids.2221832618": "a32fa0cd-9108-416f-9726-6a504ef4a3c1",
                            "all_tags.#": "0",
                            "allowed_address_pairs.#": "0",
                            "description": "",
                            "device_id": "",
                            "device_owner": "",
                            "extra_dhcp_option.#": "0",
                            "id": "6703d912-618d-4874-8032-8fe36fdedcbe",
                            "mac_address": "fa:16:3e:bb:b8:2b",
                            "name": "pr-rx-ho-a-001",
                            "network_id": "89093c7c-a78d-49b4-8daa-331f4a6f8398",
                            "region": "",
                            "tags.#": "0",
                            "tenant_id": "3cca87653b804207a7e1de1fb2bb2116"
                        },
                        "meta": {
                            "e2bfb730-ecaa-11e6-8f88-34363bc7c4c0": {
                                "create": 600000000000,
                                "delete": 600000000000
                            }
                        },
                        "tainted": false
                    },
                    "deposed": [],
                    "provider": "provider.openstack"
                },
                "openstack_networking_port_v2.pr-rx-ho-a-002_port": {
                    "type": "openstack_networking_port_v2",
                    "depends_on": [],
                    "primary": {
                        "id": "09363930-fabc-44ba-9694-367a5a1ffd0b",
                        "attributes": {
                            "admin_state_up": "true",
                            "all_fixed_ips.#": "2",
                            "all_fixed_ips.0": "2001:558:fc18:0:f816:3eff:fea0:98a7",
                            "all_fixed_ips.1": "96.116.233.49",
                            "all_security_group_ids.#": "1",
                            "all_security_group_ids.2221832618": "a32fa0cd-9108-416f-9726-6a504ef4a3c1",
                            "all_tags.#": "0",
                            "allowed_address_pairs.#": "0",
                            "description": "",
                            "device_id": "",
                            "device_owner": "",
                            "extra_dhcp_option.#": "0",
                            "id": "09363930-fabc-44ba-9694-367a5a1ffd0b",
                            "mac_address": "fa:16:3e:a0:98:a7",
                            "name": "pr-rx-ho-a-002",
                            "network_id": "89093c7c-a78d-49b4-8daa-331f4a6f8398",
                            "region": "",
                            "tags.#": "0",
                            "tenant_id": "3cca87653b804207a7e1de1fb2bb2116"
                        },
                        "meta": {
                            "e2bfb730-ecaa-11e6-8f88-34363bc7c4c0": {
                                "create": 600000000000,
                                "delete": 600000000000
                            }
                        },
                        "tainted": false
                    },
                    "deposed": [],
                    "provider": "provider.openstack"
                },
                "openstack_networking_port_v2.pr-rx-ho-a-003_port": {
                    "type": "openstack_networking_port_v2",
                    "depends_on": [],
                    "primary": {
                        "id": "9bff3733-a369-4191-9226-4d7efbcabb0b",
                        "attributes": {
                            "admin_state_up": "true",
                            "all_fixed_ips.#": "2",
                            "all_fixed_ips.0": "2001:558:fc18:0:f816:3eff:feaf:ba94",
                            "all_fixed_ips.1": "96.116.233.174",
                            "all_security_group_ids.#": "1",
                            "all_security_group_ids.2221832618": "a32fa0cd-9108-416f-9726-6a504ef4a3c1",
                            "all_tags.#": "0",
                            "allowed_address_pairs.#": "0",
                            "description": "",
                            "device_id": "",
                            "device_owner": "",
                            "extra_dhcp_option.#": "0",
                            "id": "9bff3733-a369-4191-9226-4d7efbcabb0b",
                            "mac_address": "fa:16:3e:af:ba:94",
                            "name": "pr-rx-ho-a-003",
                            "network_id": "89093c7c-a78d-49b4-8daa-331f4a6f8398",
                            "region": "",
                            "tags.#": "0",
                            "tenant_id": "3cca87653b804207a7e1de1fb2bb2116"
                        },
                        "meta": {
                            "e2bfb730-ecaa-11e6-8f88-34363bc7c4c0": {
                                "create": 600000000000,
                                "delete": 600000000000
                            }
                        },
                        "tainted": false
                    },
                    "deposed": [],
                    "provider": "provider.openstack"
                },
                "openstack_networking_port_v2.pr-rx-ho-a-004_port": {
                    "type": "openstack_networking_port_v2",
                    "depends_on": [],
                    "primary": {
                        "id": "bbe1156f-b870-4960-802e-c214c0c46af9",
                        "attributes": {
                            "admin_state_up": "true",
                            "all_fixed_ips.#": "2",
                            "all_fixed_ips.0": "2001:558:fc18:0:f816:3eff:fe39:c1b6",
                            "all_fixed_ips.1": "96.116.233.180",
                            "all_security_group_ids.#": "1",
                            "all_security_group_ids.2221832618": "a32fa0cd-9108-416f-9726-6a504ef4a3c1",
                            "all_tags.#": "0",
                            "allowed_address_pairs.#": "0",
                            "description": "",
                            "device_id": "",
                            "device_owner": "",
                            "extra_dhcp_option.#": "0",
                            "id": "bbe1156f-b870-4960-802e-c214c0c46af9",
                            "mac_address": "fa:16:3e:39:c1:b6",
                            "name": "pr-rx-ho-a-004",
                            "network_id": "89093c7c-a78d-49b4-8daa-331f4a6f8398",
                            "region": "",
                            "tags.#": "0",
                            "tenant_id": "3cca87653b804207a7e1de1fb2bb2116"
                        },
                        "meta": {
                            "e2bfb730-ecaa-11e6-8f88-34363bc7c4c0": {
                                "create": 600000000000,
                                "delete": 600000000000
                            }
                        },
                        "tainted": false
                    },
                    "deposed": [],
                    "provider": "provider.openstack"
                },
                "openstack_networking_port_v2.pr-rx-ho-a-005_port": {
                    "type": "openstack_networking_port_v2",
                    "depends_on": [],
                    "primary": {
                        "id": "96b5e1e7-258e-452c-9306-af05278a3129",
                        "attributes": {
                            "admin_state_up": "true",
                            "all_fixed_ips.#": "2",
                            "all_fixed_ips.0": "2001:558:fc18:0:f816:3eff:fe24:603",
                            "all_fixed_ips.1": "96.116.233.135",
                            "all_security_group_ids.#": "1",
                            "all_security_group_ids.2221832618": "a32fa0cd-9108-416f-9726-6a504ef4a3c1",
                            "all_tags.#": "0",
                            "allowed_address_pairs.#": "0",
                            "description": "",
                            "device_id": "",
                            "device_owner": "",
                            "extra_dhcp_option.#": "0",
                            "id": "96b5e1e7-258e-452c-9306-af05278a3129",
                            "mac_address": "fa:16:3e:24:06:03",
                            "name": "pr-rx-ho-a-005",
                            "network_id": "89093c7c-a78d-49b4-8daa-331f4a6f8398",
                            "region": "",
                            "tags.#": "0",
                            "tenant_id": "3cca87653b804207a7e1de1fb2bb2116"
                        },
                        "meta": {
                            "e2bfb730-ecaa-11e6-8f88-34363bc7c4c0": {
                                "create": 600000000000,
                                "delete": 600000000000
                            }
                        },
                        "tainted": false
                    },
                    "deposed": [],
                    "provider": "provider.openstack"
                },
                "openstack_networking_port_v2.pr-rx-ho-a-006_port": {
                    "type": "openstack_networking_port_v2",
                    "depends_on": [],
                    "primary": {
                        "id": "820185f1-70fe-4539-9aa4-6b7487b2b910",
                        "attributes": {
                            "admin_state_up": "true",
                            "all_fixed_ips.#": "2",
                            "all_fixed_ips.0": "2001:558:fc18:0:f816:3eff:fe78:73ec",
                            "all_fixed_ips.1": "96.116.233.179",
                            "all_security_group_ids.#": "1",
                            "all_security_group_ids.2221832618": "a32fa0cd-9108-416f-9726-6a504ef4a3c1",
                            "all_tags.#": "0",
                            "allowed_address_pairs.#": "0",
                            "description": "",
                            "device_id": "",
                            "device_owner": "",
                            "extra_dhcp_option.#": "0",
                            "id": "820185f1-70fe-4539-9aa4-6b7487b2b910",
                            "mac_address": "fa:16:3e:78:73:ec",
                            "name": "pr-rx-ho-a-006",
                            "network_id": "89093c7c-a78d-49b4-8daa-331f4a6f8398",
                            "region": "",
                            "tags.#": "0",
                            "tenant_id": "3cca87653b804207a7e1de1fb2bb2116"
                        },
                        "meta": {
                            "e2bfb730-ecaa-11e6-8f88-34363bc7c4c0": {
                                "create": 600000000000,
                                "delete": 600000000000
                            }
                        },
                        "tainted": false
                    },
                    "deposed": [],
                    "provider": "provider.openstack"
                },
                "openstack_networking_port_v2.pr-rx-ho-a-007_port": {
                    "type": "openstack_networking_port_v2",
                    "depends_on": [],
                    "primary": {
                        "id": "38bc4f18-9b0c-4709-860b-e7c8269f91e7",
                        "attributes": {
                            "admin_state_up": "true",
                            "all_fixed_ips.#": "2",
                            "all_fixed_ips.0": "2001:558:fc18:0:f816:3eff:fe25:f61e",
                            "all_fixed_ips.1": "96.116.233.176",
                            "all_security_group_ids.#": "1",
                            "all_security_group_ids.2221832618": "a32fa0cd-9108-416f-9726-6a504ef4a3c1",
                            "all_tags.#": "0",
                            "allowed_address_pairs.#": "0",
                            "description": "",
                            "device_id": "",
                            "device_owner": "",
                            "extra_dhcp_option.#": "0",
                            "id": "38bc4f18-9b0c-4709-860b-e7c8269f91e7",
                            "mac_address": "fa:16:3e:25:f6:1e",
                            "name": "pr-rx-ho-a-007",
                            "network_id": "89093c7c-a78d-49b4-8daa-331f4a6f8398",
                            "region": "",
                            "tags.#": "0",
                            "tenant_id": "3cca87653b804207a7e1de1fb2bb2116"
                        },
                        "meta": {
                            "e2bfb730-ecaa-11e6-8f88-34363bc7c4c0": {
                                "create": 600000000000,
                                "delete": 600000000000
                            }
                        },
                        "tainted": false
                    },
                    "deposed": [],
                    "provider": "provider.openstack"
                },
                "openstack_networking_port_v2.pr-rx-ho-a-008_port": {
                    "type": "openstack_networking_port_v2",
                    "depends_on": [],
                    "primary": {
                        "id": "9ff7341e-0d93-43a2-8a6b-2689f79d27c8",
                        "attributes": {
                            "admin_state_up": "true",
                            "all_fixed_ips.#": "2",
                            "all_fixed_ips.0": "2001:558:fc18:0:f816:3eff:febd:9a9b",
                            "all_fixed_ips.1": "96.116.232.249",
                            "all_security_group_ids.#": "1",
                            "all_security_group_ids.2221832618": "a32fa0cd-9108-416f-9726-6a504ef4a3c1",
                            "all_tags.#": "0",
                            "allowed_address_pairs.#": "0",
                            "description": "",
                            "device_id": "",
                            "device_owner": "",
                            "extra_dhcp_option.#": "0",
                            "id": "9ff7341e-0d93-43a2-8a6b-2689f79d27c8",
                            "mac_address": "fa:16:3e:bd:9a:9b",
                            "name": "pr-rx-ho-a-008",
                            "network_id": "89093c7c-a78d-49b4-8daa-331f4a6f8398",
                            "region": "",
                            "tags.#": "0",
                            "tenant_id": "3cca87653b804207a7e1de1fb2bb2116"
                        },
                        "meta": {
                            "e2bfb730-ecaa-11e6-8f88-34363bc7c4c0": {
                                "create": 600000000000,
                                "delete": 600000000000
                            }
                        },
                        "tainted": false
                    },
                    "deposed": [],
                    "provider": "provider.openstack"
                },
                "openstack_networking_port_v2.pr-rx-ho-a-009_port": {
                    "type": "openstack_networking_port_v2",
                    "depends_on": [],
                    "primary": {
                        "id": "94303bd3-e3b2-49b2-8c53-8ec63868cb5d",
                        "attributes": {
                            "admin_state_up": "true",
                            "all_fixed_ips.#": "2",
                            "all_fixed_ips.0": "2001:558:fc18:0:f816:3eff:fe57:85a2",
                            "all_fixed_ips.1": "96.116.233.170",
                            "all_security_group_ids.#": "1",
                            "all_security_group_ids.2221832618": "a32fa0cd-9108-416f-9726-6a504ef4a3c1",
                            "all_tags.#": "0",
                            "allowed_address_pairs.#": "0",
                            "description": "",
                            "device_id": "",
                            "device_owner": "",
                            "extra_dhcp_option.#": "0",
                            "id": "94303bd3-e3b2-49b2-8c53-8ec63868cb5d",
                            "mac_address": "fa:16:3e:57:85:a2",
                            "name": "pr-rx-ho-a-009",
                            "network_id": "89093c7c-a78d-49b4-8daa-331f4a6f8398",
                            "region": "",
                            "tags.#": "0",
                            "tenant_id": "3cca87653b804207a7e1de1fb2bb2116"
                        },
                        "meta": {
                            "e2bfb730-ecaa-11e6-8f88-34363bc7c4c0": {
                                "create": 600000000000,
                                "delete": 600000000000
                            }
                        },
                        "tainted": false
                    },
                    "deposed": [],
                    "provider": "provider.openstack"
                },
                "openstack_networking_port_v2.pr-rxctrl-ho-a-0010_port": {
                    "type": "openstack_networking_port_v2",
                    "depends_on": [],
                    "primary": {
                        "id": "7eaf0524-e861-4753-b0dd-0b7d277c43c3",
                        "attributes": {
                            "admin_state_up": "true",
                            "all_fixed_ips.#": "2",
                            "all_fixed_ips.0": "2001:558:fc18:0:f816:3eff:fec1:b534",
                            "all_fixed_ips.1": "96.116.233.191",
                            "all_security_group_ids.#": "1",
                            "all_security_group_ids.2221832618": "a32fa0cd-9108-416f-9726-6a504ef4a3c1",
                            "all_tags.#": "0",
                            "allowed_address_pairs.#": "0",
                            "description": "",
                            "device_id": "",
                            "device_owner": "",
                            "extra_dhcp_option.#": "0",
                            "id": "7eaf0524-e861-4753-b0dd-0b7d277c43c3",
                            "mac_address": "fa:16:3e:c1:b5:34",
                            "name": "pr-rxctrl-ho-a-0010",
                            "network_id": "89093c7c-a78d-49b4-8daa-331f4a6f8398",
                            "region": "",
                            "tags.#": "0",
                            "tenant_id": "3cca87653b804207a7e1de1fb2bb2116"
                        },
                        "meta": {
                            "e2bfb730-ecaa-11e6-8f88-34363bc7c4c0": {
                                "create": 600000000000,
                                "delete": 600000000000
                            }
                        },
                        "tainted": false
                    },
                    "deposed": [],
                    "provider": "provider.openstack"
                },
                "openstack_networking_port_v2.pr-rxctrl-ho-a-0011_port": {
                    "type": "openstack_networking_port_v2",
                    "depends_on": [],
                    "primary": {
                        "id": "0c0ef6f6-08a9-4046-8e71-ad354a47576b",
                        "attributes": {
                            "admin_state_up": "true",
                            "all_fixed_ips.#": "2",
                            "all_fixed_ips.0": "2001:558:fc18:0:f816:3eff:fe2e:88f8",
                            "all_fixed_ips.1": "96.116.233.173",
                            "all_security_group_ids.#": "1",
                            "all_security_group_ids.2221832618": "a32fa0cd-9108-416f-9726-6a504ef4a3c1",
                            "all_tags.#": "0",
                            "allowed_address_pairs.#": "0",
                            "description": "",
                            "device_id": "",
                            "device_owner": "",
                            "extra_dhcp_option.#": "0",
                            "id": "0c0ef6f6-08a9-4046-8e71-ad354a47576b",
                            "mac_address": "fa:16:3e:2e:88:f8",
                            "name": "pr-rxctrl-ho-a-0011",
                            "network_id": "89093c7c-a78d-49b4-8daa-331f4a6f8398",
                            "region": "",
                            "tags.#": "0",
                            "tenant_id": "3cca87653b804207a7e1de1fb2bb2116"
                        },
                        "meta": {
                            "e2bfb730-ecaa-11e6-8f88-34363bc7c4c0": {
                                "create": 600000000000,
                                "delete": 600000000000
                            }
                        },
                        "tainted": false
                    },
                    "deposed": [],
                    "provider": "provider.openstack"
                },
                "openstack_networking_port_v2.pr-rxctrl-ho-a-0012_port": {
                    "type": "openstack_networking_port_v2",
                    "depends_on": [],
                    "primary": {
                        "id": "ab0db656-0e05-4076-9733-7570c472c108",
                        "attributes": {
                            "admin_state_up": "true",
                            "all_fixed_ips.#": "2",
                            "all_fixed_ips.0": "2001:558:fc18:0:f816:3eff:fea3:9322",
                            "all_fixed_ips.1": "96.116.233.162",
                            "all_security_group_ids.#": "1",
                            "all_security_group_ids.2221832618": "a32fa0cd-9108-416f-9726-6a504ef4a3c1",
                            "all_tags.#": "0",
                            "allowed_address_pairs.#": "0",
                            "description": "",
                            "device_id": "",
                            "device_owner": "",
                            "extra_dhcp_option.#": "0",
                            "id": "ab0db656-0e05-4076-9733-7570c472c108",
                            "mac_address": "fa:16:3e:a3:93:22",
                            "name": "pr-rxctrl-ho-a-0012",
                            "network_id": "89093c7c-a78d-49b4-8daa-331f4a6f8398",
                            "region": "",
                            "tags.#": "0",
                            "tenant_id": "3cca87653b804207a7e1de1fb2bb2116"
                        },
                        "meta": {
                            "e2bfb730-ecaa-11e6-8f88-34363bc7c4c0": {
                                "create": 600000000000,
                                "delete": 600000000000
                            }
                        },
                        "tainted": false
                    },
                    "deposed": [],
                    "provider": "provider.openstack"
                },
                "openstack_networking_port_v2.pr-rxctrl-ho-a-0013_port": {
                    "type": "openstack_networking_port_v2",
                    "depends_on": [],
                    "primary": {
                        "id": "fd287ed6-e57e-4014-9d6d-49768ec3c380",
                        "attributes": {
                            "admin_state_up": "true",
                            "all_fixed_ips.#": "2",
                            "all_fixed_ips.0": "2001:558:fc18:0:f816:3eff:fe4c:1c52",
                            "all_fixed_ips.1": "96.116.233.171",
                            "all_security_group_ids.#": "1",
                            "all_security_group_ids.2221832618": "a32fa0cd-9108-416f-9726-6a504ef4a3c1",
                            "all_tags.#": "0",
                            "allowed_address_pairs.#": "0",
                            "description": "",
                            "device_id": "",
                            "device_owner": "",
                            "extra_dhcp_option.#": "0",
                            "id": "fd287ed6-e57e-4014-9d6d-49768ec3c380",
                            "mac_address": "fa:16:3e:4c:1c:52",
                            "name": "pr-rxctrl-ho-a-0013",
                            "network_id": "89093c7c-a78d-49b4-8daa-331f4a6f8398",
                            "region": "",
                            "tags.#": "0",
                            "tenant_id": "3cca87653b804207a7e1de1fb2bb2116"
                        },
                        "meta": {
                            "e2bfb730-ecaa-11e6-8f88-34363bc7c4c0": {
                                "create": 600000000000,
                                "delete": 600000000000
                            }
                        },
                        "tainted": false
                    },
                    "deposed": [],
                    "provider": "provider.openstack"
                },
                "openstack_networking_port_v2.pr-rxctrl-ho-a-0014_port": {
                    "type": "openstack_networking_port_v2",
                    "depends_on": [],
                    "primary": {
                        "id": "bf38fd7d-b2c9-4bd9-9a71-6691ef6e387b",
                        "attributes": {
                            "admin_state_up": "true",
                            "all_fixed_ips.#": "2",
                            "all_fixed_ips.0": "2001:558:fc18:0:f816:3eff:fe77:ecb5",
                            "all_fixed_ips.1": "96.116.233.63",
                            "all_security_group_ids.#": "1",
                            "all_security_group_ids.2221832618": "a32fa0cd-9108-416f-9726-6a504ef4a3c1",
                            "all_tags.#": "0",
                            "allowed_address_pairs.#": "0",
                            "description": "",
                            "device_id": "",
                            "device_owner": "",
                            "extra_dhcp_option.#": "0",
                            "id": "bf38fd7d-b2c9-4bd9-9a71-6691ef6e387b",
                            "mac_address": "fa:16:3e:77:ec:b5",
                            "name": "pr-rxctrl-ho-a-0014",
                            "network_id": "89093c7c-a78d-49b4-8daa-331f4a6f8398",
                            "region": "",
                            "tags.#": "0",
                            "tenant_id": "3cca87653b804207a7e1de1fb2bb2116"
                        },
                        "meta": {
                            "e2bfb730-ecaa-11e6-8f88-34363bc7c4c0": {
                                "create": 600000000000,
                                "delete": 600000000000
                            }
                        },
                        "tainted": false
                    },
                    "deposed": [],
                    "provider": "provider.openstack"
                },
                "openstack_networking_port_v2.pr-rxctrl-ho-a-0015_port": {
                    "type": "openstack_networking_port_v2",
                    "depends_on": [],
                    "primary": {
                        "id": "50cbede1-93ed-4c0a-9cb2-4159c9bc1a2e",
                        "attributes": {
                            "admin_state_up": "true",
                            "all_fixed_ips.#": "2",
                            "all_fixed_ips.0": "2001:558:fc18:0:f816:3eff:fe61:6a90",
                            "all_fixed_ips.1": "96.116.233.54",
                            "all_security_group_ids.#": "1",
                            "all_security_group_ids.2221832618": "a32fa0cd-9108-416f-9726-6a504ef4a3c1",
                            "all_tags.#": "0",
                            "allowed_address_pairs.#": "0",
                            "description": "",
                            "device_id": "",
                            "device_owner": "",
                            "extra_dhcp_option.#": "0",
                            "id": "50cbede1-93ed-4c0a-9cb2-4159c9bc1a2e",
                            "mac_address": "fa:16:3e:61:6a:90",
                            "name": "pr-rxctrl-ho-a-0015",
                            "network_id": "89093c7c-a78d-49b4-8daa-331f4a6f8398",
                            "region": "",
                            "tags.#": "0",
                            "tenant_id": "3cca87653b804207a7e1de1fb2bb2116"
                        },
                        "meta": {
                            "e2bfb730-ecaa-11e6-8f88-34363bc7c4c0": {
                                "create": 600000000000,
                                "delete": 600000000000
                            }
                        },
                        "tainted": false
                    },
                    "deposed": [],
                    "provider": "provider.openstack"
                },
                "openstack_networking_port_v2.pr-rxctrl-ho-a-0016_port": {
                    "type": "openstack_networking_port_v2",
                    "depends_on": [],
                    "primary": {
                        "id": "2faa8752-2c40-486b-a080-6bd0cb5331b7",
                        "attributes": {
                            "admin_state_up": "true",
                            "all_fixed_ips.#": "2",
                            "all_fixed_ips.0": "2001:558:fc18:0:f816:3eff:fec1:9564",
                            "all_fixed_ips.1": "96.116.233.16",
                            "all_security_group_ids.#": "1",
                            "all_security_group_ids.2221832618": "a32fa0cd-9108-416f-9726-6a504ef4a3c1",
                            "all_tags.#": "0",
                            "allowed_address_pairs.#": "0",
                            "description": "",
                            "device_id": "",
                            "device_owner": "",
                            "extra_dhcp_option.#": "0",
                            "id": "2faa8752-2c40-486b-a080-6bd0cb5331b7",
                            "mac_address": "fa:16:3e:c1:95:64",
                            "name": "pr-rxctrl-ho-a-0016",
                            "network_id": "89093c7c-a78d-49b4-8daa-331f4a6f8398",
                            "region": "",
                            "tags.#": "0",
                            "tenant_id": "3cca87653b804207a7e1de1fb2bb2116"
                        },
                        "meta": {
                            "e2bfb730-ecaa-11e6-8f88-34363bc7c4c0": {
                                "create": 600000000000,
                                "delete": 600000000000
                            }
                        },
                        "tainted": false
                    },
                    "deposed": [],
                    "provider": "provider.openstack"
                },
                "openstack_networking_port_v2.pr-rxctrl-ho-a-0017_port": {
                    "type": "openstack_networking_port_v2",
                    "depends_on": [],
                    "primary": {
                        "id": "a18ec92a-8d67-432e-bfbc-ae3685e661da",
                        "attributes": {
                            "admin_state_up": "true",
                            "all_fixed_ips.#": "2",
                            "all_fixed_ips.0": "2001:558:fc18:0:f816:3eff:fefa:d1c7",
                            "all_fixed_ips.1": "96.116.233.158",
                            "all_security_group_ids.#": "1",
                            "all_security_group_ids.2221832618": "a32fa0cd-9108-416f-9726-6a504ef4a3c1",
                            "all_tags.#": "0",
                            "allowed_address_pairs.#": "0",
                            "description": "",
                            "device_id": "",
                            "device_owner": "",
                            "extra_dhcp_option.#": "0",
                            "id": "a18ec92a-8d67-432e-bfbc-ae3685e661da",
                            "mac_address": "fa:16:3e:fa:d1:c7",
                            "name": "pr-rxctrl-ho-a-0017",
                            "network_id": "89093c7c-a78d-49b4-8daa-331f4a6f8398",
                            "region": "",
                            "tags.#": "0",
                            "tenant_id": "3cca87653b804207a7e1de1fb2bb2116"
                        },
                        "meta": {
                            "e2bfb730-ecaa-11e6-8f88-34363bc7c4c0": {
                                "create": 600000000000,
                                "delete": 600000000000
                            }
                        },
                        "tainted": false
                    },
                    "deposed": [],
                    "provider": "provider.openstack"
                },
                "openstack_networking_port_v2.pr-rxctrl-ho-a-001_port": {
                    "type": "openstack_networking_port_v2",
                    "depends_on": [],
                    "primary": {
                        "id": "20f140b8-f3af-482a-bcdc-2fb845d505b9",
                        "attributes": {
                            "admin_state_up": "true",
                            "all_fixed_ips.#": "2",
                            "all_fixed_ips.0": "2001:558:fc18:0:f816:3eff:fe09:59b2",
                            "all_fixed_ips.1": "96.116.233.193",
                            "all_security_group_ids.#": "1",
                            "all_security_group_ids.2221832618": "a32fa0cd-9108-416f-9726-6a504ef4a3c1",
                            "all_tags.#": "0",
                            "allowed_address_pairs.#": "0",
                            "description": "",
                            "device_id": "",
                            "device_owner": "",
                            "extra_dhcp_option.#": "0",
                            "id": "20f140b8-f3af-482a-bcdc-2fb845d505b9",
                            "mac_address": "fa:16:3e:09:59:b2",
                            "name": "pr-rxctrl-ho-a-001",
                            "network_id": "89093c7c-a78d-49b4-8daa-331f4a6f8398",
                            "region": "",
                            "tags.#": "0",
                            "tenant_id": "3cca87653b804207a7e1de1fb2bb2116"
                        },
                        "meta": {
                            "e2bfb730-ecaa-11e6-8f88-34363bc7c4c0": {
                                "create": 600000000000,
                                "delete": 600000000000
                            }
                        },
                        "tainted": false
                    },
                    "deposed": [],
                    "provider": "provider.openstack"
                },
                "openstack_networking_port_v2.pr-rxctrl-ho-a-002_port": {
                    "type": "openstack_networking_port_v2",
                    "depends_on": [],
                    "primary": {
                        "id": "3afb5b4a-6f41-4336-98b9-10b2cb832ac9",
                        "attributes": {
                            "admin_state_up": "true",
                            "all_fixed_ips.#": "2",
                            "all_fixed_ips.0": "2001:558:fc18:0:f816:3eff:fee9:b458",
                            "all_fixed_ips.1": "96.116.233.164",
                            "all_security_group_ids.#": "1",
                            "all_security_group_ids.2221832618": "a32fa0cd-9108-416f-9726-6a504ef4a3c1",
                            "all_tags.#": "0",
                            "allowed_address_pairs.#": "0",
                            "description": "",
                            "device_id": "",
                            "device_owner": "",
                            "extra_dhcp_option.#": "0",
                            "id": "3afb5b4a-6f41-4336-98b9-10b2cb832ac9",
                            "mac_address": "fa:16:3e:e9:b4:58",
                            "name": "pr-rxctrl-ho-a-002",
                            "network_id": "89093c7c-a78d-49b4-8daa-331f4a6f8398",
                            "region": "",
                            "tags.#": "0",
                            "tenant_id": "3cca87653b804207a7e1de1fb2bb2116"
                        },
                        "meta": {
                            "e2bfb730-ecaa-11e6-8f88-34363bc7c4c0": {
                                "create": 600000000000,
                                "delete": 600000000000
                            }
                        },
                        "tainted": false
                    },
                    "deposed": [],
                    "provider": "provider.openstack"
                },
                "openstack_networking_port_v2.pr-rxctrl-ho-a-003_port": {
                    "type": "openstack_networking_port_v2",
                    "depends_on": [],
                    "primary": {
                        "id": "ae1dbc18-cc92-4fe3-ab66-ab9b83fa6be9",
                        "attributes": {
                            "admin_state_up": "true",
                            "all_fixed_ips.#": "2",
                            "all_fixed_ips.0": "2001:558:fc18:0:f816:3eff:fe88:1bb7",
                            "all_fixed_ips.1": "96.116.233.184",
                            "all_security_group_ids.#": "1",
                            "all_security_group_ids.2221832618": "a32fa0cd-9108-416f-9726-6a504ef4a3c1",
                            "all_tags.#": "0",
                            "allowed_address_pairs.#": "0",
                            "description": "",
                            "device_id": "",
                            "device_owner": "",
                            "extra_dhcp_option.#": "0",
                            "id": "ae1dbc18-cc92-4fe3-ab66-ab9b83fa6be9",
                            "mac_address": "fa:16:3e:88:1b:b7",
                            "name": "pr-rxctrl-ho-a-003",
                            "network_id": "89093c7c-a78d-49b4-8daa-331f4a6f8398",
                            "region": "",
                            "tags.#": "0",
                            "tenant_id": "3cca87653b804207a7e1de1fb2bb2116"
                        },
                        "meta": {
                            "e2bfb730-ecaa-11e6-8f88-34363bc7c4c0": {
                                "create": 600000000000,
                                "delete": 600000000000
                            }
                        },
                        "tainted": false
                    },
                    "deposed": [],
                    "provider": "provider.openstack"
                },
                "openstack_networking_port_v2.pr-rxctrl-ho-a-004_port": {
                    "type": "openstack_networking_port_v2",
                    "depends_on": [],
                    "primary": {
                        "id": "5bba726b-8336-4532-b2b7-00a737e7c7f5",
                        "attributes": {
                            "admin_state_up": "true",
                            "all_fixed_ips.#": "2",
                            "all_fixed_ips.0": "2001:558:fc18:0:f816:3eff:fe2e:81e7",
                            "all_fixed_ips.1": "96.116.233.36",
                            "all_security_group_ids.#": "1",
                            "all_security_group_ids.2221832618": "a32fa0cd-9108-416f-9726-6a504ef4a3c1",
                            "all_tags.#": "0",
                            "allowed_address_pairs.#": "0",
                            "description": "",
                            "device_id": "",
                            "device_owner": "",
                            "extra_dhcp_option.#": "0",
                            "id": "5bba726b-8336-4532-b2b7-00a737e7c7f5",
                            "mac_address": "fa:16:3e:2e:81:e7",
                            "name": "pr-rxctrl-ho-a-004",
                            "network_id": "89093c7c-a78d-49b4-8daa-331f4a6f8398",
                            "region": "",
                            "tags.#": "0",
                            "tenant_id": "3cca87653b804207a7e1de1fb2bb2116"
                        },
                        "meta": {
                            "e2bfb730-ecaa-11e6-8f88-34363bc7c4c0": {
                                "create": 600000000000,
                                "delete": 600000000000
                            }
                        },
                        "tainted": false
                    },
                    "deposed": [],
                    "provider": "provider.openstack"
                },
                "openstack_networking_port_v2.pr-rxctrl-ho-a-005_port": {
                    "type": "openstack_networking_port_v2",
                    "depends_on": [],
                    "primary": {
                        "id": "c01bac6f-058c-4215-9c0d-f467865e4f15",
                        "attributes": {
                            "admin_state_up": "true",
                            "all_fixed_ips.#": "2",
                            "all_fixed_ips.0": "2001:558:fc18:0:f816:3eff:fe6a:43e8",
                            "all_fixed_ips.1": "96.116.233.182",
                            "all_security_group_ids.#": "1",
                            "all_security_group_ids.2221832618": "a32fa0cd-9108-416f-9726-6a504ef4a3c1",
                            "all_tags.#": "0",
                            "allowed_address_pairs.#": "0",
                            "description": "",
                            "device_id": "",
                            "device_owner": "",
                            "extra_dhcp_option.#": "0",
                            "id": "c01bac6f-058c-4215-9c0d-f467865e4f15",
                            "mac_address": "fa:16:3e:6a:43:e8",
                            "name": "pr-rxctrl-ho-a-005",
                            "network_id": "89093c7c-a78d-49b4-8daa-331f4a6f8398",
                            "region": "",
                            "tags.#": "0",
                            "tenant_id": "3cca87653b804207a7e1de1fb2bb2116"
                        },
                        "meta": {
                            "e2bfb730-ecaa-11e6-8f88-34363bc7c4c0": {
                                "create": 600000000000,
                                "delete": 600000000000
                            }
                        },
                        "tainted": false
                    },
                    "deposed": [],
                    "provider": "provider.openstack"
                },
                "openstack_networking_port_v2.pr-rxctrl-ho-a-006_port": {
                    "type": "openstack_networking_port_v2",
                    "depends_on": [],
                    "primary": {
                        "id": "daea79c2-0703-4d87-aa40-d5303d47dc7e",
                        "attributes": {
                            "admin_state_up": "true",
                            "all_fixed_ips.#": "2",
                            "all_fixed_ips.0": "2001:558:fc18:0:f816:3eff:fe7f:1224",
                            "all_fixed_ips.1": "96.116.233.166",
                            "all_security_group_ids.#": "1",
                            "all_security_group_ids.2221832618": "a32fa0cd-9108-416f-9726-6a504ef4a3c1",
                            "all_tags.#": "0",
                            "allowed_address_pairs.#": "0",
                            "description": "",
                            "device_id": "",
                            "device_owner": "",
                            "extra_dhcp_option.#": "0",
                            "id": "daea79c2-0703-4d87-aa40-d5303d47dc7e",
                            "mac_address": "fa:16:3e:7f:12:24",
                            "name": "pr-rxctrl-ho-a-006",
                            "network_id": "89093c7c-a78d-49b4-8daa-331f4a6f8398",
                            "region": "",
                            "tags.#": "0",
                            "tenant_id": "3cca87653b804207a7e1de1fb2bb2116"
                        },
                        "meta": {
                            "e2bfb730-ecaa-11e6-8f88-34363bc7c4c0": {
                                "create": 600000000000,
                                "delete": 600000000000
                            }
                        },
                        "tainted": false
                    },
                    "deposed": [],
                    "provider": "provider.openstack"
                },
                "openstack_networking_port_v2.pr-rxctrl-ho-a-007_port": {
                    "type": "openstack_networking_port_v2",
                    "depends_on": [],
                    "primary": {
                        "id": "cf8be9cb-31ea-45ea-bf7b-b762176b6721",
                        "attributes": {
                            "admin_state_up": "true",
                            "all_fixed_ips.#": "2",
                            "all_fixed_ips.0": "2001:558:fc18:0:f816:3eff:fe8a:99a3",
                            "all_fixed_ips.1": "96.116.233.175",
                            "all_security_group_ids.#": "1",
                            "all_security_group_ids.2221832618": "a32fa0cd-9108-416f-9726-6a504ef4a3c1",
                            "all_tags.#": "0",
                            "allowed_address_pairs.#": "0",
                            "description": "",
                            "device_id": "",
                            "device_owner": "",
                            "extra_dhcp_option.#": "0",
                            "id": "cf8be9cb-31ea-45ea-bf7b-b762176b6721",
                            "mac_address": "fa:16:3e:8a:99:a3",
                            "name": "pr-rxctrl-ho-a-007",
                            "network_id": "89093c7c-a78d-49b4-8daa-331f4a6f8398",
                            "region": "",
                            "tags.#": "0",
                            "tenant_id": "3cca87653b804207a7e1de1fb2bb2116"
                        },
                        "meta": {
                            "e2bfb730-ecaa-11e6-8f88-34363bc7c4c0": {
                                "create": 600000000000,
                                "delete": 600000000000
                            }
                        },
                        "tainted": false
                    },
                    "deposed": [],
                    "provider": "provider.openstack"
                },
                "openstack_networking_port_v2.pr-rxctrl-ho-a-008_port": {
                    "type": "openstack_networking_port_v2",
                    "depends_on": [],
                    "primary": {
                        "id": "35db863c-c33e-4e24-bde4-49c5588e542b",
                        "attributes": {
                            "admin_state_up": "true",
                            "all_fixed_ips.#": "2",
                            "all_fixed_ips.0": "2001:558:fc18:0:f816:3eff:fee8:7f38",
                            "all_fixed_ips.1": "96.116.230.253",
                            "all_security_group_ids.#": "1",
                            "all_security_group_ids.2221832618": "a32fa0cd-9108-416f-9726-6a504ef4a3c1",
                            "all_tags.#": "0",
                            "allowed_address_pairs.#": "0",
                            "description": "",
                            "device_id": "",
                            "device_owner": "",
                            "extra_dhcp_option.#": "0",
                            "id": "35db863c-c33e-4e24-bde4-49c5588e542b",
                            "mac_address": "fa:16:3e:e8:7f:38",
                            "name": "pr-rxctrl-ho-a-008",
                            "network_id": "89093c7c-a78d-49b4-8daa-331f4a6f8398",
                            "region": "",
                            "tags.#": "0",
                            "tenant_id": "3cca87653b804207a7e1de1fb2bb2116"
                        },
                        "meta": {
                            "e2bfb730-ecaa-11e6-8f88-34363bc7c4c0": {
                                "create": 600000000000,
                                "delete": 600000000000
                            }
                        },
                        "tainted": false
                    },
                    "deposed": [],
                    "provider": "provider.openstack"
                },
                "openstack_networking_port_v2.pr-rxctrl-ho-a-009_port": {
                    "type": "openstack_networking_port_v2",
                    "depends_on": [],
                    "primary": {
                        "id": "baf76419-9bce-4c78-8334-1cb2db3dcebc",
                        "attributes": {
                            "admin_state_up": "true",
                            "all_fixed_ips.#": "2",
                            "all_fixed_ips.0": "2001:558:fc18:0:f816:3eff:fe81:acc5",
                            "all_fixed_ips.1": "96.116.233.66",
                            "all_security_group_ids.#": "1",
                            "all_security_group_ids.2221832618": "a32fa0cd-9108-416f-9726-6a504ef4a3c1",
                            "all_tags.#": "0",
                            "allowed_address_pairs.#": "0",
                            "description": "",
                            "device_id": "",
                            "device_owner": "",
                            "extra_dhcp_option.#": "0",
                            "id": "baf76419-9bce-4c78-8334-1cb2db3dcebc",
                            "mac_address": "fa:16:3e:81:ac:c5",
                            "name": "pr-rxctrl-ho-a-009",
                            "network_id": "89093c7c-a78d-49b4-8daa-331f4a6f8398",
                            "region": "",
                            "tags.#": "0",
                            "tenant_id": "3cca87653b804207a7e1de1fb2bb2116"
                        },
                        "meta": {
                            "e2bfb730-ecaa-11e6-8f88-34363bc7c4c0": {
                                "create": 600000000000,
                                "delete": 600000000000
                            }
                        },
                        "tainted": false
                    },
                    "deposed": [],
                    "provider": "provider.openstack"
                },
                "openstack_networking_port_v2.pr-vcfg-ho-a-001_port": {
                    "type": "openstack_networking_port_v2",
                    "depends_on": [],
                    "primary": {
                        "id": "efa3a29c-ffb4-4cbe-80a4-313fcabd48ed",
                        "attributes": {
                            "admin_state_up": "true",
                            "all_fixed_ips.#": "2",
                            "all_fixed_ips.0": "2001:558:fc18:0:f816:3eff:fea3:e725",
                            "all_fixed_ips.1": "96.116.233.181",
                            "all_security_group_ids.#": "1",
                            "all_security_group_ids.2221832618": "a32fa0cd-9108-416f-9726-6a504ef4a3c1",
                            "all_tags.#": "0",
                            "allowed_address_pairs.#": "0",
                            "description": "",
                            "device_id": "",
                            "device_owner": "",
                            "extra_dhcp_option.#": "0",
                            "id": "efa3a29c-ffb4-4cbe-80a4-313fcabd48ed",
                            "mac_address": "fa:16:3e:a3:e7:25",
                            "name": "pr-vcfg-ho-a-001",
                            "network_id": "89093c7c-a78d-49b4-8daa-331f4a6f8398",
                            "region": "",
                            "tags.#": "0",
                            "tenant_id": "3cca87653b804207a7e1de1fb2bb2116"
                        },
                        "meta": {
                            "e2bfb730-ecaa-11e6-8f88-34363bc7c4c0": {
                                "create": 600000000000,
                                "delete": 600000000000
                            }
                        },
                        "tainted": false
                    },
                    "deposed": [],
                    "provider": "provider.openstack"
                },
                "openstack_networking_port_v2.pr-wcfg-ho-a-001_port": {
                    "type": "openstack_networking_port_v2",
                    "depends_on": [],
                    "primary": {
                        "id": "579ae9f3-8357-4dd5-b5ad-927e9ae9bebb",
                        "attributes": {
                            "admin_state_up": "true",
                            "all_fixed_ips.#": "2",
                            "all_fixed_ips.0": "2001:558:fc18:0:f816:3eff:fec1:7327",
                            "all_fixed_ips.1": "96.116.233.73",
                            "all_security_group_ids.#": "1",
                            "all_security_group_ids.2221832618": "a32fa0cd-9108-416f-9726-6a504ef4a3c1",
                            "all_tags.#": "0",
                            "allowed_address_pairs.#": "0",
                            "description": "",
                            "device_id": "",
                            "device_owner": "",
                            "extra_dhcp_option.#": "0",
                            "id": "579ae9f3-8357-4dd5-b5ad-927e9ae9bebb",
                            "mac_address": "fa:16:3e:c1:73:27",
                            "name": "pr-wcfg-ho-a-001",
                            "network_id": "89093c7c-a78d-49b4-8daa-331f4a6f8398",
                            "region": "",
                            "tags.#": "0",
                            "tenant_id": "3cca87653b804207a7e1de1fb2bb2116"
                        },
                        "meta": {
                            "e2bfb730-ecaa-11e6-8f88-34363bc7c4c0": {
                                "create": 600000000000,
                                "delete": 600000000000
                            }
                        },
                        "tainted": false
                    },
                    "deposed": [],
                    "provider": "provider.openstack"
                },
                "openstack_networking_port_v2.pr-wrtc-ho-a-001_port": {
                    "type": "openstack_networking_port_v2",
                    "depends_on": [],
                    "primary": {
                        "id": "087369e0-2eb1-4a14-9cad-016333e1a762",
                        "attributes": {
                            "admin_state_up": "true",
                            "all_fixed_ips.#": "2",
                            "all_fixed_ips.0": "2001:558:fc18:0:f816:3eff:fe47:7cfa",
                            "all_fixed_ips.1": "96.116.233.9",
                            "all_security_group_ids.#": "1",
                            "all_security_group_ids.2221832618": "a32fa0cd-9108-416f-9726-6a504ef4a3c1",
                            "all_tags.#": "0",
                            "allowed_address_pairs.#": "0",
                            "description": "",
                            "device_id": "",
                            "device_owner": "",
                            "extra_dhcp_option.#": "0",
                            "id": "087369e0-2eb1-4a14-9cad-016333e1a762",
                            "mac_address": "fa:16:3e:47:7c:fa",
                            "name": "pr-wrtc-ho-a-001",
                            "network_id": "89093c7c-a78d-49b4-8daa-331f4a6f8398",
                            "region": "",
                            "tags.#": "0",
                            "tenant_id": "3cca87653b804207a7e1de1fb2bb2116"
                        },
                        "meta": {
                            "e2bfb730-ecaa-11e6-8f88-34363bc7c4c0": {
                                "create": 600000000000,
                                "delete": 600000000000
                            }
                        },
                        "tainted": false
                    },
                    "deposed": [],
                    "provider": "provider.openstack"
                }
            },
            "depends_on": []
        }
    ]
}
