{
    "version": 3,
    "terraform_version": "0.11.13",
    "serial": 12,
    "lineage": "571db2db-8cd4-87a3-3205-91d6567a721d",
    "modules": [
        {
            "path": [
                "root"
            ],
            "outputs": {},
            "resources": {
                "data.template_file.user_add": {
                    "type": "template_file",
                    "depends_on": [],
                    "primary": {
                        "id": "e5b707c581ef53e67ac47261b4575385bede1b41f1d3730dbe81ac988302976b",
                        "attributes": {
                            "id": "e5b707c581ef53e67ac47261b4575385bede1b41f1d3730dbe81ac988302976b",
                            "rendered": "echo baygun001c\necho \"ssh-rsa AAAAB3NzaC1yc2EAAAADAQABAAABAQDkd5xSQU932uIlise6ttp58v8Qf/StGNFuN59zDlvDRn6vlg2C2wx+7rC/wS0IpKFrEBp7n8T57e8lccuBWFWM2mltPPZcnUflV001CZSH1Xiq2KzM0ZJmrjwVddSkfqs12tIPPJUjL3Y50oO41b0MJdr1JExhpgZMYOGwJh0313PWZ76fnEU9FArbV039u4xfSgtK3w32aC9dfnuhyCdpUYrMQN1i9Nf/C38DG26mxinD6WwXpKpUvlMlj932UflZD3ZR+QzOyjZKilk39IfWUX2LI5ikutgAF+5vqBaUy6xzAYlS/j5Sh5lwZmejgzKlXKm2fE5HxE7NnPEaVpCZ baygun001c@megadocker-ch2-d26p.sys.comcast.net\"\n",
                            "template": "echo ${user_id}\necho ${ssh_key}\n",
                            "vars.%": "2",
                            "vars.ssh_key": "\"ssh-rsa AAAAB3NzaC1yc2EAAAADAQABAAABAQDkd5xSQU932uIlise6ttp58v8Qf/StGNFuN59zDlvDRn6vlg2C2wx+7rC/wS0IpKFrEBp7n8T57e8lccuBWFWM2mltPPZcnUflV001CZSH1Xiq2KzM0ZJmrjwVddSkfqs12tIPPJUjL3Y50oO41b0MJdr1JExhpgZMYOGwJh0313PWZ76fnEU9FArbV039u4xfSgtK3w32aC9dfnuhyCdpUYrMQN1i9Nf/C38DG26mxinD6WwXpKpUvlMlj932UflZD3ZR+QzOyjZKilk39IfWUX2LI5ikutgAF+5vqBaUy6xzAYlS/j5Sh5lwZmejgzKlXKm2fE5HxE7NnPEaVpCZ baygun001c@megadocker-ch2-d26p.sys.comcast.net\"",
                            "vars.user_id": "baygun001c"
                        },
                        "meta": {},
                        "tainted": false
                    },
                    "deposed": [],
                    "provider": "provider.template"
                },
                "openstack_compute_instance_v2.test": {
                    "type": "openstack_compute_instance_v2",
                    "depends_on": [
                        "data.template_file.user_add.*"
                    ],
                    "primary": {
                        "id": "5ad2f3c5-1ca9-4549-934a-fc5c399aadf9",
                        "attributes": {
                            "access_ip_v4": "96.116.167.119",
                            "access_ip_v6": "[2001:558:fc1c:1:f816:3eff:fee9:c48e]",
                            "all_metadata.%": "1",
                            "all_metadata.this": "that",
                            "availability_zone": "nova",
                            "flavor_id": "3108",
                            "flavor_name": "ng.c.8u",
                            "force_delete": "false",
                            "id": "5ad2f3c5-1ca9-4549-934a-fc5c399aadf9",
                            "image_id": "9da95274-3b23-49b0-a341-fd72b5afd3a7",
                            "image_name": "ComcastCloud-CentOS-7-20190603",
                            "key_pair": "pcmm-production",
                            "metadata.%": "1",
                            "metadata.this": "that",
                            "name": "pr-test-po-a-001",
                            "network.#": "1",
                            "network.0.access_network": "false",
                            "network.0.fixed_ip_v4": "96.116.167.119",
                            "network.0.fixed_ip_v6": "[2001:558:fc1c:1:f816:3eff:fee9:c48e]",
                            "network.0.floating_ip": "",
                            "network.0.mac": "fa:16:3e:e9:c4:8e",
                            "network.0.name": "Public_AGILE",
                            "network.0.port": "",
                            "network.0.uuid": "5762b250-6836-4412-9221-ab2f0fb0dce5",
                            "power_state": "active",
                            "region": "PO-A",
                            "security_groups.#": "1",
                            "security_groups.3814588639": "default",
                            "stop_before_destroy": "false",
                            "user_data": "aa640be88987a536d3be6305632079b67e6a20b0"
                        },
                        "meta": {
                            "e2bfb730-ecaa-11e6-8f88-34363bc7c4c0": {
                                "create": 1800000000000,
                                "delete": 1800000000000,
                                "update": 1800000000000
                            }
                        },
                        "tainted": false
                    },
                    "deposed": [],
                    "provider": "provider.openstack"
                },
                "vinyldns_record_set.test_record_set_v4": {
                    "type": "vinyldns_record_set",
                    "depends_on": [
                        "openstack_compute_instance_v2.test.*"
                    ],
                    "primary": {
                        "id": "f110d213-4fff-43df-8f38-a9835ef3cbb1",
                        "attributes": {
                            "id": "f110d213-4fff-43df-8f38-a9835ef3cbb1",
                            "name": "pr-test-po-a-001",
                            "record_addresses.#": "1",
                            "record_addresses.1854913041": "96.116.167.119",
                            "ttl": "300",
                            "type": "A",
                            "zone_id": "1bbdd4b5-1034-4578-8c19-8ed70ffe083c"
                        },
                        "meta": {},
                        "tainted": false
                    },
                    "deposed": [],
                    "provider": "provider.vinyldns"
                },
                "vinyldns_record_set.test_record_set_v6": {
                    "type": "vinyldns_record_set",
                    "depends_on": [
                        "openstack_compute_instance_v2.test.*"
                    ],
                    "primary": {
                        "id": "59816c2e-b6b5-43f0-b589-93269ca4b69a",
                        "attributes": {
                            "id": "59816c2e-b6b5-43f0-b589-93269ca4b69a",
                            "name": "pr-test-po-a-001",
                            "record_addresses.#": "1",
                            "record_addresses.3143065941": "[2001:558:fc1c:1:f816:3eff:fee9:c48e]",
                            "ttl": "300",
                            "type": "AAAA",
                            "zone_id": "1bbdd4b5-1034-4578-8c19-8ed70ffe083c"
                        },
                        "meta": {},
                        "tainted": false
                    },
                    "deposed": [],
                    "provider": "provider.vinyldns"
                }
            },
            "depends_on": []
        }
    ]
}
