{
    "version": 3,
    "terraform_version": "0.11.13",
    "serial": 4,
    "lineage": "be7939dc-99c6-443e-bfca-f6174e41ffd8",
    "modules": [
        {
            "path": [
                "root"
            ],
            "outputs": {},
            "resources": {
                "data.template_file.user_add": {
                    "type": "template_file",
                    "depends_on": [],
                    "primary": {
                        "id": "e5b707c581ef53e67ac47261b4575385bede1b41f1d3730dbe81ac988302976b",
                        "attributes": {
                            "id": "e5b707c581ef53e67ac47261b4575385bede1b41f1d3730dbe81ac988302976b",
                            "rendered": "echo baygun001c\necho \"ssh-rsa AAAAB3NzaC1yc2EAAAADAQABAAABAQDkd5xSQU932uIlise6ttp58v8Qf/StGNFuN59zDlvDRn6vlg2C2wx+7rC/wS0IpKFrEBp7n8T57e8lccuBWFWM2mltPPZcnUflV001CZSH1Xiq2KzM0ZJmrjwVddSkfqs12tIPPJUjL3Y50oO41b0MJdr1JExhpgZMYOGwJh0313PWZ76fnEU9FArbV039u4xfSgtK3w32aC9dfnuhyCdpUYrMQN1i9Nf/C38DG26mxinD6WwXpKpUvlMlj932UflZD3ZR+QzOyjZKilk39IfWUX2LI5ikutgAF+5vqBaUy6xzAYlS/j5Sh5lwZmejgzKlXKm2fE5HxE7NnPEaVpCZ baygun001c@megadocker-ch2-d26p.sys.comcast.net\"\n",
                            "template": "echo ${user_id}\necho ${ssh_key}\n",
                            "vars.%": "2",
                            "vars.ssh_key": "\"ssh-rsa AAAAB3NzaC1yc2EAAAADAQABAAABAQDkd5xSQU932uIlise6ttp58v8Qf/StGNFuN59zDlvDRn6vlg2C2wx+7rC/wS0IpKFrEBp7n8T57e8lccuBWFWM2mltPPZcnUflV001CZSH1Xiq2KzM0ZJmrjwVddSkfqs12tIPPJUjL3Y50oO41b0MJdr1JExhpgZMYOGwJh0313PWZ76fnEU9FArbV039u4xfSgtK3w32aC9dfnuhyCdpUYrMQN1i9Nf/C38DG26mxinD6WwXpKpUvlMlj932UflZD3ZR+QzOyjZKilk39IfWUX2LI5ikutgAF+5vqBaUy6xzAYlS/j5Sh5lwZmejgzKlXKm2fE5HxE7NnPEaVpCZ baygun001c@megadocker-ch2-d26p.sys.comcast.net\"",
                            "vars.user_id": "baygun001c"
                        },
                        "meta": {},
                        "tainted": false
                    },
                    "deposed": [],
                    "provider": "provider.template"
                },
                "openstack_compute_instance_v2.pr-ibn-po-a-001": {
                    "type": "openstack_compute_instance_v2",
                    "depends_on": [
                        "data.template_file.user_add.*",
                        "openstack_networking_port_v2.pr-ibn-po-a-001_port.*"
                    ],
                    "primary": {
                        "id": "e4927c6b-c436-416e-897a-518e5e5d6937",
                        "attributes": {
                            "access_ip_v4": "96.116.163.161",
                            "access_ip_v6": "[2001:558:fc1c:1:f816:3eff:fe98:5c5c]",
                            "all_metadata.%": "1",
                            "all_metadata.this": "that",
                            "availability_zone": "nova",
                            "flavor_id": "3116",
                            "flavor_name": "ng.c.16u",
                            "force_delete": "false",
                            "id": "e4927c6b-c436-416e-897a-518e5e5d6937",
                            "image_id": "9da95274-3b23-49b0-a341-fd72b5afd3a7",
                            "image_name": "ComcastCloud-CentOS-7-20190603",
                            "key_pair": "pcmm-production",
                            "metadata.%": "1",
                            "metadata.this": "that",
                            "name": "pr-ibn-po-a-001",
                            "network.#": "1",
                            "network.0.access_network": "true",
                            "network.0.fixed_ip_v4": "96.116.163.161",
                            "network.0.fixed_ip_v6": "[2001:558:fc1c:1:f816:3eff:fe98:5c5c]",
                            "network.0.floating_ip": "",
                            "network.0.mac": "fa:16:3e:98:5c:5c",
                            "network.0.name": "Public_AGILE",
                            "network.0.port": "dad7b646-dcfa-415a-9ed8-3a664ceffb86",
                            "network.0.uuid": "5762b250-6836-4412-9221-ab2f0fb0dce5",
                            "power_state": "active",
                            "region": "PO-A",
                            "security_groups.#": "5",
                            "security_groups.2407987581": "mw_access",
                            "security_groups.2463477863": "mongo_access",
                            "security_groups.2511514758": "inter_instance_comm",
                            "security_groups.3814588639": "default",
                            "security_groups.3914474095": "dashboard_access",
                            "stop_before_destroy": "false",
                            "user_data": "aa640be88987a536d3be6305632079b67e6a20b0"
                        },
                        "meta": {
                            "e2bfb730-ecaa-11e6-8f88-34363bc7c4c0": {
                                "create": 1800000000000,
                                "delete": 1800000000000,
                                "update": 1800000000000
                            }
                        },
                        "tainted": false
                    },
                    "deposed": [],
                    "provider": "provider.openstack"
                },
                "openstack_compute_instance_v2.pr-ibnctrl-po-a-001": {
                    "type": "openstack_compute_instance_v2",
                    "depends_on": [
                        "data.template_file.user_add.*",
                        "openstack_networking_port_v2.pr-ibnctrl-po-a-001_port.*"
                    ],
                    "primary": {
                        "id": "ecc8ccc6-e239-4af4-be92-9fe8435bb2d9",
                        "attributes": {
                            "access_ip_v4": "96.116.163.196",
                            "access_ip_v6": "[2001:558:fc1c:1:f816:3eff:fe45:47ad]",
                            "all_metadata.%": "1",
                            "all_metadata.this": "that",
                            "availability_zone": "nova",
                            "flavor_id": "3116",
                            "flavor_name": "ng.c.16u",
                            "force_delete": "false",
                            "id": "ecc8ccc6-e239-4af4-be92-9fe8435bb2d9",
                            "image_id": "9da95274-3b23-49b0-a341-fd72b5afd3a7",
                            "image_name": "ComcastCloud-CentOS-7-20190603",
                            "key_pair": "pcmm-production",
                            "metadata.%": "1",
                            "metadata.this": "that",
                            "name": "pr-ibnctrl-po-a-001",
                            "network.#": "1",
                            "network.0.access_network": "true",
                            "network.0.fixed_ip_v4": "96.116.163.196",
                            "network.0.fixed_ip_v6": "[2001:558:fc1c:1:f816:3eff:fe45:47ad]",
                            "network.0.floating_ip": "",
                            "network.0.mac": "fa:16:3e:45:47:ad",
                            "network.0.name": "Public_AGILE",
                            "network.0.port": "2d68e1fe-62d6-4360-9b2d-428b85db0783",
                            "network.0.uuid": "5762b250-6836-4412-9221-ab2f0fb0dce5",
                            "power_state": "active",
                            "region": "PO-A",
                            "security_groups.#": "5",
                            "security_groups.2407987581": "mw_access",
                            "security_groups.2463477863": "mongo_access",
                            "security_groups.2511514758": "inter_instance_comm",
                            "security_groups.3814588639": "default",
                            "security_groups.3914474095": "dashboard_access",
                            "stop_before_destroy": "false",
                            "user_data": "aa640be88987a536d3be6305632079b67e6a20b0"
                        },
                        "meta": {
                            "e2bfb730-ecaa-11e6-8f88-34363bc7c4c0": {
                                "create": 1800000000000,
                                "delete": 1800000000000,
                                "update": 1800000000000
                            }
                        },
                        "tainted": false
                    },
                    "deposed": [],
                    "provider": "provider.openstack"
                },
                "openstack_compute_instance_v2.pr-ibnctrl-po-a-002": {
                    "type": "openstack_compute_instance_v2",
                    "depends_on": [
                        "data.template_file.user_add.*",
                        "openstack_networking_port_v2.pr-ibnctrl-po-a-002_port.*"
                    ],
                    "primary": {
                        "id": "50809353-1f91-491b-9078-c52b2f2ffc17",
                        "attributes": {
                            "access_ip_v4": "96.116.163.198",
                            "access_ip_v6": "[2001:558:fc1c:1:f816:3eff:febd:43a8]",
                            "all_metadata.%": "1",
                            "all_metadata.this": "that",
                            "availability_zone": "nova",
                            "flavor_id": "3116",
                            "flavor_name": "ng.c.16u",
                            "force_delete": "false",
                            "id": "50809353-1f91-491b-9078-c52b2f2ffc17",
                            "image_id": "9da95274-3b23-49b0-a341-fd72b5afd3a7",
                            "image_name": "ComcastCloud-CentOS-7-20190603",
                            "key_pair": "pcmm-production",
                            "metadata.%": "1",
                            "metadata.this": "that",
                            "name": "pr-ibnctrl-po-a-002",
                            "network.#": "1",
                            "network.0.access_network": "true",
                            "network.0.fixed_ip_v4": "96.116.163.198",
                            "network.0.fixed_ip_v6": "[2001:558:fc1c:1:f816:3eff:febd:43a8]",
                            "network.0.floating_ip": "",
                            "network.0.mac": "fa:16:3e:bd:43:a8",
                            "network.0.name": "Public_AGILE",
                            "network.0.port": "d7e3092e-3a7b-4553-87f9-7ee4e64d02cf",
                            "network.0.uuid": "5762b250-6836-4412-9221-ab2f0fb0dce5",
                            "power_state": "active",
                            "region": "PO-A",
                            "security_groups.#": "5",
                            "security_groups.2407987581": "mw_access",
                            "security_groups.2463477863": "mongo_access",
                            "security_groups.2511514758": "inter_instance_comm",
                            "security_groups.3814588639": "default",
                            "security_groups.3914474095": "dashboard_access",
                            "stop_before_destroy": "false",
                            "user_data": "aa640be88987a536d3be6305632079b67e6a20b0"
                        },
                        "meta": {
                            "e2bfb730-ecaa-11e6-8f88-34363bc7c4c0": {
                                "create": 1800000000000,
                                "delete": 1800000000000,
                                "update": 1800000000000
                            }
                        },
                        "tainted": false
                    },
                    "deposed": [],
                    "provider": "provider.openstack"
                },
                "openstack_compute_instance_v2.pr-ibnctrl-po-a-003": {
                    "type": "openstack_compute_instance_v2",
                    "depends_on": [
                        "data.template_file.user_add.*",
                        "openstack_networking_port_v2.pr-ibnctrl-po-a-003_port.*"
                    ],
                    "primary": {
                        "id": "50a7a223-aa08-4893-9048-df7e92843e48",
                        "attributes": {
                            "access_ip_v4": "96.116.163.199",
                            "access_ip_v6": "[2001:558:fc1c:1:f816:3eff:fe16:5063]",
                            "all_metadata.%": "1",
                            "all_metadata.this": "that",
                            "availability_zone": "nova",
                            "flavor_id": "3116",
                            "flavor_name": "ng.c.16u",
                            "force_delete": "false",
                            "id": "50a7a223-aa08-4893-9048-df7e92843e48",
                            "image_id": "9da95274-3b23-49b0-a341-fd72b5afd3a7",
                            "image_name": "ComcastCloud-CentOS-7-20190603",
                            "key_pair": "pcmm-production",
                            "metadata.%": "1",
                            "metadata.this": "that",
                            "name": "pr-ibnctrl-po-a-003",
                            "network.#": "1",
                            "network.0.access_network": "true",
                            "network.0.fixed_ip_v4": "96.116.163.199",
                            "network.0.fixed_ip_v6": "[2001:558:fc1c:1:f816:3eff:fe16:5063]",
                            "network.0.floating_ip": "",
                            "network.0.mac": "fa:16:3e:16:50:63",
                            "network.0.name": "Public_AGILE",
                            "network.0.port": "6f5212d4-96b8-4415-8e86-59a431e7c363",
                            "network.0.uuid": "5762b250-6836-4412-9221-ab2f0fb0dce5",
                            "power_state": "active",
                            "region": "PO-A",
                            "security_groups.#": "5",
                            "security_groups.2407987581": "mw_access",
                            "security_groups.2463477863": "mongo_access",
                            "security_groups.2511514758": "inter_instance_comm",
                            "security_groups.3814588639": "default",
                            "security_groups.3914474095": "dashboard_access",
                            "stop_before_destroy": "false",
                            "user_data": "aa640be88987a536d3be6305632079b67e6a20b0"
                        },
                        "meta": {
                            "e2bfb730-ecaa-11e6-8f88-34363bc7c4c0": {
                                "create": 1800000000000,
                                "delete": 1800000000000,
                                "update": 1800000000000
                            }
                        },
                        "tainted": false
                    },
                    "deposed": [],
                    "provider": "provider.openstack"
                },
                "openstack_compute_instance_v2.pr-ibnctrl-po-a-004": {
                    "type": "openstack_compute_instance_v2",
                    "depends_on": [
                        "data.template_file.user_add.*",
                        "openstack_networking_port_v2.pr-ibnctrl-po-a-004_port.*"
                    ],
                    "primary": {
                        "id": "4462ac4b-ee85-4499-98d9-bab31ec2276f",
                        "attributes": {
                            "access_ip_v4": "96.116.163.201",
                            "access_ip_v6": "[2001:558:fc1c:1:f816:3eff:fe26:7593]",
                            "all_metadata.%": "1",
                            "all_metadata.this": "that",
                            "availability_zone": "nova",
                            "flavor_id": "3116",
                            "flavor_name": "ng.c.16u",
                            "force_delete": "false",
                            "id": "4462ac4b-ee85-4499-98d9-bab31ec2276f",
                            "image_id": "9da95274-3b23-49b0-a341-fd72b5afd3a7",
                            "image_name": "ComcastCloud-CentOS-7-20190603",
                            "key_pair": "pcmm-production",
                            "metadata.%": "1",
                            "metadata.this": "that",
                            "name": "pr-ibnctrl-po-a-004",
                            "network.#": "1",
                            "network.0.access_network": "true",
                            "network.0.fixed_ip_v4": "96.116.163.201",
                            "network.0.fixed_ip_v6": "[2001:558:fc1c:1:f816:3eff:fe26:7593]",
                            "network.0.floating_ip": "",
                            "network.0.mac": "fa:16:3e:26:75:93",
                            "network.0.name": "Public_AGILE",
                            "network.0.port": "d86e67d7-f9b1-49e7-bd3f-7310a78f265a",
                            "network.0.uuid": "5762b250-6836-4412-9221-ab2f0fb0dce5",
                            "power_state": "active",
                            "region": "PO-A",
                            "security_groups.#": "5",
                            "security_groups.2407987581": "mw_access",
                            "security_groups.2463477863": "mongo_access",
                            "security_groups.2511514758": "inter_instance_comm",
                            "security_groups.3814588639": "default",
                            "security_groups.3914474095": "dashboard_access",
                            "stop_before_destroy": "false",
                            "user_data": "aa640be88987a536d3be6305632079b67e6a20b0"
                        },
                        "meta": {
                            "e2bfb730-ecaa-11e6-8f88-34363bc7c4c0": {
                                "create": 1800000000000,
                                "delete": 1800000000000,
                                "update": 1800000000000
                            }
                        },
                        "tainted": false
                    },
                    "deposed": [],
                    "provider": "provider.openstack"
                },
                "openstack_compute_instance_v2.pr-icfg-po-a-001": {
                    "type": "openstack_compute_instance_v2",
                    "depends_on": [
                        "data.template_file.user_add.*",
                        "openstack_networking_port_v2.pr-icfg-po-a-001_port.*"
                    ],
                    "primary": {
                        "id": "9f968be6-6b2d-476a-8d74-ec1fd44a49e4",
                        "attributes": {
                            "access_ip_v4": "96.116.163.234",
                            "access_ip_v6": "[2001:558:fc1c:1:f816:3eff:feb5:b07a]",
                            "all_metadata.%": "1",
                            "all_metadata.this": "that",
                            "availability_zone": "nova",
                            "flavor_id": "3116",
                            "flavor_name": "ng.c.16u",
                            "force_delete": "false",
                            "id": "9f968be6-6b2d-476a-8d74-ec1fd44a49e4",
                            "image_id": "9da95274-3b23-49b0-a341-fd72b5afd3a7",
                            "image_name": "ComcastCloud-CentOS-7-20190603",
                            "key_pair": "pcmm-production",
                            "metadata.%": "1",
                            "metadata.this": "that",
                            "name": "pr-icfg-po-a-001",
                            "network.#": "1",
                            "network.0.access_network": "true",
                            "network.0.fixed_ip_v4": "96.116.163.234",
                            "network.0.fixed_ip_v6": "[2001:558:fc1c:1:f816:3eff:feb5:b07a]",
                            "network.0.floating_ip": "",
                            "network.0.mac": "fa:16:3e:b5:b0:7a",
                            "network.0.name": "Public_AGILE",
                            "network.0.port": "da3926ae-cd74-4c43-9d6c-f1776dd01e4c",
                            "network.0.uuid": "5762b250-6836-4412-9221-ab2f0fb0dce5",
                            "power_state": "active",
                            "region": "PO-A",
                            "security_groups.#": "5",
                            "security_groups.2407987581": "mw_access",
                            "security_groups.2463477863": "mongo_access",
                            "security_groups.2511514758": "inter_instance_comm",
                            "security_groups.3814588639": "default",
                            "security_groups.3914474095": "dashboard_access",
                            "stop_before_destroy": "false",
                            "user_data": "aa640be88987a536d3be6305632079b67e6a20b0"
                        },
                        "meta": {
                            "e2bfb730-ecaa-11e6-8f88-34363bc7c4c0": {
                                "create": 1800000000000,
                                "delete": 1800000000000,
                                "update": 1800000000000
                            }
                        },
                        "tainted": false
                    },
                    "deposed": [],
                    "provider": "provider.openstack"
                },
                "openstack_compute_instance_v2.pr-rx-po-a-001": {
                    "type": "openstack_compute_instance_v2",
                    "depends_on": [
                        "data.template_file.user_add.*",
                        "openstack_networking_port_v2.pr-rx-po-a-001_port.*"
                    ],
                    "primary": {
                        "id": "f168c35d-4c3d-482b-abf4-5241373c9bc4",
                        "attributes": {
                            "access_ip_v4": "96.116.163.206",
                            "access_ip_v6": "[2001:558:fc1c:1:f816:3eff:fe06:c6ca]",
                            "all_metadata.%": "1",
                            "all_metadata.this": "that",
                            "availability_zone": "nova",
                            "flavor_id": "3116",
                            "flavor_name": "ng.c.16u",
                            "force_delete": "false",
                            "id": "f168c35d-4c3d-482b-abf4-5241373c9bc4",
                            "image_id": "9da95274-3b23-49b0-a341-fd72b5afd3a7",
                            "image_name": "ComcastCloud-CentOS-7-20190603",
                            "key_pair": "pcmm-production",
                            "metadata.%": "1",
                            "metadata.this": "that",
                            "name": "pr-rx-po-a-001",
                            "network.#": "1",
                            "network.0.access_network": "true",
                            "network.0.fixed_ip_v4": "96.116.163.206",
                            "network.0.fixed_ip_v6": "[2001:558:fc1c:1:f816:3eff:fe06:c6ca]",
                            "network.0.floating_ip": "",
                            "network.0.mac": "fa:16:3e:06:c6:ca",
                            "network.0.name": "Public_AGILE",
                            "network.0.port": "439c6839-6229-4e60-943d-4bf41f6b295d",
                            "network.0.uuid": "5762b250-6836-4412-9221-ab2f0fb0dce5",
                            "power_state": "active",
                            "region": "PO-A",
                            "security_groups.#": "5",
                            "security_groups.2407987581": "mw_access",
                            "security_groups.2463477863": "mongo_access",
                            "security_groups.2511514758": "inter_instance_comm",
                            "security_groups.3814588639": "default",
                            "security_groups.3914474095": "dashboard_access",
                            "stop_before_destroy": "false",
                            "user_data": "aa640be88987a536d3be6305632079b67e6a20b0"
                        },
                        "meta": {
                            "e2bfb730-ecaa-11e6-8f88-34363bc7c4c0": {
                                "create": 1800000000000,
                                "delete": 1800000000000,
                                "update": 1800000000000
                            }
                        },
                        "tainted": false
                    },
                    "deposed": [],
                    "provider": "provider.openstack"
                },
                "openstack_compute_instance_v2.pr-rx-po-a-0010": {
                    "type": "openstack_compute_instance_v2",
                    "depends_on": [
                        "data.template_file.user_add.*",
                        "openstack_networking_port_v2.pr-rx-po-a-0010_port.*"
                    ],
                    "primary": {
                        "id": "8fced60b-fd85-46f6-84c6-79d642d22cac",
                        "attributes": {
                            "access_ip_v4": "96.116.163.223",
                            "access_ip_v6": "[2001:558:fc1c:1:f816:3eff:fe5d:d498]",
                            "all_metadata.%": "1",
                            "all_metadata.this": "that",
                            "availability_zone": "nova",
                            "flavor_id": "3116",
                            "flavor_name": "ng.c.16u",
                            "force_delete": "false",
                            "id": "8fced60b-fd85-46f6-84c6-79d642d22cac",
                            "image_id": "9da95274-3b23-49b0-a341-fd72b5afd3a7",
                            "image_name": "ComcastCloud-CentOS-7-20190603",
                            "key_pair": "pcmm-production",
                            "metadata.%": "1",
                            "metadata.this": "that",
                            "name": "pr-rx-po-a-0010",
                            "network.#": "1",
                            "network.0.access_network": "true",
                            "network.0.fixed_ip_v4": "96.116.163.223",
                            "network.0.fixed_ip_v6": "[2001:558:fc1c:1:f816:3eff:fe5d:d498]",
                            "network.0.floating_ip": "",
                            "network.0.mac": "fa:16:3e:5d:d4:98",
                            "network.0.name": "Public_AGILE",
                            "network.0.port": "dae5aa01-93d4-4a21-a9a5-e5b5b0ce14b4",
                            "network.0.uuid": "5762b250-6836-4412-9221-ab2f0fb0dce5",
                            "power_state": "active",
                            "region": "PO-A",
                            "security_groups.#": "5",
                            "security_groups.2407987581": "mw_access",
                            "security_groups.2463477863": "mongo_access",
                            "security_groups.2511514758": "inter_instance_comm",
                            "security_groups.3814588639": "default",
                            "security_groups.3914474095": "dashboard_access",
                            "stop_before_destroy": "false",
                            "user_data": "aa640be88987a536d3be6305632079b67e6a20b0"
                        },
                        "meta": {
                            "e2bfb730-ecaa-11e6-8f88-34363bc7c4c0": {
                                "create": 1800000000000,
                                "delete": 1800000000000,
                                "update": 1800000000000
                            }
                        },
                        "tainted": false
                    },
                    "deposed": [],
                    "provider": "provider.openstack"
                },
                "openstack_compute_instance_v2.pr-rx-po-a-0011": {
                    "type": "openstack_compute_instance_v2",
                    "depends_on": [
                        "data.template_file.user_add.*",
                        "openstack_networking_port_v2.pr-rx-po-a-0011_port.*"
                    ],
                    "primary": {
                        "id": "9b237dff-8db1-4e60-9987-087c5a87c362",
                        "attributes": {
                            "access_ip_v4": "96.116.163.224",
                            "access_ip_v6": "[2001:558:fc1c:1:f816:3eff:fe0d:7a56]",
                            "all_metadata.%": "1",
                            "all_metadata.this": "that",
                            "availability_zone": "nova",
                            "flavor_id": "3116",
                            "flavor_name": "ng.c.16u",
                            "force_delete": "false",
                            "id": "9b237dff-8db1-4e60-9987-087c5a87c362",
                            "image_id": "9da95274-3b23-49b0-a341-fd72b5afd3a7",
                            "image_name": "ComcastCloud-CentOS-7-20190603",
                            "key_pair": "pcmm-production",
                            "metadata.%": "1",
                            "metadata.this": "that",
                            "name": "pr-rx-po-a-0011",
                            "network.#": "1",
                            "network.0.access_network": "true",
                            "network.0.fixed_ip_v4": "96.116.163.224",
                            "network.0.fixed_ip_v6": "[2001:558:fc1c:1:f816:3eff:fe0d:7a56]",
                            "network.0.floating_ip": "",
                            "network.0.mac": "fa:16:3e:0d:7a:56",
                            "network.0.name": "Public_AGILE",
                            "network.0.port": "9ef54705-1fc8-4359-8e80-cc69417d98b8",
                            "network.0.uuid": "5762b250-6836-4412-9221-ab2f0fb0dce5",
                            "power_state": "active",
                            "region": "PO-A",
                            "security_groups.#": "5",
                            "security_groups.2407987581": "mw_access",
                            "security_groups.2463477863": "mongo_access",
                            "security_groups.2511514758": "inter_instance_comm",
                            "security_groups.3814588639": "default",
                            "security_groups.3914474095": "dashboard_access",
                            "stop_before_destroy": "false",
                            "user_data": "aa640be88987a536d3be6305632079b67e6a20b0"
                        },
                        "meta": {
                            "e2bfb730-ecaa-11e6-8f88-34363bc7c4c0": {
                                "create": 1800000000000,
                                "delete": 1800000000000,
                                "update": 1800000000000
                            }
                        },
                        "tainted": false
                    },
                    "deposed": [],
                    "provider": "provider.openstack"
                },
                "openstack_compute_instance_v2.pr-rx-po-a-0012": {
                    "type": "openstack_compute_instance_v2",
                    "depends_on": [
                        "data.template_file.user_add.*",
                        "openstack_networking_port_v2.pr-rx-po-a-0012_port.*"
                    ],
                    "primary": {
                        "id": "472e5c58-33f0-4067-81dc-ade523b9deb1",
                        "attributes": {
                            "access_ip_v4": "96.116.163.230",
                            "access_ip_v6": "[2001:558:fc1c:1:f816:3eff:fe17:698a]",
                            "all_metadata.%": "1",
                            "all_metadata.this": "that",
                            "availability_zone": "nova",
                            "flavor_id": "3116",
                            "flavor_name": "ng.c.16u",
                            "force_delete": "false",
                            "id": "472e5c58-33f0-4067-81dc-ade523b9deb1",
                            "image_id": "9da95274-3b23-49b0-a341-fd72b5afd3a7",
                            "image_name": "ComcastCloud-CentOS-7-20190603",
                            "key_pair": "pcmm-production",
                            "metadata.%": "1",
                            "metadata.this": "that",
                            "name": "pr-rx-po-a-0012",
                            "network.#": "1",
                            "network.0.access_network": "true",
                            "network.0.fixed_ip_v4": "96.116.163.230",
                            "network.0.fixed_ip_v6": "[2001:558:fc1c:1:f816:3eff:fe17:698a]",
                            "network.0.floating_ip": "",
                            "network.0.mac": "fa:16:3e:17:69:8a",
                            "network.0.name": "Public_AGILE",
                            "network.0.port": "98c5a8a9-bbdd-4123-ae83-a38e8173be44",
                            "network.0.uuid": "5762b250-6836-4412-9221-ab2f0fb0dce5",
                            "power_state": "active",
                            "region": "PO-A",
                            "security_groups.#": "5",
                            "security_groups.2407987581": "mw_access",
                            "security_groups.2463477863": "mongo_access",
                            "security_groups.2511514758": "inter_instance_comm",
                            "security_groups.3814588639": "default",
                            "security_groups.3914474095": "dashboard_access",
                            "stop_before_destroy": "false",
                            "user_data": "aa640be88987a536d3be6305632079b67e6a20b0"
                        },
                        "meta": {
                            "e2bfb730-ecaa-11e6-8f88-34363bc7c4c0": {
                                "create": 1800000000000,
                                "delete": 1800000000000,
                                "update": 1800000000000
                            }
                        },
                        "tainted": false
                    },
                    "deposed": [],
                    "provider": "provider.openstack"
                },
                "openstack_compute_instance_v2.pr-rx-po-a-0013": {
                    "type": "openstack_compute_instance_v2",
                    "depends_on": [
                        "data.template_file.user_add.*",
                        "openstack_networking_port_v2.pr-rx-po-a-0013_port.*"
                    ],
                    "primary": {
                        "id": "8a81679e-111d-4fd7-8d29-5347e1c56d89",
                        "attributes": {
                            "access_ip_v4": "96.116.163.233",
                            "access_ip_v6": "[2001:558:fc1c:1:f816:3eff:fe62:523]",
                            "all_metadata.%": "1",
                            "all_metadata.this": "that",
                            "availability_zone": "nova",
                            "flavor_id": "3116",
                            "flavor_name": "ng.c.16u",
                            "force_delete": "false",
                            "id": "8a81679e-111d-4fd7-8d29-5347e1c56d89",
                            "image_id": "9da95274-3b23-49b0-a341-fd72b5afd3a7",
                            "image_name": "ComcastCloud-CentOS-7-20190603",
                            "key_pair": "pcmm-production",
                            "metadata.%": "1",
                            "metadata.this": "that",
                            "name": "pr-rx-po-a-0013",
                            "network.#": "1",
                            "network.0.access_network": "true",
                            "network.0.fixed_ip_v4": "96.116.163.233",
                            "network.0.fixed_ip_v6": "[2001:558:fc1c:1:f816:3eff:fe62:523]",
                            "network.0.floating_ip": "",
                            "network.0.mac": "fa:16:3e:62:05:23",
                            "network.0.name": "Public_AGILE",
                            "network.0.port": "c9091860-dc58-4c56-91f2-02232590b4f5",
                            "network.0.uuid": "5762b250-6836-4412-9221-ab2f0fb0dce5",
                            "power_state": "active",
                            "region": "PO-A",
                            "security_groups.#": "5",
                            "security_groups.2407987581": "mw_access",
                            "security_groups.2463477863": "mongo_access",
                            "security_groups.2511514758": "inter_instance_comm",
                            "security_groups.3814588639": "default",
                            "security_groups.3914474095": "dashboard_access",
                            "stop_before_destroy": "false",
                            "user_data": "aa640be88987a536d3be6305632079b67e6a20b0"
                        },
                        "meta": {
                            "e2bfb730-ecaa-11e6-8f88-34363bc7c4c0": {
                                "create": 1800000000000,
                                "delete": 1800000000000,
                                "update": 1800000000000
                            }
                        },
                        "tainted": false
                    },
                    "deposed": [],
                    "provider": "provider.openstack"
                },
                "openstack_compute_instance_v2.pr-rx-po-a-0014": {
                    "type": "openstack_compute_instance_v2",
                    "depends_on": [
                        "data.template_file.user_add.*",
                        "openstack_networking_port_v2.pr-rx-po-a-0014_port.*"
                    ],
                    "primary": {
                        "id": "db4699a0-9f8f-4d09-8b87-4b55a265d3f9",
                        "attributes": {
                            "access_ip_v4": "96.116.163.168",
                            "access_ip_v6": "[2001:558:fc1c:1:f816:3eff:fef0:b165]",
                            "all_metadata.%": "1",
                            "all_metadata.this": "that",
                            "availability_zone": "nova",
                            "flavor_id": "3116",
                            "flavor_name": "ng.c.16u",
                            "force_delete": "false",
                            "id": "db4699a0-9f8f-4d09-8b87-4b55a265d3f9",
                            "image_id": "9da95274-3b23-49b0-a341-fd72b5afd3a7",
                            "image_name": "ComcastCloud-CentOS-7-20190603",
                            "key_pair": "pcmm-production",
                            "metadata.%": "1",
                            "metadata.this": "that",
                            "name": "pr-rx-po-a-0014",
                            "network.#": "1",
                            "network.0.access_network": "true",
                            "network.0.fixed_ip_v4": "96.116.163.168",
                            "network.0.fixed_ip_v6": "[2001:558:fc1c:1:f816:3eff:fef0:b165]",
                            "network.0.floating_ip": "",
                            "network.0.mac": "fa:16:3e:f0:b1:65",
                            "network.0.name": "Public_AGILE",
                            "network.0.port": "463b36ea-7b66-4e7a-83d3-4f949045b288",
                            "network.0.uuid": "5762b250-6836-4412-9221-ab2f0fb0dce5",
                            "power_state": "active",
                            "region": "PO-A",
                            "security_groups.#": "5",
                            "security_groups.2407987581": "mw_access",
                            "security_groups.2463477863": "mongo_access",
                            "security_groups.2511514758": "inter_instance_comm",
                            "security_groups.3814588639": "default",
                            "security_groups.3914474095": "dashboard_access",
                            "stop_before_destroy": "false",
                            "user_data": "aa640be88987a536d3be6305632079b67e6a20b0"
                        },
                        "meta": {
                            "e2bfb730-ecaa-11e6-8f88-34363bc7c4c0": {
                                "create": 1800000000000,
                                "delete": 1800000000000,
                                "update": 1800000000000
                            }
                        },
                        "tainted": false
                    },
                    "deposed": [],
                    "provider": "provider.openstack"
                },
                "openstack_compute_instance_v2.pr-rx-po-a-0015": {
                    "type": "openstack_compute_instance_v2",
                    "depends_on": [
                        "data.template_file.user_add.*",
                        "openstack_networking_port_v2.pr-rx-po-a-0015_port.*"
                    ],
                    "primary": {
                        "id": "b2e456b6-e3ec-46f6-8602-d3a6dee50de6",
                        "attributes": {
                            "access_ip_v4": "96.116.163.204",
                            "access_ip_v6": "[2001:558:fc1c:1:f816:3eff:fe78:f4e6]",
                            "all_metadata.%": "1",
                            "all_metadata.this": "that",
                            "availability_zone": "nova",
                            "flavor_id": "3116",
                            "flavor_name": "ng.c.16u",
                            "force_delete": "false",
                            "id": "b2e456b6-e3ec-46f6-8602-d3a6dee50de6",
                            "image_id": "9da95274-3b23-49b0-a341-fd72b5afd3a7",
                            "image_name": "ComcastCloud-CentOS-7-20190603",
                            "key_pair": "pcmm-production",
                            "metadata.%": "1",
                            "metadata.this": "that",
                            "name": "pr-rx-po-a-0015",
                            "network.#": "1",
                            "network.0.access_network": "true",
                            "network.0.fixed_ip_v4": "96.116.163.204",
                            "network.0.fixed_ip_v6": "[2001:558:fc1c:1:f816:3eff:fe78:f4e6]",
                            "network.0.floating_ip": "",
                            "network.0.mac": "fa:16:3e:78:f4:e6",
                            "network.0.name": "Public_AGILE",
                            "network.0.port": "bb90ac03-9eb3-403e-9a2b-694fe6dd6f16",
                            "network.0.uuid": "5762b250-6836-4412-9221-ab2f0fb0dce5",
                            "power_state": "active",
                            "region": "PO-A",
                            "security_groups.#": "5",
                            "security_groups.2407987581": "mw_access",
                            "security_groups.2463477863": "mongo_access",
                            "security_groups.2511514758": "inter_instance_comm",
                            "security_groups.3814588639": "default",
                            "security_groups.3914474095": "dashboard_access",
                            "stop_before_destroy": "false",
                            "user_data": "aa640be88987a536d3be6305632079b67e6a20b0"
                        },
                        "meta": {
                            "e2bfb730-ecaa-11e6-8f88-34363bc7c4c0": {
                                "create": 1800000000000,
                                "delete": 1800000000000,
                                "update": 1800000000000
                            }
                        },
                        "tainted": false
                    },
                    "deposed": [],
                    "provider": "provider.openstack"
                },
                "openstack_compute_instance_v2.pr-rx-po-a-0016": {
                    "type": "openstack_compute_instance_v2",
                    "depends_on": [
                        "data.template_file.user_add.*",
                        "openstack_networking_port_v2.pr-rx-po-a-0016_port.*"
                    ],
                    "primary": {
                        "id": "879e45ae-f583-45ff-a821-555b99ec584c",
                        "attributes": {
                            "access_ip_v4": "96.116.163.205",
                            "access_ip_v6": "[2001:558:fc1c:1:f816:3eff:feb5:3b57]",
                            "all_metadata.%": "1",
                            "all_metadata.this": "that",
                            "availability_zone": "nova",
                            "flavor_id": "3116",
                            "flavor_name": "ng.c.16u",
                            "force_delete": "false",
                            "id": "879e45ae-f583-45ff-a821-555b99ec584c",
                            "image_id": "9da95274-3b23-49b0-a341-fd72b5afd3a7",
                            "image_name": "ComcastCloud-CentOS-7-20190603",
                            "key_pair": "pcmm-production",
                            "metadata.%": "1",
                            "metadata.this": "that",
                            "name": "pr-rx-po-a-0016",
                            "network.#": "1",
                            "network.0.access_network": "true",
                            "network.0.fixed_ip_v4": "96.116.163.205",
                            "network.0.fixed_ip_v6": "[2001:558:fc1c:1:f816:3eff:feb5:3b57]",
                            "network.0.floating_ip": "",
                            "network.0.mac": "fa:16:3e:b5:3b:57",
                            "network.0.name": "Public_AGILE",
                            "network.0.port": "3b4353b3-d064-4a5f-b29a-28cf57f76aae",
                            "network.0.uuid": "5762b250-6836-4412-9221-ab2f0fb0dce5",
                            "power_state": "active",
                            "region": "PO-A",
                            "security_groups.#": "5",
                            "security_groups.2407987581": "mw_access",
                            "security_groups.2463477863": "mongo_access",
                            "security_groups.2511514758": "inter_instance_comm",
                            "security_groups.3814588639": "default",
                            "security_groups.3914474095": "dashboard_access",
                            "stop_before_destroy": "false",
                            "user_data": "aa640be88987a536d3be6305632079b67e6a20b0"
                        },
                        "meta": {
                            "e2bfb730-ecaa-11e6-8f88-34363bc7c4c0": {
                                "create": 1800000000000,
                                "delete": 1800000000000,
                                "update": 1800000000000
                            }
                        },
                        "tainted": false
                    },
                    "deposed": [],
                    "provider": "provider.openstack"
                },
                "openstack_compute_instance_v2.pr-rx-po-a-002": {
                    "type": "openstack_compute_instance_v2",
                    "depends_on": [
                        "data.template_file.user_add.*",
                        "openstack_networking_port_v2.pr-rx-po-a-002_port.*"
                    ],
                    "primary": {
                        "id": "513ec6d7-a214-410a-9bbb-0fcf5971a9fd",
                        "attributes": {
                            "access_ip_v4": "96.116.163.207",
                            "access_ip_v6": "[2001:558:fc1c:1:f816:3eff:fe40:fb0]",
                            "all_metadata.%": "1",
                            "all_metadata.this": "that",
                            "availability_zone": "nova",
                            "flavor_id": "3116",
                            "flavor_name": "ng.c.16u",
                            "force_delete": "false",
                            "id": "513ec6d7-a214-410a-9bbb-0fcf5971a9fd",
                            "image_id": "9da95274-3b23-49b0-a341-fd72b5afd3a7",
                            "image_name": "ComcastCloud-CentOS-7-20190603",
                            "key_pair": "pcmm-production",
                            "metadata.%": "1",
                            "metadata.this": "that",
                            "name": "pr-rx-po-a-002",
                            "network.#": "1",
                            "network.0.access_network": "true",
                            "network.0.fixed_ip_v4": "96.116.163.207",
                            "network.0.fixed_ip_v6": "[2001:558:fc1c:1:f816:3eff:fe40:fb0]",
                            "network.0.floating_ip": "",
                            "network.0.mac": "fa:16:3e:40:0f:b0",
                            "network.0.name": "Public_AGILE",
                            "network.0.port": "9547ea45-08bd-484a-8ce7-a21e9dc4c45c",
                            "network.0.uuid": "5762b250-6836-4412-9221-ab2f0fb0dce5",
                            "power_state": "active",
                            "region": "PO-A",
                            "security_groups.#": "5",
                            "security_groups.2407987581": "mw_access",
                            "security_groups.2463477863": "mongo_access",
                            "security_groups.2511514758": "inter_instance_comm",
                            "security_groups.3814588639": "default",
                            "security_groups.3914474095": "dashboard_access",
                            "stop_before_destroy": "false",
                            "user_data": "aa640be88987a536d3be6305632079b67e6a20b0"
                        },
                        "meta": {
                            "e2bfb730-ecaa-11e6-8f88-34363bc7c4c0": {
                                "create": 1800000000000,
                                "delete": 1800000000000,
                                "update": 1800000000000
                            }
                        },
                        "tainted": false
                    },
                    "deposed": [],
                    "provider": "provider.openstack"
                },
                "openstack_compute_instance_v2.pr-rx-po-a-003": {
                    "type": "openstack_compute_instance_v2",
                    "depends_on": [
                        "data.template_file.user_add.*",
                        "openstack_networking_port_v2.pr-rx-po-a-003_port.*"
                    ],
                    "primary": {
                        "id": "6bc3e52f-09d7-428c-bdae-50bb7e0051ec",
                        "attributes": {
                            "access_ip_v4": "96.116.163.208",
                            "access_ip_v6": "[2001:558:fc1c:1:f816:3eff:fece:9e8d]",
                            "all_metadata.%": "1",
                            "all_metadata.this": "that",
                            "availability_zone": "nova",
                            "flavor_id": "3116",
                            "flavor_name": "ng.c.16u",
                            "force_delete": "false",
                            "id": "6bc3e52f-09d7-428c-bdae-50bb7e0051ec",
                            "image_id": "9da95274-3b23-49b0-a341-fd72b5afd3a7",
                            "image_name": "ComcastCloud-CentOS-7-20190603",
                            "key_pair": "pcmm-production",
                            "metadata.%": "1",
                            "metadata.this": "that",
                            "name": "pr-rx-po-a-003",
                            "network.#": "1",
                            "network.0.access_network": "true",
                            "network.0.fixed_ip_v4": "96.116.163.208",
                            "network.0.fixed_ip_v6": "[2001:558:fc1c:1:f816:3eff:fece:9e8d]",
                            "network.0.floating_ip": "",
                            "network.0.mac": "fa:16:3e:ce:9e:8d",
                            "network.0.name": "Public_AGILE",
                            "network.0.port": "bf5849cd-2b19-4c9a-99ea-e3efa0ef95e5",
                            "network.0.uuid": "5762b250-6836-4412-9221-ab2f0fb0dce5",
                            "power_state": "active",
                            "region": "PO-A",
                            "security_groups.#": "5",
                            "security_groups.2407987581": "mw_access",
                            "security_groups.2463477863": "mongo_access",
                            "security_groups.2511514758": "inter_instance_comm",
                            "security_groups.3814588639": "default",
                            "security_groups.3914474095": "dashboard_access",
                            "stop_before_destroy": "false",
                            "user_data": "aa640be88987a536d3be6305632079b67e6a20b0"
                        },
                        "meta": {
                            "e2bfb730-ecaa-11e6-8f88-34363bc7c4c0": {
                                "create": 1800000000000,
                                "delete": 1800000000000,
                                "update": 1800000000000
                            }
                        },
                        "tainted": false
                    },
                    "deposed": [],
                    "provider": "provider.openstack"
                },
                "openstack_compute_instance_v2.pr-rx-po-a-004": {
                    "type": "openstack_compute_instance_v2",
                    "depends_on": [
                        "data.template_file.user_add.*",
                        "openstack_networking_port_v2.pr-rx-po-a-004_port.*"
                    ],
                    "primary": {
                        "id": "a251591c-56f7-47a6-a3d7-5551ee4ced6b",
                        "attributes": {
                            "access_ip_v4": "96.116.163.209",
                            "access_ip_v6": "[2001:558:fc1c:1:f816:3eff:fe66:1e41]",
                            "all_metadata.%": "1",
                            "all_metadata.this": "that",
                            "availability_zone": "nova",
                            "flavor_id": "3116",
                            "flavor_name": "ng.c.16u",
                            "force_delete": "false",
                            "id": "a251591c-56f7-47a6-a3d7-5551ee4ced6b",
                            "image_id": "9da95274-3b23-49b0-a341-fd72b5afd3a7",
                            "image_name": "ComcastCloud-CentOS-7-20190603",
                            "key_pair": "pcmm-production",
                            "metadata.%": "1",
                            "metadata.this": "that",
                            "name": "pr-rx-po-a-004",
                            "network.#": "1",
                            "network.0.access_network": "true",
                            "network.0.fixed_ip_v4": "96.116.163.209",
                            "network.0.fixed_ip_v6": "[2001:558:fc1c:1:f816:3eff:fe66:1e41]",
                            "network.0.floating_ip": "",
                            "network.0.mac": "fa:16:3e:66:1e:41",
                            "network.0.name": "Public_AGILE",
                            "network.0.port": "4ca5249e-a2b8-4616-9ea1-e72a7e193a90",
                            "network.0.uuid": "5762b250-6836-4412-9221-ab2f0fb0dce5",
                            "power_state": "active",
                            "region": "PO-A",
                            "security_groups.#": "5",
                            "security_groups.2407987581": "mw_access",
                            "security_groups.2463477863": "mongo_access",
                            "security_groups.2511514758": "inter_instance_comm",
                            "security_groups.3814588639": "default",
                            "security_groups.3914474095": "dashboard_access",
                            "stop_before_destroy": "false",
                            "user_data": "aa640be88987a536d3be6305632079b67e6a20b0"
                        },
                        "meta": {
                            "e2bfb730-ecaa-11e6-8f88-34363bc7c4c0": {
                                "create": 1800000000000,
                                "delete": 1800000000000,
                                "update": 1800000000000
                            }
                        },
                        "tainted": false
                    },
                    "deposed": [],
                    "provider": "provider.openstack"
                },
                "openstack_compute_instance_v2.pr-rx-po-a-005": {
                    "type": "openstack_compute_instance_v2",
                    "depends_on": [
                        "data.template_file.user_add.*",
                        "openstack_networking_port_v2.pr-rx-po-a-005_port.*"
                    ],
                    "primary": {
                        "id": "7f6f4e24-915f-498e-86cb-8462160a63c1",
                        "attributes": {
                            "access_ip_v4": "96.116.163.210",
                            "access_ip_v6": "[2001:558:fc1c:1:f816:3eff:fe35:7f51]",
                            "all_metadata.%": "1",
                            "all_metadata.this": "that",
                            "availability_zone": "nova",
                            "flavor_id": "3116",
                            "flavor_name": "ng.c.16u",
                            "force_delete": "false",
                            "id": "7f6f4e24-915f-498e-86cb-8462160a63c1",
                            "image_id": "9da95274-3b23-49b0-a341-fd72b5afd3a7",
                            "image_name": "ComcastCloud-CentOS-7-20190603",
                            "key_pair": "pcmm-production",
                            "metadata.%": "1",
                            "metadata.this": "that",
                            "name": "pr-rx-po-a-005",
                            "network.#": "1",
                            "network.0.access_network": "true",
                            "network.0.fixed_ip_v4": "96.116.163.210",
                            "network.0.fixed_ip_v6": "[2001:558:fc1c:1:f816:3eff:fe35:7f51]",
                            "network.0.floating_ip": "",
                            "network.0.mac": "fa:16:3e:35:7f:51",
                            "network.0.name": "Public_AGILE",
                            "network.0.port": "2b322726-69b9-4496-8c10-8eeefbbffcd5",
                            "network.0.uuid": "5762b250-6836-4412-9221-ab2f0fb0dce5",
                            "power_state": "active",
                            "region": "PO-A",
                            "security_groups.#": "5",
                            "security_groups.2407987581": "mw_access",
                            "security_groups.2463477863": "mongo_access",
                            "security_groups.2511514758": "inter_instance_comm",
                            "security_groups.3814588639": "default",
                            "security_groups.3914474095": "dashboard_access",
                            "stop_before_destroy": "false",
                            "user_data": "aa640be88987a536d3be6305632079b67e6a20b0"
                        },
                        "meta": {
                            "e2bfb730-ecaa-11e6-8f88-34363bc7c4c0": {
                                "create": 1800000000000,
                                "delete": 1800000000000,
                                "update": 1800000000000
                            }
                        },
                        "tainted": false
                    },
                    "deposed": [],
                    "provider": "provider.openstack"
                },
                "openstack_compute_instance_v2.pr-rx-po-a-006": {
                    "type": "openstack_compute_instance_v2",
                    "depends_on": [
                        "data.template_file.user_add.*",
                        "openstack_networking_port_v2.pr-rx-po-a-006_port.*"
                    ],
                    "primary": {
                        "id": "8485e3e8-f1db-463c-b698-557c987790e2",
                        "attributes": {
                            "access_ip_v4": "96.116.163.211",
                            "access_ip_v6": "[2001:558:fc1c:1:f816:3eff:fed1:b267]",
                            "all_metadata.%": "1",
                            "all_metadata.this": "that",
                            "availability_zone": "nova",
                            "flavor_id": "3116",
                            "flavor_name": "ng.c.16u",
                            "force_delete": "false",
                            "id": "8485e3e8-f1db-463c-b698-557c987790e2",
                            "image_id": "9da95274-3b23-49b0-a341-fd72b5afd3a7",
                            "image_name": "ComcastCloud-CentOS-7-20190603",
                            "key_pair": "pcmm-production",
                            "metadata.%": "1",
                            "metadata.this": "that",
                            "name": "pr-rx-po-a-006",
                            "network.#": "1",
                            "network.0.access_network": "true",
                            "network.0.fixed_ip_v4": "96.116.163.211",
                            "network.0.fixed_ip_v6": "[2001:558:fc1c:1:f816:3eff:fed1:b267]",
                            "network.0.floating_ip": "",
                            "network.0.mac": "fa:16:3e:d1:b2:67",
                            "network.0.name": "Public_AGILE",
                            "network.0.port": "a456ac1c-fee7-4824-83c9-55a946e06e2c",
                            "network.0.uuid": "5762b250-6836-4412-9221-ab2f0fb0dce5",
                            "power_state": "active",
                            "region": "PO-A",
                            "security_groups.#": "5",
                            "security_groups.2407987581": "mw_access",
                            "security_groups.2463477863": "mongo_access",
                            "security_groups.2511514758": "inter_instance_comm",
                            "security_groups.3814588639": "default",
                            "security_groups.3914474095": "dashboard_access",
                            "stop_before_destroy": "false",
                            "user_data": "aa640be88987a536d3be6305632079b67e6a20b0"
                        },
                        "meta": {
                            "e2bfb730-ecaa-11e6-8f88-34363bc7c4c0": {
                                "create": 1800000000000,
                                "delete": 1800000000000,
                                "update": 1800000000000
                            }
                        },
                        "tainted": false
                    },
                    "deposed": [],
                    "provider": "provider.openstack"
                },
                "openstack_compute_instance_v2.pr-rx-po-a-007": {
                    "type": "openstack_compute_instance_v2",
                    "depends_on": [
                        "data.template_file.user_add.*",
                        "openstack_networking_port_v2.pr-rx-po-a-007_port.*"
                    ],
                    "primary": {
                        "id": "3d9cab1b-2c0d-4b9b-8c3b-a76d45cfc74d",
                        "attributes": {
                            "access_ip_v4": "96.116.163.216",
                            "access_ip_v6": "[2001:558:fc1c:1:f816:3eff:fe78:9e75]",
                            "all_metadata.%": "1",
                            "all_metadata.this": "that",
                            "availability_zone": "nova",
                            "flavor_id": "3116",
                            "flavor_name": "ng.c.16u",
                            "force_delete": "false",
                            "id": "3d9cab1b-2c0d-4b9b-8c3b-a76d45cfc74d",
                            "image_id": "9da95274-3b23-49b0-a341-fd72b5afd3a7",
                            "image_name": "ComcastCloud-CentOS-7-20190603",
                            "key_pair": "pcmm-production",
                            "metadata.%": "1",
                            "metadata.this": "that",
                            "name": "pr-rx-po-a-007",
                            "network.#": "1",
                            "network.0.access_network": "true",
                            "network.0.fixed_ip_v4": "96.116.163.216",
                            "network.0.fixed_ip_v6": "[2001:558:fc1c:1:f816:3eff:fe78:9e75]",
                            "network.0.floating_ip": "",
                            "network.0.mac": "fa:16:3e:78:9e:75",
                            "network.0.name": "Public_AGILE",
                            "network.0.port": "f81f1903-9e11-4772-b25d-79bab7886ff3",
                            "network.0.uuid": "5762b250-6836-4412-9221-ab2f0fb0dce5",
                            "power_state": "active",
                            "region": "PO-A",
                            "security_groups.#": "5",
                            "security_groups.2407987581": "mw_access",
                            "security_groups.2463477863": "mongo_access",
                            "security_groups.2511514758": "inter_instance_comm",
                            "security_groups.3814588639": "default",
                            "security_groups.3914474095": "dashboard_access",
                            "stop_before_destroy": "false",
                            "user_data": "aa640be88987a536d3be6305632079b67e6a20b0"
                        },
                        "meta": {
                            "e2bfb730-ecaa-11e6-8f88-34363bc7c4c0": {
                                "create": 1800000000000,
                                "delete": 1800000000000,
                                "update": 1800000000000
                            }
                        },
                        "tainted": false
                    },
                    "deposed": [],
                    "provider": "provider.openstack"
                },
                "openstack_compute_instance_v2.pr-rx-po-a-008": {
                    "type": "openstack_compute_instance_v2",
                    "depends_on": [
                        "data.template_file.user_add.*",
                        "openstack_networking_port_v2.pr-rx-po-a-008_port.*"
                    ],
                    "primary": {
                        "id": "880737af-7fe4-4644-a927-6dd6b882065d",
                        "attributes": {
                            "access_ip_v4": "96.116.163.218",
                            "access_ip_v6": "[2001:558:fc1c:1:f816:3eff:fe23:c705]",
                            "all_metadata.%": "1",
                            "all_metadata.this": "that",
                            "availability_zone": "nova",
                            "flavor_id": "3116",
                            "flavor_name": "ng.c.16u",
                            "force_delete": "false",
                            "id": "880737af-7fe4-4644-a927-6dd6b882065d",
                            "image_id": "9da95274-3b23-49b0-a341-fd72b5afd3a7",
                            "image_name": "ComcastCloud-CentOS-7-20190603",
                            "key_pair": "pcmm-production",
                            "metadata.%": "1",
                            "metadata.this": "that",
                            "name": "pr-rx-po-a-008",
                            "network.#": "1",
                            "network.0.access_network": "true",
                            "network.0.fixed_ip_v4": "96.116.163.218",
                            "network.0.fixed_ip_v6": "[2001:558:fc1c:1:f816:3eff:fe23:c705]",
                            "network.0.floating_ip": "",
                            "network.0.mac": "fa:16:3e:23:c7:05",
                            "network.0.name": "Public_AGILE",
                            "network.0.port": "e06f03ae-6ee6-4946-87dd-1561ce760845",
                            "network.0.uuid": "5762b250-6836-4412-9221-ab2f0fb0dce5",
                            "power_state": "active",
                            "region": "PO-A",
                            "security_groups.#": "5",
                            "security_groups.2407987581": "mw_access",
                            "security_groups.2463477863": "mongo_access",
                            "security_groups.2511514758": "inter_instance_comm",
                            "security_groups.3814588639": "default",
                            "security_groups.3914474095": "dashboard_access",
                            "stop_before_destroy": "false",
                            "user_data": "aa640be88987a536d3be6305632079b67e6a20b0"
                        },
                        "meta": {
                            "e2bfb730-ecaa-11e6-8f88-34363bc7c4c0": {
                                "create": 1800000000000,
                                "delete": 1800000000000,
                                "update": 1800000000000
                            }
                        },
                        "tainted": false
                    },
                    "deposed": [],
                    "provider": "provider.openstack"
                },
                "openstack_compute_instance_v2.pr-rx-po-a-009": {
                    "type": "openstack_compute_instance_v2",
                    "depends_on": [
                        "data.template_file.user_add.*",
                        "openstack_networking_port_v2.pr-rx-po-a-009_port.*"
                    ],
                    "primary": {
                        "id": "11507441-c632-4e93-a142-02acf852ceee",
                        "attributes": {
                            "access_ip_v4": "96.116.163.178",
                            "access_ip_v6": "[2001:558:fc1c:1:f816:3eff:fe65:2308]",
                            "all_metadata.%": "1",
                            "all_metadata.this": "that",
                            "availability_zone": "nova",
                            "flavor_id": "3116",
                            "flavor_name": "ng.c.16u",
                            "force_delete": "false",
                            "id": "11507441-c632-4e93-a142-02acf852ceee",
                            "image_id": "9da95274-3b23-49b0-a341-fd72b5afd3a7",
                            "image_name": "ComcastCloud-CentOS-7-20190603",
                            "key_pair": "pcmm-production",
                            "metadata.%": "1",
                            "metadata.this": "that",
                            "name": "pr-rx-po-a-009",
                            "network.#": "1",
                            "network.0.access_network": "true",
                            "network.0.fixed_ip_v4": "96.116.163.178",
                            "network.0.fixed_ip_v6": "[2001:558:fc1c:1:f816:3eff:fe65:2308]",
                            "network.0.floating_ip": "",
                            "network.0.mac": "fa:16:3e:65:23:08",
                            "network.0.name": "Public_AGILE",
                            "network.0.port": "52970cbf-13aa-4b7e-9134-2482ea513d9c",
                            "network.0.uuid": "5762b250-6836-4412-9221-ab2f0fb0dce5",
                            "power_state": "active",
                            "region": "PO-A",
                            "security_groups.#": "5",
                            "security_groups.2407987581": "mw_access",
                            "security_groups.2463477863": "mongo_access",
                            "security_groups.2511514758": "inter_instance_comm",
                            "security_groups.3814588639": "default",
                            "security_groups.3914474095": "dashboard_access",
                            "stop_before_destroy": "false",
                            "user_data": "aa640be88987a536d3be6305632079b67e6a20b0"
                        },
                        "meta": {
                            "e2bfb730-ecaa-11e6-8f88-34363bc7c4c0": {
                                "create": 1800000000000,
                                "delete": 1800000000000,
                                "update": 1800000000000
                            }
                        },
                        "tainted": false
                    },
                    "deposed": [],
                    "provider": "provider.openstack"
                },
                "openstack_compute_instance_v2.pr-rxctrl-po-a-001": {
                    "type": "openstack_compute_instance_v2",
                    "depends_on": [
                        "data.template_file.user_add.*",
                        "openstack_networking_port_v2.pr-rxctrl-po-a-001_port.*"
                    ],
                    "primary": {
                        "id": "fd8ac87a-1fb8-475f-83bc-f2422b9cfd78",
                        "attributes": {
                            "access_ip_v4": "96.116.163.179",
                            "access_ip_v6": "[2001:558:fc1c:1:f816:3eff:fe51:ace6]",
                            "all_metadata.%": "1",
                            "all_metadata.this": "that",
                            "availability_zone": "nova",
                            "flavor_id": "3116",
                            "flavor_name": "ng.c.16u",
                            "force_delete": "false",
                            "id": "fd8ac87a-1fb8-475f-83bc-f2422b9cfd78",
                            "image_id": "9da95274-3b23-49b0-a341-fd72b5afd3a7",
                            "image_name": "ComcastCloud-CentOS-7-20190603",
                            "key_pair": "pcmm-production",
                            "metadata.%": "1",
                            "metadata.this": "that",
                            "name": "pr-rxctrl-po-a-001",
                            "network.#": "1",
                            "network.0.access_network": "true",
                            "network.0.fixed_ip_v4": "96.116.163.179",
                            "network.0.fixed_ip_v6": "[2001:558:fc1c:1:f816:3eff:fe51:ace6]",
                            "network.0.floating_ip": "",
                            "network.0.mac": "fa:16:3e:51:ac:e6",
                            "network.0.name": "Public_AGILE",
                            "network.0.port": "6554a72b-2247-4c29-aad5-187fa9fe9a71",
                            "network.0.uuid": "5762b250-6836-4412-9221-ab2f0fb0dce5",
                            "power_state": "active",
                            "region": "PO-A",
                            "security_groups.#": "5",
                            "security_groups.2407987581": "mw_access",
                            "security_groups.2463477863": "mongo_access",
                            "security_groups.2511514758": "inter_instance_comm",
                            "security_groups.3814588639": "default",
                            "security_groups.3914474095": "dashboard_access",
                            "stop_before_destroy": "false",
                            "user_data": "aa640be88987a536d3be6305632079b67e6a20b0"
                        },
                        "meta": {
                            "e2bfb730-ecaa-11e6-8f88-34363bc7c4c0": {
                                "create": 1800000000000,
                                "delete": 1800000000000,
                                "update": 1800000000000
                            }
                        },
                        "tainted": false
                    },
                    "deposed": [],
                    "provider": "provider.openstack"
                },
                "openstack_compute_instance_v2.pr-rxctrl-po-a-0010": {
                    "type": "openstack_compute_instance_v2",
                    "depends_on": [
                        "data.template_file.user_add.*",
                        "openstack_networking_port_v2.pr-rxctrl-po-a-0010_port.*"
                    ],
                    "primary": {
                        "id": "e23743f8-436c-4fce-b758-6000a9ffd65c",
                        "attributes": {
                            "access_ip_v4": "96.116.163.188",
                            "access_ip_v6": "[2001:558:fc1c:1:f816:3eff:fe85:8333]",
                            "all_metadata.%": "1",
                            "all_metadata.this": "that",
                            "availability_zone": "nova",
                            "flavor_id": "3116",
                            "flavor_name": "ng.c.16u",
                            "force_delete": "false",
                            "id": "e23743f8-436c-4fce-b758-6000a9ffd65c",
                            "image_id": "9da95274-3b23-49b0-a341-fd72b5afd3a7",
                            "image_name": "ComcastCloud-CentOS-7-20190603",
                            "key_pair": "pcmm-production",
                            "metadata.%": "1",
                            "metadata.this": "that",
                            "name": "pr-rxctrl-po-a-0010",
                            "network.#": "1",
                            "network.0.access_network": "true",
                            "network.0.fixed_ip_v4": "96.116.163.188",
                            "network.0.fixed_ip_v6": "[2001:558:fc1c:1:f816:3eff:fe85:8333]",
                            "network.0.floating_ip": "",
                            "network.0.mac": "fa:16:3e:85:83:33",
                            "network.0.name": "Public_AGILE",
                            "network.0.port": "792fd675-484b-4858-af98-89b4f1a104eb",
                            "network.0.uuid": "5762b250-6836-4412-9221-ab2f0fb0dce5",
                            "power_state": "active",
                            "region": "PO-A",
                            "security_groups.#": "5",
                            "security_groups.2407987581": "mw_access",
                            "security_groups.2463477863": "mongo_access",
                            "security_groups.2511514758": "inter_instance_comm",
                            "security_groups.3814588639": "default",
                            "security_groups.3914474095": "dashboard_access",
                            "stop_before_destroy": "false",
                            "user_data": "aa640be88987a536d3be6305632079b67e6a20b0"
                        },
                        "meta": {
                            "e2bfb730-ecaa-11e6-8f88-34363bc7c4c0": {
                                "create": 1800000000000,
                                "delete": 1800000000000,
                                "update": 1800000000000
                            }
                        },
                        "tainted": false
                    },
                    "deposed": [],
                    "provider": "provider.openstack"
                },
                "openstack_compute_instance_v2.pr-rxctrl-po-a-0011": {
                    "type": "openstack_compute_instance_v2",
                    "depends_on": [
                        "data.template_file.user_add.*",
                        "openstack_networking_port_v2.pr-rxctrl-po-a-0011_port.*"
                    ],
                    "primary": {
                        "id": "e6a9ef09-bbfe-4c1e-b9ae-8a4963d74858",
                        "attributes": {
                            "access_ip_v4": "96.116.163.189",
                            "access_ip_v6": "[2001:558:fc1c:1:f816:3eff:fedc:b094]",
                            "all_metadata.%": "1",
                            "all_metadata.this": "that",
                            "availability_zone": "nova",
                            "flavor_id": "3116",
                            "flavor_name": "ng.c.16u",
                            "force_delete": "false",
                            "id": "e6a9ef09-bbfe-4c1e-b9ae-8a4963d74858",
                            "image_id": "9da95274-3b23-49b0-a341-fd72b5afd3a7",
                            "image_name": "ComcastCloud-CentOS-7-20190603",
                            "key_pair": "pcmm-production",
                            "metadata.%": "1",
                            "metadata.this": "that",
                            "name": "pr-rxctrl-po-a-0011",
                            "network.#": "1",
                            "network.0.access_network": "true",
                            "network.0.fixed_ip_v4": "96.116.163.189",
                            "network.0.fixed_ip_v6": "[2001:558:fc1c:1:f816:3eff:fedc:b094]",
                            "network.0.floating_ip": "",
                            "network.0.mac": "fa:16:3e:dc:b0:94",
                            "network.0.name": "Public_AGILE",
                            "network.0.port": "dcf14bb8-06c7-4fb4-a633-da691b293105",
                            "network.0.uuid": "5762b250-6836-4412-9221-ab2f0fb0dce5",
                            "power_state": "active",
                            "region": "PO-A",
                            "security_groups.#": "5",
                            "security_groups.2407987581": "mw_access",
                            "security_groups.2463477863": "mongo_access",
                            "security_groups.2511514758": "inter_instance_comm",
                            "security_groups.3814588639": "default",
                            "security_groups.3914474095": "dashboard_access",
                            "stop_before_destroy": "false",
                            "user_data": "aa640be88987a536d3be6305632079b67e6a20b0"
                        },
                        "meta": {
                            "e2bfb730-ecaa-11e6-8f88-34363bc7c4c0": {
                                "create": 1800000000000,
                                "delete": 1800000000000,
                                "update": 1800000000000
                            }
                        },
                        "tainted": false
                    },
                    "deposed": [],
                    "provider": "provider.openstack"
                },
                "openstack_compute_instance_v2.pr-rxctrl-po-a-0012": {
                    "type": "openstack_compute_instance_v2",
                    "depends_on": [
                        "data.template_file.user_add.*",
                        "openstack_networking_port_v2.pr-rxctrl-po-a-0012_port.*"
                    ],
                    "primary": {
                        "id": "1b57378f-90b1-4998-8b31-0732462b11b9",
                        "attributes": {
                            "access_ip_v4": "96.116.163.190",
                            "access_ip_v6": "[2001:558:fc1c:1:f816:3eff:fe9c:55b6]",
                            "all_metadata.%": "1",
                            "all_metadata.this": "that",
                            "availability_zone": "nova",
                            "flavor_id": "3116",
                            "flavor_name": "ng.c.16u",
                            "force_delete": "false",
                            "id": "1b57378f-90b1-4998-8b31-0732462b11b9",
                            "image_id": "9da95274-3b23-49b0-a341-fd72b5afd3a7",
                            "image_name": "ComcastCloud-CentOS-7-20190603",
                            "key_pair": "pcmm-production",
                            "metadata.%": "1",
                            "metadata.this": "that",
                            "name": "pr-rxctrl-po-a-0012",
                            "network.#": "1",
                            "network.0.access_network": "true",
                            "network.0.fixed_ip_v4": "96.116.163.190",
                            "network.0.fixed_ip_v6": "[2001:558:fc1c:1:f816:3eff:fe9c:55b6]",
                            "network.0.floating_ip": "",
                            "network.0.mac": "fa:16:3e:9c:55:b6",
                            "network.0.name": "Public_AGILE",
                            "network.0.port": "3a7b9d8c-159b-4846-88b5-4a0022a2cf76",
                            "network.0.uuid": "5762b250-6836-4412-9221-ab2f0fb0dce5",
                            "power_state": "active",
                            "region": "PO-A",
                            "security_groups.#": "5",
                            "security_groups.2407987581": "mw_access",
                            "security_groups.2463477863": "mongo_access",
                            "security_groups.2511514758": "inter_instance_comm",
                            "security_groups.3814588639": "default",
                            "security_groups.3914474095": "dashboard_access",
                            "stop_before_destroy": "false",
                            "user_data": "aa640be88987a536d3be6305632079b67e6a20b0"
                        },
                        "meta": {
                            "e2bfb730-ecaa-11e6-8f88-34363bc7c4c0": {
                                "create": 1800000000000,
                                "delete": 1800000000000,
                                "update": 1800000000000
                            }
                        },
                        "tainted": false
                    },
                    "deposed": [],
                    "provider": "provider.openstack"
                },
                "openstack_compute_instance_v2.pr-rxctrl-po-a-0013": {
                    "type": "openstack_compute_instance_v2",
                    "depends_on": [
                        "data.template_file.user_add.*",
                        "openstack_networking_port_v2.pr-rxctrl-po-a-0013_port.*"
                    ],
                    "primary": {
                        "id": "8d9791b5-04bf-4c06-a62e-14294b933de2",
                        "attributes": {
                            "access_ip_v4": "96.116.163.191",
                            "access_ip_v6": "[2001:558:fc1c:1:f816:3eff:fe2e:5336]",
                            "all_metadata.%": "1",
                            "all_metadata.this": "that",
                            "availability_zone": "nova",
                            "flavor_id": "3116",
                            "flavor_name": "ng.c.16u",
                            "force_delete": "false",
                            "id": "8d9791b5-04bf-4c06-a62e-14294b933de2",
                            "image_id": "9da95274-3b23-49b0-a341-fd72b5afd3a7",
                            "image_name": "ComcastCloud-CentOS-7-20190603",
                            "key_pair": "pcmm-production",
                            "metadata.%": "1",
                            "metadata.this": "that",
                            "name": "pr-rxctrl-po-a-0013",
                            "network.#": "1",
                            "network.0.access_network": "true",
                            "network.0.fixed_ip_v4": "96.116.163.191",
                            "network.0.fixed_ip_v6": "[2001:558:fc1c:1:f816:3eff:fe2e:5336]",
                            "network.0.floating_ip": "",
                            "network.0.mac": "fa:16:3e:2e:53:36",
                            "network.0.name": "Public_AGILE",
                            "network.0.port": "18e029e4-750e-402e-8dce-4a204453a054",
                            "network.0.uuid": "5762b250-6836-4412-9221-ab2f0fb0dce5",
                            "power_state": "active",
                            "region": "PO-A",
                            "security_groups.#": "5",
                            "security_groups.2407987581": "mw_access",
                            "security_groups.2463477863": "mongo_access",
                            "security_groups.2511514758": "inter_instance_comm",
                            "security_groups.3814588639": "default",
                            "security_groups.3914474095": "dashboard_access",
                            "stop_before_destroy": "false",
                            "user_data": "aa640be88987a536d3be6305632079b67e6a20b0"
                        },
                        "meta": {
                            "e2bfb730-ecaa-11e6-8f88-34363bc7c4c0": {
                                "create": 1800000000000,
                                "delete": 1800000000000,
                                "update": 1800000000000
                            }
                        },
                        "tainted": false
                    },
                    "deposed": [],
                    "provider": "provider.openstack"
                },
                "openstack_compute_instance_v2.pr-rxctrl-po-a-0014": {
                    "type": "openstack_compute_instance_v2",
                    "depends_on": [
                        "data.template_file.user_add.*",
                        "openstack_networking_port_v2.pr-rxctrl-po-a-0014_port.*"
                    ],
                    "primary": {
                        "id": "093ff5ae-8d13-443b-843c-de73eab3e07d",
                        "attributes": {
                            "access_ip_v4": "96.116.163.192",
                            "access_ip_v6": "[2001:558:fc1c:1:f816:3eff:fe46:231b]",
                            "all_metadata.%": "1",
                            "all_metadata.this": "that",
                            "availability_zone": "nova",
                            "flavor_id": "3116",
                            "flavor_name": "ng.c.16u",
                            "force_delete": "false",
                            "id": "093ff5ae-8d13-443b-843c-de73eab3e07d",
                            "image_id": "9da95274-3b23-49b0-a341-fd72b5afd3a7",
                            "image_name": "ComcastCloud-CentOS-7-20190603",
                            "key_pair": "pcmm-production",
                            "metadata.%": "1",
                            "metadata.this": "that",
                            "name": "pr-rxctrl-po-a-0014",
                            "network.#": "1",
                            "network.0.access_network": "true",
                            "network.0.fixed_ip_v4": "96.116.163.192",
                            "network.0.fixed_ip_v6": "[2001:558:fc1c:1:f816:3eff:fe46:231b]",
                            "network.0.floating_ip": "",
                            "network.0.mac": "fa:16:3e:46:23:1b",
                            "network.0.name": "Public_AGILE",
                            "network.0.port": "d2c2e388-e80d-4442-8190-f413cc3cfb00",
                            "network.0.uuid": "5762b250-6836-4412-9221-ab2f0fb0dce5",
                            "power_state": "active",
                            "region": "PO-A",
                            "security_groups.#": "5",
                            "security_groups.2407987581": "mw_access",
                            "security_groups.2463477863": "mongo_access",
                            "security_groups.2511514758": "inter_instance_comm",
                            "security_groups.3814588639": "default",
                            "security_groups.3914474095": "dashboard_access",
                            "stop_before_destroy": "false",
                            "user_data": "aa640be88987a536d3be6305632079b67e6a20b0"
                        },
                        "meta": {
                            "e2bfb730-ecaa-11e6-8f88-34363bc7c4c0": {
                                "create": 1800000000000,
                                "delete": 1800000000000,
                                "update": 1800000000000
                            }
                        },
                        "tainted": false
                    },
                    "deposed": [],
                    "provider": "provider.openstack"
                },
                "openstack_compute_instance_v2.pr-rxctrl-po-a-0015": {
                    "type": "openstack_compute_instance_v2",
                    "depends_on": [
                        "data.template_file.user_add.*",
                        "openstack_networking_port_v2.pr-rxctrl-po-a-0015_port.*"
                    ],
                    "primary": {
                        "id": "5882b11c-c55a-41dd-aeb5-fece123fcb94",
                        "attributes": {
                            "access_ip_v4": "96.116.163.193",
                            "access_ip_v6": "[2001:558:fc1c:1:f816:3eff:febb:4348]",
                            "all_metadata.%": "1",
                            "all_metadata.this": "that",
                            "availability_zone": "nova",
                            "flavor_id": "3116",
                            "flavor_name": "ng.c.16u",
                            "force_delete": "false",
                            "id": "5882b11c-c55a-41dd-aeb5-fece123fcb94",
                            "image_id": "9da95274-3b23-49b0-a341-fd72b5afd3a7",
                            "image_name": "ComcastCloud-CentOS-7-20190603",
                            "key_pair": "pcmm-production",
                            "metadata.%": "1",
                            "metadata.this": "that",
                            "name": "pr-rxctrl-po-a-0015",
                            "network.#": "1",
                            "network.0.access_network": "true",
                            "network.0.fixed_ip_v4": "96.116.163.193",
                            "network.0.fixed_ip_v6": "[2001:558:fc1c:1:f816:3eff:febb:4348]",
                            "network.0.floating_ip": "",
                            "network.0.mac": "fa:16:3e:bb:43:48",
                            "network.0.name": "Public_AGILE",
                            "network.0.port": "0af22361-fb3c-495f-98ac-1818fdb7d388",
                            "network.0.uuid": "5762b250-6836-4412-9221-ab2f0fb0dce5",
                            "power_state": "active",
                            "region": "PO-A",
                            "security_groups.#": "5",
                            "security_groups.2407987581": "mw_access",
                            "security_groups.2463477863": "mongo_access",
                            "security_groups.2511514758": "inter_instance_comm",
                            "security_groups.3814588639": "default",
                            "security_groups.3914474095": "dashboard_access",
                            "stop_before_destroy": "false",
                            "user_data": "aa640be88987a536d3be6305632079b67e6a20b0"
                        },
                        "meta": {
                            "e2bfb730-ecaa-11e6-8f88-34363bc7c4c0": {
                                "create": 1800000000000,
                                "delete": 1800000000000,
                                "update": 1800000000000
                            }
                        },
                        "tainted": false
                    },
                    "deposed": [],
                    "provider": "provider.openstack"
                },
                "openstack_compute_instance_v2.pr-rxctrl-po-a-0016": {
                    "type": "openstack_compute_instance_v2",
                    "depends_on": [
                        "data.template_file.user_add.*",
                        "openstack_networking_port_v2.pr-rxctrl-po-a-0016_port.*"
                    ],
                    "primary": {
                        "id": "b31ad7cb-6752-44c2-9d72-93e03bbf8e96",
                        "attributes": {
                            "access_ip_v4": "96.116.163.194",
                            "access_ip_v6": "[2001:558:fc1c:1:f816:3eff:fe99:aa14]",
                            "all_metadata.%": "1",
                            "all_metadata.this": "that",
                            "availability_zone": "nova",
                            "flavor_id": "3116",
                            "flavor_name": "ng.c.16u",
                            "force_delete": "false",
                            "id": "b31ad7cb-6752-44c2-9d72-93e03bbf8e96",
                            "image_id": "9da95274-3b23-49b0-a341-fd72b5afd3a7",
                            "image_name": "ComcastCloud-CentOS-7-20190603",
                            "key_pair": "pcmm-production",
                            "metadata.%": "1",
                            "metadata.this": "that",
                            "name": "pr-rxctrl-po-a-0016",
                            "network.#": "1",
                            "network.0.access_network": "true",
                            "network.0.fixed_ip_v4": "96.116.163.194",
                            "network.0.fixed_ip_v6": "[2001:558:fc1c:1:f816:3eff:fe99:aa14]",
                            "network.0.floating_ip": "",
                            "network.0.mac": "fa:16:3e:99:aa:14",
                            "network.0.name": "Public_AGILE",
                            "network.0.port": "3eb00a84-2487-4406-bdfa-14d173b059f9",
                            "network.0.uuid": "5762b250-6836-4412-9221-ab2f0fb0dce5",
                            "power_state": "active",
                            "region": "PO-A",
                            "security_groups.#": "5",
                            "security_groups.2407987581": "mw_access",
                            "security_groups.2463477863": "mongo_access",
                            "security_groups.2511514758": "inter_instance_comm",
                            "security_groups.3814588639": "default",
                            "security_groups.3914474095": "dashboard_access",
                            "stop_before_destroy": "false",
                            "user_data": "aa640be88987a536d3be6305632079b67e6a20b0"
                        },
                        "meta": {
                            "e2bfb730-ecaa-11e6-8f88-34363bc7c4c0": {
                                "create": 1800000000000,
                                "delete": 1800000000000,
                                "update": 1800000000000
                            }
                        },
                        "tainted": false
                    },
                    "deposed": [],
                    "provider": "provider.openstack"
                },
                "openstack_compute_instance_v2.pr-rxctrl-po-a-0017": {
                    "type": "openstack_compute_instance_v2",
                    "depends_on": [
                        "data.template_file.user_add.*",
                        "openstack_networking_port_v2.pr-rxctrl-po-a-0017_port.*"
                    ],
                    "primary": {
                        "id": "d651d86c-7e6e-46db-8d27-090df61d8e89",
                        "attributes": {
                            "access_ip_v4": "96.116.163.195",
                            "access_ip_v6": "[2001:558:fc1c:1:f816:3eff:fe0e:bf95]",
                            "all_metadata.%": "1",
                            "all_metadata.this": "that",
                            "availability_zone": "nova",
                            "flavor_id": "3116",
                            "flavor_name": "ng.c.16u",
                            "force_delete": "false",
                            "id": "d651d86c-7e6e-46db-8d27-090df61d8e89",
                            "image_id": "9da95274-3b23-49b0-a341-fd72b5afd3a7",
                            "image_name": "ComcastCloud-CentOS-7-20190603",
                            "key_pair": "pcmm-production",
                            "metadata.%": "1",
                            "metadata.this": "that",
                            "name": "pr-rxctrl-po-a-0017",
                            "network.#": "1",
                            "network.0.access_network": "true",
                            "network.0.fixed_ip_v4": "96.116.163.195",
                            "network.0.fixed_ip_v6": "[2001:558:fc1c:1:f816:3eff:fe0e:bf95]",
                            "network.0.floating_ip": "",
                            "network.0.mac": "fa:16:3e:0e:bf:95",
                            "network.0.name": "Public_AGILE",
                            "network.0.port": "5cbda8af-afc6-4bb8-b4ae-9c1851c8957b",
                            "network.0.uuid": "5762b250-6836-4412-9221-ab2f0fb0dce5",
                            "power_state": "active",
                            "region": "PO-A",
                            "security_groups.#": "5",
                            "security_groups.2407987581": "mw_access",
                            "security_groups.2463477863": "mongo_access",
                            "security_groups.2511514758": "inter_instance_comm",
                            "security_groups.3814588639": "default",
                            "security_groups.3914474095": "dashboard_access",
                            "stop_before_destroy": "false",
                            "user_data": "aa640be88987a536d3be6305632079b67e6a20b0"
                        },
                        "meta": {
                            "e2bfb730-ecaa-11e6-8f88-34363bc7c4c0": {
                                "create": 1800000000000,
                                "delete": 1800000000000,
                                "update": 1800000000000
                            }
                        },
                        "tainted": false
                    },
                    "deposed": [],
                    "provider": "provider.openstack"
                },
                "openstack_compute_instance_v2.pr-rxctrl-po-a-002": {
                    "type": "openstack_compute_instance_v2",
                    "depends_on": [
                        "data.template_file.user_add.*",
                        "openstack_networking_port_v2.pr-rxctrl-po-a-002_port.*"
                    ],
                    "primary": {
                        "id": "567731fa-4f7b-4b6f-b054-2d72b281f467",
                        "attributes": {
                            "access_ip_v4": "96.116.163.180",
                            "access_ip_v6": "[2001:558:fc1c:1:f816:3eff:fe1b:caf5]",
                            "all_metadata.%": "1",
                            "all_metadata.this": "that",
                            "availability_zone": "nova",
                            "flavor_id": "3116",
                            "flavor_name": "ng.c.16u",
                            "force_delete": "false",
                            "id": "567731fa-4f7b-4b6f-b054-2d72b281f467",
                            "image_id": "9da95274-3b23-49b0-a341-fd72b5afd3a7",
                            "image_name": "ComcastCloud-CentOS-7-20190603",
                            "key_pair": "pcmm-production",
                            "metadata.%": "1",
                            "metadata.this": "that",
                            "name": "pr-rxctrl-po-a-002",
                            "network.#": "1",
                            "network.0.access_network": "true",
                            "network.0.fixed_ip_v4": "96.116.163.180",
                            "network.0.fixed_ip_v6": "[2001:558:fc1c:1:f816:3eff:fe1b:caf5]",
                            "network.0.floating_ip": "",
                            "network.0.mac": "fa:16:3e:1b:ca:f5",
                            "network.0.name": "Public_AGILE",
                            "network.0.port": "7f367995-6448-424a-b563-b417e6efcfba",
                            "network.0.uuid": "5762b250-6836-4412-9221-ab2f0fb0dce5",
                            "power_state": "active",
                            "region": "PO-A",
                            "security_groups.#": "5",
                            "security_groups.2407987581": "mw_access",
                            "security_groups.2463477863": "mongo_access",
                            "security_groups.2511514758": "inter_instance_comm",
                            "security_groups.3814588639": "default",
                            "security_groups.3914474095": "dashboard_access",
                            "stop_before_destroy": "false",
                            "user_data": "aa640be88987a536d3be6305632079b67e6a20b0"
                        },
                        "meta": {
                            "e2bfb730-ecaa-11e6-8f88-34363bc7c4c0": {
                                "create": 1800000000000,
                                "delete": 1800000000000,
                                "update": 1800000000000
                            }
                        },
                        "tainted": false
                    },
                    "deposed": [],
                    "provider": "provider.openstack"
                },
                "openstack_compute_instance_v2.pr-rxctrl-po-a-003": {
                    "type": "openstack_compute_instance_v2",
                    "depends_on": [
                        "data.template_file.user_add.*",
                        "openstack_networking_port_v2.pr-rxctrl-po-a-003_port.*"
                    ],
                    "primary": {
                        "id": "ee3f7091-c574-4cbe-bce7-67afc7e65dc2",
                        "attributes": {
                            "access_ip_v4": "96.116.163.181",
                            "access_ip_v6": "[2001:558:fc1c:1:f816:3eff:fe3e:38d5]",
                            "all_metadata.%": "1",
                            "all_metadata.this": "that",
                            "availability_zone": "nova",
                            "flavor_id": "3116",
                            "flavor_name": "ng.c.16u",
                            "force_delete": "false",
                            "id": "ee3f7091-c574-4cbe-bce7-67afc7e65dc2",
                            "image_id": "9da95274-3b23-49b0-a341-fd72b5afd3a7",
                            "image_name": "ComcastCloud-CentOS-7-20190603",
                            "key_pair": "pcmm-production",
                            "metadata.%": "1",
                            "metadata.this": "that",
                            "name": "pr-rxctrl-po-a-003",
                            "network.#": "1",
                            "network.0.access_network": "true",
                            "network.0.fixed_ip_v4": "96.116.163.181",
                            "network.0.fixed_ip_v6": "[2001:558:fc1c:1:f816:3eff:fe3e:38d5]",
                            "network.0.floating_ip": "",
                            "network.0.mac": "fa:16:3e:3e:38:d5",
                            "network.0.name": "Public_AGILE",
                            "network.0.port": "d0d4eaec-197a-41a6-a8b9-72fad070690b",
                            "network.0.uuid": "5762b250-6836-4412-9221-ab2f0fb0dce5",
                            "power_state": "active",
                            "region": "PO-A",
                            "security_groups.#": "5",
                            "security_groups.2407987581": "mw_access",
                            "security_groups.2463477863": "mongo_access",
                            "security_groups.2511514758": "inter_instance_comm",
                            "security_groups.3814588639": "default",
                            "security_groups.3914474095": "dashboard_access",
                            "stop_before_destroy": "false",
                            "user_data": "aa640be88987a536d3be6305632079b67e6a20b0"
                        },
                        "meta": {
                            "e2bfb730-ecaa-11e6-8f88-34363bc7c4c0": {
                                "create": 1800000000000,
                                "delete": 1800000000000,
                                "update": 1800000000000
                            }
                        },
                        "tainted": false
                    },
                    "deposed": [],
                    "provider": "provider.openstack"
                },
                "openstack_compute_instance_v2.pr-rxctrl-po-a-004": {
                    "type": "openstack_compute_instance_v2",
                    "depends_on": [
                        "data.template_file.user_add.*",
                        "openstack_networking_port_v2.pr-rxctrl-po-a-004_port.*"
                    ],
                    "primary": {
                        "id": "d3e19a3c-5fb0-468a-b569-59697e6e9e19",
                        "attributes": {
                            "access_ip_v4": "96.116.163.182",
                            "access_ip_v6": "[2001:558:fc1c:1:f816:3eff:fe1a:3270]",
                            "all_metadata.%": "1",
                            "all_metadata.this": "that",
                            "availability_zone": "nova",
                            "flavor_id": "3116",
                            "flavor_name": "ng.c.16u",
                            "force_delete": "false",
                            "id": "d3e19a3c-5fb0-468a-b569-59697e6e9e19",
                            "image_id": "9da95274-3b23-49b0-a341-fd72b5afd3a7",
                            "image_name": "ComcastCloud-CentOS-7-20190603",
                            "key_pair": "pcmm-production",
                            "metadata.%": "1",
                            "metadata.this": "that",
                            "name": "pr-rxctrl-po-a-004",
                            "network.#": "1",
                            "network.0.access_network": "true",
                            "network.0.fixed_ip_v4": "96.116.163.182",
                            "network.0.fixed_ip_v6": "[2001:558:fc1c:1:f816:3eff:fe1a:3270]",
                            "network.0.floating_ip": "",
                            "network.0.mac": "fa:16:3e:1a:32:70",
                            "network.0.name": "Public_AGILE",
                            "network.0.port": "b9a09d28-6f45-46ee-9f19-e79c9b1330d6",
                            "network.0.uuid": "5762b250-6836-4412-9221-ab2f0fb0dce5",
                            "power_state": "active",
                            "region": "PO-A",
                            "security_groups.#": "5",
                            "security_groups.2407987581": "mw_access",
                            "security_groups.2463477863": "mongo_access",
                            "security_groups.2511514758": "inter_instance_comm",
                            "security_groups.3814588639": "default",
                            "security_groups.3914474095": "dashboard_access",
                            "stop_before_destroy": "false",
                            "user_data": "aa640be88987a536d3be6305632079b67e6a20b0"
                        },
                        "meta": {
                            "e2bfb730-ecaa-11e6-8f88-34363bc7c4c0": {
                                "create": 1800000000000,
                                "delete": 1800000000000,
                                "update": 1800000000000
                            }
                        },
                        "tainted": false
                    },
                    "deposed": [],
                    "provider": "provider.openstack"
                },
                "openstack_compute_instance_v2.pr-rxctrl-po-a-005": {
                    "type": "openstack_compute_instance_v2",
                    "depends_on": [
                        "data.template_file.user_add.*",
                        "openstack_networking_port_v2.pr-rxctrl-po-a-005_port.*"
                    ],
                    "primary": {
                        "id": "92189b9c-a23e-49ba-a6a8-5500b2f52b04",
                        "attributes": {
                            "access_ip_v4": "96.116.163.183",
                            "access_ip_v6": "[2001:558:fc1c:1:f816:3eff:fe0a:3d08]",
                            "all_metadata.%": "1",
                            "all_metadata.this": "that",
                            "availability_zone": "nova",
                            "flavor_id": "3116",
                            "flavor_name": "ng.c.16u",
                            "force_delete": "false",
                            "id": "92189b9c-a23e-49ba-a6a8-5500b2f52b04",
                            "image_id": "9da95274-3b23-49b0-a341-fd72b5afd3a7",
                            "image_name": "ComcastCloud-CentOS-7-20190603",
                            "key_pair": "pcmm-production",
                            "metadata.%": "1",
                            "metadata.this": "that",
                            "name": "pr-rxctrl-po-a-005",
                            "network.#": "1",
                            "network.0.access_network": "true",
                            "network.0.fixed_ip_v4": "96.116.163.183",
                            "network.0.fixed_ip_v6": "[2001:558:fc1c:1:f816:3eff:fe0a:3d08]",
                            "network.0.floating_ip": "",
                            "network.0.mac": "fa:16:3e:0a:3d:08",
                            "network.0.name": "Public_AGILE",
                            "network.0.port": "744e5c11-02c4-47aa-abea-eeb1791fdc8f",
                            "network.0.uuid": "5762b250-6836-4412-9221-ab2f0fb0dce5",
                            "power_state": "active",
                            "region": "PO-A",
                            "security_groups.#": "5",
                            "security_groups.2407987581": "mw_access",
                            "security_groups.2463477863": "mongo_access",
                            "security_groups.2511514758": "inter_instance_comm",
                            "security_groups.3814588639": "default",
                            "security_groups.3914474095": "dashboard_access",
                            "stop_before_destroy": "false",
                            "user_data": "aa640be88987a536d3be6305632079b67e6a20b0"
                        },
                        "meta": {
                            "e2bfb730-ecaa-11e6-8f88-34363bc7c4c0": {
                                "create": 1800000000000,
                                "delete": 1800000000000,
                                "update": 1800000000000
                            }
                        },
                        "tainted": false
                    },
                    "deposed": [],
                    "provider": "provider.openstack"
                },
                "openstack_compute_instance_v2.pr-rxctrl-po-a-006": {
                    "type": "openstack_compute_instance_v2",
                    "depends_on": [
                        "data.template_file.user_add.*",
                        "openstack_networking_port_v2.pr-rxctrl-po-a-006_port.*"
                    ],
                    "primary": {
                        "id": "d7b57a85-894c-4d57-8e68-9a9b928b571c",
                        "attributes": {
                            "access_ip_v4": "96.116.163.184",
                            "access_ip_v6": "[2001:558:fc1c:1:f816:3eff:feb8:4936]",
                            "all_metadata.%": "1",
                            "all_metadata.this": "that",
                            "availability_zone": "nova",
                            "flavor_id": "3116",
                            "flavor_name": "ng.c.16u",
                            "force_delete": "false",
                            "id": "d7b57a85-894c-4d57-8e68-9a9b928b571c",
                            "image_id": "9da95274-3b23-49b0-a341-fd72b5afd3a7",
                            "image_name": "ComcastCloud-CentOS-7-20190603",
                            "key_pair": "pcmm-production",
                            "metadata.%": "1",
                            "metadata.this": "that",
                            "name": "pr-rxctrl-po-a-006",
                            "network.#": "1",
                            "network.0.access_network": "true",
                            "network.0.fixed_ip_v4": "96.116.163.184",
                            "network.0.fixed_ip_v6": "[2001:558:fc1c:1:f816:3eff:feb8:4936]",
                            "network.0.floating_ip": "",
                            "network.0.mac": "fa:16:3e:b8:49:36",
                            "network.0.name": "Public_AGILE",
                            "network.0.port": "0c358739-1783-4806-898b-93131facc5a4",
                            "network.0.uuid": "5762b250-6836-4412-9221-ab2f0fb0dce5",
                            "power_state": "active",
                            "region": "PO-A",
                            "security_groups.#": "5",
                            "security_groups.2407987581": "mw_access",
                            "security_groups.2463477863": "mongo_access",
                            "security_groups.2511514758": "inter_instance_comm",
                            "security_groups.3814588639": "default",
                            "security_groups.3914474095": "dashboard_access",
                            "stop_before_destroy": "false",
                            "user_data": "aa640be88987a536d3be6305632079b67e6a20b0"
                        },
                        "meta": {
                            "e2bfb730-ecaa-11e6-8f88-34363bc7c4c0": {
                                "create": 1800000000000,
                                "delete": 1800000000000,
                                "update": 1800000000000
                            }
                        },
                        "tainted": false
                    },
                    "deposed": [],
                    "provider": "provider.openstack"
                },
                "openstack_compute_instance_v2.pr-rxctrl-po-a-007": {
                    "type": "openstack_compute_instance_v2",
                    "depends_on": [
                        "data.template_file.user_add.*",
                        "openstack_networking_port_v2.pr-rxctrl-po-a-007_port.*"
                    ],
                    "primary": {
                        "id": "21ef72fe-082e-429b-8f83-5f8c048b85d3",
                        "attributes": {
                            "access_ip_v4": "96.116.163.185",
                            "access_ip_v6": "[2001:558:fc1c:1:f816:3eff:fe78:9440]",
                            "all_metadata.%": "1",
                            "all_metadata.this": "that",
                            "availability_zone": "nova",
                            "flavor_id": "3116",
                            "flavor_name": "ng.c.16u",
                            "force_delete": "false",
                            "id": "21ef72fe-082e-429b-8f83-5f8c048b85d3",
                            "image_id": "9da95274-3b23-49b0-a341-fd72b5afd3a7",
                            "image_name": "ComcastCloud-CentOS-7-20190603",
                            "key_pair": "pcmm-production",
                            "metadata.%": "1",
                            "metadata.this": "that",
                            "name": "pr-rxctrl-po-a-007",
                            "network.#": "1",
                            "network.0.access_network": "true",
                            "network.0.fixed_ip_v4": "96.116.163.185",
                            "network.0.fixed_ip_v6": "[2001:558:fc1c:1:f816:3eff:fe78:9440]",
                            "network.0.floating_ip": "",
                            "network.0.mac": "fa:16:3e:78:94:40",
                            "network.0.name": "Public_AGILE",
                            "network.0.port": "17088f57-fcb2-4d0f-9050-9ddeceaee987",
                            "network.0.uuid": "5762b250-6836-4412-9221-ab2f0fb0dce5",
                            "power_state": "active",
                            "region": "PO-A",
                            "security_groups.#": "5",
                            "security_groups.2407987581": "mw_access",
                            "security_groups.2463477863": "mongo_access",
                            "security_groups.2511514758": "inter_instance_comm",
                            "security_groups.3814588639": "default",
                            "security_groups.3914474095": "dashboard_access",
                            "stop_before_destroy": "false",
                            "user_data": "aa640be88987a536d3be6305632079b67e6a20b0"
                        },
                        "meta": {
                            "e2bfb730-ecaa-11e6-8f88-34363bc7c4c0": {
                                "create": 1800000000000,
                                "delete": 1800000000000,
                                "update": 1800000000000
                            }
                        },
                        "tainted": false
                    },
                    "deposed": [],
                    "provider": "provider.openstack"
                },
                "openstack_compute_instance_v2.pr-rxctrl-po-a-008": {
                    "type": "openstack_compute_instance_v2",
                    "depends_on": [
                        "data.template_file.user_add.*",
                        "openstack_networking_port_v2.pr-rxctrl-po-a-008_port.*"
                    ],
                    "primary": {
                        "id": "a0f9c3a0-592b-4165-b739-93e1fdf1dad3",
                        "attributes": {
                            "access_ip_v4": "96.116.163.186",
                            "access_ip_v6": "[2001:558:fc1c:1:f816:3eff:fe24:54c1]",
                            "all_metadata.%": "1",
                            "all_metadata.this": "that",
                            "availability_zone": "nova",
                            "flavor_id": "3116",
                            "flavor_name": "ng.c.16u",
                            "force_delete": "false",
                            "id": "a0f9c3a0-592b-4165-b739-93e1fdf1dad3",
                            "image_id": "9da95274-3b23-49b0-a341-fd72b5afd3a7",
                            "image_name": "ComcastCloud-CentOS-7-20190603",
                            "key_pair": "pcmm-production",
                            "metadata.%": "1",
                            "metadata.this": "that",
                            "name": "pr-rxctrl-po-a-008",
                            "network.#": "1",
                            "network.0.access_network": "true",
                            "network.0.fixed_ip_v4": "96.116.163.186",
                            "network.0.fixed_ip_v6": "[2001:558:fc1c:1:f816:3eff:fe24:54c1]",
                            "network.0.floating_ip": "",
                            "network.0.mac": "fa:16:3e:24:54:c1",
                            "network.0.name": "Public_AGILE",
                            "network.0.port": "2ad71d3b-8483-4d08-b64b-6948fe511a80",
                            "network.0.uuid": "5762b250-6836-4412-9221-ab2f0fb0dce5",
                            "power_state": "active",
                            "region": "PO-A",
                            "security_groups.#": "5",
                            "security_groups.2407987581": "mw_access",
                            "security_groups.2463477863": "mongo_access",
                            "security_groups.2511514758": "inter_instance_comm",
                            "security_groups.3814588639": "default",
                            "security_groups.3914474095": "dashboard_access",
                            "stop_before_destroy": "false",
                            "user_data": "aa640be88987a536d3be6305632079b67e6a20b0"
                        },
                        "meta": {
                            "e2bfb730-ecaa-11e6-8f88-34363bc7c4c0": {
                                "create": 1800000000000,
                                "delete": 1800000000000,
                                "update": 1800000000000
                            }
                        },
                        "tainted": false
                    },
                    "deposed": [],
                    "provider": "provider.openstack"
                },
                "openstack_compute_instance_v2.pr-rxctrl-po-a-009": {
                    "type": "openstack_compute_instance_v2",
                    "depends_on": [
                        "data.template_file.user_add.*",
                        "openstack_networking_port_v2.pr-rxctrl-po-a-009_port.*"
                    ],
                    "primary": {
                        "id": "48f00ec8-626e-4169-be56-f8670763f1be",
                        "attributes": {
                            "access_ip_v4": "96.116.163.187",
                            "access_ip_v6": "[2001:558:fc1c:1:f816:3eff:fef4:72b0]",
                            "all_metadata.%": "1",
                            "all_metadata.this": "that",
                            "availability_zone": "nova",
                            "flavor_id": "3116",
                            "flavor_name": "ng.c.16u",
                            "force_delete": "false",
                            "id": "48f00ec8-626e-4169-be56-f8670763f1be",
                            "image_id": "9da95274-3b23-49b0-a341-fd72b5afd3a7",
                            "image_name": "ComcastCloud-CentOS-7-20190603",
                            "key_pair": "pcmm-production",
                            "metadata.%": "1",
                            "metadata.this": "that",
                            "name": "pr-rxctrl-po-a-009",
                            "network.#": "1",
                            "network.0.access_network": "true",
                            "network.0.fixed_ip_v4": "96.116.163.187",
                            "network.0.fixed_ip_v6": "[2001:558:fc1c:1:f816:3eff:fef4:72b0]",
                            "network.0.floating_ip": "",
                            "network.0.mac": "fa:16:3e:f4:72:b0",
                            "network.0.name": "Public_AGILE",
                            "network.0.port": "5bbbc2a3-6ae5-4f59-89f5-007bcc3b6b24",
                            "network.0.uuid": "5762b250-6836-4412-9221-ab2f0fb0dce5",
                            "power_state": "active",
                            "region": "PO-A",
                            "security_groups.#": "5",
                            "security_groups.2407987581": "mw_access",
                            "security_groups.2463477863": "mongo_access",
                            "security_groups.2511514758": "inter_instance_comm",
                            "security_groups.3814588639": "default",
                            "security_groups.3914474095": "dashboard_access",
                            "stop_before_destroy": "false",
                            "user_data": "aa640be88987a536d3be6305632079b67e6a20b0"
                        },
                        "meta": {
                            "e2bfb730-ecaa-11e6-8f88-34363bc7c4c0": {
                                "create": 1800000000000,
                                "delete": 1800000000000,
                                "update": 1800000000000
                            }
                        },
                        "tainted": false
                    },
                    "deposed": [],
                    "provider": "provider.openstack"
                },
                "openstack_compute_instance_v2.pr-vcfg-po-a-001": {
                    "type": "openstack_compute_instance_v2",
                    "depends_on": [
                        "data.template_file.user_add.*",
                        "openstack_networking_port_v2.pr-vcfg-po-a-001_port.*"
                    ],
                    "primary": {
                        "id": "1c9f213a-d917-46a8-863a-fa8628ec56de",
                        "attributes": {
                            "access_ip_v4": "96.116.163.235",
                            "access_ip_v6": "[2001:558:fc1c:1:f816:3eff:fee9:d6a5]",
                            "all_metadata.%": "1",
                            "all_metadata.this": "that",
                            "availability_zone": "nova",
                            "flavor_id": "3116",
                            "flavor_name": "ng.c.16u",
                            "force_delete": "false",
                            "id": "1c9f213a-d917-46a8-863a-fa8628ec56de",
                            "image_id": "9da95274-3b23-49b0-a341-fd72b5afd3a7",
                            "image_name": "ComcastCloud-CentOS-7-20190603",
                            "key_pair": "pcmm-production",
                            "metadata.%": "1",
                            "metadata.this": "that",
                            "name": "pr-vcfg-po-a-001",
                            "network.#": "1",
                            "network.0.access_network": "true",
                            "network.0.fixed_ip_v4": "96.116.163.235",
                            "network.0.fixed_ip_v6": "[2001:558:fc1c:1:f816:3eff:fee9:d6a5]",
                            "network.0.floating_ip": "",
                            "network.0.mac": "fa:16:3e:e9:d6:a5",
                            "network.0.name": "Public_AGILE",
                            "network.0.port": "25c3b661-1634-4cc6-a16a-42ec59f932bd",
                            "network.0.uuid": "5762b250-6836-4412-9221-ab2f0fb0dce5",
                            "power_state": "active",
                            "region": "PO-A",
                            "security_groups.#": "5",
                            "security_groups.2407987581": "mw_access",
                            "security_groups.2463477863": "mongo_access",
                            "security_groups.2511514758": "inter_instance_comm",
                            "security_groups.3814588639": "default",
                            "security_groups.3914474095": "dashboard_access",
                            "stop_before_destroy": "false",
                            "user_data": "aa640be88987a536d3be6305632079b67e6a20b0"
                        },
                        "meta": {
                            "e2bfb730-ecaa-11e6-8f88-34363bc7c4c0": {
                                "create": 1800000000000,
                                "delete": 1800000000000,
                                "update": 1800000000000
                            }
                        },
                        "tainted": false
                    },
                    "deposed": [],
                    "provider": "provider.openstack"
                },
                "openstack_compute_instance_v2.pr-wcfg-po-a-001": {
                    "type": "openstack_compute_instance_v2",
                    "depends_on": [
                        "data.template_file.user_add.*",
                        "openstack_networking_port_v2.pr-wcfg-po-a-001_port.*"
                    ],
                    "primary": {
                        "id": "5e794eca-eed2-474f-8163-fe9fbb95a074",
                        "attributes": {
                            "access_ip_v4": "96.116.163.220",
                            "access_ip_v6": "[2001:558:fc1c:1:f816:3eff:fe51:46c0]",
                            "all_metadata.%": "1",
                            "all_metadata.this": "that",
                            "availability_zone": "nova",
                            "flavor_id": "3116",
                            "flavor_name": "ng.c.16u",
                            "force_delete": "false",
                            "id": "5e794eca-eed2-474f-8163-fe9fbb95a074",
                            "image_id": "9da95274-3b23-49b0-a341-fd72b5afd3a7",
                            "image_name": "ComcastCloud-CentOS-7-20190603",
                            "key_pair": "pcmm-production",
                            "metadata.%": "1",
                            "metadata.this": "that",
                            "name": "pr-wcfg-po-a-001",
                            "network.#": "1",
                            "network.0.access_network": "true",
                            "network.0.fixed_ip_v4": "96.116.163.220",
                            "network.0.fixed_ip_v6": "[2001:558:fc1c:1:f816:3eff:fe51:46c0]",
                            "network.0.floating_ip": "",
                            "network.0.mac": "fa:16:3e:51:46:c0",
                            "network.0.name": "Public_AGILE",
                            "network.0.port": "ae9f59de-fb47-468e-9e41-71b463a2fd14",
                            "network.0.uuid": "5762b250-6836-4412-9221-ab2f0fb0dce5",
                            "power_state": "active",
                            "region": "PO-A",
                            "security_groups.#": "5",
                            "security_groups.2407987581": "mw_access",
                            "security_groups.2463477863": "mongo_access",
                            "security_groups.2511514758": "inter_instance_comm",
                            "security_groups.3814588639": "default",
                            "security_groups.3914474095": "dashboard_access",
                            "stop_before_destroy": "false",
                            "user_data": "aa640be88987a536d3be6305632079b67e6a20b0"
                        },
                        "meta": {
                            "e2bfb730-ecaa-11e6-8f88-34363bc7c4c0": {
                                "create": 1800000000000,
                                "delete": 1800000000000,
                                "update": 1800000000000
                            }
                        },
                        "tainted": false
                    },
                    "deposed": [],
                    "provider": "provider.openstack"
                },
                "openstack_compute_instance_v2.pr-wrtc-po-a-001": {
                    "type": "openstack_compute_instance_v2",
                    "depends_on": [
                        "data.template_file.user_add.*",
                        "openstack_networking_port_v2.pr-wrtc-po-a-001_port.*"
                    ],
                    "primary": {
                        "id": "cb446ca1-53aa-42e6-b4cc-d158db083bef",
                        "attributes": {
                            "access_ip_v4": "96.116.160.32",
                            "access_ip_v6": "[2001:558:fc1c:1:f816:3eff:fe3c:e1e0]",
                            "all_metadata.%": "1",
                            "all_metadata.this": "that",
                            "availability_zone": "nova",
                            "flavor_id": "3116",
                            "flavor_name": "ng.c.16u",
                            "force_delete": "false",
                            "id": "cb446ca1-53aa-42e6-b4cc-d158db083bef",
                            "image_id": "9da95274-3b23-49b0-a341-fd72b5afd3a7",
                            "image_name": "ComcastCloud-CentOS-7-20190603",
                            "key_pair": "pcmm-production",
                            "metadata.%": "1",
                            "metadata.this": "that",
                            "name": "pr-wrtc-po-a-001",
                            "network.#": "1",
                            "network.0.access_network": "true",
                            "network.0.fixed_ip_v4": "96.116.160.32",
                            "network.0.fixed_ip_v6": "[2001:558:fc1c:1:f816:3eff:fe3c:e1e0]",
                            "network.0.floating_ip": "",
                            "network.0.mac": "fa:16:3e:3c:e1:e0",
                            "network.0.name": "Public_AGILE",
                            "network.0.port": "e083e0e5-c778-4bb1-b8d0-f4d711d93eb1",
                            "network.0.uuid": "5762b250-6836-4412-9221-ab2f0fb0dce5",
                            "power_state": "active",
                            "region": "PO-A",
                            "security_groups.#": "5",
                            "security_groups.2407987581": "mw_access",
                            "security_groups.2463477863": "mongo_access",
                            "security_groups.2511514758": "inter_instance_comm",
                            "security_groups.3814588639": "default",
                            "security_groups.3914474095": "dashboard_access",
                            "stop_before_destroy": "false",
                            "user_data": "aa640be88987a536d3be6305632079b67e6a20b0"
                        },
                        "meta": {
                            "e2bfb730-ecaa-11e6-8f88-34363bc7c4c0": {
                                "create": 1800000000000,
                                "delete": 1800000000000,
                                "update": 1800000000000
                            }
                        },
                        "tainted": false
                    },
                    "deposed": [],
                    "provider": "provider.openstack"
                },
                "openstack_networking_port_v2.pr-ibn-po-a-001_port": {
                    "type": "openstack_networking_port_v2",
                    "depends_on": [],
                    "primary": {
                        "id": "dad7b646-dcfa-415a-9ed8-3a664ceffb86",
                        "attributes": {
                            "admin_state_up": "true",
                            "all_fixed_ips.#": "2",
                            "all_fixed_ips.0": "2001:558:fc1c:1:f816:3eff:fe98:5c5c",
                            "all_fixed_ips.1": "96.116.163.161",
                            "all_security_group_ids.#": "5",
                            "all_security_group_ids.218396188": "182eea8e-75bb-45f9-8caf-b39e5fbd0ce9",
                            "all_security_group_ids.2235587030": "f97fafae-8f94-4439-83b2-c6c384b36a05",
                            "all_security_group_ids.3358142173": "38c6a7ce-7577-48a9-9be5-8bd6a556fdeb",
                            "all_security_group_ids.536629398": "c796569c-5597-4d05-8e8b-49e81ec7d1f6",
                            "all_security_group_ids.86802297": "cafb37a0-16c8-4e51-b695-2be0536479a2",
                            "all_tags.#": "0",
                            "allowed_address_pairs.#": "0",
                            "description": "",
                            "device_id": "",
                            "device_owner": "",
                            "extra_dhcp_option.#": "0",
                            "id": "dad7b646-dcfa-415a-9ed8-3a664ceffb86",
                            "mac_address": "fa:16:3e:98:5c:5c",
                            "name": "pr-ibn-po-a-001",
                            "network_id": "5762b250-6836-4412-9221-ab2f0fb0dce5",
                            "region": "",
                            "tags.#": "0",
                            "tenant_id": "4f48234704814516b00f34712c55c4a2"
                        },
                        "meta": {
                            "e2bfb730-ecaa-11e6-8f88-34363bc7c4c0": {
                                "create": 600000000000,
                                "delete": 600000000000
                            }
                        },
                        "tainted": false
                    },
                    "deposed": [],
                    "provider": "provider.openstack"
                },
                "openstack_networking_port_v2.pr-ibnctrl-po-a-001_port": {
                    "type": "openstack_networking_port_v2",
                    "depends_on": [],
                    "primary": {
                        "id": "2d68e1fe-62d6-4360-9b2d-428b85db0783",
                        "attributes": {
                            "admin_state_up": "true",
                            "all_fixed_ips.#": "2",
                            "all_fixed_ips.0": "2001:558:fc1c:1:f816:3eff:fe45:47ad",
                            "all_fixed_ips.1": "96.116.163.196",
                            "all_security_group_ids.#": "5",
                            "all_security_group_ids.218396188": "182eea8e-75bb-45f9-8caf-b39e5fbd0ce9",
                            "all_security_group_ids.2235587030": "f97fafae-8f94-4439-83b2-c6c384b36a05",
                            "all_security_group_ids.3358142173": "38c6a7ce-7577-48a9-9be5-8bd6a556fdeb",
                            "all_security_group_ids.536629398": "c796569c-5597-4d05-8e8b-49e81ec7d1f6",
                            "all_security_group_ids.86802297": "cafb37a0-16c8-4e51-b695-2be0536479a2",
                            "all_tags.#": "0",
                            "allowed_address_pairs.#": "0",
                            "description": "",
                            "device_id": "",
                            "device_owner": "",
                            "extra_dhcp_option.#": "0",
                            "id": "2d68e1fe-62d6-4360-9b2d-428b85db0783",
                            "mac_address": "fa:16:3e:45:47:ad",
                            "name": "pr-ibnctrl-po-a-001",
                            "network_id": "5762b250-6836-4412-9221-ab2f0fb0dce5",
                            "region": "",
                            "tags.#": "0",
                            "tenant_id": "4f48234704814516b00f34712c55c4a2"
                        },
                        "meta": {
                            "e2bfb730-ecaa-11e6-8f88-34363bc7c4c0": {
                                "create": 600000000000,
                                "delete": 600000000000
                            }
                        },
                        "tainted": false
                    },
                    "deposed": [],
                    "provider": "provider.openstack"
                },
                "openstack_networking_port_v2.pr-ibnctrl-po-a-002_port": {
                    "type": "openstack_networking_port_v2",
                    "depends_on": [],
                    "primary": {
                        "id": "d7e3092e-3a7b-4553-87f9-7ee4e64d02cf",
                        "attributes": {
                            "admin_state_up": "true",
                            "all_fixed_ips.#": "2",
                            "all_fixed_ips.0": "2001:558:fc1c:1:f816:3eff:febd:43a8",
                            "all_fixed_ips.1": "96.116.163.198",
                            "all_security_group_ids.#": "5",
                            "all_security_group_ids.218396188": "182eea8e-75bb-45f9-8caf-b39e5fbd0ce9",
                            "all_security_group_ids.2235587030": "f97fafae-8f94-4439-83b2-c6c384b36a05",
                            "all_security_group_ids.3358142173": "38c6a7ce-7577-48a9-9be5-8bd6a556fdeb",
                            "all_security_group_ids.536629398": "c796569c-5597-4d05-8e8b-49e81ec7d1f6",
                            "all_security_group_ids.86802297": "cafb37a0-16c8-4e51-b695-2be0536479a2",
                            "all_tags.#": "0",
                            "allowed_address_pairs.#": "0",
                            "description": "",
                            "device_id": "",
                            "device_owner": "",
                            "extra_dhcp_option.#": "0",
                            "id": "d7e3092e-3a7b-4553-87f9-7ee4e64d02cf",
                            "mac_address": "fa:16:3e:bd:43:a8",
                            "name": "pr-ibnctrl-po-a-002",
                            "network_id": "5762b250-6836-4412-9221-ab2f0fb0dce5",
                            "region": "",
                            "tags.#": "0",
                            "tenant_id": "4f48234704814516b00f34712c55c4a2"
                        },
                        "meta": {
                            "e2bfb730-ecaa-11e6-8f88-34363bc7c4c0": {
                                "create": 600000000000,
                                "delete": 600000000000
                            }
                        },
                        "tainted": false
                    },
                    "deposed": [],
                    "provider": "provider.openstack"
                },
                "openstack_networking_port_v2.pr-ibnctrl-po-a-003_port": {
                    "type": "openstack_networking_port_v2",
                    "depends_on": [],
                    "primary": {
                        "id": "6f5212d4-96b8-4415-8e86-59a431e7c363",
                        "attributes": {
                            "admin_state_up": "true",
                            "all_fixed_ips.#": "2",
                            "all_fixed_ips.0": "2001:558:fc1c:1:f816:3eff:fe16:5063",
                            "all_fixed_ips.1": "96.116.163.199",
                            "all_security_group_ids.#": "5",
                            "all_security_group_ids.218396188": "182eea8e-75bb-45f9-8caf-b39e5fbd0ce9",
                            "all_security_group_ids.2235587030": "f97fafae-8f94-4439-83b2-c6c384b36a05",
                            "all_security_group_ids.3358142173": "38c6a7ce-7577-48a9-9be5-8bd6a556fdeb",
                            "all_security_group_ids.536629398": "c796569c-5597-4d05-8e8b-49e81ec7d1f6",
                            "all_security_group_ids.86802297": "cafb37a0-16c8-4e51-b695-2be0536479a2",
                            "all_tags.#": "0",
                            "allowed_address_pairs.#": "0",
                            "description": "",
                            "device_id": "",
                            "device_owner": "",
                            "extra_dhcp_option.#": "0",
                            "id": "6f5212d4-96b8-4415-8e86-59a431e7c363",
                            "mac_address": "fa:16:3e:16:50:63",
                            "name": "pr-ibnctrl-po-a-003",
                            "network_id": "5762b250-6836-4412-9221-ab2f0fb0dce5",
                            "region": "",
                            "tags.#": "0",
                            "tenant_id": "4f48234704814516b00f34712c55c4a2"
                        },
                        "meta": {
                            "e2bfb730-ecaa-11e6-8f88-34363bc7c4c0": {
                                "create": 600000000000,
                                "delete": 600000000000
                            }
                        },
                        "tainted": false
                    },
                    "deposed": [],
                    "provider": "provider.openstack"
                },
                "openstack_networking_port_v2.pr-ibnctrl-po-a-004_port": {
                    "type": "openstack_networking_port_v2",
                    "depends_on": [],
                    "primary": {
                        "id": "d86e67d7-f9b1-49e7-bd3f-7310a78f265a",
                        "attributes": {
                            "admin_state_up": "true",
                            "all_fixed_ips.#": "2",
                            "all_fixed_ips.0": "2001:558:fc1c:1:f816:3eff:fe26:7593",
                            "all_fixed_ips.1": "96.116.163.201",
                            "all_security_group_ids.#": "5",
                            "all_security_group_ids.218396188": "182eea8e-75bb-45f9-8caf-b39e5fbd0ce9",
                            "all_security_group_ids.2235587030": "f97fafae-8f94-4439-83b2-c6c384b36a05",
                            "all_security_group_ids.3358142173": "38c6a7ce-7577-48a9-9be5-8bd6a556fdeb",
                            "all_security_group_ids.536629398": "c796569c-5597-4d05-8e8b-49e81ec7d1f6",
                            "all_security_group_ids.86802297": "cafb37a0-16c8-4e51-b695-2be0536479a2",
                            "all_tags.#": "0",
                            "allowed_address_pairs.#": "0",
                            "description": "",
                            "device_id": "",
                            "device_owner": "",
                            "extra_dhcp_option.#": "0",
                            "id": "d86e67d7-f9b1-49e7-bd3f-7310a78f265a",
                            "mac_address": "fa:16:3e:26:75:93",
                            "name": "pr-ibnctrl-po-a-004",
                            "network_id": "5762b250-6836-4412-9221-ab2f0fb0dce5",
                            "region": "",
                            "tags.#": "0",
                            "tenant_id": "4f48234704814516b00f34712c55c4a2"
                        },
                        "meta": {
                            "e2bfb730-ecaa-11e6-8f88-34363bc7c4c0": {
                                "create": 600000000000,
                                "delete": 600000000000
                            }
                        },
                        "tainted": false
                    },
                    "deposed": [],
                    "provider": "provider.openstack"
                },
                "openstack_networking_port_v2.pr-icfg-po-a-001_port": {
                    "type": "openstack_networking_port_v2",
                    "depends_on": [],
                    "primary": {
                        "id": "da3926ae-cd74-4c43-9d6c-f1776dd01e4c",
                        "attributes": {
                            "admin_state_up": "true",
                            "all_fixed_ips.#": "2",
                            "all_fixed_ips.0": "2001:558:fc1c:1:f816:3eff:feb5:b07a",
                            "all_fixed_ips.1": "96.116.163.234",
                            "all_security_group_ids.#": "5",
                            "all_security_group_ids.218396188": "182eea8e-75bb-45f9-8caf-b39e5fbd0ce9",
                            "all_security_group_ids.2235587030": "f97fafae-8f94-4439-83b2-c6c384b36a05",
                            "all_security_group_ids.3358142173": "38c6a7ce-7577-48a9-9be5-8bd6a556fdeb",
                            "all_security_group_ids.536629398": "c796569c-5597-4d05-8e8b-49e81ec7d1f6",
                            "all_security_group_ids.86802297": "cafb37a0-16c8-4e51-b695-2be0536479a2",
                            "all_tags.#": "0",
                            "allowed_address_pairs.#": "0",
                            "description": "",
                            "device_id": "",
                            "device_owner": "",
                            "extra_dhcp_option.#": "0",
                            "id": "da3926ae-cd74-4c43-9d6c-f1776dd01e4c",
                            "mac_address": "fa:16:3e:b5:b0:7a",
                            "name": "pr-icfg-po-a-001",
                            "network_id": "5762b250-6836-4412-9221-ab2f0fb0dce5",
                            "region": "",
                            "tags.#": "0",
                            "tenant_id": "4f48234704814516b00f34712c55c4a2"
                        },
                        "meta": {
                            "e2bfb730-ecaa-11e6-8f88-34363bc7c4c0": {
                                "create": 600000000000,
                                "delete": 600000000000
                            }
                        },
                        "tainted": false
                    },
                    "deposed": [],
                    "provider": "provider.openstack"
                },
                "openstack_networking_port_v2.pr-rx-po-a-0010_port": {
                    "type": "openstack_networking_port_v2",
                    "depends_on": [],
                    "primary": {
                        "id": "dae5aa01-93d4-4a21-a9a5-e5b5b0ce14b4",
                        "attributes": {
                            "admin_state_up": "true",
                            "all_fixed_ips.#": "2",
                            "all_fixed_ips.0": "2001:558:fc1c:1:f816:3eff:fe5d:d498",
                            "all_fixed_ips.1": "96.116.163.223",
                            "all_security_group_ids.#": "5",
                            "all_security_group_ids.218396188": "182eea8e-75bb-45f9-8caf-b39e5fbd0ce9",
                            "all_security_group_ids.2235587030": "f97fafae-8f94-4439-83b2-c6c384b36a05",
                            "all_security_group_ids.3358142173": "38c6a7ce-7577-48a9-9be5-8bd6a556fdeb",
                            "all_security_group_ids.536629398": "c796569c-5597-4d05-8e8b-49e81ec7d1f6",
                            "all_security_group_ids.86802297": "cafb37a0-16c8-4e51-b695-2be0536479a2",
                            "all_tags.#": "0",
                            "allowed_address_pairs.#": "0",
                            "description": "",
                            "device_id": "",
                            "device_owner": "",
                            "extra_dhcp_option.#": "0",
                            "id": "dae5aa01-93d4-4a21-a9a5-e5b5b0ce14b4",
                            "mac_address": "fa:16:3e:5d:d4:98",
                            "name": "pr-rx-po-a-0010",
                            "network_id": "5762b250-6836-4412-9221-ab2f0fb0dce5",
                            "region": "",
                            "tags.#": "0",
                            "tenant_id": "4f48234704814516b00f34712c55c4a2"
                        },
                        "meta": {
                            "e2bfb730-ecaa-11e6-8f88-34363bc7c4c0": {
                                "create": 600000000000,
                                "delete": 600000000000
                            }
                        },
                        "tainted": false
                    },
                    "deposed": [],
                    "provider": "provider.openstack"
                },
                "openstack_networking_port_v2.pr-rx-po-a-0011_port": {
                    "type": "openstack_networking_port_v2",
                    "depends_on": [],
                    "primary": {
                        "id": "9ef54705-1fc8-4359-8e80-cc69417d98b8",
                        "attributes": {
                            "admin_state_up": "true",
                            "all_fixed_ips.#": "2",
                            "all_fixed_ips.0": "2001:558:fc1c:1:f816:3eff:fe0d:7a56",
                            "all_fixed_ips.1": "96.116.163.224",
                            "all_security_group_ids.#": "5",
                            "all_security_group_ids.218396188": "182eea8e-75bb-45f9-8caf-b39e5fbd0ce9",
                            "all_security_group_ids.2235587030": "f97fafae-8f94-4439-83b2-c6c384b36a05",
                            "all_security_group_ids.3358142173": "38c6a7ce-7577-48a9-9be5-8bd6a556fdeb",
                            "all_security_group_ids.536629398": "c796569c-5597-4d05-8e8b-49e81ec7d1f6",
                            "all_security_group_ids.86802297": "cafb37a0-16c8-4e51-b695-2be0536479a2",
                            "all_tags.#": "0",
                            "allowed_address_pairs.#": "0",
                            "description": "",
                            "device_id": "",
                            "device_owner": "",
                            "extra_dhcp_option.#": "0",
                            "id": "9ef54705-1fc8-4359-8e80-cc69417d98b8",
                            "mac_address": "fa:16:3e:0d:7a:56",
                            "name": "pr-rx-po-a-0011",
                            "network_id": "5762b250-6836-4412-9221-ab2f0fb0dce5",
                            "region": "",
                            "tags.#": "0",
                            "tenant_id": "4f48234704814516b00f34712c55c4a2"
                        },
                        "meta": {
                            "e2bfb730-ecaa-11e6-8f88-34363bc7c4c0": {
                                "create": 600000000000,
                                "delete": 600000000000
                            }
                        },
                        "tainted": false
                    },
                    "deposed": [],
                    "provider": "provider.openstack"
                },
                "openstack_networking_port_v2.pr-rx-po-a-0012_port": {
                    "type": "openstack_networking_port_v2",
                    "depends_on": [],
                    "primary": {
                        "id": "98c5a8a9-bbdd-4123-ae83-a38e8173be44",
                        "attributes": {
                            "admin_state_up": "true",
                            "all_fixed_ips.#": "2",
                            "all_fixed_ips.0": "2001:558:fc1c:1:f816:3eff:fe17:698a",
                            "all_fixed_ips.1": "96.116.163.230",
                            "all_security_group_ids.#": "5",
                            "all_security_group_ids.218396188": "182eea8e-75bb-45f9-8caf-b39e5fbd0ce9",
                            "all_security_group_ids.2235587030": "f97fafae-8f94-4439-83b2-c6c384b36a05",
                            "all_security_group_ids.3358142173": "38c6a7ce-7577-48a9-9be5-8bd6a556fdeb",
                            "all_security_group_ids.536629398": "c796569c-5597-4d05-8e8b-49e81ec7d1f6",
                            "all_security_group_ids.86802297": "cafb37a0-16c8-4e51-b695-2be0536479a2",
                            "all_tags.#": "0",
                            "allowed_address_pairs.#": "0",
                            "description": "",
                            "device_id": "",
                            "device_owner": "",
                            "extra_dhcp_option.#": "0",
                            "id": "98c5a8a9-bbdd-4123-ae83-a38e8173be44",
                            "mac_address": "fa:16:3e:17:69:8a",
                            "name": "pr-rx-po-a-0012",
                            "network_id": "5762b250-6836-4412-9221-ab2f0fb0dce5",
                            "region": "",
                            "tags.#": "0",
                            "tenant_id": "4f48234704814516b00f34712c55c4a2"
                        },
                        "meta": {
                            "e2bfb730-ecaa-11e6-8f88-34363bc7c4c0": {
                                "create": 600000000000,
                                "delete": 600000000000
                            }
                        },
                        "tainted": false
                    },
                    "deposed": [],
                    "provider": "provider.openstack"
                },
                "openstack_networking_port_v2.pr-rx-po-a-0013_port": {
                    "type": "openstack_networking_port_v2",
                    "depends_on": [],
                    "primary": {
                        "id": "c9091860-dc58-4c56-91f2-02232590b4f5",
                        "attributes": {
                            "admin_state_up": "true",
                            "all_fixed_ips.#": "2",
                            "all_fixed_ips.0": "2001:558:fc1c:1:f816:3eff:fe62:523",
                            "all_fixed_ips.1": "96.116.163.233",
                            "all_security_group_ids.#": "5",
                            "all_security_group_ids.218396188": "182eea8e-75bb-45f9-8caf-b39e5fbd0ce9",
                            "all_security_group_ids.2235587030": "f97fafae-8f94-4439-83b2-c6c384b36a05",
                            "all_security_group_ids.3358142173": "38c6a7ce-7577-48a9-9be5-8bd6a556fdeb",
                            "all_security_group_ids.536629398": "c796569c-5597-4d05-8e8b-49e81ec7d1f6",
                            "all_security_group_ids.86802297": "cafb37a0-16c8-4e51-b695-2be0536479a2",
                            "all_tags.#": "0",
                            "allowed_address_pairs.#": "0",
                            "description": "",
                            "device_id": "",
                            "device_owner": "",
                            "extra_dhcp_option.#": "0",
                            "id": "c9091860-dc58-4c56-91f2-02232590b4f5",
                            "mac_address": "fa:16:3e:62:05:23",
                            "name": "pr-rx-po-a-0013",
                            "network_id": "5762b250-6836-4412-9221-ab2f0fb0dce5",
                            "region": "",
                            "tags.#": "0",
                            "tenant_id": "4f48234704814516b00f34712c55c4a2"
                        },
                        "meta": {
                            "e2bfb730-ecaa-11e6-8f88-34363bc7c4c0": {
                                "create": 600000000000,
                                "delete": 600000000000
                            }
                        },
                        "tainted": false
                    },
                    "deposed": [],
                    "provider": "provider.openstack"
                },
                "openstack_networking_port_v2.pr-rx-po-a-0014_port": {
                    "type": "openstack_networking_port_v2",
                    "depends_on": [],
                    "primary": {
                        "id": "463b36ea-7b66-4e7a-83d3-4f949045b288",
                        "attributes": {
                            "admin_state_up": "true",
                            "all_fixed_ips.#": "2",
                            "all_fixed_ips.0": "2001:558:fc1c:1:f816:3eff:fef0:b165",
                            "all_fixed_ips.1": "96.116.163.168",
                            "all_security_group_ids.#": "5",
                            "all_security_group_ids.218396188": "182eea8e-75bb-45f9-8caf-b39e5fbd0ce9",
                            "all_security_group_ids.2235587030": "f97fafae-8f94-4439-83b2-c6c384b36a05",
                            "all_security_group_ids.3358142173": "38c6a7ce-7577-48a9-9be5-8bd6a556fdeb",
                            "all_security_group_ids.536629398": "c796569c-5597-4d05-8e8b-49e81ec7d1f6",
                            "all_security_group_ids.86802297": "cafb37a0-16c8-4e51-b695-2be0536479a2",
                            "all_tags.#": "0",
                            "allowed_address_pairs.#": "0",
                            "description": "",
                            "device_id": "",
                            "device_owner": "",
                            "extra_dhcp_option.#": "0",
                            "id": "463b36ea-7b66-4e7a-83d3-4f949045b288",
                            "mac_address": "fa:16:3e:f0:b1:65",
                            "name": "pr-rx-po-a-0014",
                            "network_id": "5762b250-6836-4412-9221-ab2f0fb0dce5",
                            "region": "",
                            "tags.#": "0",
                            "tenant_id": "4f48234704814516b00f34712c55c4a2"
                        },
                        "meta": {
                            "e2bfb730-ecaa-11e6-8f88-34363bc7c4c0": {
                                "create": 600000000000,
                                "delete": 600000000000
                            }
                        },
                        "tainted": false
                    },
                    "deposed": [],
                    "provider": "provider.openstack"
                },
                "openstack_networking_port_v2.pr-rx-po-a-0015_port": {
                    "type": "openstack_networking_port_v2",
                    "depends_on": [],
                    "primary": {
                        "id": "bb90ac03-9eb3-403e-9a2b-694fe6dd6f16",
                        "attributes": {
                            "admin_state_up": "true",
                            "all_fixed_ips.#": "2",
                            "all_fixed_ips.0": "2001:558:fc1c:1:f816:3eff:fe78:f4e6",
                            "all_fixed_ips.1": "96.116.163.204",
                            "all_security_group_ids.#": "5",
                            "all_security_group_ids.218396188": "182eea8e-75bb-45f9-8caf-b39e5fbd0ce9",
                            "all_security_group_ids.2235587030": "f97fafae-8f94-4439-83b2-c6c384b36a05",
                            "all_security_group_ids.3358142173": "38c6a7ce-7577-48a9-9be5-8bd6a556fdeb",
                            "all_security_group_ids.536629398": "c796569c-5597-4d05-8e8b-49e81ec7d1f6",
                            "all_security_group_ids.86802297": "cafb37a0-16c8-4e51-b695-2be0536479a2",
                            "all_tags.#": "0",
                            "allowed_address_pairs.#": "0",
                            "description": "",
                            "device_id": "",
                            "device_owner": "",
                            "extra_dhcp_option.#": "0",
                            "id": "bb90ac03-9eb3-403e-9a2b-694fe6dd6f16",
                            "mac_address": "fa:16:3e:78:f4:e6",
                            "name": "pr-rx-po-a-0015",
                            "network_id": "5762b250-6836-4412-9221-ab2f0fb0dce5",
                            "region": "",
                            "tags.#": "0",
                            "tenant_id": "4f48234704814516b00f34712c55c4a2"
                        },
                        "meta": {
                            "e2bfb730-ecaa-11e6-8f88-34363bc7c4c0": {
                                "create": 600000000000,
                                "delete": 600000000000
                            }
                        },
                        "tainted": false
                    },
                    "deposed": [],
                    "provider": "provider.openstack"
                },
                "openstack_networking_port_v2.pr-rx-po-a-0016_port": {
                    "type": "openstack_networking_port_v2",
                    "depends_on": [],
                    "primary": {
                        "id": "3b4353b3-d064-4a5f-b29a-28cf57f76aae",
                        "attributes": {
                            "admin_state_up": "true",
                            "all_fixed_ips.#": "2",
                            "all_fixed_ips.0": "2001:558:fc1c:1:f816:3eff:feb5:3b57",
                            "all_fixed_ips.1": "96.116.163.205",
                            "all_security_group_ids.#": "5",
                            "all_security_group_ids.218396188": "182eea8e-75bb-45f9-8caf-b39e5fbd0ce9",
                            "all_security_group_ids.2235587030": "f97fafae-8f94-4439-83b2-c6c384b36a05",
                            "all_security_group_ids.3358142173": "38c6a7ce-7577-48a9-9be5-8bd6a556fdeb",
                            "all_security_group_ids.536629398": "c796569c-5597-4d05-8e8b-49e81ec7d1f6",
                            "all_security_group_ids.86802297": "cafb37a0-16c8-4e51-b695-2be0536479a2",
                            "all_tags.#": "0",
                            "allowed_address_pairs.#": "0",
                            "description": "",
                            "device_id": "",
                            "device_owner": "",
                            "extra_dhcp_option.#": "0",
                            "id": "3b4353b3-d064-4a5f-b29a-28cf57f76aae",
                            "mac_address": "fa:16:3e:b5:3b:57",
                            "name": "pr-rx-po-a-0016",
                            "network_id": "5762b250-6836-4412-9221-ab2f0fb0dce5",
                            "region": "",
                            "tags.#": "0",
                            "tenant_id": "4f48234704814516b00f34712c55c4a2"
                        },
                        "meta": {
                            "e2bfb730-ecaa-11e6-8f88-34363bc7c4c0": {
                                "create": 600000000000,
                                "delete": 600000000000
                            }
                        },
                        "tainted": false
                    },
                    "deposed": [],
                    "provider": "provider.openstack"
                },
                "openstack_networking_port_v2.pr-rx-po-a-001_port": {
                    "type": "openstack_networking_port_v2",
                    "depends_on": [],
                    "primary": {
                        "id": "439c6839-6229-4e60-943d-4bf41f6b295d",
                        "attributes": {
                            "admin_state_up": "true",
                            "all_fixed_ips.#": "2",
                            "all_fixed_ips.0": "2001:558:fc1c:1:f816:3eff:fe06:c6ca",
                            "all_fixed_ips.1": "96.116.163.206",
                            "all_security_group_ids.#": "5",
                            "all_security_group_ids.218396188": "182eea8e-75bb-45f9-8caf-b39e5fbd0ce9",
                            "all_security_group_ids.2235587030": "f97fafae-8f94-4439-83b2-c6c384b36a05",
                            "all_security_group_ids.3358142173": "38c6a7ce-7577-48a9-9be5-8bd6a556fdeb",
                            "all_security_group_ids.536629398": "c796569c-5597-4d05-8e8b-49e81ec7d1f6",
                            "all_security_group_ids.86802297": "cafb37a0-16c8-4e51-b695-2be0536479a2",
                            "all_tags.#": "0",
                            "allowed_address_pairs.#": "0",
                            "description": "",
                            "device_id": "",
                            "device_owner": "",
                            "extra_dhcp_option.#": "0",
                            "id": "439c6839-6229-4e60-943d-4bf41f6b295d",
                            "mac_address": "fa:16:3e:06:c6:ca",
                            "name": "pr-rx-po-a-001",
                            "network_id": "5762b250-6836-4412-9221-ab2f0fb0dce5",
                            "region": "",
                            "tags.#": "0",
                            "tenant_id": "4f48234704814516b00f34712c55c4a2"
                        },
                        "meta": {
                            "e2bfb730-ecaa-11e6-8f88-34363bc7c4c0": {
                                "create": 600000000000,
                                "delete": 600000000000
                            }
                        },
                        "tainted": false
                    },
                    "deposed": [],
                    "provider": "provider.openstack"
                },
                "openstack_networking_port_v2.pr-rx-po-a-002_port": {
                    "type": "openstack_networking_port_v2",
                    "depends_on": [],
                    "primary": {
                        "id": "9547ea45-08bd-484a-8ce7-a21e9dc4c45c",
                        "attributes": {
                            "admin_state_up": "true",
                            "all_fixed_ips.#": "2",
                            "all_fixed_ips.0": "2001:558:fc1c:1:f816:3eff:fe40:fb0",
                            "all_fixed_ips.1": "96.116.163.207",
                            "all_security_group_ids.#": "5",
                            "all_security_group_ids.218396188": "182eea8e-75bb-45f9-8caf-b39e5fbd0ce9",
                            "all_security_group_ids.2235587030": "f97fafae-8f94-4439-83b2-c6c384b36a05",
                            "all_security_group_ids.3358142173": "38c6a7ce-7577-48a9-9be5-8bd6a556fdeb",
                            "all_security_group_ids.536629398": "c796569c-5597-4d05-8e8b-49e81ec7d1f6",
                            "all_security_group_ids.86802297": "cafb37a0-16c8-4e51-b695-2be0536479a2",
                            "all_tags.#": "0",
                            "allowed_address_pairs.#": "0",
                            "description": "",
                            "device_id": "",
                            "device_owner": "",
                            "extra_dhcp_option.#": "0",
                            "id": "9547ea45-08bd-484a-8ce7-a21e9dc4c45c",
                            "mac_address": "fa:16:3e:40:0f:b0",
                            "name": "pr-rx-po-a-002",
                            "network_id": "5762b250-6836-4412-9221-ab2f0fb0dce5",
                            "region": "",
                            "tags.#": "0",
                            "tenant_id": "4f48234704814516b00f34712c55c4a2"
                        },
                        "meta": {
                            "e2bfb730-ecaa-11e6-8f88-34363bc7c4c0": {
                                "create": 600000000000,
                                "delete": 600000000000
                            }
                        },
                        "tainted": false
                    },
                    "deposed": [],
                    "provider": "provider.openstack"
                },
                "openstack_networking_port_v2.pr-rx-po-a-003_port": {
                    "type": "openstack_networking_port_v2",
                    "depends_on": [],
                    "primary": {
                        "id": "bf5849cd-2b19-4c9a-99ea-e3efa0ef95e5",
                        "attributes": {
                            "admin_state_up": "true",
                            "all_fixed_ips.#": "2",
                            "all_fixed_ips.0": "2001:558:fc1c:1:f816:3eff:fece:9e8d",
                            "all_fixed_ips.1": "96.116.163.208",
                            "all_security_group_ids.#": "5",
                            "all_security_group_ids.218396188": "182eea8e-75bb-45f9-8caf-b39e5fbd0ce9",
                            "all_security_group_ids.2235587030": "f97fafae-8f94-4439-83b2-c6c384b36a05",
                            "all_security_group_ids.3358142173": "38c6a7ce-7577-48a9-9be5-8bd6a556fdeb",
                            "all_security_group_ids.536629398": "c796569c-5597-4d05-8e8b-49e81ec7d1f6",
                            "all_security_group_ids.86802297": "cafb37a0-16c8-4e51-b695-2be0536479a2",
                            "all_tags.#": "0",
                            "allowed_address_pairs.#": "0",
                            "description": "",
                            "device_id": "",
                            "device_owner": "",
                            "extra_dhcp_option.#": "0",
                            "id": "bf5849cd-2b19-4c9a-99ea-e3efa0ef95e5",
                            "mac_address": "fa:16:3e:ce:9e:8d",
                            "name": "pr-rx-po-a-003",
                            "network_id": "5762b250-6836-4412-9221-ab2f0fb0dce5",
                            "region": "",
                            "tags.#": "0",
                            "tenant_id": "4f48234704814516b00f34712c55c4a2"
                        },
                        "meta": {
                            "e2bfb730-ecaa-11e6-8f88-34363bc7c4c0": {
                                "create": 600000000000,
                                "delete": 600000000000
                            }
                        },
                        "tainted": false
                    },
                    "deposed": [],
                    "provider": "provider.openstack"
                },
                "openstack_networking_port_v2.pr-rx-po-a-004_port": {
                    "type": "openstack_networking_port_v2",
                    "depends_on": [],
                    "primary": {
                        "id": "4ca5249e-a2b8-4616-9ea1-e72a7e193a90",
                        "attributes": {
                            "admin_state_up": "true",
                            "all_fixed_ips.#": "2",
                            "all_fixed_ips.0": "2001:558:fc1c:1:f816:3eff:fe66:1e41",
                            "all_fixed_ips.1": "96.116.163.209",
                            "all_security_group_ids.#": "5",
                            "all_security_group_ids.218396188": "182eea8e-75bb-45f9-8caf-b39e5fbd0ce9",
                            "all_security_group_ids.2235587030": "f97fafae-8f94-4439-83b2-c6c384b36a05",
                            "all_security_group_ids.3358142173": "38c6a7ce-7577-48a9-9be5-8bd6a556fdeb",
                            "all_security_group_ids.536629398": "c796569c-5597-4d05-8e8b-49e81ec7d1f6",
                            "all_security_group_ids.86802297": "cafb37a0-16c8-4e51-b695-2be0536479a2",
                            "all_tags.#": "0",
                            "allowed_address_pairs.#": "0",
                            "description": "",
                            "device_id": "",
                            "device_owner": "",
                            "extra_dhcp_option.#": "0",
                            "id": "4ca5249e-a2b8-4616-9ea1-e72a7e193a90",
                            "mac_address": "fa:16:3e:66:1e:41",
                            "name": "pr-rx-po-a-004",
                            "network_id": "5762b250-6836-4412-9221-ab2f0fb0dce5",
                            "region": "",
                            "tags.#": "0",
                            "tenant_id": "4f48234704814516b00f34712c55c4a2"
                        },
                        "meta": {
                            "e2bfb730-ecaa-11e6-8f88-34363bc7c4c0": {
                                "create": 600000000000,
                                "delete": 600000000000
                            }
                        },
                        "tainted": false
                    },
                    "deposed": [],
                    "provider": "provider.openstack"
                },
                "openstack_networking_port_v2.pr-rx-po-a-005_port": {
                    "type": "openstack_networking_port_v2",
                    "depends_on": [],
                    "primary": {
                        "id": "2b322726-69b9-4496-8c10-8eeefbbffcd5",
                        "attributes": {
                            "admin_state_up": "true",
                            "all_fixed_ips.#": "2",
                            "all_fixed_ips.0": "2001:558:fc1c:1:f816:3eff:fe35:7f51",
                            "all_fixed_ips.1": "96.116.163.210",
                            "all_security_group_ids.#": "5",
                            "all_security_group_ids.218396188": "182eea8e-75bb-45f9-8caf-b39e5fbd0ce9",
                            "all_security_group_ids.2235587030": "f97fafae-8f94-4439-83b2-c6c384b36a05",
                            "all_security_group_ids.3358142173": "38c6a7ce-7577-48a9-9be5-8bd6a556fdeb",
                            "all_security_group_ids.536629398": "c796569c-5597-4d05-8e8b-49e81ec7d1f6",
                            "all_security_group_ids.86802297": "cafb37a0-16c8-4e51-b695-2be0536479a2",
                            "all_tags.#": "0",
                            "allowed_address_pairs.#": "0",
                            "description": "",
                            "device_id": "",
                            "device_owner": "",
                            "extra_dhcp_option.#": "0",
                            "id": "2b322726-69b9-4496-8c10-8eeefbbffcd5",
                            "mac_address": "fa:16:3e:35:7f:51",
                            "name": "pr-rx-po-a-005",
                            "network_id": "5762b250-6836-4412-9221-ab2f0fb0dce5",
                            "region": "",
                            "tags.#": "0",
                            "tenant_id": "4f48234704814516b00f34712c55c4a2"
                        },
                        "meta": {
                            "e2bfb730-ecaa-11e6-8f88-34363bc7c4c0": {
                                "create": 600000000000,
                                "delete": 600000000000
                            }
                        },
                        "tainted": false
                    },
                    "deposed": [],
                    "provider": "provider.openstack"
                },
                "openstack_networking_port_v2.pr-rx-po-a-006_port": {
                    "type": "openstack_networking_port_v2",
                    "depends_on": [],
                    "primary": {
                        "id": "a456ac1c-fee7-4824-83c9-55a946e06e2c",
                        "attributes": {
                            "admin_state_up": "true",
                            "all_fixed_ips.#": "2",
                            "all_fixed_ips.0": "2001:558:fc1c:1:f816:3eff:fed1:b267",
                            "all_fixed_ips.1": "96.116.163.211",
                            "all_security_group_ids.#": "5",
                            "all_security_group_ids.218396188": "182eea8e-75bb-45f9-8caf-b39e5fbd0ce9",
                            "all_security_group_ids.2235587030": "f97fafae-8f94-4439-83b2-c6c384b36a05",
                            "all_security_group_ids.3358142173": "38c6a7ce-7577-48a9-9be5-8bd6a556fdeb",
                            "all_security_group_ids.536629398": "c796569c-5597-4d05-8e8b-49e81ec7d1f6",
                            "all_security_group_ids.86802297": "cafb37a0-16c8-4e51-b695-2be0536479a2",
                            "all_tags.#": "0",
                            "allowed_address_pairs.#": "0",
                            "description": "",
                            "device_id": "",
                            "device_owner": "",
                            "extra_dhcp_option.#": "0",
                            "id": "a456ac1c-fee7-4824-83c9-55a946e06e2c",
                            "mac_address": "fa:16:3e:d1:b2:67",
                            "name": "pr-rx-po-a-006",
                            "network_id": "5762b250-6836-4412-9221-ab2f0fb0dce5",
                            "region": "",
                            "tags.#": "0",
                            "tenant_id": "4f48234704814516b00f34712c55c4a2"
                        },
                        "meta": {
                            "e2bfb730-ecaa-11e6-8f88-34363bc7c4c0": {
                                "create": 600000000000,
                                "delete": 600000000000
                            }
                        },
                        "tainted": false
                    },
                    "deposed": [],
                    "provider": "provider.openstack"
                },
                "openstack_networking_port_v2.pr-rx-po-a-007_port": {
                    "type": "openstack_networking_port_v2",
                    "depends_on": [],
                    "primary": {
                        "id": "f81f1903-9e11-4772-b25d-79bab7886ff3",
                        "attributes": {
                            "admin_state_up": "true",
                            "all_fixed_ips.#": "2",
                            "all_fixed_ips.0": "2001:558:fc1c:1:f816:3eff:fe78:9e75",
                            "all_fixed_ips.1": "96.116.163.216",
                            "all_security_group_ids.#": "5",
                            "all_security_group_ids.218396188": "182eea8e-75bb-45f9-8caf-b39e5fbd0ce9",
                            "all_security_group_ids.2235587030": "f97fafae-8f94-4439-83b2-c6c384b36a05",
                            "all_security_group_ids.3358142173": "38c6a7ce-7577-48a9-9be5-8bd6a556fdeb",
                            "all_security_group_ids.536629398": "c796569c-5597-4d05-8e8b-49e81ec7d1f6",
                            "all_security_group_ids.86802297": "cafb37a0-16c8-4e51-b695-2be0536479a2",
                            "all_tags.#": "0",
                            "allowed_address_pairs.#": "0",
                            "description": "",
                            "device_id": "",
                            "device_owner": "",
                            "extra_dhcp_option.#": "0",
                            "id": "f81f1903-9e11-4772-b25d-79bab7886ff3",
                            "mac_address": "fa:16:3e:78:9e:75",
                            "name": "pr-rx-po-a-007",
                            "network_id": "5762b250-6836-4412-9221-ab2f0fb0dce5",
                            "region": "",
                            "tags.#": "0",
                            "tenant_id": "4f48234704814516b00f34712c55c4a2"
                        },
                        "meta": {
                            "e2bfb730-ecaa-11e6-8f88-34363bc7c4c0": {
                                "create": 600000000000,
                                "delete": 600000000000
                            }
                        },
                        "tainted": false
                    },
                    "deposed": [],
                    "provider": "provider.openstack"
                },
                "openstack_networking_port_v2.pr-rx-po-a-008_port": {
                    "type": "openstack_networking_port_v2",
                    "depends_on": [],
                    "primary": {
                        "id": "e06f03ae-6ee6-4946-87dd-1561ce760845",
                        "attributes": {
                            "admin_state_up": "true",
                            "all_fixed_ips.#": "2",
                            "all_fixed_ips.0": "2001:558:fc1c:1:f816:3eff:fe23:c705",
                            "all_fixed_ips.1": "96.116.163.218",
                            "all_security_group_ids.#": "5",
                            "all_security_group_ids.218396188": "182eea8e-75bb-45f9-8caf-b39e5fbd0ce9",
                            "all_security_group_ids.2235587030": "f97fafae-8f94-4439-83b2-c6c384b36a05",
                            "all_security_group_ids.3358142173": "38c6a7ce-7577-48a9-9be5-8bd6a556fdeb",
                            "all_security_group_ids.536629398": "c796569c-5597-4d05-8e8b-49e81ec7d1f6",
                            "all_security_group_ids.86802297": "cafb37a0-16c8-4e51-b695-2be0536479a2",
                            "all_tags.#": "0",
                            "allowed_address_pairs.#": "0",
                            "description": "",
                            "device_id": "",
                            "device_owner": "",
                            "extra_dhcp_option.#": "0",
                            "id": "e06f03ae-6ee6-4946-87dd-1561ce760845",
                            "mac_address": "fa:16:3e:23:c7:05",
                            "name": "pr-rx-po-a-008",
                            "network_id": "5762b250-6836-4412-9221-ab2f0fb0dce5",
                            "region": "",
                            "tags.#": "0",
                            "tenant_id": "4f48234704814516b00f34712c55c4a2"
                        },
                        "meta": {
                            "e2bfb730-ecaa-11e6-8f88-34363bc7c4c0": {
                                "create": 600000000000,
                                "delete": 600000000000
                            }
                        },
                        "tainted": false
                    },
                    "deposed": [],
                    "provider": "provider.openstack"
                },
                "openstack_networking_port_v2.pr-rx-po-a-009_port": {
                    "type": "openstack_networking_port_v2",
                    "depends_on": [],
                    "primary": {
                        "id": "52970cbf-13aa-4b7e-9134-2482ea513d9c",
                        "attributes": {
                            "admin_state_up": "true",
                            "all_fixed_ips.#": "2",
                            "all_fixed_ips.0": "2001:558:fc1c:1:f816:3eff:fe65:2308",
                            "all_fixed_ips.1": "96.116.163.178",
                            "all_security_group_ids.#": "5",
                            "all_security_group_ids.218396188": "182eea8e-75bb-45f9-8caf-b39e5fbd0ce9",
                            "all_security_group_ids.2235587030": "f97fafae-8f94-4439-83b2-c6c384b36a05",
                            "all_security_group_ids.3358142173": "38c6a7ce-7577-48a9-9be5-8bd6a556fdeb",
                            "all_security_group_ids.536629398": "c796569c-5597-4d05-8e8b-49e81ec7d1f6",
                            "all_security_group_ids.86802297": "cafb37a0-16c8-4e51-b695-2be0536479a2",
                            "all_tags.#": "0",
                            "allowed_address_pairs.#": "0",
                            "description": "",
                            "device_id": "",
                            "device_owner": "",
                            "extra_dhcp_option.#": "0",
                            "id": "52970cbf-13aa-4b7e-9134-2482ea513d9c",
                            "mac_address": "fa:16:3e:65:23:08",
                            "name": "pr-rx-po-a-009",
                            "network_id": "5762b250-6836-4412-9221-ab2f0fb0dce5",
                            "region": "",
                            "tags.#": "0",
                            "tenant_id": "4f48234704814516b00f34712c55c4a2"
                        },
                        "meta": {
                            "e2bfb730-ecaa-11e6-8f88-34363bc7c4c0": {
                                "create": 600000000000,
                                "delete": 600000000000
                            }
                        },
                        "tainted": false
                    },
                    "deposed": [],
                    "provider": "provider.openstack"
                },
                "openstack_networking_port_v2.pr-rxctrl-po-a-0010_port": {
                    "type": "openstack_networking_port_v2",
                    "depends_on": [],
                    "primary": {
                        "id": "792fd675-484b-4858-af98-89b4f1a104eb",
                        "attributes": {
                            "admin_state_up": "true",
                            "all_fixed_ips.#": "2",
                            "all_fixed_ips.0": "2001:558:fc1c:1:f816:3eff:fe85:8333",
                            "all_fixed_ips.1": "96.116.163.188",
                            "all_security_group_ids.#": "5",
                            "all_security_group_ids.218396188": "182eea8e-75bb-45f9-8caf-b39e5fbd0ce9",
                            "all_security_group_ids.2235587030": "f97fafae-8f94-4439-83b2-c6c384b36a05",
                            "all_security_group_ids.3358142173": "38c6a7ce-7577-48a9-9be5-8bd6a556fdeb",
                            "all_security_group_ids.536629398": "c796569c-5597-4d05-8e8b-49e81ec7d1f6",
                            "all_security_group_ids.86802297": "cafb37a0-16c8-4e51-b695-2be0536479a2",
                            "all_tags.#": "0",
                            "allowed_address_pairs.#": "0",
                            "description": "",
                            "device_id": "",
                            "device_owner": "",
                            "extra_dhcp_option.#": "0",
                            "id": "792fd675-484b-4858-af98-89b4f1a104eb",
                            "mac_address": "fa:16:3e:85:83:33",
                            "name": "pr-rxctrl-po-a-0010",
                            "network_id": "5762b250-6836-4412-9221-ab2f0fb0dce5",
                            "region": "",
                            "tags.#": "0",
                            "tenant_id": "4f48234704814516b00f34712c55c4a2"
                        },
                        "meta": {
                            "e2bfb730-ecaa-11e6-8f88-34363bc7c4c0": {
                                "create": 600000000000,
                                "delete": 600000000000
                            }
                        },
                        "tainted": false
                    },
                    "deposed": [],
                    "provider": "provider.openstack"
                },
                "openstack_networking_port_v2.pr-rxctrl-po-a-0011_port": {
                    "type": "openstack_networking_port_v2",
                    "depends_on": [],
                    "primary": {
                        "id": "dcf14bb8-06c7-4fb4-a633-da691b293105",
                        "attributes": {
                            "admin_state_up": "true",
                            "all_fixed_ips.#": "2",
                            "all_fixed_ips.0": "2001:558:fc1c:1:f816:3eff:fedc:b094",
                            "all_fixed_ips.1": "96.116.163.189",
                            "all_security_group_ids.#": "5",
                            "all_security_group_ids.218396188": "182eea8e-75bb-45f9-8caf-b39e5fbd0ce9",
                            "all_security_group_ids.2235587030": "f97fafae-8f94-4439-83b2-c6c384b36a05",
                            "all_security_group_ids.3358142173": "38c6a7ce-7577-48a9-9be5-8bd6a556fdeb",
                            "all_security_group_ids.536629398": "c796569c-5597-4d05-8e8b-49e81ec7d1f6",
                            "all_security_group_ids.86802297": "cafb37a0-16c8-4e51-b695-2be0536479a2",
                            "all_tags.#": "0",
                            "allowed_address_pairs.#": "0",
                            "description": "",
                            "device_id": "",
                            "device_owner": "",
                            "extra_dhcp_option.#": "0",
                            "id": "dcf14bb8-06c7-4fb4-a633-da691b293105",
                            "mac_address": "fa:16:3e:dc:b0:94",
                            "name": "pr-rxctrl-po-a-0011",
                            "network_id": "5762b250-6836-4412-9221-ab2f0fb0dce5",
                            "region": "",
                            "tags.#": "0",
                            "tenant_id": "4f48234704814516b00f34712c55c4a2"
                        },
                        "meta": {
                            "e2bfb730-ecaa-11e6-8f88-34363bc7c4c0": {
                                "create": 600000000000,
                                "delete": 600000000000
                            }
                        },
                        "tainted": false
                    },
                    "deposed": [],
                    "provider": "provider.openstack"
                },
                "openstack_networking_port_v2.pr-rxctrl-po-a-0012_port": {
                    "type": "openstack_networking_port_v2",
                    "depends_on": [],
                    "primary": {
                        "id": "3a7b9d8c-159b-4846-88b5-4a0022a2cf76",
                        "attributes": {
                            "admin_state_up": "true",
                            "all_fixed_ips.#": "2",
                            "all_fixed_ips.0": "2001:558:fc1c:1:f816:3eff:fe9c:55b6",
                            "all_fixed_ips.1": "96.116.163.190",
                            "all_security_group_ids.#": "5",
                            "all_security_group_ids.218396188": "182eea8e-75bb-45f9-8caf-b39e5fbd0ce9",
                            "all_security_group_ids.2235587030": "f97fafae-8f94-4439-83b2-c6c384b36a05",
                            "all_security_group_ids.3358142173": "38c6a7ce-7577-48a9-9be5-8bd6a556fdeb",
                            "all_security_group_ids.536629398": "c796569c-5597-4d05-8e8b-49e81ec7d1f6",
                            "all_security_group_ids.86802297": "cafb37a0-16c8-4e51-b695-2be0536479a2",
                            "all_tags.#": "0",
                            "allowed_address_pairs.#": "0",
                            "description": "",
                            "device_id": "",
                            "device_owner": "",
                            "extra_dhcp_option.#": "0",
                            "id": "3a7b9d8c-159b-4846-88b5-4a0022a2cf76",
                            "mac_address": "fa:16:3e:9c:55:b6",
                            "name": "pr-rxctrl-po-a-0012",
                            "network_id": "5762b250-6836-4412-9221-ab2f0fb0dce5",
                            "region": "",
                            "tags.#": "0",
                            "tenant_id": "4f48234704814516b00f34712c55c4a2"
                        },
                        "meta": {
                            "e2bfb730-ecaa-11e6-8f88-34363bc7c4c0": {
                                "create": 600000000000,
                                "delete": 600000000000
                            }
                        },
                        "tainted": false
                    },
                    "deposed": [],
                    "provider": "provider.openstack"
                },
                "openstack_networking_port_v2.pr-rxctrl-po-a-0013_port": {
                    "type": "openstack_networking_port_v2",
                    "depends_on": [],
                    "primary": {
                        "id": "18e029e4-750e-402e-8dce-4a204453a054",
                        "attributes": {
                            "admin_state_up": "true",
                            "all_fixed_ips.#": "2",
                            "all_fixed_ips.0": "2001:558:fc1c:1:f816:3eff:fe2e:5336",
                            "all_fixed_ips.1": "96.116.163.191",
                            "all_security_group_ids.#": "5",
                            "all_security_group_ids.218396188": "182eea8e-75bb-45f9-8caf-b39e5fbd0ce9",
                            "all_security_group_ids.2235587030": "f97fafae-8f94-4439-83b2-c6c384b36a05",
                            "all_security_group_ids.3358142173": "38c6a7ce-7577-48a9-9be5-8bd6a556fdeb",
                            "all_security_group_ids.536629398": "c796569c-5597-4d05-8e8b-49e81ec7d1f6",
                            "all_security_group_ids.86802297": "cafb37a0-16c8-4e51-b695-2be0536479a2",
                            "all_tags.#": "0",
                            "allowed_address_pairs.#": "0",
                            "description": "",
                            "device_id": "",
                            "device_owner": "",
                            "extra_dhcp_option.#": "0",
                            "id": "18e029e4-750e-402e-8dce-4a204453a054",
                            "mac_address": "fa:16:3e:2e:53:36",
                            "name": "pr-rxctrl-po-a-0013",
                            "network_id": "5762b250-6836-4412-9221-ab2f0fb0dce5",
                            "region": "",
                            "tags.#": "0",
                            "tenant_id": "4f48234704814516b00f34712c55c4a2"
                        },
                        "meta": {
                            "e2bfb730-ecaa-11e6-8f88-34363bc7c4c0": {
                                "create": 600000000000,
                                "delete": 600000000000
                            }
                        },
                        "tainted": false
                    },
                    "deposed": [],
                    "provider": "provider.openstack"
                },
                "openstack_networking_port_v2.pr-rxctrl-po-a-0014_port": {
                    "type": "openstack_networking_port_v2",
                    "depends_on": [],
                    "primary": {
                        "id": "d2c2e388-e80d-4442-8190-f413cc3cfb00",
                        "attributes": {
                            "admin_state_up": "true",
                            "all_fixed_ips.#": "2",
                            "all_fixed_ips.0": "2001:558:fc1c:1:f816:3eff:fe46:231b",
                            "all_fixed_ips.1": "96.116.163.192",
                            "all_security_group_ids.#": "5",
                            "all_security_group_ids.218396188": "182eea8e-75bb-45f9-8caf-b39e5fbd0ce9",
                            "all_security_group_ids.2235587030": "f97fafae-8f94-4439-83b2-c6c384b36a05",
                            "all_security_group_ids.3358142173": "38c6a7ce-7577-48a9-9be5-8bd6a556fdeb",
                            "all_security_group_ids.536629398": "c796569c-5597-4d05-8e8b-49e81ec7d1f6",
                            "all_security_group_ids.86802297": "cafb37a0-16c8-4e51-b695-2be0536479a2",
                            "all_tags.#": "0",
                            "allowed_address_pairs.#": "0",
                            "description": "",
                            "device_id": "",
                            "device_owner": "",
                            "extra_dhcp_option.#": "0",
                            "id": "d2c2e388-e80d-4442-8190-f413cc3cfb00",
                            "mac_address": "fa:16:3e:46:23:1b",
                            "name": "pr-rxctrl-po-a-0014",
                            "network_id": "5762b250-6836-4412-9221-ab2f0fb0dce5",
                            "region": "",
                            "tags.#": "0",
                            "tenant_id": "4f48234704814516b00f34712c55c4a2"
                        },
                        "meta": {
                            "e2bfb730-ecaa-11e6-8f88-34363bc7c4c0": {
                                "create": 600000000000,
                                "delete": 600000000000
                            }
                        },
                        "tainted": false
                    },
                    "deposed": [],
                    "provider": "provider.openstack"
                },
                "openstack_networking_port_v2.pr-rxctrl-po-a-0015_port": {
                    "type": "openstack_networking_port_v2",
                    "depends_on": [],
                    "primary": {
                        "id": "0af22361-fb3c-495f-98ac-1818fdb7d388",
                        "attributes": {
                            "admin_state_up": "true",
                            "all_fixed_ips.#": "2",
                            "all_fixed_ips.0": "2001:558:fc1c:1:f816:3eff:febb:4348",
                            "all_fixed_ips.1": "96.116.163.193",
                            "all_security_group_ids.#": "5",
                            "all_security_group_ids.218396188": "182eea8e-75bb-45f9-8caf-b39e5fbd0ce9",
                            "all_security_group_ids.2235587030": "f97fafae-8f94-4439-83b2-c6c384b36a05",
                            "all_security_group_ids.3358142173": "38c6a7ce-7577-48a9-9be5-8bd6a556fdeb",
                            "all_security_group_ids.536629398": "c796569c-5597-4d05-8e8b-49e81ec7d1f6",
                            "all_security_group_ids.86802297": "cafb37a0-16c8-4e51-b695-2be0536479a2",
                            "all_tags.#": "0",
                            "allowed_address_pairs.#": "0",
                            "description": "",
                            "device_id": "",
                            "device_owner": "",
                            "extra_dhcp_option.#": "0",
                            "id": "0af22361-fb3c-495f-98ac-1818fdb7d388",
                            "mac_address": "fa:16:3e:bb:43:48",
                            "name": "pr-rxctrl-po-a-0015",
                            "network_id": "5762b250-6836-4412-9221-ab2f0fb0dce5",
                            "region": "",
                            "tags.#": "0",
                            "tenant_id": "4f48234704814516b00f34712c55c4a2"
                        },
                        "meta": {
                            "e2bfb730-ecaa-11e6-8f88-34363bc7c4c0": {
                                "create": 600000000000,
                                "delete": 600000000000
                            }
                        },
                        "tainted": false
                    },
                    "deposed": [],
                    "provider": "provider.openstack"
                },
                "openstack_networking_port_v2.pr-rxctrl-po-a-0016_port": {
                    "type": "openstack_networking_port_v2",
                    "depends_on": [],
                    "primary": {
                        "id": "3eb00a84-2487-4406-bdfa-14d173b059f9",
                        "attributes": {
                            "admin_state_up": "true",
                            "all_fixed_ips.#": "2",
                            "all_fixed_ips.0": "2001:558:fc1c:1:f816:3eff:fe99:aa14",
                            "all_fixed_ips.1": "96.116.163.194",
                            "all_security_group_ids.#": "5",
                            "all_security_group_ids.218396188": "182eea8e-75bb-45f9-8caf-b39e5fbd0ce9",
                            "all_security_group_ids.2235587030": "f97fafae-8f94-4439-83b2-c6c384b36a05",
                            "all_security_group_ids.3358142173": "38c6a7ce-7577-48a9-9be5-8bd6a556fdeb",
                            "all_security_group_ids.536629398": "c796569c-5597-4d05-8e8b-49e81ec7d1f6",
                            "all_security_group_ids.86802297": "cafb37a0-16c8-4e51-b695-2be0536479a2",
                            "all_tags.#": "0",
                            "allowed_address_pairs.#": "0",
                            "description": "",
                            "device_id": "",
                            "device_owner": "",
                            "extra_dhcp_option.#": "0",
                            "id": "3eb00a84-2487-4406-bdfa-14d173b059f9",
                            "mac_address": "fa:16:3e:99:aa:14",
                            "name": "pr-rxctrl-po-a-0016",
                            "network_id": "5762b250-6836-4412-9221-ab2f0fb0dce5",
                            "region": "",
                            "tags.#": "0",
                            "tenant_id": "4f48234704814516b00f34712c55c4a2"
                        },
                        "meta": {
                            "e2bfb730-ecaa-11e6-8f88-34363bc7c4c0": {
                                "create": 600000000000,
                                "delete": 600000000000
                            }
                        },
                        "tainted": false
                    },
                    "deposed": [],
                    "provider": "provider.openstack"
                },
                "openstack_networking_port_v2.pr-rxctrl-po-a-0017_port": {
                    "type": "openstack_networking_port_v2",
                    "depends_on": [],
                    "primary": {
                        "id": "5cbda8af-afc6-4bb8-b4ae-9c1851c8957b",
                        "attributes": {
                            "admin_state_up": "true",
                            "all_fixed_ips.#": "2",
                            "all_fixed_ips.0": "2001:558:fc1c:1:f816:3eff:fe0e:bf95",
                            "all_fixed_ips.1": "96.116.163.195",
                            "all_security_group_ids.#": "5",
                            "all_security_group_ids.218396188": "182eea8e-75bb-45f9-8caf-b39e5fbd0ce9",
                            "all_security_group_ids.2235587030": "f97fafae-8f94-4439-83b2-c6c384b36a05",
                            "all_security_group_ids.3358142173": "38c6a7ce-7577-48a9-9be5-8bd6a556fdeb",
                            "all_security_group_ids.536629398": "c796569c-5597-4d05-8e8b-49e81ec7d1f6",
                            "all_security_group_ids.86802297": "cafb37a0-16c8-4e51-b695-2be0536479a2",
                            "all_tags.#": "0",
                            "allowed_address_pairs.#": "0",
                            "description": "",
                            "device_id": "",
                            "device_owner": "",
                            "extra_dhcp_option.#": "0",
                            "id": "5cbda8af-afc6-4bb8-b4ae-9c1851c8957b",
                            "mac_address": "fa:16:3e:0e:bf:95",
                            "name": "pr-rxctrl-po-a-0017",
                            "network_id": "5762b250-6836-4412-9221-ab2f0fb0dce5",
                            "region": "",
                            "tags.#": "0",
                            "tenant_id": "4f48234704814516b00f34712c55c4a2"
                        },
                        "meta": {
                            "e2bfb730-ecaa-11e6-8f88-34363bc7c4c0": {
                                "create": 600000000000,
                                "delete": 600000000000
                            }
                        },
                        "tainted": false
                    },
                    "deposed": [],
                    "provider": "provider.openstack"
                },
                "openstack_networking_port_v2.pr-rxctrl-po-a-001_port": {
                    "type": "openstack_networking_port_v2",
                    "depends_on": [],
                    "primary": {
                        "id": "6554a72b-2247-4c29-aad5-187fa9fe9a71",
                        "attributes": {
                            "admin_state_up": "true",
                            "all_fixed_ips.#": "2",
                            "all_fixed_ips.0": "2001:558:fc1c:1:f816:3eff:fe51:ace6",
                            "all_fixed_ips.1": "96.116.163.179",
                            "all_security_group_ids.#": "5",
                            "all_security_group_ids.218396188": "182eea8e-75bb-45f9-8caf-b39e5fbd0ce9",
                            "all_security_group_ids.2235587030": "f97fafae-8f94-4439-83b2-c6c384b36a05",
                            "all_security_group_ids.3358142173": "38c6a7ce-7577-48a9-9be5-8bd6a556fdeb",
                            "all_security_group_ids.536629398": "c796569c-5597-4d05-8e8b-49e81ec7d1f6",
                            "all_security_group_ids.86802297": "cafb37a0-16c8-4e51-b695-2be0536479a2",
                            "all_tags.#": "0",
                            "allowed_address_pairs.#": "0",
                            "description": "",
                            "device_id": "",
                            "device_owner": "",
                            "extra_dhcp_option.#": "0",
                            "id": "6554a72b-2247-4c29-aad5-187fa9fe9a71",
                            "mac_address": "fa:16:3e:51:ac:e6",
                            "name": "pr-rxctrl-po-a-001",
                            "network_id": "5762b250-6836-4412-9221-ab2f0fb0dce5",
                            "region": "",
                            "tags.#": "0",
                            "tenant_id": "4f48234704814516b00f34712c55c4a2"
                        },
                        "meta": {
                            "e2bfb730-ecaa-11e6-8f88-34363bc7c4c0": {
                                "create": 600000000000,
                                "delete": 600000000000
                            }
                        },
                        "tainted": false
                    },
                    "deposed": [],
                    "provider": "provider.openstack"
                },
                "openstack_networking_port_v2.pr-rxctrl-po-a-002_port": {
                    "type": "openstack_networking_port_v2",
                    "depends_on": [],
                    "primary": {
                        "id": "7f367995-6448-424a-b563-b417e6efcfba",
                        "attributes": {
                            "admin_state_up": "true",
                            "all_fixed_ips.#": "2",
                            "all_fixed_ips.0": "2001:558:fc1c:1:f816:3eff:fe1b:caf5",
                            "all_fixed_ips.1": "96.116.163.180",
                            "all_security_group_ids.#": "5",
                            "all_security_group_ids.218396188": "182eea8e-75bb-45f9-8caf-b39e5fbd0ce9",
                            "all_security_group_ids.2235587030": "f97fafae-8f94-4439-83b2-c6c384b36a05",
                            "all_security_group_ids.3358142173": "38c6a7ce-7577-48a9-9be5-8bd6a556fdeb",
                            "all_security_group_ids.536629398": "c796569c-5597-4d05-8e8b-49e81ec7d1f6",
                            "all_security_group_ids.86802297": "cafb37a0-16c8-4e51-b695-2be0536479a2",
                            "all_tags.#": "0",
                            "allowed_address_pairs.#": "0",
                            "description": "",
                            "device_id": "",
                            "device_owner": "",
                            "extra_dhcp_option.#": "0",
                            "id": "7f367995-6448-424a-b563-b417e6efcfba",
                            "mac_address": "fa:16:3e:1b:ca:f5",
                            "name": "pr-rxctrl-po-a-002",
                            "network_id": "5762b250-6836-4412-9221-ab2f0fb0dce5",
                            "region": "",
                            "tags.#": "0",
                            "tenant_id": "4f48234704814516b00f34712c55c4a2"
                        },
                        "meta": {
                            "e2bfb730-ecaa-11e6-8f88-34363bc7c4c0": {
                                "create": 600000000000,
                                "delete": 600000000000
                            }
                        },
                        "tainted": false
                    },
                    "deposed": [],
                    "provider": "provider.openstack"
                },
                "openstack_networking_port_v2.pr-rxctrl-po-a-003_port": {
                    "type": "openstack_networking_port_v2",
                    "depends_on": [],
                    "primary": {
                        "id": "d0d4eaec-197a-41a6-a8b9-72fad070690b",
                        "attributes": {
                            "admin_state_up": "true",
                            "all_fixed_ips.#": "2",
                            "all_fixed_ips.0": "2001:558:fc1c:1:f816:3eff:fe3e:38d5",
                            "all_fixed_ips.1": "96.116.163.181",
                            "all_security_group_ids.#": "5",
                            "all_security_group_ids.218396188": "182eea8e-75bb-45f9-8caf-b39e5fbd0ce9",
                            "all_security_group_ids.2235587030": "f97fafae-8f94-4439-83b2-c6c384b36a05",
                            "all_security_group_ids.3358142173": "38c6a7ce-7577-48a9-9be5-8bd6a556fdeb",
                            "all_security_group_ids.536629398": "c796569c-5597-4d05-8e8b-49e81ec7d1f6",
                            "all_security_group_ids.86802297": "cafb37a0-16c8-4e51-b695-2be0536479a2",
                            "all_tags.#": "0",
                            "allowed_address_pairs.#": "0",
                            "description": "",
                            "device_id": "",
                            "device_owner": "",
                            "extra_dhcp_option.#": "0",
                            "id": "d0d4eaec-197a-41a6-a8b9-72fad070690b",
                            "mac_address": "fa:16:3e:3e:38:d5",
                            "name": "pr-rxctrl-po-a-003",
                            "network_id": "5762b250-6836-4412-9221-ab2f0fb0dce5",
                            "region": "",
                            "tags.#": "0",
                            "tenant_id": "4f48234704814516b00f34712c55c4a2"
                        },
                        "meta": {
                            "e2bfb730-ecaa-11e6-8f88-34363bc7c4c0": {
                                "create": 600000000000,
                                "delete": 600000000000
                            }
                        },
                        "tainted": false
                    },
                    "deposed": [],
                    "provider": "provider.openstack"
                },
                "openstack_networking_port_v2.pr-rxctrl-po-a-004_port": {
                    "type": "openstack_networking_port_v2",
                    "depends_on": [],
                    "primary": {
                        "id": "b9a09d28-6f45-46ee-9f19-e79c9b1330d6",
                        "attributes": {
                            "admin_state_up": "true",
                            "all_fixed_ips.#": "2",
                            "all_fixed_ips.0": "2001:558:fc1c:1:f816:3eff:fe1a:3270",
                            "all_fixed_ips.1": "96.116.163.182",
                            "all_security_group_ids.#": "5",
                            "all_security_group_ids.218396188": "182eea8e-75bb-45f9-8caf-b39e5fbd0ce9",
                            "all_security_group_ids.2235587030": "f97fafae-8f94-4439-83b2-c6c384b36a05",
                            "all_security_group_ids.3358142173": "38c6a7ce-7577-48a9-9be5-8bd6a556fdeb",
                            "all_security_group_ids.536629398": "c796569c-5597-4d05-8e8b-49e81ec7d1f6",
                            "all_security_group_ids.86802297": "cafb37a0-16c8-4e51-b695-2be0536479a2",
                            "all_tags.#": "0",
                            "allowed_address_pairs.#": "0",
                            "description": "",
                            "device_id": "",
                            "device_owner": "",
                            "extra_dhcp_option.#": "0",
                            "id": "b9a09d28-6f45-46ee-9f19-e79c9b1330d6",
                            "mac_address": "fa:16:3e:1a:32:70",
                            "name": "pr-rxctrl-po-a-004",
                            "network_id": "5762b250-6836-4412-9221-ab2f0fb0dce5",
                            "region": "",
                            "tags.#": "0",
                            "tenant_id": "4f48234704814516b00f34712c55c4a2"
                        },
                        "meta": {
                            "e2bfb730-ecaa-11e6-8f88-34363bc7c4c0": {
                                "create": 600000000000,
                                "delete": 600000000000
                            }
                        },
                        "tainted": false
                    },
                    "deposed": [],
                    "provider": "provider.openstack"
                },
                "openstack_networking_port_v2.pr-rxctrl-po-a-005_port": {
                    "type": "openstack_networking_port_v2",
                    "depends_on": [],
                    "primary": {
                        "id": "744e5c11-02c4-47aa-abea-eeb1791fdc8f",
                        "attributes": {
                            "admin_state_up": "true",
                            "all_fixed_ips.#": "2",
                            "all_fixed_ips.0": "2001:558:fc1c:1:f816:3eff:fe0a:3d08",
                            "all_fixed_ips.1": "96.116.163.183",
                            "all_security_group_ids.#": "5",
                            "all_security_group_ids.218396188": "182eea8e-75bb-45f9-8caf-b39e5fbd0ce9",
                            "all_security_group_ids.2235587030": "f97fafae-8f94-4439-83b2-c6c384b36a05",
                            "all_security_group_ids.3358142173": "38c6a7ce-7577-48a9-9be5-8bd6a556fdeb",
                            "all_security_group_ids.536629398": "c796569c-5597-4d05-8e8b-49e81ec7d1f6",
                            "all_security_group_ids.86802297": "cafb37a0-16c8-4e51-b695-2be0536479a2",
                            "all_tags.#": "0",
                            "allowed_address_pairs.#": "0",
                            "description": "",
                            "device_id": "",
                            "device_owner": "",
                            "extra_dhcp_option.#": "0",
                            "id": "744e5c11-02c4-47aa-abea-eeb1791fdc8f",
                            "mac_address": "fa:16:3e:0a:3d:08",
                            "name": "pr-rxctrl-po-a-005",
                            "network_id": "5762b250-6836-4412-9221-ab2f0fb0dce5",
                            "region": "",
                            "tags.#": "0",
                            "tenant_id": "4f48234704814516b00f34712c55c4a2"
                        },
                        "meta": {
                            "e2bfb730-ecaa-11e6-8f88-34363bc7c4c0": {
                                "create": 600000000000,
                                "delete": 600000000000
                            }
                        },
                        "tainted": false
                    },
                    "deposed": [],
                    "provider": "provider.openstack"
                },
                "openstack_networking_port_v2.pr-rxctrl-po-a-006_port": {
                    "type": "openstack_networking_port_v2",
                    "depends_on": [],
                    "primary": {
                        "id": "0c358739-1783-4806-898b-93131facc5a4",
                        "attributes": {
                            "admin_state_up": "true",
                            "all_fixed_ips.#": "2",
                            "all_fixed_ips.0": "2001:558:fc1c:1:f816:3eff:feb8:4936",
                            "all_fixed_ips.1": "96.116.163.184",
                            "all_security_group_ids.#": "5",
                            "all_security_group_ids.218396188": "182eea8e-75bb-45f9-8caf-b39e5fbd0ce9",
                            "all_security_group_ids.2235587030": "f97fafae-8f94-4439-83b2-c6c384b36a05",
                            "all_security_group_ids.3358142173": "38c6a7ce-7577-48a9-9be5-8bd6a556fdeb",
                            "all_security_group_ids.536629398": "c796569c-5597-4d05-8e8b-49e81ec7d1f6",
                            "all_security_group_ids.86802297": "cafb37a0-16c8-4e51-b695-2be0536479a2",
                            "all_tags.#": "0",
                            "allowed_address_pairs.#": "0",
                            "description": "",
                            "device_id": "",
                            "device_owner": "",
                            "extra_dhcp_option.#": "0",
                            "id": "0c358739-1783-4806-898b-93131facc5a4",
                            "mac_address": "fa:16:3e:b8:49:36",
                            "name": "pr-rxctrl-po-a-006",
                            "network_id": "5762b250-6836-4412-9221-ab2f0fb0dce5",
                            "region": "",
                            "tags.#": "0",
                            "tenant_id": "4f48234704814516b00f34712c55c4a2"
                        },
                        "meta": {
                            "e2bfb730-ecaa-11e6-8f88-34363bc7c4c0": {
                                "create": 600000000000,
                                "delete": 600000000000
                            }
                        },
                        "tainted": false
                    },
                    "deposed": [],
                    "provider": "provider.openstack"
                },
                "openstack_networking_port_v2.pr-rxctrl-po-a-007_port": {
                    "type": "openstack_networking_port_v2",
                    "depends_on": [],
                    "primary": {
                        "id": "17088f57-fcb2-4d0f-9050-9ddeceaee987",
                        "attributes": {
                            "admin_state_up": "true",
                            "all_fixed_ips.#": "2",
                            "all_fixed_ips.0": "2001:558:fc1c:1:f816:3eff:fe78:9440",
                            "all_fixed_ips.1": "96.116.163.185",
                            "all_security_group_ids.#": "5",
                            "all_security_group_ids.218396188": "182eea8e-75bb-45f9-8caf-b39e5fbd0ce9",
                            "all_security_group_ids.2235587030": "f97fafae-8f94-4439-83b2-c6c384b36a05",
                            "all_security_group_ids.3358142173": "38c6a7ce-7577-48a9-9be5-8bd6a556fdeb",
                            "all_security_group_ids.536629398": "c796569c-5597-4d05-8e8b-49e81ec7d1f6",
                            "all_security_group_ids.86802297": "cafb37a0-16c8-4e51-b695-2be0536479a2",
                            "all_tags.#": "0",
                            "allowed_address_pairs.#": "0",
                            "description": "",
                            "device_id": "",
                            "device_owner": "",
                            "extra_dhcp_option.#": "0",
                            "id": "17088f57-fcb2-4d0f-9050-9ddeceaee987",
                            "mac_address": "fa:16:3e:78:94:40",
                            "name": "pr-rxctrl-po-a-007",
                            "network_id": "5762b250-6836-4412-9221-ab2f0fb0dce5",
                            "region": "",
                            "tags.#": "0",
                            "tenant_id": "4f48234704814516b00f34712c55c4a2"
                        },
                        "meta": {
                            "e2bfb730-ecaa-11e6-8f88-34363bc7c4c0": {
                                "create": 600000000000,
                                "delete": 600000000000
                            }
                        },
                        "tainted": false
                    },
                    "deposed": [],
                    "provider": "provider.openstack"
                },
                "openstack_networking_port_v2.pr-rxctrl-po-a-008_port": {
                    "type": "openstack_networking_port_v2",
                    "depends_on": [],
                    "primary": {
                        "id": "2ad71d3b-8483-4d08-b64b-6948fe511a80",
                        "attributes": {
                            "admin_state_up": "true",
                            "all_fixed_ips.#": "2",
                            "all_fixed_ips.0": "2001:558:fc1c:1:f816:3eff:fe24:54c1",
                            "all_fixed_ips.1": "96.116.163.186",
                            "all_security_group_ids.#": "5",
                            "all_security_group_ids.218396188": "182eea8e-75bb-45f9-8caf-b39e5fbd0ce9",
                            "all_security_group_ids.2235587030": "f97fafae-8f94-4439-83b2-c6c384b36a05",
                            "all_security_group_ids.3358142173": "38c6a7ce-7577-48a9-9be5-8bd6a556fdeb",
                            "all_security_group_ids.536629398": "c796569c-5597-4d05-8e8b-49e81ec7d1f6",
                            "all_security_group_ids.86802297": "cafb37a0-16c8-4e51-b695-2be0536479a2",
                            "all_tags.#": "0",
                            "allowed_address_pairs.#": "0",
                            "description": "",
                            "device_id": "",
                            "device_owner": "",
                            "extra_dhcp_option.#": "0",
                            "id": "2ad71d3b-8483-4d08-b64b-6948fe511a80",
                            "mac_address": "fa:16:3e:24:54:c1",
                            "name": "pr-rxctrl-po-a-008",
                            "network_id": "5762b250-6836-4412-9221-ab2f0fb0dce5",
                            "region": "",
                            "tags.#": "0",
                            "tenant_id": "4f48234704814516b00f34712c55c4a2"
                        },
                        "meta": {
                            "e2bfb730-ecaa-11e6-8f88-34363bc7c4c0": {
                                "create": 600000000000,
                                "delete": 600000000000
                            }
                        },
                        "tainted": false
                    },
                    "deposed": [],
                    "provider": "provider.openstack"
                },
                "openstack_networking_port_v2.pr-rxctrl-po-a-009_port": {
                    "type": "openstack_networking_port_v2",
                    "depends_on": [],
                    "primary": {
                        "id": "5bbbc2a3-6ae5-4f59-89f5-007bcc3b6b24",
                        "attributes": {
                            "admin_state_up": "true",
                            "all_fixed_ips.#": "2",
                            "all_fixed_ips.0": "2001:558:fc1c:1:f816:3eff:fef4:72b0",
                            "all_fixed_ips.1": "96.116.163.187",
                            "all_security_group_ids.#": "5",
                            "all_security_group_ids.218396188": "182eea8e-75bb-45f9-8caf-b39e5fbd0ce9",
                            "all_security_group_ids.2235587030": "f97fafae-8f94-4439-83b2-c6c384b36a05",
                            "all_security_group_ids.3358142173": "38c6a7ce-7577-48a9-9be5-8bd6a556fdeb",
                            "all_security_group_ids.536629398": "c796569c-5597-4d05-8e8b-49e81ec7d1f6",
                            "all_security_group_ids.86802297": "cafb37a0-16c8-4e51-b695-2be0536479a2",
                            "all_tags.#": "0",
                            "allowed_address_pairs.#": "0",
                            "description": "",
                            "device_id": "",
                            "device_owner": "",
                            "extra_dhcp_option.#": "0",
                            "id": "5bbbc2a3-6ae5-4f59-89f5-007bcc3b6b24",
                            "mac_address": "fa:16:3e:f4:72:b0",
                            "name": "pr-rxctrl-po-a-009",
                            "network_id": "5762b250-6836-4412-9221-ab2f0fb0dce5",
                            "region": "",
                            "tags.#": "0",
                            "tenant_id": "4f48234704814516b00f34712c55c4a2"
                        },
                        "meta": {
                            "e2bfb730-ecaa-11e6-8f88-34363bc7c4c0": {
                                "create": 600000000000,
                                "delete": 600000000000
                            }
                        },
                        "tainted": false
                    },
                    "deposed": [],
                    "provider": "provider.openstack"
                },
                "openstack_networking_port_v2.pr-vcfg-po-a-001_port": {
                    "type": "openstack_networking_port_v2",
                    "depends_on": [],
                    "primary": {
                        "id": "25c3b661-1634-4cc6-a16a-42ec59f932bd",
                        "attributes": {
                            "admin_state_up": "true",
                            "all_fixed_ips.#": "2",
                            "all_fixed_ips.0": "2001:558:fc1c:1:f816:3eff:fee9:d6a5",
                            "all_fixed_ips.1": "96.116.163.235",
                            "all_security_group_ids.#": "5",
                            "all_security_group_ids.218396188": "182eea8e-75bb-45f9-8caf-b39e5fbd0ce9",
                            "all_security_group_ids.2235587030": "f97fafae-8f94-4439-83b2-c6c384b36a05",
                            "all_security_group_ids.3358142173": "38c6a7ce-7577-48a9-9be5-8bd6a556fdeb",
                            "all_security_group_ids.536629398": "c796569c-5597-4d05-8e8b-49e81ec7d1f6",
                            "all_security_group_ids.86802297": "cafb37a0-16c8-4e51-b695-2be0536479a2",
                            "all_tags.#": "0",
                            "allowed_address_pairs.#": "0",
                            "description": "",
                            "device_id": "",
                            "device_owner": "",
                            "extra_dhcp_option.#": "0",
                            "id": "25c3b661-1634-4cc6-a16a-42ec59f932bd",
                            "mac_address": "fa:16:3e:e9:d6:a5",
                            "name": "pr-vcfg-po-a-001",
                            "network_id": "5762b250-6836-4412-9221-ab2f0fb0dce5",
                            "region": "",
                            "tags.#": "0",
                            "tenant_id": "4f48234704814516b00f34712c55c4a2"
                        },
                        "meta": {
                            "e2bfb730-ecaa-11e6-8f88-34363bc7c4c0": {
                                "create": 600000000000,
                                "delete": 600000000000
                            }
                        },
                        "tainted": false
                    },
                    "deposed": [],
                    "provider": "provider.openstack"
                },
                "openstack_networking_port_v2.pr-wcfg-po-a-001_port": {
                    "type": "openstack_networking_port_v2",
                    "depends_on": [],
                    "primary": {
                        "id": "ae9f59de-fb47-468e-9e41-71b463a2fd14",
                        "attributes": {
                            "admin_state_up": "true",
                            "all_fixed_ips.#": "2",
                            "all_fixed_ips.0": "2001:558:fc1c:1:f816:3eff:fe51:46c0",
                            "all_fixed_ips.1": "96.116.163.220",
                            "all_security_group_ids.#": "5",
                            "all_security_group_ids.218396188": "182eea8e-75bb-45f9-8caf-b39e5fbd0ce9",
                            "all_security_group_ids.2235587030": "f97fafae-8f94-4439-83b2-c6c384b36a05",
                            "all_security_group_ids.3358142173": "38c6a7ce-7577-48a9-9be5-8bd6a556fdeb",
                            "all_security_group_ids.536629398": "c796569c-5597-4d05-8e8b-49e81ec7d1f6",
                            "all_security_group_ids.86802297": "cafb37a0-16c8-4e51-b695-2be0536479a2",
                            "all_tags.#": "0",
                            "allowed_address_pairs.#": "0",
                            "description": "",
                            "device_id": "",
                            "device_owner": "",
                            "extra_dhcp_option.#": "0",
                            "id": "ae9f59de-fb47-468e-9e41-71b463a2fd14",
                            "mac_address": "fa:16:3e:51:46:c0",
                            "name": "pr-wcfg-po-a-001",
                            "network_id": "5762b250-6836-4412-9221-ab2f0fb0dce5",
                            "region": "",
                            "tags.#": "0",
                            "tenant_id": "4f48234704814516b00f34712c55c4a2"
                        },
                        "meta": {
                            "e2bfb730-ecaa-11e6-8f88-34363bc7c4c0": {
                                "create": 600000000000,
                                "delete": 600000000000
                            }
                        },
                        "tainted": false
                    },
                    "deposed": [],
                    "provider": "provider.openstack"
                },
                "openstack_networking_port_v2.pr-wrtc-po-a-001_port": {
                    "type": "openstack_networking_port_v2",
                    "depends_on": [],
                    "primary": {
                        "id": "e083e0e5-c778-4bb1-b8d0-f4d711d93eb1",
                        "attributes": {
                            "admin_state_up": "true",
                            "all_fixed_ips.#": "2",
                            "all_fixed_ips.0": "2001:558:fc1c:1:f816:3eff:fe3c:e1e0",
                            "all_fixed_ips.1": "96.116.160.32",
                            "all_security_group_ids.#": "5",
                            "all_security_group_ids.218396188": "182eea8e-75bb-45f9-8caf-b39e5fbd0ce9",
                            "all_security_group_ids.2235587030": "f97fafae-8f94-4439-83b2-c6c384b36a05",
                            "all_security_group_ids.3358142173": "38c6a7ce-7577-48a9-9be5-8bd6a556fdeb",
                            "all_security_group_ids.536629398": "c796569c-5597-4d05-8e8b-49e81ec7d1f6",
                            "all_security_group_ids.86802297": "cafb37a0-16c8-4e51-b695-2be0536479a2",
                            "all_tags.#": "0",
                            "allowed_address_pairs.#": "0",
                            "description": "",
                            "device_id": "",
                            "device_owner": "",
                            "extra_dhcp_option.#": "0",
                            "id": "e083e0e5-c778-4bb1-b8d0-f4d711d93eb1",
                            "mac_address": "fa:16:3e:3c:e1:e0",
                            "name": "pr-wrtc-po-a-001",
                            "network_id": "5762b250-6836-4412-9221-ab2f0fb0dce5",
                            "region": "",
                            "tags.#": "0",
                            "tenant_id": "4f48234704814516b00f34712c55c4a2"
                        },
                        "meta": {
                            "e2bfb730-ecaa-11e6-8f88-34363bc7c4c0": {
                                "create": 600000000000,
                                "delete": 600000000000
                            }
                        },
                        "tainted": false
                    },
                    "deposed": [],
                    "provider": "provider.openstack"
                },
                "vinyldns_record_set.pr-ibn-po-a-001_record_set_v4": {
                    "type": "vinyldns_record_set",
                    "depends_on": [
                        "openstack_compute_instance_v2.pr-ibn-po-a-001.*"
                    ],
                    "primary": {
                        "id": "9a5a579c-afe7-4c1f-a451-6a7950a93573",
                        "attributes": {
                            "id": "9a5a579c-afe7-4c1f-a451-6a7950a93573",
                            "name": "pr-ibn-po-a-001",
                            "record_addresses.#": "1",
                            "record_addresses.3667198500": "96.116.163.161",
                            "ttl": "300",
                            "type": "A",
                            "zone_id": "1bbdd4b5-1034-4578-8c19-8ed70ffe083c"
                        },
                        "meta": {},
                        "tainted": false
                    },
                    "deposed": [],
                    "provider": "provider.vinyldns"
                },
                "vinyldns_record_set.pr-ibn-po-a-001_record_set_v6": {
                    "type": "vinyldns_record_set",
                    "depends_on": [
                        "openstack_compute_instance_v2.pr-ibn-po-a-001.*"
                    ],
                    "primary": {
                        "id": "d174db2f-0bdd-4fee-981f-cc17f89973b5",
                        "attributes": {
                            "id": "d174db2f-0bdd-4fee-981f-cc17f89973b5",
                            "name": "pr-ibn-po-a-001",
                            "record_addresses.#": "1",
                            "record_addresses.2695017933": "[2001:558:fc1c:1:f816:3eff:fe98:5c5c]",
                            "ttl": "300",
                            "type": "AAAA",
                            "zone_id": "1bbdd4b5-1034-4578-8c19-8ed70ffe083c"
                        },
                        "meta": {},
                        "tainted": false
                    },
                    "deposed": [],
                    "provider": "provider.vinyldns"
                },
                "vinyldns_record_set.pr-ibnctrl-po-a-001_record_set_v4": {
                    "type": "vinyldns_record_set",
                    "depends_on": [
                        "openstack_compute_instance_v2.pr-ibnctrl-po-a-001.*"
                    ],
                    "primary": {
                        "id": "c9cb8e91-882e-4bc0-bff8-77ef6dae866b",
                        "attributes": {
                            "id": "c9cb8e91-882e-4bc0-bff8-77ef6dae866b",
                            "name": "pr-ibnctrl-po-a-001",
                            "record_addresses.#": "1",
                            "record_addresses.3278474056": "96.116.163.196",
                            "ttl": "300",
                            "type": "A",
                            "zone_id": "1bbdd4b5-1034-4578-8c19-8ed70ffe083c"
                        },
                        "meta": {},
                        "tainted": false
                    },
                    "deposed": [],
                    "provider": "provider.vinyldns"
                },
                "vinyldns_record_set.pr-ibnctrl-po-a-001_record_set_v6": {
                    "type": "vinyldns_record_set",
                    "depends_on": [
                        "openstack_compute_instance_v2.pr-ibnctrl-po-a-001.*"
                    ],
                    "primary": {
                        "id": "a9e6ed0a-cd13-4d13-831d-68cbf9455de6",
                        "attributes": {
                            "id": "a9e6ed0a-cd13-4d13-831d-68cbf9455de6",
                            "name": "pr-ibnctrl-po-a-001",
                            "record_addresses.#": "1",
                            "record_addresses.126574642": "[2001:558:fc1c:1:f816:3eff:fe45:47ad]",
                            "ttl": "300",
                            "type": "AAAA",
                            "zone_id": "1bbdd4b5-1034-4578-8c19-8ed70ffe083c"
                        },
                        "meta": {},
                        "tainted": false
                    },
                    "deposed": [],
                    "provider": "provider.vinyldns"
                },
                "vinyldns_record_set.pr-ibnctrl-po-a-002_record_set_v4": {
                    "type": "vinyldns_record_set",
                    "depends_on": [
                        "openstack_compute_instance_v2.pr-ibnctrl-po-a-002.*"
                    ],
                    "primary": {
                        "id": "0121d90f-ed11-4c24-8cf9-96c534765c16",
                        "attributes": {
                            "id": "0121d90f-ed11-4c24-8cf9-96c534765c16",
                            "name": "pr-ibnctrl-po-a-002",
                            "record_addresses.#": "1",
                            "record_addresses.617719375": "96.116.163.198",
                            "ttl": "300",
                            "type": "A",
                            "zone_id": "1bbdd4b5-1034-4578-8c19-8ed70ffe083c"
                        },
                        "meta": {},
                        "tainted": false
                    },
                    "deposed": [],
                    "provider": "provider.vinyldns"
                },
                "vinyldns_record_set.pr-ibnctrl-po-a-002_record_set_v6": {
                    "type": "vinyldns_record_set",
                    "depends_on": [
                        "openstack_compute_instance_v2.pr-ibnctrl-po-a-002.*"
                    ],
                    "primary": {
                        "id": "9e22e643-57f5-4c3a-bb64-31e7a3f79e99",
                        "attributes": {
                            "id": "9e22e643-57f5-4c3a-bb64-31e7a3f79e99",
                            "name": "pr-ibnctrl-po-a-002",
                            "record_addresses.#": "1",
                            "record_addresses.2282552703": "[2001:558:fc1c:1:f816:3eff:febd:43a8]",
                            "ttl": "300",
                            "type": "AAAA",
                            "zone_id": "1bbdd4b5-1034-4578-8c19-8ed70ffe083c"
                        },
                        "meta": {},
                        "tainted": false
                    },
                    "deposed": [],
                    "provider": "provider.vinyldns"
                },
                "vinyldns_record_set.pr-ibnctrl-po-a-003_record_set_v4": {
                    "type": "vinyldns_record_set",
                    "depends_on": [
                        "openstack_compute_instance_v2.pr-ibnctrl-po-a-003.*"
                    ],
                    "primary": {
                        "id": "bc6cf847-2ef2-4d42-897d-1b62e4b29a4e",
                        "attributes": {
                            "id": "bc6cf847-2ef2-4d42-897d-1b62e4b29a4e",
                            "name": "pr-ibnctrl-po-a-003",
                            "record_addresses.#": "1",
                            "record_addresses.1406572249": "96.116.163.199",
                            "ttl": "300",
                            "type": "A",
                            "zone_id": "1bbdd4b5-1034-4578-8c19-8ed70ffe083c"
                        },
                        "meta": {},
                        "tainted": false
                    },
                    "deposed": [],
                    "provider": "provider.vinyldns"
                },
                "vinyldns_record_set.pr-ibnctrl-po-a-003_record_set_v6": {
                    "type": "vinyldns_record_set",
                    "depends_on": [
                        "openstack_compute_instance_v2.pr-ibnctrl-po-a-003.*"
                    ],
                    "primary": {
                        "id": "5fb9dd25-5508-43f0-be8f-16a60bb6c318",
                        "attributes": {
                            "id": "5fb9dd25-5508-43f0-be8f-16a60bb6c318",
                            "name": "pr-ibnctrl-po-a-003",
                            "record_addresses.#": "1",
                            "record_addresses.1111332452": "[2001:558:fc1c:1:f816:3eff:fe16:5063]",
                            "ttl": "300",
                            "type": "AAAA",
                            "zone_id": "1bbdd4b5-1034-4578-8c19-8ed70ffe083c"
                        },
                        "meta": {},
                        "tainted": false
                    },
                    "deposed": [],
                    "provider": "provider.vinyldns"
                },
                "vinyldns_record_set.pr-ibnctrl-po-a-004_record_set_v4": {
                    "type": "vinyldns_record_set",
                    "depends_on": [
                        "openstack_compute_instance_v2.pr-ibnctrl-po-a-004.*"
                    ],
                    "primary": {
                        "id": "69257e00-f821-4c57-a4fc-d966042ce051",
                        "attributes": {
                            "id": "69257e00-f821-4c57-a4fc-d966042ce051",
                            "name": "pr-ibnctrl-po-a-004",
                            "record_addresses.#": "1",
                            "record_addresses.2391350267": "96.116.163.201",
                            "ttl": "300",
                            "type": "A",
                            "zone_id": "1bbdd4b5-1034-4578-8c19-8ed70ffe083c"
                        },
                        "meta": {},
                        "tainted": false
                    },
                    "deposed": [],
                    "provider": "provider.vinyldns"
                },
                "vinyldns_record_set.pr-ibnctrl-po-a-004_record_set_v6": {
                    "type": "vinyldns_record_set",
                    "depends_on": [
                        "openstack_compute_instance_v2.pr-ibnctrl-po-a-004.*"
                    ],
                    "primary": {
                        "id": "c4aac671-e4e3-4be7-b440-3ace6fe0d5f3",
                        "attributes": {
                            "id": "c4aac671-e4e3-4be7-b440-3ace6fe0d5f3",
                            "name": "pr-ibnctrl-po-a-004",
                            "record_addresses.#": "1",
                            "record_addresses.2331014632": "[2001:558:fc1c:1:f816:3eff:fe26:7593]",
                            "ttl": "300",
                            "type": "AAAA",
                            "zone_id": "1bbdd4b5-1034-4578-8c19-8ed70ffe083c"
                        },
                        "meta": {},
                        "tainted": false
                    },
                    "deposed": [],
                    "provider": "provider.vinyldns"
                },
                "vinyldns_record_set.pr-icfg-po-a-001_record_set_v4": {
                    "type": "vinyldns_record_set",
                    "depends_on": [
                        "openstack_compute_instance_v2.pr-icfg-po-a-001.*"
                    ],
                    "primary": {
                        "id": "b51bcdd2-05a5-440b-b97a-27bf3896801d",
                        "attributes": {
                            "id": "b51bcdd2-05a5-440b-b97a-27bf3896801d",
                            "name": "pr-icfg-po-a-001",
                            "record_addresses.#": "1",
                            "record_addresses.3587095735": "96.116.163.234",
                            "ttl": "300",
                            "type": "A",
                            "zone_id": "1bbdd4b5-1034-4578-8c19-8ed70ffe083c"
                        },
                        "meta": {},
                        "tainted": false
                    },
                    "deposed": [],
                    "provider": "provider.vinyldns"
                },
                "vinyldns_record_set.pr-icfg-po-a-001_record_set_v6": {
                    "type": "vinyldns_record_set",
                    "depends_on": [
                        "openstack_compute_instance_v2.pr-icfg-po-a-001.*"
                    ],
                    "primary": {
                        "id": "881755d1-41ec-49b2-8ddd-fd40aa185d3c",
                        "attributes": {
                            "id": "881755d1-41ec-49b2-8ddd-fd40aa185d3c",
                            "name": "pr-icfg-po-a-001",
                            "record_addresses.#": "1",
                            "record_addresses.2868920038": "[2001:558:fc1c:1:f816:3eff:feb5:b07a]",
                            "ttl": "300",
                            "type": "AAAA",
                            "zone_id": "1bbdd4b5-1034-4578-8c19-8ed70ffe083c"
                        },
                        "meta": {},
                        "tainted": false
                    },
                    "deposed": [],
                    "provider": "provider.vinyldns"
                },
                "vinyldns_record_set.pr-rx-po-a-0010_record_set_v4": {
                    "type": "vinyldns_record_set",
                    "depends_on": [
                        "openstack_compute_instance_v2.pr-rx-po-a-0010.*"
                    ],
                    "primary": {
                        "id": "7abfe238-bdc9-4b66-aea8-3dcea8f32d92",
                        "attributes": {
                            "id": "7abfe238-bdc9-4b66-aea8-3dcea8f32d92",
                            "name": "pr-rx-po-a-0010",
                            "record_addresses.#": "1",
                            "record_addresses.1387337813": "96.116.163.223",
                            "ttl": "300",
                            "type": "A",
                            "zone_id": "1bbdd4b5-1034-4578-8c19-8ed70ffe083c"
                        },
                        "meta": {},
                        "tainted": false
                    },
                    "deposed": [],
                    "provider": "provider.vinyldns"
                },
                "vinyldns_record_set.pr-rx-po-a-0010_record_set_v6": {
                    "type": "vinyldns_record_set",
                    "depends_on": [
                        "openstack_compute_instance_v2.pr-rx-po-a-0010.*"
                    ],
                    "primary": {
                        "id": "c994d574-63cb-4f8b-b4e1-59dae33f8b7d",
                        "attributes": {
                            "id": "c994d574-63cb-4f8b-b4e1-59dae33f8b7d",
                            "name": "pr-rx-po-a-0010",
                            "record_addresses.#": "1",
                            "record_addresses.277123034": "[2001:558:fc1c:1:f816:3eff:fe5d:d498]",
                            "ttl": "300",
                            "type": "AAAA",
                            "zone_id": "1bbdd4b5-1034-4578-8c19-8ed70ffe083c"
                        },
                        "meta": {},
                        "tainted": false
                    },
                    "deposed": [],
                    "provider": "provider.vinyldns"
                },
                "vinyldns_record_set.pr-rx-po-a-0011_record_set_v4": {
                    "type": "vinyldns_record_set",
                    "depends_on": [
                        "openstack_compute_instance_v2.pr-rx-po-a-0011.*"
                    ],
                    "primary": {
                        "id": "13a781b9-eb4f-4112-8559-3c877039ea2c",
                        "attributes": {
                            "id": "13a781b9-eb4f-4112-8559-3c877039ea2c",
                            "name": "pr-rx-po-a-0011",
                            "record_addresses.#": "1",
                            "record_addresses.3436547574": "96.116.163.224",
                            "ttl": "300",
                            "type": "A",
                            "zone_id": "1bbdd4b5-1034-4578-8c19-8ed70ffe083c"
                        },
                        "meta": {},
                        "tainted": false
                    },
                    "deposed": [],
                    "provider": "provider.vinyldns"
                },
                "vinyldns_record_set.pr-rx-po-a-0011_record_set_v6": {
                    "type": "vinyldns_record_set",
                    "depends_on": [
                        "openstack_compute_instance_v2.pr-rx-po-a-0011.*"
                    ],
                    "primary": {
                        "id": "5e7b97fb-ac35-47fa-a469-40cecb272f72",
                        "attributes": {
                            "id": "5e7b97fb-ac35-47fa-a469-40cecb272f72",
                            "name": "pr-rx-po-a-0011",
                            "record_addresses.#": "1",
                            "record_addresses.1285365727": "[2001:558:fc1c:1:f816:3eff:fe0d:7a56]",
                            "ttl": "300",
                            "type": "AAAA",
                            "zone_id": "1bbdd4b5-1034-4578-8c19-8ed70ffe083c"
                        },
                        "meta": {},
                        "tainted": false
                    },
                    "deposed": [],
                    "provider": "provider.vinyldns"
                },
                "vinyldns_record_set.pr-rx-po-a-0012_record_set_v4": {
                    "type": "vinyldns_record_set",
                    "depends_on": [
                        "openstack_compute_instance_v2.pr-rx-po-a-0012.*"
                    ],
                    "primary": {
                        "id": "2e944fbd-614c-457c-bb06-6ea2e693af43",
                        "attributes": {
                            "id": "2e944fbd-614c-457c-bb06-6ea2e693af43",
                            "name": "pr-rx-po-a-0012",
                            "record_addresses.#": "1",
                            "record_addresses.3533928622": "96.116.163.230",
                            "ttl": "300",
                            "type": "A",
                            "zone_id": "1bbdd4b5-1034-4578-8c19-8ed70ffe083c"
                        },
                        "meta": {},
                        "tainted": false
                    },
                    "deposed": [],
                    "provider": "provider.vinyldns"
                },
                "vinyldns_record_set.pr-rx-po-a-0012_record_set_v6": {
                    "type": "vinyldns_record_set",
                    "depends_on": [
                        "openstack_compute_instance_v2.pr-rx-po-a-0012.*"
                    ],
                    "primary": {
                        "id": "07aa299f-40eb-41fb-85ff-3af9f7738e63",
                        "attributes": {
                            "id": "07aa299f-40eb-41fb-85ff-3af9f7738e63",
                            "name": "pr-rx-po-a-0012",
                            "record_addresses.#": "1",
                            "record_addresses.1559345750": "[2001:558:fc1c:1:f816:3eff:fe17:698a]",
                            "ttl": "300",
                            "type": "AAAA",
                            "zone_id": "1bbdd4b5-1034-4578-8c19-8ed70ffe083c"
                        },
                        "meta": {},
                        "tainted": false
                    },
                    "deposed": [],
                    "provider": "provider.vinyldns"
                },
                "vinyldns_record_set.pr-rx-po-a-0013_record_set_v4": {
                    "type": "vinyldns_record_set",
                    "depends_on": [
                        "openstack_compute_instance_v2.pr-rx-po-a-0013.*"
                    ],
                    "primary": {
                        "id": "3bfedbc1-6e11-4008-8d96-4fc88df3edb3",
                        "attributes": {
                            "id": "3bfedbc1-6e11-4008-8d96-4fc88df3edb3",
                            "name": "pr-rx-po-a-0013",
                            "record_addresses.#": "1",
                            "record_addresses.1269442836": "96.116.163.233",
                            "ttl": "300",
                            "type": "A",
                            "zone_id": "1bbdd4b5-1034-4578-8c19-8ed70ffe083c"
                        },
                        "meta": {},
                        "tainted": false
                    },
                    "deposed": [],
                    "provider": "provider.vinyldns"
                },
                "vinyldns_record_set.pr-rx-po-a-0013_record_set_v6": {
                    "type": "vinyldns_record_set",
                    "depends_on": [
                        "openstack_compute_instance_v2.pr-rx-po-a-0013.*"
                    ],
                    "primary": {
                        "id": "0afa5627-b944-405a-bade-967303ce40e5",
                        "attributes": {
                            "id": "0afa5627-b944-405a-bade-967303ce40e5",
                            "name": "pr-rx-po-a-0013",
                            "record_addresses.#": "1",
                            "record_addresses.179005630": "[2001:558:fc1c:1:f816:3eff:fe62:523]",
                            "ttl": "300",
                            "type": "AAAA",
                            "zone_id": "1bbdd4b5-1034-4578-8c19-8ed70ffe083c"
                        },
                        "meta": {},
                        "tainted": false
                    },
                    "deposed": [],
                    "provider": "provider.vinyldns"
                },
                "vinyldns_record_set.pr-rx-po-a-0014_record_set_v4": {
                    "type": "vinyldns_record_set",
                    "depends_on": [
                        "openstack_compute_instance_v2.pr-rx-po-a-0014.*"
                    ],
                    "primary": {
                        "id": "1580e7a7-976c-4a7b-868f-d7066d3a6d1e",
                        "attributes": {
                            "id": "1580e7a7-976c-4a7b-868f-d7066d3a6d1e",
                            "name": "pr-rx-po-a-0014",
                            "record_addresses.#": "1",
                            "record_addresses.2739518080": "96.116.163.168",
                            "ttl": "300",
                            "type": "A",
                            "zone_id": "1bbdd4b5-1034-4578-8c19-8ed70ffe083c"
                        },
                        "meta": {},
                        "tainted": false
                    },
                    "deposed": [],
                    "provider": "provider.vinyldns"
                },
                "vinyldns_record_set.pr-rx-po-a-0014_record_set_v6": {
                    "type": "vinyldns_record_set",
                    "depends_on": [
                        "openstack_compute_instance_v2.pr-rx-po-a-0014.*"
                    ],
                    "primary": {
                        "id": "1f62495b-4128-4ea0-839f-74660a44c117",
                        "attributes": {
                            "id": "1f62495b-4128-4ea0-839f-74660a44c117",
                            "name": "pr-rx-po-a-0014",
                            "record_addresses.#": "1",
                            "record_addresses.450595513": "[2001:558:fc1c:1:f816:3eff:fef0:b165]",
                            "ttl": "300",
                            "type": "AAAA",
                            "zone_id": "1bbdd4b5-1034-4578-8c19-8ed70ffe083c"
                        },
                        "meta": {},
                        "tainted": false
                    },
                    "deposed": [],
                    "provider": "provider.vinyldns"
                },
                "vinyldns_record_set.pr-rx-po-a-0015_record_set_v4": {
                    "type": "vinyldns_record_set",
                    "depends_on": [
                        "openstack_compute_instance_v2.pr-rx-po-a-0015.*"
                    ],
                    "primary": {
                        "id": "a1f23890-2f28-4a4b-99b4-1108ed449276",
                        "attributes": {
                            "id": "a1f23890-2f28-4a4b-99b4-1108ed449276",
                            "name": "pr-rx-po-a-0015",
                            "record_addresses.#": "1",
                            "record_addresses.4276350836": "96.116.163.204",
                            "ttl": "300",
                            "type": "A",
                            "zone_id": "1bbdd4b5-1034-4578-8c19-8ed70ffe083c"
                        },
                        "meta": {},
                        "tainted": false
                    },
                    "deposed": [],
                    "provider": "provider.vinyldns"
                },
                "vinyldns_record_set.pr-rx-po-a-0015_record_set_v6": {
                    "type": "vinyldns_record_set",
                    "depends_on": [
                        "openstack_compute_instance_v2.pr-rx-po-a-0015.*"
                    ],
                    "primary": {
                        "id": "67ff2bc8-e19c-46dc-bce0-faf59df5e7ff",
                        "attributes": {
                            "id": "67ff2bc8-e19c-46dc-bce0-faf59df5e7ff",
                            "name": "pr-rx-po-a-0015",
                            "record_addresses.#": "1",
                            "record_addresses.925999710": "[2001:558:fc1c:1:f816:3eff:fe78:f4e6]",
                            "ttl": "300",
                            "type": "AAAA",
                            "zone_id": "1bbdd4b5-1034-4578-8c19-8ed70ffe083c"
                        },
                        "meta": {},
                        "tainted": false
                    },
                    "deposed": [],
                    "provider": "provider.vinyldns"
                },
                "vinyldns_record_set.pr-rx-po-a-0016_record_set_v4": {
                    "type": "vinyldns_record_set",
                    "depends_on": [
                        "openstack_compute_instance_v2.pr-rx-po-a-0016.*"
                    ],
                    "primary": {
                        "id": "bb10a61a-7361-48e5-bf1e-4a1e90636fe7",
                        "attributes": {
                            "id": "bb10a61a-7361-48e5-bf1e-4a1e90636fe7",
                            "name": "pr-rx-po-a-0016",
                            "record_addresses.#": "1",
                            "record_addresses.2313478114": "96.116.163.205",
                            "ttl": "300",
                            "type": "A",
                            "zone_id": "1bbdd4b5-1034-4578-8c19-8ed70ffe083c"
                        },
                        "meta": {},
                        "tainted": false
                    },
                    "deposed": [],
                    "provider": "provider.vinyldns"
                },
                "vinyldns_record_set.pr-rx-po-a-0016_record_set_v6": {
                    "type": "vinyldns_record_set",
                    "depends_on": [
                        "openstack_compute_instance_v2.pr-rx-po-a-0016.*"
                    ],
                    "primary": {
                        "id": "bb211621-f5c5-488d-a9d2-a1853632323d",
                        "attributes": {
                            "id": "bb211621-f5c5-488d-a9d2-a1853632323d",
                            "name": "pr-rx-po-a-0016",
                            "record_addresses.#": "1",
                            "record_addresses.538063112": "[2001:558:fc1c:1:f816:3eff:feb5:3b57]",
                            "ttl": "300",
                            "type": "AAAA",
                            "zone_id": "1bbdd4b5-1034-4578-8c19-8ed70ffe083c"
                        },
                        "meta": {},
                        "tainted": false
                    },
                    "deposed": [],
                    "provider": "provider.vinyldns"
                },
                "vinyldns_record_set.pr-rx-po-a-001_record_set_v4": {
                    "type": "vinyldns_record_set",
                    "depends_on": [
                        "openstack_compute_instance_v2.pr-rx-po-a-001.*"
                    ],
                    "primary": {
                        "id": "63945cb4-aafd-4baa-81db-70fba10da182",
                        "attributes": {
                            "id": "63945cb4-aafd-4baa-81db-70fba10da182",
                            "name": "pr-rx-po-a-001",
                            "record_addresses.#": "1",
                            "record_addresses.284003928": "96.116.163.206",
                            "ttl": "300",
                            "type": "A",
                            "zone_id": "1bbdd4b5-1034-4578-8c19-8ed70ffe083c"
                        },
                        "meta": {},
                        "tainted": false
                    },
                    "deposed": [],
                    "provider": "provider.vinyldns"
                },
                "vinyldns_record_set.pr-rx-po-a-001_record_set_v6": {
                    "type": "vinyldns_record_set",
                    "depends_on": [
                        "openstack_compute_instance_v2.pr-rx-po-a-001.*"
                    ],
                    "primary": {
                        "id": "66a98a9b-7275-49c6-b568-f7d86e0a6076",
                        "attributes": {
                            "id": "66a98a9b-7275-49c6-b568-f7d86e0a6076",
                            "name": "pr-rx-po-a-001",
                            "record_addresses.#": "1",
                            "record_addresses.4266991808": "[2001:558:fc1c:1:f816:3eff:fe06:c6ca]",
                            "ttl": "300",
                            "type": "AAAA",
                            "zone_id": "1bbdd4b5-1034-4578-8c19-8ed70ffe083c"
                        },
                        "meta": {},
                        "tainted": false
                    },
                    "deposed": [],
                    "provider": "provider.vinyldns"
                },
                "vinyldns_record_set.pr-rx-po-a-002_record_set_v4": {
                    "type": "vinyldns_record_set",
                    "depends_on": [
                        "openstack_compute_instance_v2.pr-rx-po-a-002.*"
                    ],
                    "primary": {
                        "id": "ea57e0d5-b8bf-4d2d-ae81-01d44557d650",
                        "attributes": {
                            "id": "ea57e0d5-b8bf-4d2d-ae81-01d44557d650",
                            "name": "pr-rx-po-a-002",
                            "record_addresses.#": "1",
                            "record_addresses.1743437518": "96.116.163.207",
                            "ttl": "300",
                            "type": "A",
                            "zone_id": "1bbdd4b5-1034-4578-8c19-8ed70ffe083c"
                        },
                        "meta": {},
                        "tainted": false
                    },
                    "deposed": [],
                    "provider": "provider.vinyldns"
                },
                "vinyldns_record_set.pr-rx-po-a-002_record_set_v6": {
                    "type": "vinyldns_record_set",
                    "depends_on": [
                        "openstack_compute_instance_v2.pr-rx-po-a-002.*"
                    ],
                    "primary": {
                        "id": "6182ffbd-a661-495b-92d7-8ae9add844dc",
                        "attributes": {
                            "id": "6182ffbd-a661-495b-92d7-8ae9add844dc",
                            "name": "pr-rx-po-a-002",
                            "record_addresses.#": "1",
                            "record_addresses.1322583459": "[2001:558:fc1c:1:f816:3eff:fe40:fb0]",
                            "ttl": "300",
                            "type": "AAAA",
                            "zone_id": "1bbdd4b5-1034-4578-8c19-8ed70ffe083c"
                        },
                        "meta": {},
                        "tainted": false
                    },
                    "deposed": [],
                    "provider": "provider.vinyldns"
                },
                "vinyldns_record_set.pr-rx-po-a-003_record_set_v4": {
                    "type": "vinyldns_record_set",
                    "depends_on": [
                        "openstack_compute_instance_v2.pr-rx-po-a-003.*"
                    ],
                    "primary": {
                        "id": "99feee4b-4f5e-4780-9d36-fb1e3ff3a18a",
                        "attributes": {
                            "id": "99feee4b-4f5e-4780-9d36-fb1e3ff3a18a",
                            "name": "pr-rx-po-a-003",
                            "record_addresses.#": "1",
                            "record_addresses.4149584735": "96.116.163.208",
                            "ttl": "300",
                            "type": "A",
                            "zone_id": "1bbdd4b5-1034-4578-8c19-8ed70ffe083c"
                        },
                        "meta": {},
                        "tainted": false
                    },
                    "deposed": [],
                    "provider": "provider.vinyldns"
                },
                "vinyldns_record_set.pr-rx-po-a-003_record_set_v6": {
                    "type": "vinyldns_record_set",
                    "depends_on": [
                        "openstack_compute_instance_v2.pr-rx-po-a-003.*"
                    ],
                    "primary": {
                        "id": "c4113101-399a-49be-a756-44ac5e9e7654",
                        "attributes": {
                            "id": "c4113101-399a-49be-a756-44ac5e9e7654",
                            "name": "pr-rx-po-a-003",
                            "record_addresses.#": "1",
                            "record_addresses.2168743421": "[2001:558:fc1c:1:f816:3eff:fece:9e8d]",
                            "ttl": "300",
                            "type": "AAAA",
                            "zone_id": "1bbdd4b5-1034-4578-8c19-8ed70ffe083c"
                        },
                        "meta": {},
                        "tainted": false
                    },
                    "deposed": [],
                    "provider": "provider.vinyldns"
                },
                "vinyldns_record_set.pr-rx-po-a-004_record_set_v4": {
                    "type": "vinyldns_record_set",
                    "depends_on": [
                        "openstack_compute_instance_v2.pr-rx-po-a-004.*"
                    ],
                    "primary": {
                        "id": "ecadc6db-2526-4c52-81fa-bbff390a06ee",
                        "attributes": {
                            "id": "ecadc6db-2526-4c52-81fa-bbff390a06ee",
                            "name": "pr-rx-po-a-004",
                            "record_addresses.#": "1",
                            "record_addresses.2152895433": "96.116.163.209",
                            "ttl": "300",
                            "type": "A",
                            "zone_id": "1bbdd4b5-1034-4578-8c19-8ed70ffe083c"
                        },
                        "meta": {},
                        "tainted": false
                    },
                    "deposed": [],
                    "provider": "provider.vinyldns"
                },
                "vinyldns_record_set.pr-rx-po-a-004_record_set_v6": {
                    "type": "vinyldns_record_set",
                    "depends_on": [
                        "openstack_compute_instance_v2.pr-rx-po-a-004.*"
                    ],
                    "primary": {
                        "id": "d1614157-644e-473f-ac47-50848ac44b2f",
                        "attributes": {
                            "id": "d1614157-644e-473f-ac47-50848ac44b2f",
                            "name": "pr-rx-po-a-004",
                            "record_addresses.#": "1",
                            "record_addresses.1880715457": "[2001:558:fc1c:1:f816:3eff:fe66:1e41]",
                            "ttl": "300",
                            "type": "AAAA",
                            "zone_id": "1bbdd4b5-1034-4578-8c19-8ed70ffe083c"
                        },
                        "meta": {},
                        "tainted": false
                    },
                    "deposed": [],
                    "provider": "provider.vinyldns"
                },
                "vinyldns_record_set.pr-rx-po-a-005_record_set_v4": {
                    "type": "vinyldns_record_set",
                    "depends_on": [
                        "openstack_compute_instance_v2.pr-rx-po-a-005.*"
                    ],
                    "primary": {
                        "id": "6a17d8b8-f489-4eda-8c27-5c13b2fc831f",
                        "attributes": {
                            "id": "6a17d8b8-f489-4eda-8c27-5c13b2fc831f",
                            "name": "pr-rx-po-a-005",
                            "record_addresses.#": "1",
                            "record_addresses.3767867948": "96.116.163.210",
                            "ttl": "300",
                            "type": "A",
                            "zone_id": "1bbdd4b5-1034-4578-8c19-8ed70ffe083c"
                        },
                        "meta": {},
                        "tainted": false
                    },
                    "deposed": [],
                    "provider": "provider.vinyldns"
                },
                "vinyldns_record_set.pr-rx-po-a-005_record_set_v6": {
                    "type": "vinyldns_record_set",
                    "depends_on": [
                        "openstack_compute_instance_v2.pr-rx-po-a-005.*"
                    ],
                    "primary": {
                        "id": "ebbd10e5-927c-4679-bce0-c8025d4c6aac",
                        "attributes": {
                            "id": "ebbd10e5-927c-4679-bce0-c8025d4c6aac",
                            "name": "pr-rx-po-a-005",
                            "record_addresses.#": "1",
                            "record_addresses.2502317121": "[2001:558:fc1c:1:f816:3eff:fe35:7f51]",
                            "ttl": "300",
                            "type": "AAAA",
                            "zone_id": "1bbdd4b5-1034-4578-8c19-8ed70ffe083c"
                        },
                        "meta": {},
                        "tainted": false
                    },
                    "deposed": [],
                    "provider": "provider.vinyldns"
                },
                "vinyldns_record_set.pr-rx-po-a-006_record_set_v4": {
                    "type": "vinyldns_record_set",
                    "depends_on": [
                        "openstack_compute_instance_v2.pr-rx-po-a-006.*"
                    ],
                    "primary": {
                        "id": "ed26ecab-cc5b-45ff-82a3-4980598883e5",
                        "attributes": {
                            "id": "ed26ecab-cc5b-45ff-82a3-4980598883e5",
                            "name": "pr-rx-po-a-006",
                            "record_addresses.#": "1",
                            "record_addresses.2542938810": "96.116.163.211",
                            "ttl": "300",
                            "type": "A",
                            "zone_id": "1bbdd4b5-1034-4578-8c19-8ed70ffe083c"
                        },
                        "meta": {},
                        "tainted": false
                    },
                    "deposed": [],
                    "provider": "provider.vinyldns"
                },
                "vinyldns_record_set.pr-rx-po-a-006_record_set_v6": {
                    "type": "vinyldns_record_set",
                    "depends_on": [
                        "openstack_compute_instance_v2.pr-rx-po-a-006.*"
                    ],
                    "primary": {
                        "id": "84668f34-8142-4b53-aa73-06d356749783",
                        "attributes": {
                            "id": "84668f34-8142-4b53-aa73-06d356749783",
                            "name": "pr-rx-po-a-006",
                            "record_addresses.#": "1",
                            "record_addresses.3725216540": "[2001:558:fc1c:1:f816:3eff:fed1:b267]",
                            "ttl": "300",
                            "type": "AAAA",
                            "zone_id": "1bbdd4b5-1034-4578-8c19-8ed70ffe083c"
                        },
                        "meta": {},
                        "tainted": false
                    },
                    "deposed": [],
                    "provider": "provider.vinyldns"
                },
                "vinyldns_record_set.pr-rx-po-a-007_record_set_v4": {
                    "type": "vinyldns_record_set",
                    "depends_on": [
                        "openstack_compute_instance_v2.pr-rx-po-a-007.*"
                    ],
                    "primary": {
                        "id": "f5ea8b4a-a44b-4270-8be2-9b744e5409e7",
                        "attributes": {
                            "id": "f5ea8b4a-a44b-4270-8be2-9b744e5409e7",
                            "name": "pr-rx-po-a-007",
                            "record_addresses.#": "1",
                            "record_addresses.167165721": "96.116.163.216",
                            "ttl": "300",
                            "type": "A",
                            "zone_id": "1bbdd4b5-1034-4578-8c19-8ed70ffe083c"
                        },
                        "meta": {},
                        "tainted": false
                    },
                    "deposed": [],
                    "provider": "provider.vinyldns"
                },
                "vinyldns_record_set.pr-rx-po-a-007_record_set_v6": {
                    "type": "vinyldns_record_set",
                    "depends_on": [
                        "openstack_compute_instance_v2.pr-rx-po-a-007.*"
                    ],
                    "primary": {
                        "id": "a1aa32d1-6e8c-48f3-9e21-48d63bbf576c",
                        "attributes": {
                            "id": "a1aa32d1-6e8c-48f3-9e21-48d63bbf576c",
                            "name": "pr-rx-po-a-007",
                            "record_addresses.#": "1",
                            "record_addresses.3134602142": "[2001:558:fc1c:1:f816:3eff:fe78:9e75]",
                            "ttl": "300",
                            "type": "AAAA",
                            "zone_id": "1bbdd4b5-1034-4578-8c19-8ed70ffe083c"
                        },
                        "meta": {},
                        "tainted": false
                    },
                    "deposed": [],
                    "provider": "provider.vinyldns"
                },
                "vinyldns_record_set.pr-rx-po-a-008_record_set_v4": {
                    "type": "vinyldns_record_set",
                    "depends_on": [
                        "openstack_compute_instance_v2.pr-rx-po-a-008.*"
                    ],
                    "primary": {
                        "id": "176abfaa-0530-4ab7-a449-a3a2ba95bda8",
                        "attributes": {
                            "id": "176abfaa-0530-4ab7-a449-a3a2ba95bda8",
                            "name": "pr-rx-po-a-008",
                            "record_addresses.#": "1",
                            "record_addresses.3998126622": "96.116.163.218",
                            "ttl": "300",
                            "type": "A",
                            "zone_id": "1bbdd4b5-1034-4578-8c19-8ed70ffe083c"
                        },
                        "meta": {},
                        "tainted": false
                    },
                    "deposed": [],
                    "provider": "provider.vinyldns"
                },
                "vinyldns_record_set.pr-rx-po-a-008_record_set_v6": {
                    "type": "vinyldns_record_set",
                    "depends_on": [
                        "openstack_compute_instance_v2.pr-rx-po-a-008.*"
                    ],
                    "primary": {
                        "id": "2b9b68f2-3717-4b6d-82fd-612ac7c00fd7",
                        "attributes": {
                            "id": "2b9b68f2-3717-4b6d-82fd-612ac7c00fd7",
                            "name": "pr-rx-po-a-008",
                            "record_addresses.#": "1",
                            "record_addresses.3873007558": "[2001:558:fc1c:1:f816:3eff:fe23:c705]",
                            "ttl": "300",
                            "type": "AAAA",
                            "zone_id": "1bbdd4b5-1034-4578-8c19-8ed70ffe083c"
                        },
                        "meta": {},
                        "tainted": false
                    },
                    "deposed": [],
                    "provider": "provider.vinyldns"
                },
                "vinyldns_record_set.pr-rx-po-a-009_record_set_v4": {
                    "type": "vinyldns_record_set",
                    "depends_on": [
                        "openstack_compute_instance_v2.pr-rx-po-a-009.*"
                    ],
                    "primary": {
                        "id": "8e3e6f65-bb8e-4665-b1b3-a24481451819",
                        "attributes": {
                            "id": "8e3e6f65-bb8e-4665-b1b3-a24481451819",
                            "name": "pr-rx-po-a-009",
                            "record_addresses.#": "1",
                            "record_addresses.3125971905": "96.116.163.178",
                            "ttl": "300",
                            "type": "A",
                            "zone_id": "1bbdd4b5-1034-4578-8c19-8ed70ffe083c"
                        },
                        "meta": {},
                        "tainted": false
                    },
                    "deposed": [],
                    "provider": "provider.vinyldns"
                },
                "vinyldns_record_set.pr-rx-po-a-009_record_set_v6": {
                    "type": "vinyldns_record_set",
                    "depends_on": [
                        "openstack_compute_instance_v2.pr-rx-po-a-009.*"
                    ],
                    "primary": {
                        "id": "14047711-cdac-4b00-987f-5a341f3f40ff",
                        "attributes": {
                            "id": "14047711-cdac-4b00-987f-5a341f3f40ff",
                            "name": "pr-rx-po-a-009",
                            "record_addresses.#": "1",
                            "record_addresses.1056723815": "[2001:558:fc1c:1:f816:3eff:fe65:2308]",
                            "ttl": "300",
                            "type": "AAAA",
                            "zone_id": "1bbdd4b5-1034-4578-8c19-8ed70ffe083c"
                        },
                        "meta": {},
                        "tainted": false
                    },
                    "deposed": [],
                    "provider": "provider.vinyldns"
                },
                "vinyldns_record_set.pr-rxctrl-po-a-0010_record_set_v4": {
                    "type": "vinyldns_record_set",
                    "depends_on": [
                        "openstack_compute_instance_v2.pr-rxctrl-po-a-0010.*"
                    ],
                    "primary": {
                        "id": "32f3a0f8-7758-4e93-aa06-32e0a998694e",
                        "attributes": {
                            "id": "32f3a0f8-7758-4e93-aa06-32e0a998694e",
                            "name": "pr-rxctrl-po-a-0010",
                            "record_addresses.#": "1",
                            "record_addresses.1036687118": "96.116.163.188",
                            "ttl": "300",
                            "type": "A",
                            "zone_id": "1bbdd4b5-1034-4578-8c19-8ed70ffe083c"
                        },
                        "meta": {},
                        "tainted": false
                    },
                    "deposed": [],
                    "provider": "provider.vinyldns"
                },
                "vinyldns_record_set.pr-rxctrl-po-a-0011_record_set_v4": {
                    "type": "vinyldns_record_set",
                    "depends_on": [
                        "openstack_compute_instance_v2.pr-rxctrl-po-a-0011.*"
                    ],
                    "primary": {
                        "id": "8335c8c1-073f-4feb-b470-85ec05bee1c4",
                        "attributes": {
                            "id": "8335c8c1-073f-4feb-b470-85ec05bee1c4",
                            "name": "pr-rxctrl-po-a-0011",
                            "record_addresses.#": "1",
                            "record_addresses.1254991768": "96.116.163.189",
                            "ttl": "300",
                            "type": "A",
                            "zone_id": "1bbdd4b5-1034-4578-8c19-8ed70ffe083c"
                        },
                        "meta": {},
                        "tainted": false
                    },
                    "deposed": [],
                    "provider": "provider.vinyldns"
                },
                "vinyldns_record_set.pr-rxctrl-po-a-0012_record_set_v4": {
                    "type": "vinyldns_record_set",
                    "depends_on": [
                        "openstack_compute_instance_v2.pr-rxctrl-po-a-0012.*"
                    ],
                    "primary": {
                        "id": "6162c032-0339-4a36-a495-809f1568fb9c",
                        "attributes": {
                            "id": "6162c032-0339-4a36-a495-809f1568fb9c",
                            "name": "pr-rxctrl-po-a-0012",
                            "record_addresses.#": "1",
                            "record_addresses.705310333": "96.116.163.190",
                            "ttl": "300",
                            "type": "A",
                            "zone_id": "1bbdd4b5-1034-4578-8c19-8ed70ffe083c"
                        },
                        "meta": {},
                        "tainted": false
                    },
                    "deposed": [],
                    "provider": "provider.vinyldns"
                },
                "vinyldns_record_set.pr-rxctrl-po-a-0013_record_set_v4": {
                    "type": "vinyldns_record_set",
                    "depends_on": [
                        "openstack_compute_instance_v2.pr-rxctrl-po-a-0013.*"
                    ],
                    "primary": {
                        "id": "4a26deb2-4b33-4eb0-b3ae-201f30f31a90",
                        "attributes": {
                            "id": "4a26deb2-4b33-4eb0-b3ae-201f30f31a90",
                            "name": "pr-rxctrl-po-a-0013",
                            "record_addresses.#": "1",
                            "record_addresses.1561140971": "96.116.163.191",
                            "ttl": "300",
                            "type": "A",
                            "zone_id": "1bbdd4b5-1034-4578-8c19-8ed70ffe083c"
                        },
                        "meta": {},
                        "tainted": false
                    },
                    "deposed": [],
                    "provider": "provider.vinyldns"
                },
                "vinyldns_record_set.pr-rxctrl-po-a-0014_record_set_v4": {
                    "type": "vinyldns_record_set",
                    "depends_on": [
                        "openstack_compute_instance_v2.pr-rxctrl-po-a-0014.*"
                    ],
                    "primary": {
                        "id": "fc725632-523d-4708-9e33-f8edb0541aaa",
                        "attributes": {
                            "id": "fc725632-523d-4708-9e33-f8edb0541aaa",
                            "name": "pr-rxctrl-po-a-0014",
                            "record_addresses.#": "1",
                            "record_addresses.3288616785": "96.116.163.192",
                            "ttl": "300",
                            "type": "A",
                            "zone_id": "1bbdd4b5-1034-4578-8c19-8ed70ffe083c"
                        },
                        "meta": {},
                        "tainted": false
                    },
                    "deposed": [],
                    "provider": "provider.vinyldns"
                },
                "vinyldns_record_set.pr-rxctrl-po-a-0015_record_set_v4": {
                    "type": "vinyldns_record_set",
                    "depends_on": [
                        "openstack_compute_instance_v2.pr-rxctrl-po-a-0015.*"
                    ],
                    "primary": {
                        "id": "3210e171-8025-4fc1-ad28-66168339b072",
                        "attributes": {
                            "id": "3210e171-8025-4fc1-ad28-66168339b072",
                            "name": "pr-rxctrl-po-a-0015",
                            "record_addresses.#": "1",
                            "record_addresses.3003350983": "96.116.163.193",
                            "ttl": "300",
                            "type": "A",
                            "zone_id": "1bbdd4b5-1034-4578-8c19-8ed70ffe083c"
                        },
                        "meta": {},
                        "tainted": false
                    },
                    "deposed": [],
                    "provider": "provider.vinyldns"
                },
                "vinyldns_record_set.pr-rxctrl-po-a-0016_record_set_v4": {
                    "type": "vinyldns_record_set",
                    "depends_on": [
                        "openstack_compute_instance_v2.pr-rxctrl-po-a-0016.*"
                    ],
                    "primary": {
                        "id": "f074c0b4-10b6-4846-96f1-44daf1200bdf",
                        "attributes": {
                            "id": "f074c0b4-10b6-4846-96f1-44daf1200bdf",
                            "name": "pr-rxctrl-po-a-0016",
                            "record_addresses.#": "1",
                            "record_addresses.761784932": "96.116.163.194",
                            "ttl": "300",
                            "type": "A",
                            "zone_id": "1bbdd4b5-1034-4578-8c19-8ed70ffe083c"
                        },
                        "meta": {},
                        "tainted": false
                    },
                    "deposed": [],
                    "provider": "provider.vinyldns"
                },
                "vinyldns_record_set.pr-rxctrl-po-a-0017_record_set_v4": {
                    "type": "vinyldns_record_set",
                    "depends_on": [
                        "openstack_compute_instance_v2.pr-rxctrl-po-a-0017.*"
                    ],
                    "primary": {
                        "id": "f68b9910-54a1-4b64-b4ce-47b8f3aa64b4",
                        "attributes": {
                            "id": "f68b9910-54a1-4b64-b4ce-47b8f3aa64b4",
                            "name": "pr-rxctrl-po-a-0017",
                            "record_addresses.#": "1",
                            "record_addresses.1516296946": "96.116.163.195",
                            "ttl": "300",
                            "type": "A",
                            "zone_id": "1bbdd4b5-1034-4578-8c19-8ed70ffe083c"
                        },
                        "meta": {},
                        "tainted": false
                    },
                    "deposed": [],
                    "provider": "provider.vinyldns"
                },
                "vinyldns_record_set.pr-rxctrl-po-a-001_record_set_v4": {
                    "type": "vinyldns_record_set",
                    "depends_on": [
                        "openstack_compute_instance_v2.pr-rxctrl-po-a-001.*"
                    ],
                    "primary": {
                        "id": "c3a15792-8683-4f4f-a451-1cf68c326970",
                        "attributes": {
                            "id": "c3a15792-8683-4f4f-a451-1cf68c326970",
                            "name": "pr-rxctrl-po-a-001",
                            "record_addresses.#": "1",
                            "record_addresses.3444947799": "96.116.163.179",
                            "ttl": "300",
                            "type": "A",
                            "zone_id": "1bbdd4b5-1034-4578-8c19-8ed70ffe083c"
                        },
                        "meta": {},
                        "tainted": false
                    },
                    "deposed": [],
                    "provider": "provider.vinyldns"
                },
                "vinyldns_record_set.pr-rxctrl-po-a-002_record_set_v4": {
                    "type": "vinyldns_record_set",
                    "depends_on": [
                        "openstack_compute_instance_v2.pr-rxctrl-po-a-002.*"
                    ],
                    "primary": {
                        "id": "685c80b9-4905-435b-b7f9-649e78aea165",
                        "attributes": {
                            "id": "685c80b9-4905-435b-b7f9-649e78aea165",
                            "name": "pr-rxctrl-po-a-002",
                            "record_addresses.#": "1",
                            "record_addresses.856760124": "96.116.163.180",
                            "ttl": "300",
                            "type": "A",
                            "zone_id": "1bbdd4b5-1034-4578-8c19-8ed70ffe083c"
                        },
                        "meta": {},
                        "tainted": false
                    },
                    "deposed": [],
                    "provider": "provider.vinyldns"
                },
                "vinyldns_record_set.pr-rxctrl-po-a-003_record_set_v4": {
                    "type": "vinyldns_record_set",
                    "depends_on": [
                        "openstack_compute_instance_v2.pr-rxctrl-po-a-003.*"
                    ],
                    "primary": {
                        "id": "85b89edd-290b-4eec-9b34-d054713d3b9c",
                        "attributes": {
                            "id": "85b89edd-290b-4eec-9b34-d054713d3b9c",
                            "name": "pr-rxctrl-po-a-003",
                            "record_addresses.#": "1",
                            "record_addresses.1142304682": "96.116.163.181",
                            "ttl": "300",
                            "type": "A",
                            "zone_id": "1bbdd4b5-1034-4578-8c19-8ed70ffe083c"
                        },
                        "meta": {},
                        "tainted": false
                    },
                    "deposed": [],
                    "provider": "provider.vinyldns"
                },
                "vinyldns_record_set.pr-rxctrl-po-a-004_record_set_v4": {
                    "type": "vinyldns_record_set",
                    "depends_on": [
                        "openstack_compute_instance_v2.pr-rxctrl-po-a-004.*"
                    ],
                    "primary": {
                        "id": "9b60a038-dfe1-4f0a-b6a9-c36672b42042",
                        "attributes": {
                            "id": "9b60a038-dfe1-4f0a-b6a9-c36672b42042",
                            "name": "pr-rxctrl-po-a-004",
                            "record_addresses.#": "1",
                            "record_addresses.3709828624": "96.116.163.182",
                            "ttl": "300",
                            "type": "A",
                            "zone_id": "1bbdd4b5-1034-4578-8c19-8ed70ffe083c"
                        },
                        "meta": {},
                        "tainted": false
                    },
                    "deposed": [],
                    "provider": "provider.vinyldns"
                },
                "vinyldns_record_set.pr-rxctrl-po-a-005_record_set_v4": {
                    "type": "vinyldns_record_set",
                    "depends_on": [
                        "openstack_compute_instance_v2.pr-rxctrl-po-a-005.*"
                    ],
                    "primary": {
                        "id": "f171f02f-8d1c-448f-9c5a-60fce8b987e4",
                        "attributes": {
                            "id": "f171f02f-8d1c-448f-9c5a-60fce8b987e4",
                            "name": "pr-rxctrl-po-a-005",
                            "record_addresses.#": "1",
                            "record_addresses.2853719686": "96.116.163.183",
                            "ttl": "300",
                            "type": "A",
                            "zone_id": "1bbdd4b5-1034-4578-8c19-8ed70ffe083c"
                        },
                        "meta": {},
                        "tainted": false
                    },
                    "deposed": [],
                    "provider": "provider.vinyldns"
                },
                "vinyldns_record_set.pr-rxctrl-po-a-006_record_set_v4": {
                    "type": "vinyldns_record_set",
                    "depends_on": [
                        "openstack_compute_instance_v2.pr-rxctrl-po-a-006.*"
                    ],
                    "primary": {
                        "id": "f6886472-91b4-4e9e-adc0-46fe8f808f44",
                        "attributes": {
                            "id": "f6886472-91b4-4e9e-adc0-46fe8f808f44",
                            "name": "pr-rxctrl-po-a-006",
                            "record_addresses.#": "1",
                            "record_addresses.880597797": "96.116.163.184",
                            "ttl": "300",
                            "type": "A",
                            "zone_id": "1bbdd4b5-1034-4578-8c19-8ed70ffe083c"
                        },
                        "meta": {},
                        "tainted": false
                    },
                    "deposed": [],
                    "provider": "provider.vinyldns"
                },
                "vinyldns_record_set.pr-rxctrl-po-a-007_record_set_v4": {
                    "type": "vinyldns_record_set",
                    "depends_on": [
                        "openstack_compute_instance_v2.pr-rxctrl-po-a-007.*"
                    ],
                    "primary": {
                        "id": "563c37cd-bbf4-47ba-8aae-154d4f97a618",
                        "attributes": {
                            "id": "563c37cd-bbf4-47ba-8aae-154d4f97a618",
                            "name": "pr-rxctrl-po-a-007",
                            "record_addresses.#": "1",
                            "record_addresses.1132194739": "96.116.163.185",
                            "ttl": "300",
                            "type": "A",
                            "zone_id": "1bbdd4b5-1034-4578-8c19-8ed70ffe083c"
                        },
                        "meta": {},
                        "tainted": false
                    },
                    "deposed": [],
                    "provider": "provider.vinyldns"
                },
                "vinyldns_record_set.pr-rxctrl-po-a-008_record_set_v4": {
                    "type": "vinyldns_record_set",
                    "depends_on": [
                        "openstack_compute_instance_v2.pr-rxctrl-po-a-008.*"
                    ],
                    "primary": {
                        "id": "03bf8685-5b9a-4ab7-9380-166e6ad648dc",
                        "attributes": {
                            "id": "03bf8685-5b9a-4ab7-9380-166e6ad648dc",
                            "name": "pr-rxctrl-po-a-008",
                            "record_addresses.#": "1",
                            "record_addresses.3664951817": "96.116.163.186",
                            "ttl": "300",
                            "type": "A",
                            "zone_id": "1bbdd4b5-1034-4578-8c19-8ed70ffe083c"
                        },
                        "meta": {},
                        "tainted": false
                    },
                    "deposed": [],
                    "provider": "provider.vinyldns"
                },
                "vinyldns_record_set.pr-rxctrl-po-a-009_record_set_v4": {
                    "type": "vinyldns_record_set",
                    "depends_on": [
                        "openstack_compute_instance_v2.pr-rxctrl-po-a-009.*"
                    ],
                    "primary": {
                        "id": "61f09ef8-586e-476e-82c5-f4965c05b5f8",
                        "attributes": {
                            "id": "61f09ef8-586e-476e-82c5-f4965c05b5f8",
                            "name": "pr-rxctrl-po-a-009",
                            "record_addresses.#": "1",
                            "record_addresses.2910161567": "96.116.163.187",
                            "ttl": "300",
                            "type": "A",
                            "zone_id": "1bbdd4b5-1034-4578-8c19-8ed70ffe083c"
                        },
                        "meta": {},
                        "tainted": false
                    },
                    "deposed": [],
                    "provider": "provider.vinyldns"
                },
                "vinyldns_record_set.pr-vcfg-po-a-001_record_set_v4": {
                    "type": "vinyldns_record_set",
                    "depends_on": [
                        "openstack_compute_instance_v2.pr-vcfg-po-a-001.*"
                    ],
                    "primary": {
                        "id": "48b779c2-3b35-4023-9c83-4d4a97aa9f65",
                        "attributes": {
                            "id": "48b779c2-3b35-4023-9c83-4d4a97aa9f65",
                            "name": "pr-vcfg-po-a-001",
                            "record_addresses.#": "1",
                            "record_addresses.2731117601": "96.116.163.235",
                            "ttl": "300",
                            "type": "A",
                            "zone_id": "1bbdd4b5-1034-4578-8c19-8ed70ffe083c"
                        },
                        "meta": {},
                        "tainted": false
                    },
                    "deposed": [],
                    "provider": "provider.vinyldns"
                },
                "vinyldns_record_set.pr-vcfg-po-a-001_record_set_v6": {
                    "type": "vinyldns_record_set",
                    "depends_on": [
                        "openstack_compute_instance_v2.pr-vcfg-po-a-001.*"
                    ],
                    "primary": {
                        "id": "b812cda3-17df-4300-9818-b7e0f6eccb9b",
                        "attributes": {
                            "id": "b812cda3-17df-4300-9818-b7e0f6eccb9b",
                            "name": "pr-vcfg-po-a-001",
                            "record_addresses.#": "1",
                            "record_addresses.2057846181": "[2001:558:fc1c:1:f816:3eff:fee9:d6a5]",
                            "ttl": "300",
                            "type": "AAAA",
                            "zone_id": "1bbdd4b5-1034-4578-8c19-8ed70ffe083c"
                        },
                        "meta": {},
                        "tainted": false
                    },
                    "deposed": [],
                    "provider": "provider.vinyldns"
                },
                "vinyldns_record_set.pr-wcfg-po-a-001_record_set_v4": {
                    "type": "vinyldns_record_set",
                    "depends_on": [
                        "openstack_compute_instance_v2.pr-wcfg-po-a-001.*"
                    ],
                    "primary": {
                        "id": "051f9040-f872-4559-ab83-4792bd1f065b",
                        "attributes": {
                            "id": "051f9040-f872-4559-ab83-4792bd1f065b",
                            "name": "pr-wcfg-po-a-001",
                            "record_addresses.#": "1",
                            "record_addresses.3417852399": "96.116.163.220",
                            "ttl": "300",
                            "type": "A",
                            "zone_id": "1bbdd4b5-1034-4578-8c19-8ed70ffe083c"
                        },
                        "meta": {},
                        "tainted": false
                    },
                    "deposed": [],
                    "provider": "provider.vinyldns"
                },
                "vinyldns_record_set.pr-wcfg-po-a-001_record_set_v6": {
                    "type": "vinyldns_record_set",
                    "depends_on": [
                        "openstack_compute_instance_v2.pr-wcfg-po-a-001.*"
                    ],
                    "primary": {
                        "id": "93079bee-b278-4607-8f1e-7bc9018ec318",
                        "attributes": {
                            "id": "93079bee-b278-4607-8f1e-7bc9018ec318",
                            "name": "pr-wcfg-po-a-001",
                            "record_addresses.#": "1",
                            "record_addresses.1518432228": "[2001:558:fc1c:1:f816:3eff:fe51:46c0]",
                            "ttl": "300",
                            "type": "AAAA",
                            "zone_id": "1bbdd4b5-1034-4578-8c19-8ed70ffe083c"
                        },
                        "meta": {},
                        "tainted": false
                    },
                    "deposed": [],
                    "provider": "provider.vinyldns"
                },
                "vinyldns_record_set.pr-wrtc-po-a-001_record_set_v4": {
                    "type": "vinyldns_record_set",
                    "depends_on": [
                        "openstack_compute_instance_v2.pr-wrtc-po-a-001.*"
                    ],
                    "primary": {
                        "id": "deb34548-c274-431b-8646-85113a3963e6",
                        "attributes": {
                            "id": "deb34548-c274-431b-8646-85113a3963e6",
                            "name": "pr-wrtc-po-a-001",
                            "record_addresses.#": "1",
                            "record_addresses.3711864073": "96.116.160.32",
                            "ttl": "300",
                            "type": "A",
                            "zone_id": "1bbdd4b5-1034-4578-8c19-8ed70ffe083c"
                        },
                        "meta": {},
                        "tainted": false
                    },
                    "deposed": [],
                    "provider": "provider.vinyldns"
                },
                "vinyldns_record_set.pr-wrtc-po-a-001_record_set_v6": {
                    "type": "vinyldns_record_set",
                    "depends_on": [
                        "openstack_compute_instance_v2.pr-wrtc-po-a-001.*"
                    ],
                    "primary": {
                        "id": "a2a246ab-e2d8-40ce-9840-e64699a0c9c6",
                        "attributes": {
                            "id": "a2a246ab-e2d8-40ce-9840-e64699a0c9c6",
                            "name": "pr-wrtc-po-a-001",
                            "record_addresses.#": "1",
                            "record_addresses.3029154957": "[2001:558:fc1c:1:f816:3eff:fe3c:e1e0]",
                            "ttl": "300",
                            "type": "AAAA",
                            "zone_id": "1bbdd4b5-1034-4578-8c19-8ed70ffe083c"
                        },
                        "meta": {},
                        "tainted": false
                    },
                    "deposed": [],
                    "provider": "provider.vinyldns"
                }
            },
            "depends_on": []
        }
    ]
}
